{"format_version":"1.2","terraform_version":"1.11.4","variables":{"dns_record_default_ttl":{"value":3600},"dns_records_nexus_bc_com":{"value":[{"comment":"AP Phillip Schleicher","name":"selector1._domainkey","proxied":false,"ttl":600,"type":"CNAME","value":"selector1-nexusbc-com01c._domainkey.valanticmore.onmicrosoft.com"},{"comment":"AP Phillip Schleicher","name":"selector2._domainkey","proxied":false,"ttl":600,"type":"CNAME","value":"selector2-nexusbc-com01c._domainkey.valanticmore.onmicrosoft.com"},{"comment":"AP Phillip Schleicher","name":"autodiscover","proxied":false,"ttl":600,"type":"CNAME","value":"autodiscover.outlook.com"},{"comment":"AP Phillip Schleicher","name":"_DMARC","proxied":false,"ttl":600,"type":"TXT","value":"v=DMARC1; p=none; rua=mailto:; ruf=mailto:it-admin@cec.valantic.com; fo=1"},{"comment":"AP Phillip Schleicher","name":"@","proxied":false,"ttl":600,"type":"TXT","value":"MS=ms97968100"},{"comment":"AP Phillip Schleicher","name":"@","proxied":false,"ttl":600,"type":"TXT","value":"v=spf1 include:spf.protection.outlook.com a ip4:83.246.107.19 ip4:83.246.107.20 ip4:83.246.107.150 +mx -all"},{"comment":"AP Phillip Schleicher","name":"@","priority":0,"proxied":false,"ttl":600,"type":"MX","value":"nexusbc-com01c.mail.protection.outlook.com"}]},"dns_records_nxs_360_com":{"value":[{"comment":"AP Phillip Schleicher","name":"sentry","proxied":true,"ttl":600,"type":"CNAME","value":"hosting.vcec.cloud"},{"comment":"AP Phillip Schleicher","name":"sentry-cdn","proxied":true,"ttl":600,"type":"CNAME","value":"hosting.vcec.cloud"},{"comment":"AP Phillip Schleicher","name":"files","proxied":true,"ttl":600,"type":"CNAME","value":"hosting.vcec.cloud"},{"comment":"AP Phillip Schleicher","name":"gitlab","proxied":false,"ttl":600,"type":"CNAME","value":"public.hosting.vcec.cloud"},{"comment":"AP Phillip Schleicher / Git clone via HTTPS","name":"git.gitlab","proxied":false,"ttl":600,"type":"CNAME","value":"public.hosting.vcec.cloud"},{"comment":"AP Phillip Schleicher / Gitlab pages","name":"*.gitlab-pages","proxied":false,"ttl":600,"type":"CNAME","value":"public.hosting.vcec.cloud"},{"comment":"AP Phillip Schleicher / Gitlab Docker registry","name":"registry.gitlab","proxied":false,"ttl":600,"type":"CNAME","value":"public.hosting.vcec.cloud"},{"comment":"AP Phillip Schleicher","name":"*.r.gitlab","proxied":false,"ttl":600,"type":"CNAME","value":"public.hosting.vcec.cloud"},{"comment":"AP Michael Blum / Martin Sehlleier | QA Jenkins","name":"jenkins-qa","proxied":true,"ttl":600,"type":"CNAME","value":"hosting.vcec.cloud"},{"comment":"AP Phillip Schleicher","name":"mattermost","proxied":false,"ttl":600,"type":"CNAME","value":"hosting.vcec.cloud"}]},"dns_records_vcec_cloud":{"value":[{"comment":"AP Martin Sehlleier | OpenSearch Log Monitoring Input","name":"input.monit.hosting","proxied":false,"ttl":600,"type":"A","value":"10.68.1.10"},{"comment":"AP Phillip Schleicher / Main firewall / IP whitelisted access","name":"hosting","proxied":false,"ttl":600,"type":"A","value":"46.38.247.4"},{"comment":"AP Phillip Schleicher / Main firewall / Public IP access","name":"public.hosting","proxied":false,"ttl":600,"type":"A","value":"46.38.247.6"},{"comment":"AP Phillip Schleicher / Main firewall / Node 1","name":"thor.hosting","proxied":false,"ttl":600,"type":"A","value":"46.38.247.4"},{"comment":"AP Phillip Schleicher / Secondary firewall / Node 2","name":"valkyrie.hosting","proxied":false,"ttl":600,"type":"A","value":"46.38.247.5"},{"comment":"AP Valentin Vlasov / ClientVPN","name":"odin.hosting","proxied":false,"ttl":600,"type":"A","value":"45.90.6.78"},{"comment":"AP Phillip Schleicher / Proxmox","name":"node1.pve.hosting","proxied":false,"ttl":600,"type":"CNAME","value":"hosting.vcec.cloud"},{"allow_overwrite":true,"comment":"AP Phillip Schleicher / Proxmox","name":"backup.hosting","proxied":false,"ttl":600,"type":"CNAME","value":"hosting.vcec.cloud"},{"comment":"AP Valentin Vlasov / ClientVPN","name":"vpn-fw.hosting","proxied":false,"ttl":600,"type":"CNAME","value":"hosting.vcec.cloud"},{"comment":"AP Valentin Vlasov / ClientVPN","name":"vpn.hosting","proxied":false,"ttl":600,"type":"CNAME","value":"odin.hosting.vcec.cloud"},{"comment":"AP Phillip Schleicher | Jenkins","name":"manage.hosting","proxied":false,"ttl":600,"type":"CNAME","value":"hosting.vcec.cloud"},{"comment":"AP Phillip Schleicher | CheckMK","name":"cmk.hosting","proxied":false,"ttl":600,"type":"CNAME","value":"hosting.vcec.cloud"},{"comment":"AP Phillip Schleicher | HomeAssistant","name":"ctrl.hosting","proxied":false,"ttl":600,"type":"CNAME","value":"hosting.vcec.cloud"},{"comment":"AP Phillip Schleicher | Wazuh","name":"siem.hosting","proxied":false,"ttl":600,"type":"CNAME","value":"hosting.vcec.cloud"},{"comment":"AP Martin Sehlleier | OpenSearch Log Monitoring","name":"monit.hosting","proxied":false,"ttl":600,"type":"CNAME","value":"hosting.vcec.cloud"},{"comment":"AP Moritz Jung | Gitbook Proxy","name":"docs","proxied":true,"ttl":600,"type":"CNAME","value":"hosting.vcec.cloud"},{"comment":"AP Phillip Schleicher | Mailcatcher for NC Cloud","name":"mailpit.hosting","ttl":600,"type":"CNAME","value":"hosting.vcec.cloud"},{"comment":"AP Phillip Schleicher | Yopass","name":"pwx","proxied":true,"ttl":600,"type":"CNAME","value":"hosting.vcec.cloud"},{"comment":"AP Phillip Schleicher | Link Shortener","name":"l","proxied":true,"ttl":600,"type":"CNAME","value":"hosting.vcec.cloud"},{"comment":"AP Phillip Schleicher | Link Shortener","name":"link","proxied":true,"ttl":600,"type":"CNAME","value":"hosting.vcec.cloud"},{"comment":"AP Michael Blum / Martin Sehlleier | QA KPI Cockpit","name":"kpi-cockpit-api","proxied":true,"ttl":600,"type":"CNAME","value":"hosting.vcec.cloud"},{"comment":"AP Michael Blum / Martin Sehlleier | QA KPI Cockpit","name":"kpi-cockpit","proxied":true,"ttl":600,"type":"CNAME","value":"hosting.vcec.cloud"},{"comment":"AP Michael Blum / Martin Sehlleier | QA KPI Cockpit","name":"kpi-cockpit-v2","proxied":true,"ttl":600,"type":"CNAME","value":"hosting.vcec.cloud"},{"comment":"AP Rafal Wesolowski/Uwe Tueben | Analytics","name":"analytics","proxied":true,"ttl":600,"type":"CNAME","value":"hosting.vcec.cloud"},{"comment":"AP Nikias Herzhauser | Stirling PDF","name":"pdf","proxied":true,"ttl":600,"type":"CNAME","value":"hosting.vcec.cloud"},{"comment":"AP Nikias Herzhauser | Slack Export","name":"slack-archive","proxied":false,"ttl":600,"type":"CNAME","value":"hosting.vcec.cloud"},{"comment":"AP Nikias Herzhauser","name":"it-tools","proxied":true,"ttl":600,"type":"CNAME","value":"hosting.vcec.cloud"},{"comment":"AP Dennis Bluemer / Joerg Leigers | Lobster","name":"lobster-admin","proxied":false,"ttl":600,"type":"CNAME","value":"hosting.vcec.cloud"},{"comment":"4me #47968953","name":"yves-de-b2b-spryker","proxied":true,"ttl":600,"type":"CNAME","value":"hosting.vcec.cloud"},{"comment":"4me #47968953","name":"glue-de-b2b-spryker","proxied":true,"ttl":600,"type":"CNAME","value":"hosting.vcec.cloud"},{"comment":"4me #47968953","name":"backoffice-de-b2b-spryker","proxied":true,"ttl":600,"type":"CNAME","value":"hosting.vcec.cloud"},{"comment":"AP Jurij Pfeiffer / Dennis Bluemer","name":"swagger-b2b-spryker","proxied":true,"ttl":600,"type":"CNAME","value":"hosting.vcec.cloud"},{"comment":"AP Jurij Pfeiffer / Dennis Bluemer","name":"glue-storefront-de-b2b-spryker","proxied":true,"ttl":600,"type":"CNAME","value":"hosting.vcec.cloud"},{"comment":"AP Jurij Pfeiffer / Dennis Bluemer","name":"glue-backend-de-b2b-spryker","proxied":true,"ttl":600,"type":"CNAME","value":"hosting.vcec.cloud"},{"comment":"AP Rafal Wesolowski / Dennis Bluemer / #54711303","name":"mail-b2b-spryker","proxied":true,"ttl":600,"type":"CNAME","value":"hosting.vcec.cloud"},{"comment":"AP Jurij Pfeiffer / Dennis Bluemer","name":"yves-de-b2c-spryker","proxied":true,"ttl":600,"type":"CNAME","value":"hosting.vcec.cloud"},{"comment":"AP Jurij Pfeiffer / Dennis Bluemer","name":"glue-de-b2c-spryker","proxied":true,"ttl":600,"type":"CNAME","value":"hosting.vcec.cloud"},{"comment":"AP Jurij Pfeiffer / Dennis Bluemer","name":"backoffice-de-b2c-spryker","proxied":true,"ttl":600,"type":"CNAME","value":"hosting.vcec.cloud"},{"comment":"AP Jurij Pfeiffer / Dennis Bluemer","name":"swagger-b2c-spryker","proxied":true,"ttl":600,"type":"CNAME","value":"hosting.vcec.cloud"},{"comment":"AP Jurij Pfeiffer / Dennis Bluemer","name":"glue-storefront-de-b2c-spryker","proxied":true,"ttl":600,"type":"CNAME","value":"hosting.vcec.cloud"},{"comment":"AP Jurij Pfeiffer / Dennis Bluemer","name":"glue-backend-de-b2c-spryker","proxied":true,"ttl":600,"type":"CNAME","value":"hosting.vcec.cloud"},{"comment":"AP Rafal Wesolowski / Dennis Bluemer / #54711303","name":"mail-b2c-spryker","proxied":true,"ttl":600,"type":"CNAME","value":"hosting.vcec.cloud"},{"comment":"AP Dusting Recko / #51728146","name":"yves-de-b2b-tracking","proxied":true,"ttl":600,"type":"CNAME","value":"hosting.vcec.cloud"},{"comment":"AP Dusting Recko / #51728146","name":"glue-de-b2b-tracking","proxied":true,"ttl":600,"type":"CNAME","value":"hosting.vcec.cloud"},{"comment":"AP Dusting Recko / #51728146","name":"backoffice-de-b2b-tracking","proxied":true,"ttl":600,"type":"CNAME","value":"hosting.vcec.cloud"},{"comment":"AP Dusting Recko / #51728146","name":"swagger-b2b-tracking","proxied":true,"ttl":600,"type":"CNAME","value":"hosting.vcec.cloud"},{"comment":"AP Dusting Recko / #51728146","name":"glue-storefront-de-b2b-tracking","proxied":true,"ttl":600,"type":"CNAME","value":"hosting.vcec.cloud"},{"comment":"AP Dusting Recko / #51728146","name":"glue-backend-de-b2b-tracking","proxied":true,"ttl":600,"type":"CNAME","value":"hosting.vcec.cloud"},{"comment":"AP Dustin Recko | 4me #51728146","name":"sgtm","proxied":true,"ttl":600,"type":"CNAME","value":"hosting.vcec.cloud"},{"comment":"AP Phillip Schleicher","name":"shopware-demo","proxied":true,"ttl":600,"type":"CNAME","value":"hosting.vcec.cloud"},{"comment":"AP Moritz Jung / #54734446","name":"uf-stage","proxied":false,"ttl":600,"type":"NS","value":"ns-743.awsdns-28.net"},{"comment":"AP Moritz Jung / #54734446","name":"uf-stage","proxied":false,"ttl":600,"type":"NS","value":"ns-290.awsdns-36.com"},{"comment":"AP Moritz Jung / #54734446","name":"uf-stage","proxied":false,"ttl":600,"type":"NS","value":"ns-1248.awsdns-28.org"},{"comment":"AP Moritz Jung / #54734446","name":"uf-stage","proxied":false,"ttl":600,"type":"NS","value":"ns-1726.awsdns-23.co.uk"},{"comment":"AP Moritz Jung / #54734446","name":"uf","proxied":false,"ttl":600,"type":"NS","value":"ns-1213.awsdns-23.org"},{"comment":"AP Moritz Jung / #54734446","name":"uf","proxied":false,"ttl":600,"type":"NS","value":"ns-241.awsdns-30.com"},{"comment":"AP Moritz Jung / #54734446","name":"uf","proxied":false,"ttl":600,"type":"NS","value":"ns-808.awsdns-37.net"},{"comment":"AP Moritz Jung / #54734446","name":"uf","proxied":false,"ttl":600,"type":"NS","value":"ns-1707.awsdns-21.co.uk"},{"comment":"AP Moritz Jung / requested via Teams by Justinas Garipovas (LT)","name":"esa-uf-corp","proxied":false,"ttl":600,"type":"NS","value":"ns-1262.awsdns-29.org"},{"comment":"AP Moritz Jung / requested via Teams by Justinas Garipovas (LT)","name":"esa-uf-corp","proxied":false,"ttl":600,"type":"NS","value":"ns-641.awsdns-16.net"},{"comment":"AP Moritz Jung / requested via Teams by Justinas Garipovas (LT)","name":"esa-uf-corp","proxied":false,"ttl":600,"type":"NS","value":"ns-1922.awsdns-48.co.uk"},{"comment":"AP Moritz Jung / requested via Teams by Justinas Garipovas (LT)","name":"esa-uf-corp","proxied":false,"ttl":600,"type":"NS","value":"ns-64.awsdns-08.com"},{"comment":"AP Moritz Jung / requested via Teams by Justinas Garipovas (LT)","name":"esa-uf-stage","proxied":true,"ttl":600,"type":"CNAME","value":"hosting.vcec.cloud"},{"comment":"AP Moritz Jung / requested via Teams by Justinas Garipovas (LT)","name":"esa-uf-nc","proxied":true,"ttl":600,"type":"CNAME","value":"hosting.vcec.cloud"},{"comment":"stefan.maier@dxa.valantic.com / #56854418","name":"cx-service-map","proxied":false,"ttl":60,"type":"A","value":"188.245.146.171"},{"comment":"stefan.maier@dxa.valantic.com / #56854418","name":"www.cx-service-map","proxied":false,"ttl":60,"type":"A","value":"188.245.146.171"},{"comment":"stefan.maier@dxa.valantic.com / #56854418","name":"backend.cx-service-map","proxied":false,"ttl":60,"type":"A","value":"188.245.146.171"},{"comment":"AP Moritz Jung","name":"www.employee-service-map","proxied":false,"ttl":600,"type":"CNAME","value":"main-bvxea6i-3vdtazl5vfuta.de-2.platformsh.site"},{"comment":"AP Moritz Jung","name":"employee-service-map","proxied":false,"ttl":600,"type":"CNAME","value":"main-bvxea6i-3vdtazl5vfuta.de-2.platformsh.site"},{"comment":"AP Patrick Schönfeld | N8N AI Genesis Horizon","name":"workflows","proxied":false,"ttl":600,"type":"CNAME","value":"public.hosting.vcec.cloud"},{"comment":"AP Patrick Schönfeld | N8N AI Genesis Horizon","name":"subscribe-workflows","proxied":true,"ttl":600,"type":"CNAME","value":"hosting.vcec.cloud"},{"comment":"AP Patrick Schönfeld | N8N AI Genesis Horizon","name":"bot","proxied":true,"ttl":600,"type":"CNAME","value":"hosting.vcec.cloud"},{"comment":"AP Patrick Schönfeld | N8N AI Genesis Horizon","name":"workoflow-mcp","proxied":true,"ttl":600,"type":"CNAME","value":"hosting.vcec.cloud"},{"comment":"AP Patrick Schönfeld | N8N AI Genesis Horizon","name":"workflows-stage","proxied":false,"ttl":600,"type":"CNAME","value":"public.hosting.vcec.cloud"},{"comment":"AP Patrick Schönfeld | N8N AI Genesis Horizon","name":"subscribe-workflows-stage","proxied":true,"ttl":600,"type":"CNAME","value":"hosting.vcec.cloud"},{"comment":"AP Patrick Schönfeld | N8N AI Genesis Horizon","name":"bot-stage","proxied":true,"ttl":600,"type":"CNAME","value":"hosting.vcec.cloud"},{"comment":"AP Patrick Schönfeld | N8N AI Genesis Horizon","name":"workoflow-mcp-stage","proxied":true,"ttl":600,"type":"CNAME","value":"hosting.vcec.cloud"},{"comment":"AP Rafal Wesolowski / #59058346","name":"ridetogether","proxied":false,"ttl":600,"type":"CNAME","value":"hosting.vcec.cloud"},{"comment":"AP Rafal Wesolowski / #59058346","name":"ridetogether-api","proxied":false,"ttl":600,"type":"CNAME","value":"hosting.vcec.cloud"},{"comment":"AP Zoia Funtasova / Phillip Schleicher","name":"prod.cust-benz","proxied":false,"ttl":600,"type":"A","value":"213.133.107.23"},{"comment":"AP Zoia Funtasova / Phillip Schleicher","name":"prod-benz-sport.cust-benz","proxied":false,"ttl":600,"type":"CNAME","value":"prod.cust-benz.vcec.cloud"},{"comment":"AP Zoia Funtasova / Phillip Schleicher","name":"stage.cust-benz","proxied":false,"ttl":600,"type":"A","value":"91.99.64.77"},{"comment":"AP Zoia Funtasova / Phillip Schleicher","name":"stage-benz-sport.cust-benz","proxied":false,"ttl":600,"type":"CNAME","value":"stage.cust-benz.vcec.cloud"},{"comment":"AP Martin Sehlleier","name":"prod.cust-kleinsorge","proxied":false,"ttl":600,"type":"A","value":"91.151.21.141"},{"comment":"AP Martin Sehlleier","name":"stage.cust-kleinsorge","proxied":false,"ttl":600,"type":"A","value":"91.151.21.205"},{"comment":"AP Martin Sehlleier","name":"www.prod.cust-kleinsorge","proxied":false,"ttl":600,"type":"CNAME","value":"prod.cust-kleinsorge.vcec.cloud"},{"comment":"AP Martin Sehlleier","name":"www.stage.cust-kleinsorge","proxied":false,"ttl":600,"type":"CNAME","value":"stage.cust-kleinsorge.vcec.cloud"},{"comment":"AP Martin Sehlleier","name":"prod.cust-fitzner","proxied":false,"ttl":600,"type":"A","value":"37.228.155.191"},{"comment":"AP Martin Sehlleier","name":"stage.cust-fitzner","proxied":false,"ttl":600,"type":"A","value":"91.151.21.181"},{"comment":"AP Martin Sehlleier","name":"www.prod.cust-fitzner","proxied":false,"ttl":600,"type":"CNAME","value":"prod.cust-fitzner.vcec.cloud"},{"comment":"AP Martin Sehlleier","name":"www.stage.cust-fitzner","proxied":false,"ttl":600,"type":"CNAME","value":"stage.cust-fitzner.vcec.cloud"},{"comment":"AP Joerg Leigers / #68234526","name":"lobster-cluster","proxied":false,"ttl":600,"type":"A","value":"45.90.6.70"},{"comment":"AP Joerg Leigers / #68234526","name":"lobster-cluster","proxied":false,"ttl":600,"type":"A","value":"45.90.6.71"},{"comment":"AP Joerg Leigers / #68234526","name":"lobster-prod","proxied":false,"ttl":600,"type":"CNAME","value":"hosting.vcec.cloud"},{"comment":"AP Joerg Leigers / #68234526","name":"lobster-test","proxied":false,"ttl":600,"type":"CNAME","value":"hosting.vcec.cloud"},{"comment":"AP Joerg Leigers / #68234526","name":"lobster-dmz","proxied":false,"ttl":600,"type":"CNAME","value":"hosting.vcec.cloud"},{"comment":"AP Phillip Schleicher","name":"@","proxied":false,"ttl":600,"type":"TXT","value":"google-site-verification=wlfuYL6qUszUY4oLOpu6bdTLscAwl8Lot2UFdH1Cd0U"},{"comment":"AP Phillip Schleicher","name":"api.poc.gcp","proxied":false,"ttl":600,"type":"A","value":"34.149.114.83"}]},"notification_email":{"value":"it-de@cec.valantic.com"},"r2_buckets":{"value":{"composer-vcec-cloud":{}}}},"planned_values":{"root_module":{"resources":[{"address":"cloudflare_r2_bucket.buckets[\"composer-vcec-cloud\"]","mode":"managed","type":"cloudflare_r2_bucket","name":"buckets","index":"composer-vcec-cloud","provider_name":"registry.terraform.io/cloudflare/cloudflare","schema_version":0,"values":{"account_id":"9b45f75ac806a9141698feddf3a7c8a0","id":"composer-vcec-cloud","location":"WEUR","name":"composer-vcec-cloud"},"sensitive_values":{}},{"address":"cloudflare_record.records_nexus_bc_com[\"CNAME_autodiscover_e6f8792439657dbeb6254256a79f4bb2\"]","mode":"managed","type":"cloudflare_record","name":"records_nexus_bc_com","index":"CNAME_autodiscover_e6f8792439657dbeb6254256a79f4bb2","provider_name":"registry.terraform.io/cloudflare/cloudflare","schema_version":3,"values":{"allow_overwrite":false,"comment":"AP Phillip Schleicher","content":"autodiscover.outlook.com","created_on":"2025-11-25T07:54:24.599367Z","data":[],"hostname":"autodiscover.nexus-bc.com","id":"9241ba5adb68b4ef251e552ce876a945","metadata":{},"modified_on":"2026-01-28T11:56:41.776479Z","name":"autodiscover","priority":null,"proxiable":true,"proxied":false,"tags":[],"timeouts":null,"ttl":600,"type":"CNAME","value":null,"zone_id":"c25cdf17c701258014b8ba7b7d726a09"},"sensitive_values":{"data":[],"metadata":{},"tags":[]}},{"address":"cloudflare_record.records_nexus_bc_com[\"CNAME_selector1._domainkey_af209c15fb5d34c5d8b9248128e4861c\"]","mode":"managed","type":"cloudflare_record","name":"records_nexus_bc_com","index":"CNAME_selector1._domainkey_af209c15fb5d34c5d8b9248128e4861c","provider_name":"registry.terraform.io/cloudflare/cloudflare","schema_version":3,"values":{"allow_overwrite":false,"comment":"AP Phillip Schleicher","content":"selector1-nexusbc-com01c._domainkey.valanticmore.onmicrosoft.com","created_on":"2025-11-25T07:54:23.647167Z","data":[],"hostname":"selector1._domainkey.nexus-bc.com","id":"fcc47db579fe68c80a07edaf2fa65757","metadata":{},"modified_on":"2026-01-28T11:56:42.483584Z","name":"selector1._domainkey","priority":null,"proxiable":false,"proxied":false,"tags":[],"timeouts":null,"ttl":600,"type":"CNAME","value":null,"zone_id":"c25cdf17c701258014b8ba7b7d726a09"},"sensitive_values":{"data":[],"metadata":{},"tags":[]}},{"address":"cloudflare_record.records_nexus_bc_com[\"CNAME_selector2._domainkey_72f7e48f7b02918f7191ac63dfbedd11\"]","mode":"managed","type":"cloudflare_record","name":"records_nexus_bc_com","index":"CNAME_selector2._domainkey_72f7e48f7b02918f7191ac63dfbedd11","provider_name":"registry.terraform.io/cloudflare/cloudflare","schema_version":3,"values":{"allow_overwrite":false,"comment":"AP Phillip Schleicher","content":"selector2-nexusbc-com01c._domainkey.valanticmore.onmicrosoft.com","created_on":"2025-11-25T07:54:24.353808Z","data":[],"hostname":"selector2._domainkey.nexus-bc.com","id":"b16f35bb21dfe3ea78a7dc78915bc58d","metadata":{},"modified_on":"2026-01-28T11:56:41.288752Z","name":"selector2._domainkey","priority":null,"proxiable":false,"proxied":false,"tags":[],"timeouts":null,"ttl":600,"type":"CNAME","value":null,"zone_id":"c25cdf17c701258014b8ba7b7d726a09"},"sensitive_values":{"data":[],"metadata":{},"tags":[]}},{"address":"cloudflare_record.records_nexus_bc_com[\"MX_@_e2b640fff804c1f2347a02f051c4deb1\"]","mode":"managed","type":"cloudflare_record","name":"records_nexus_bc_com","index":"MX_@_e2b640fff804c1f2347a02f051c4deb1","provider_name":"registry.terraform.io/cloudflare/cloudflare","schema_version":3,"values":{"allow_overwrite":false,"comment":"AP Phillip Schleicher","content":"nexusbc-com01c.mail.protection.outlook.com","created_on":"2025-11-25T07:54:23.816016Z","data":[],"hostname":"nexus-bc.com","id":"f51360f111a357d87b28af1920f4e090","metadata":{},"modified_on":"2025-11-25T08:13:36.182419Z","name":"@","priority":0,"proxiable":false,"proxied":false,"tags":[],"timeouts":null,"ttl":600,"type":"MX","value":null,"zone_id":"c25cdf17c701258014b8ba7b7d726a09"},"sensitive_values":{"data":[],"metadata":{},"tags":[]}},{"address":"cloudflare_record.records_nexus_bc_com[\"TXT_@_a48bab33800e9bcd81751c56e10b107d\"]","mode":"managed","type":"cloudflare_record","name":"records_nexus_bc_com","index":"TXT_@_a48bab33800e9bcd81751c56e10b107d","provider_name":"registry.terraform.io/cloudflare/cloudflare","schema_version":3,"values":{"allow_overwrite":false,"comment":"AP Phillip Schleicher","content":"v=spf1 include:spf.protection.outlook.com a ip4:83.246.107.19 ip4:83.246.107.20 ip4:83.246.107.150 +mx -all","created_on":"2025-11-25T07:54:23.479132Z","data":[],"hostname":"nexus-bc.com","id":"0a3e089034c361dd4650f430b669787f","metadata":{},"modified_on":"2025-11-25T07:54:23.479132Z","name":"@","priority":null,"proxiable":false,"proxied":false,"tags":[],"timeouts":null,"ttl":600,"type":"TXT","value":null,"zone_id":"c25cdf17c701258014b8ba7b7d726a09"},"sensitive_values":{"data":[],"metadata":{},"tags":[]}},{"address":"cloudflare_record.records_nexus_bc_com[\"TXT_@_fc77bb2f44e5ab1332d3969006a94d04\"]","mode":"managed","type":"cloudflare_record","name":"records_nexus_bc_com","index":"TXT_@_fc77bb2f44e5ab1332d3969006a94d04","provider_name":"registry.terraform.io/cloudflare/cloudflare","schema_version":3,"values":{"allow_overwrite":false,"comment":"AP Phillip Schleicher","content":"MS=ms97968100","created_on":"2025-11-25T08:13:36.153097Z","data":[],"hostname":"nexus-bc.com","id":"9fa9cca1b90db60e760c407c333ff706","metadata":{},"modified_on":"2025-11-25T08:13:36.153097Z","name":"@","priority":null,"proxiable":false,"proxied":false,"tags":[],"timeouts":null,"ttl":600,"type":"TXT","value":null,"zone_id":"c25cdf17c701258014b8ba7b7d726a09"},"sensitive_values":{"data":[],"metadata":{},"tags":[]}},{"address":"cloudflare_record.records_nexus_bc_com[\"TXT__DMARC_db523acc4f22b1634ae20d47f3a4f946\"]","mode":"managed","type":"cloudflare_record","name":"records_nexus_bc_com","index":"TXT__DMARC_db523acc4f22b1634ae20d47f3a4f946","provider_name":"registry.terraform.io/cloudflare/cloudflare","schema_version":3,"values":{"allow_overwrite":false,"comment":"AP Phillip Schleicher","content":"v=DMARC1; p=none; rua=mailto:; ruf=mailto:it-admin@cec.valantic.com; fo=1","created_on":"2025-11-25T07:54:24.082942Z","data":[],"hostname":"_dmarc.nexus-bc.com","id":"9188c058b19fb0eda430c36216584035","metadata":{},"modified_on":"2025-11-25T07:54:24.082942Z","name":"_dmarc","priority":null,"proxiable":false,"proxied":false,"tags":[],"timeouts":null,"ttl":600,"type":"TXT","value":null,"zone_id":"c25cdf17c701258014b8ba7b7d726a09"},"sensitive_values":{"data":[],"metadata":{},"tags":[]}},{"address":"cloudflare_record.records_nxs360_com[\"CNAME_*.gitlab-pages_940886a906e9ed866abc08359041d9d8\"]","mode":"managed","type":"cloudflare_record","name":"records_nxs360_com","index":"CNAME_*.gitlab-pages_940886a906e9ed866abc08359041d9d8","provider_name":"registry.terraform.io/cloudflare/cloudflare","schema_version":3,"values":{"allow_overwrite":false,"comment":"AP Phillip Schleicher / Gitlab pages","content":"public.hosting.vcec.cloud","created_on":"2025-02-16T06:26:53.287697Z","data":[],"hostname":"*.gitlab-pages.nxs360.com","id":"fd02c898322902ef0ad411c1e824f9e5","metadata":{},"modified_on":"2026-01-28T11:56:36.863579Z","name":"*.gitlab-pages","priority":null,"proxiable":true,"proxied":false,"tags":["tf-managed"],"timeouts":null,"ttl":600,"type":"CNAME","value":null,"zone_id":"4eab5390df3dc34f653bf659c5f8b5c0"},"sensitive_values":{"data":[],"metadata":{},"tags":[false]}},{"address":"cloudflare_record.records_nxs360_com[\"CNAME_*.r.gitlab_940886a906e9ed866abc08359041d9d8\"]","mode":"managed","type":"cloudflare_record","name":"records_nxs360_com","index":"CNAME_*.r.gitlab_940886a906e9ed866abc08359041d9d8","provider_name":"registry.terraform.io/cloudflare/cloudflare","schema_version":3,"values":{"allow_overwrite":false,"comment":"AP Phillip Schleicher","content":"public.hosting.vcec.cloud","created_on":"2026-01-17T11:43:52.522986Z","data":[],"hostname":"*.r.gitlab.nxs360.com","id":"5d4b6f669d9d505c536d0c6e8d72541f","metadata":{},"modified_on":"2026-01-28T11:56:38.223948Z","name":"*.r.gitlab","priority":null,"proxiable":true,"proxied":false,"tags":["tf-managed"],"timeouts":null,"ttl":600,"type":"CNAME","value":null,"zone_id":"4eab5390df3dc34f653bf659c5f8b5c0"},"sensitive_values":{"data":[],"metadata":{},"tags":[false]}},{"address":"cloudflare_record.records_nxs360_com[\"CNAME_files_94add1be5e483b391d269402cc52a8ee\"]","mode":"managed","type":"cloudflare_record","name":"records_nxs360_com","index":"CNAME_files_94add1be5e483b391d269402cc52a8ee","provider_name":"registry.terraform.io/cloudflare/cloudflare","schema_version":3,"values":{"allow_overwrite":false,"comment":"AP Phillip Schleicher","content":"hosting.vcec.cloud","created_on":"2024-07-29T11:39:27.52872Z","data":[],"hostname":"files.nxs360.com","id":"86ea397cccfcd59a3b25592cbb1d13eb","metadata":{},"modified_on":"2026-01-28T11:56:38.019887Z","name":"files","priority":null,"proxiable":true,"proxied":true,"tags":["tf-managed"],"timeouts":null,"ttl":1,"type":"CNAME","value":null,"zone_id":"4eab5390df3dc34f653bf659c5f8b5c0"},"sensitive_values":{"data":[],"metadata":{},"tags":[false]}},{"address":"cloudflare_record.records_nxs360_com[\"CNAME_git.gitlab_940886a906e9ed866abc08359041d9d8\"]","mode":"managed","type":"cloudflare_record","name":"records_nxs360_com","index":"CNAME_git.gitlab_940886a906e9ed866abc08359041d9d8","provider_name":"registry.terraform.io/cloudflare/cloudflare","schema_version":3,"values":{"allow_overwrite":false,"comment":"AP Phillip Schleicher / Git clone via HTTPS","content":"public.hosting.vcec.cloud","created_on":"2025-02-16T06:26:53.040387Z","data":[],"hostname":"git.gitlab.nxs360.com","id":"654e5b4fdfd6d9a486aff0d28deeb3a8","metadata":{},"modified_on":"2026-01-28T11:56:37.557615Z","name":"git.gitlab","priority":null,"proxiable":true,"proxied":false,"tags":["tf-managed"],"timeouts":null,"ttl":600,"type":"CNAME","value":null,"zone_id":"4eab5390df3dc34f653bf659c5f8b5c0"},"sensitive_values":{"data":[],"metadata":{},"tags":[false]}},{"address":"cloudflare_record.records_nxs360_com[\"CNAME_gitlab_940886a906e9ed866abc08359041d9d8\"]","mode":"managed","type":"cloudflare_record","name":"records_nxs360_com","index":"CNAME_gitlab_940886a906e9ed866abc08359041d9d8","provider_name":"registry.terraform.io/cloudflare/cloudflare","schema_version":3,"values":{"allow_overwrite":false,"comment":"AP Phillip Schleicher","content":"public.hosting.vcec.cloud","created_on":"2025-02-16T06:26:52.990876Z","data":[],"hostname":"gitlab.nxs360.com","id":"6d2468e661125584b2225ae52c11ac68","metadata":{},"modified_on":"2026-01-28T11:56:37.300105Z","name":"gitlab","priority":null,"proxiable":true,"proxied":false,"tags":["tf-managed"],"timeouts":null,"ttl":600,"type":"CNAME","value":null,"zone_id":"4eab5390df3dc34f653bf659c5f8b5c0"},"sensitive_values":{"data":[],"metadata":{},"tags":[false]}},{"address":"cloudflare_record.records_nxs360_com[\"CNAME_jenkins-qa_94add1be5e483b391d269402cc52a8ee\"]","mode":"managed","type":"cloudflare_record","name":"records_nxs360_com","index":"CNAME_jenkins-qa_94add1be5e483b391d269402cc52a8ee","provider_name":"registry.terraform.io/cloudflare/cloudflare","schema_version":3,"values":{"allow_overwrite":false,"comment":"AP Michael Blum / Martin Sehlleier | QA Jenkins","content":"hosting.vcec.cloud","created_on":"2025-06-04T18:11:57.379028Z","data":[],"hostname":"jenkins-qa.nxs360.com","id":"e4e8cff4c2336151827e37bf94648146","metadata":{},"modified_on":"2026-01-28T11:56:41.566476Z","name":"jenkins-qa","priority":null,"proxiable":true,"proxied":true,"tags":["tf-managed"],"timeouts":null,"ttl":1,"type":"CNAME","value":null,"zone_id":"4eab5390df3dc34f653bf659c5f8b5c0"},"sensitive_values":{"data":[],"metadata":{},"tags":[false]}},{"address":"cloudflare_record.records_nxs360_com[\"CNAME_mattermost_94add1be5e483b391d269402cc52a8ee\"]","mode":"managed","type":"cloudflare_record","name":"records_nxs360_com","index":"CNAME_mattermost_94add1be5e483b391d269402cc52a8ee","provider_name":"registry.terraform.io/cloudflare/cloudflare","schema_version":3,"values":{"allow_overwrite":false,"comment":"AP Phillip Schleicher","content":"hosting.vcec.cloud","created_on":"2022-11-18T12:17:00.365896Z","data":[],"hostname":"mattermost.nxs360.com","id":"aed6fe1da40c45e7676471e101bf3e46","metadata":{},"modified_on":"2026-01-28T11:56:37.936598Z","name":"mattermost","priority":null,"proxiable":true,"proxied":false,"tags":["tf-managed"],"timeouts":null,"ttl":600,"type":"CNAME","value":null,"zone_id":"4eab5390df3dc34f653bf659c5f8b5c0"},"sensitive_values":{"data":[],"metadata":{},"tags":[false]}},{"address":"cloudflare_record.records_nxs360_com[\"CNAME_registry.gitlab_940886a906e9ed866abc08359041d9d8\"]","mode":"managed","type":"cloudflare_record","name":"records_nxs360_com","index":"CNAME_registry.gitlab_940886a906e9ed866abc08359041d9d8","provider_name":"registry.terraform.io/cloudflare/cloudflare","schema_version":3,"values":{"allow_overwrite":false,"comment":"AP Phillip Schleicher / Gitlab Docker registry","content":"public.hosting.vcec.cloud","created_on":"2025-02-16T06:26:53.513831Z","data":[],"hostname":"registry.gitlab.nxs360.com","id":"24c456ed5513534f97e9dcb5dd0e7fad","metadata":{},"modified_on":"2026-01-28T11:56:36.678439Z","name":"registry.gitlab","priority":null,"proxiable":true,"proxied":false,"tags":["tf-managed"],"timeouts":null,"ttl":600,"type":"CNAME","value":null,"zone_id":"4eab5390df3dc34f653bf659c5f8b5c0"},"sensitive_values":{"data":[],"metadata":{},"tags":[false]}},{"address":"cloudflare_record.records_nxs360_com[\"CNAME_sentry-cdn_94add1be5e483b391d269402cc52a8ee\"]","mode":"managed","type":"cloudflare_record","name":"records_nxs360_com","index":"CNAME_sentry-cdn_94add1be5e483b391d269402cc52a8ee","provider_name":"registry.terraform.io/cloudflare/cloudflare","schema_version":3,"values":{"allow_overwrite":false,"comment":"AP Phillip Schleicher","content":"hosting.vcec.cloud","created_on":"2024-06-27T09:08:48.147588Z","data":[],"hostname":"sentry-cdn.nxs360.com","id":"01c5c87ba4bd56bec28ce0beec7ff8b5","metadata":{},"modified_on":"2026-01-28T11:56:37.023239Z","name":"sentry-cdn","priority":null,"proxiable":true,"proxied":true,"tags":["tf-managed"],"timeouts":null,"ttl":1,"type":"CNAME","value":null,"zone_id":"4eab5390df3dc34f653bf659c5f8b5c0"},"sensitive_values":{"data":[],"metadata":{},"tags":[false]}},{"address":"cloudflare_record.records_nxs360_com[\"CNAME_sentry_94add1be5e483b391d269402cc52a8ee\"]","mode":"managed","type":"cloudflare_record","name":"records_nxs360_com","index":"CNAME_sentry_94add1be5e483b391d269402cc52a8ee","provider_name":"registry.terraform.io/cloudflare/cloudflare","schema_version":3,"values":{"allow_overwrite":false,"comment":"AP Phillip Schleicher","content":"hosting.vcec.cloud","created_on":"2022-11-18T12:16:59.825995Z","data":[],"hostname":"sentry.nxs360.com","id":"12ede043d957ddbbfd27e34ca975e6f2","metadata":{},"modified_on":"2026-01-28T11:56:36.788181Z","name":"sentry","priority":null,"proxiable":true,"proxied":true,"tags":["tf-managed"],"timeouts":null,"ttl":1,"type":"CNAME","value":null,"zone_id":"4eab5390df3dc34f653bf659c5f8b5c0"},"sensitive_values":{"data":[],"metadata":{},"tags":[false]}},{"address":"cloudflare_record.records_vcec_cloud[\"A_api.poc.gcp_55ea51c6575deec48d623272aa65a40a\"]","mode":"managed","type":"cloudflare_record","name":"records_vcec_cloud","index":"A_api.poc.gcp_55ea51c6575deec48d623272aa65a40a","provider_name":"registry.terraform.io/cloudflare/cloudflare","schema_version":3,"values":{"allow_overwrite":false,"comment":"AP Phillip Schleicher","content":"34.149.114.83","created_on":"2025-12-05T08:29:00.943689Z","data":[],"hostname":"api.poc.gcp.vcec.cloud","id":"842b6d9fa55b08fb50bedd6974164bd1","metadata":{},"modified_on":"2025-12-05T08:29:00.943689Z","name":"api.poc.gcp","priority":null,"proxiable":true,"proxied":false,"tags":["tf-managed"],"timeouts":null,"ttl":600,"type":"A","value":null,"zone_id":"09e62c791da990d8ebbf1a531d1d3efa"},"sensitive_values":{"data":[],"metadata":{},"tags":[false]}},{"address":"cloudflare_record.records_vcec_cloud[\"A_backend.cx-service-map_d62c7c4b1c46b35e3a14e770fca506c3\"]","mode":"managed","type":"cloudflare_record","name":"records_vcec_cloud","index":"A_backend.cx-service-map_d62c7c4b1c46b35e3a14e770fca506c3","provider_name":"registry.terraform.io/cloudflare/cloudflare","schema_version":3,"values":{"allow_overwrite":false,"comment":"stefan.maier@dxa.valantic.com / #56854418","content":"188.245.146.171","created_on":"2025-01-31T12:16:48.751225Z","data":[],"hostname":"backend.cx-service-map.vcec.cloud","id":"e094d5e2be3a599da77cf9cc58e9b317","metadata":{},"modified_on":"2025-01-31T12:16:48.751225Z","name":"backend.cx-service-map","priority":null,"proxiable":true,"proxied":false,"tags":["tf-managed"],"timeouts":null,"ttl":60,"type":"A","value":null,"zone_id":"09e62c791da990d8ebbf1a531d1d3efa"},"sensitive_values":{"data":[],"metadata":{},"tags":[false]}},{"address":"cloudflare_record.records_vcec_cloud[\"A_cx-service-map_d62c7c4b1c46b35e3a14e770fca506c3\"]","mode":"managed","type":"cloudflare_record","name":"records_vcec_cloud","index":"A_cx-service-map_d62c7c4b1c46b35e3a14e770fca506c3","provider_name":"registry.terraform.io/cloudflare/cloudflare","schema_version":3,"values":{"allow_overwrite":false,"comment":"stefan.maier@dxa.valantic.com / #56854418","content":"188.245.146.171","created_on":"2025-01-31T12:16:49.220253Z","data":[],"hostname":"cx-service-map.vcec.cloud","id":"0521bbdd6bc6c47f8ee09e5afaca3dbd","metadata":{},"modified_on":"2025-01-31T12:16:49.220253Z","name":"cx-service-map","priority":null,"proxiable":true,"proxied":false,"tags":["tf-managed"],"timeouts":null,"ttl":60,"type":"A","value":null,"zone_id":"09e62c791da990d8ebbf1a531d1d3efa"},"sensitive_values":{"data":[],"metadata":{},"tags":[false]}},{"address":"cloudflare_record.records_vcec_cloud[\"A_hosting_f6ea607082fb5f82e4bc92e82aa2b85a\"]","mode":"managed","type":"cloudflare_record","name":"records_vcec_cloud","index":"A_hosting_f6ea607082fb5f82e4bc92e82aa2b85a","provider_name":"registry.terraform.io/cloudflare/cloudflare","schema_version":3,"values":{"allow_overwrite":false,"comment":"AP Phillip Schleicher / Main firewall / IP whitelisted access","content":"46.38.247.4","created_on":"2024-07-22T19:40:27.058169Z","data":[],"hostname":"hosting.vcec.cloud","id":"f4ae2b62e738c9b0527b87d854e8528b","metadata":{},"modified_on":"2025-02-16T06:25:05.248401Z","name":"hosting","priority":null,"proxiable":true,"proxied":false,"tags":["tf-managed"],"timeouts":null,"ttl":600,"type":"A","value":null,"zone_id":"09e62c791da990d8ebbf1a531d1d3efa"},"sensitive_values":{"data":[],"metadata":{},"tags":[false]}},{"address":"cloudflare_record.records_vcec_cloud[\"A_input.monit.hosting_682f426d4893012fc3c215138c7c631a\"]","mode":"managed","type":"cloudflare_record","name":"records_vcec_cloud","index":"A_input.monit.hosting_682f426d4893012fc3c215138c7c631a","provider_name":"registry.terraform.io/cloudflare/cloudflare","schema_version":3,"values":{"allow_overwrite":false,"comment":"AP Martin Sehlleier | OpenSearch Log Monitoring Input","content":"10.68.1.10","created_on":"2025-07-17T11:31:33.167517Z","data":[],"hostname":"input.monit.hosting.vcec.cloud","id":"ff0bf4f88276c285115b81e9d5cbfacb","metadata":{},"modified_on":"2025-07-17T11:31:33.167517Z","name":"input.monit.hosting","priority":null,"proxiable":false,"proxied":false,"tags":["tf-managed"],"timeouts":null,"ttl":600,"type":"A","value":null,"zone_id":"09e62c791da990d8ebbf1a531d1d3efa"},"sensitive_values":{"data":[],"metadata":{},"tags":[false]}},{"address":"cloudflare_record.records_vcec_cloud[\"A_lobster-cluster_30a153c7994572497c64ba9d248d6bf5\"]","mode":"managed","type":"cloudflare_record","name":"records_vcec_cloud","index":"A_lobster-cluster_30a153c7994572497c64ba9d248d6bf5","provider_name":"registry.terraform.io/cloudflare/cloudflare","schema_version":3,"values":{"allow_overwrite":false,"comment":"AP Joerg Leigers / #68234526","content":"45.90.6.71","created_on":"2025-11-07T19:03:51.868567Z","data":[],"hostname":"lobster-cluster.vcec.cloud","id":"727492ce80f2bdc2831f96b268b71742","metadata":{},"modified_on":"2025-11-07T19:03:51.868567Z","name":"lobster-cluster","priority":null,"proxiable":true,"proxied":false,"tags":["tf-managed"],"timeouts":null,"ttl":600,"type":"A","value":null,"zone_id":"09e62c791da990d8ebbf1a531d1d3efa"},"sensitive_values":{"data":[],"metadata":{},"tags":[false]}},{"address":"cloudflare_record.records_vcec_cloud[\"A_lobster-cluster_64ac4a994acab032756cc4fc2e919a36\"]","mode":"managed","type":"cloudflare_record","name":"records_vcec_cloud","index":"A_lobster-cluster_64ac4a994acab032756cc4fc2e919a36","provider_name":"registry.terraform.io/cloudflare/cloudflare","schema_version":3,"values":{"allow_overwrite":false,"comment":"AP Joerg Leigers / #68234526","content":"45.90.6.70","created_on":"2025-11-07T19:03:51.729303Z","data":[],"hostname":"lobster-cluster.vcec.cloud","id":"fb5e1552477c91ae6f662d534d1955d2","metadata":{},"modified_on":"2025-11-07T19:03:51.729303Z","name":"lobster-cluster","priority":null,"proxiable":true,"proxied":false,"tags":["tf-managed"],"timeouts":null,"ttl":600,"type":"A","value":null,"zone_id":"09e62c791da990d8ebbf1a531d1d3efa"},"sensitive_values":{"data":[],"metadata":{},"tags":[false]}},{"address":"cloudflare_record.records_vcec_cloud[\"A_odin.hosting_dcf0bc07a45335be440a0607daf567bb\"]","mode":"managed","type":"cloudflare_record","name":"records_vcec_cloud","index":"A_odin.hosting_dcf0bc07a45335be440a0607daf567bb","provider_name":"registry.terraform.io/cloudflare/cloudflare","schema_version":3,"values":{"allow_overwrite":false,"comment":"AP Valentin Vlasov / ClientVPN","content":"45.90.6.78","created_on":"2025-02-15T10:45:49.063291Z","data":[],"hostname":"odin.hosting.vcec.cloud","id":"704b69c9112e031c950d6b93839857ec","metadata":{},"modified_on":"2025-02-15T10:45:49.063291Z","name":"odin.hosting","priority":null,"proxiable":true,"proxied":false,"tags":["tf-managed"],"timeouts":null,"ttl":600,"type":"A","value":null,"zone_id":"09e62c791da990d8ebbf1a531d1d3efa"},"sensitive_values":{"data":[],"metadata":{},"tags":[false]}},{"address":"cloudflare_record.records_vcec_cloud[\"A_prod.cust-benz_5fab88c28d698e075998cd004ab55313\"]","mode":"managed","type":"cloudflare_record","name":"records_vcec_cloud","index":"A_prod.cust-benz_5fab88c28d698e075998cd004ab55313","provider_name":"registry.terraform.io/cloudflare/cloudflare","schema_version":3,"values":{"allow_overwrite":false,"comment":"AP Zoia Funtasova / Phillip Schleicher","content":"213.133.107.23","created_on":"2025-06-05T11:55:47.430867Z","data":[],"hostname":"prod.cust-benz.vcec.cloud","id":"47298bab73e48c58e14fe4a5c9a9997e","metadata":{},"modified_on":"2025-06-05T11:55:47.430867Z","name":"prod.cust-benz","priority":null,"proxiable":true,"proxied":false,"tags":["tf-managed"],"timeouts":null,"ttl":600,"type":"A","value":null,"zone_id":"09e62c791da990d8ebbf1a531d1d3efa"},"sensitive_values":{"data":[],"metadata":{},"tags":[false]}},{"address":"cloudflare_record.records_vcec_cloud[\"A_prod.cust-fitzner_403e8b6cdcd2677d3050a822ed69643f\"]","mode":"managed","type":"cloudflare_record","name":"records_vcec_cloud","index":"A_prod.cust-fitzner_403e8b6cdcd2677d3050a822ed69643f","provider_name":"registry.terraform.io/cloudflare/cloudflare","schema_version":3,"values":{"allow_overwrite":false,"comment":"AP Martin Sehlleier","content":"37.228.155.191","created_on":"2025-09-17T16:15:31.189109Z","data":[],"hostname":"prod.cust-fitzner.vcec.cloud","id":"b5cc3c896dc0b3f957879eb46f69ab84","metadata":{},"modified_on":"2025-09-17T16:15:31.189109Z","name":"prod.cust-fitzner","priority":null,"proxiable":true,"proxied":false,"tags":["tf-managed"],"timeouts":null,"ttl":600,"type":"A","value":null,"zone_id":"09e62c791da990d8ebbf1a531d1d3efa"},"sensitive_values":{"data":[],"metadata":{},"tags":[false]}},{"address":"cloudflare_record.records_vcec_cloud[\"A_prod.cust-kleinsorge_7aa1435394b6eac28ddff4c4b2d5590c\"]","mode":"managed","type":"cloudflare_record","name":"records_vcec_cloud","index":"A_prod.cust-kleinsorge_7aa1435394b6eac28ddff4c4b2d5590c","provider_name":"registry.terraform.io/cloudflare/cloudflare","schema_version":3,"values":{"allow_overwrite":false,"comment":"AP Martin Sehlleier","content":"91.151.21.141","created_on":"2025-10-14T15:29:43.248666Z","data":[],"hostname":"prod.cust-kleinsorge.vcec.cloud","id":"cabb5ea1eec957d5262c1b8118ba3a9f","metadata":{},"modified_on":"2025-10-14T15:29:43.248666Z","name":"prod.cust-kleinsorge","priority":null,"proxiable":true,"proxied":false,"tags":["tf-managed"],"timeouts":null,"ttl":600,"type":"A","value":null,"zone_id":"09e62c791da990d8ebbf1a531d1d3efa"},"sensitive_values":{"data":[],"metadata":{},"tags":[false]}},{"address":"cloudflare_record.records_vcec_cloud[\"A_public.hosting_3724db382d0708948f2abe3c77949536\"]","mode":"managed","type":"cloudflare_record","name":"records_vcec_cloud","index":"A_public.hosting_3724db382d0708948f2abe3c77949536","provider_name":"registry.terraform.io/cloudflare/cloudflare","schema_version":3,"values":{"allow_overwrite":false,"comment":"AP Phillip Schleicher / Main firewall / Public IP access","content":"46.38.247.6","created_on":"2025-02-16T06:25:05.241134Z","data":[],"hostname":"public.hosting.vcec.cloud","id":"6aa452c3b5aa5167122f341430c80441","metadata":{},"modified_on":"2025-02-16T06:25:05.241134Z","name":"public.hosting","priority":null,"proxiable":true,"proxied":false,"tags":["tf-managed"],"timeouts":null,"ttl":600,"type":"A","value":null,"zone_id":"09e62c791da990d8ebbf1a531d1d3efa"},"sensitive_values":{"data":[],"metadata":{},"tags":[false]}},{"address":"cloudflare_record.records_vcec_cloud[\"A_stage.cust-benz_a3d2907f4bea926ccf2c4da621a00381\"]","mode":"managed","type":"cloudflare_record","name":"records_vcec_cloud","index":"A_stage.cust-benz_a3d2907f4bea926ccf2c4da621a00381","provider_name":"registry.terraform.io/cloudflare/cloudflare","schema_version":3,"values":{"allow_overwrite":false,"comment":"AP Zoia Funtasova / Phillip Schleicher","content":"91.99.64.77","created_on":"2025-07-23T12:13:10.677274Z","data":[],"hostname":"stage.cust-benz.vcec.cloud","id":"7294c4b5ed2bb4216c3ce9614ebd4043","metadata":{},"modified_on":"2025-07-23T12:13:10.677274Z","name":"stage.cust-benz","priority":null,"proxiable":true,"proxied":false,"tags":["tf-managed"],"timeouts":null,"ttl":600,"type":"A","value":null,"zone_id":"09e62c791da990d8ebbf1a531d1d3efa"},"sensitive_values":{"data":[],"metadata":{},"tags":[false]}},{"address":"cloudflare_record.records_vcec_cloud[\"A_stage.cust-fitzner_68d5dec022a6ae2179da32dd72ef5a64\"]","mode":"managed","type":"cloudflare_record","name":"records_vcec_cloud","index":"A_stage.cust-fitzner_68d5dec022a6ae2179da32dd72ef5a64","provider_name":"registry.terraform.io/cloudflare/cloudflare","schema_version":3,"values":{"allow_overwrite":false,"comment":"AP Martin Sehlleier","content":"91.151.21.181","created_on":"2025-09-17T16:15:31.030504Z","data":[],"hostname":"stage.cust-fitzner.vcec.cloud","id":"7b32d6aa79b6f02539a953f36b6ce075","metadata":{},"modified_on":"2025-09-17T16:15:31.030504Z","name":"stage.cust-fitzner","priority":null,"proxiable":true,"proxied":false,"tags":["tf-managed"],"timeouts":null,"ttl":600,"type":"A","value":null,"zone_id":"09e62c791da990d8ebbf1a531d1d3efa"},"sensitive_values":{"data":[],"metadata":{},"tags":[false]}},{"address":"cloudflare_record.records_vcec_cloud[\"A_stage.cust-kleinsorge_bc19ce72d92f58d91e001c50be059983\"]","mode":"managed","type":"cloudflare_record","name":"records_vcec_cloud","index":"A_stage.cust-kleinsorge_bc19ce72d92f58d91e001c50be059983","provider_name":"registry.terraform.io/cloudflare/cloudflare","schema_version":3,"values":{"allow_overwrite":false,"comment":"AP Martin Sehlleier","content":"91.151.21.205","created_on":"2025-10-14T15:29:43.160089Z","data":[],"hostname":"stage.cust-kleinsorge.vcec.cloud","id":"040ccc738aa9e075f5556a48b3b9665e","metadata":{},"modified_on":"2025-10-14T15:29:43.160089Z","name":"stage.cust-kleinsorge","priority":null,"proxiable":true,"proxied":false,"tags":["tf-managed"],"timeouts":null,"ttl":600,"type":"A","value":null,"zone_id":"09e62c791da990d8ebbf1a531d1d3efa"},"sensitive_values":{"data":[],"metadata":{},"tags":[false]}},{"address":"cloudflare_record.records_vcec_cloud[\"A_thor.hosting_f6ea607082fb5f82e4bc92e82aa2b85a\"]","mode":"managed","type":"cloudflare_record","name":"records_vcec_cloud","index":"A_thor.hosting_f6ea607082fb5f82e4bc92e82aa2b85a","provider_name":"registry.terraform.io/cloudflare/cloudflare","schema_version":3,"values":{"allow_overwrite":false,"comment":"AP Phillip Schleicher / Main firewall / Node 1","content":"46.38.247.4","created_on":"2024-10-23T12:33:54.439082Z","data":[],"hostname":"thor.hosting.vcec.cloud","id":"559d137e7b6d9cd27aaea35e0a6cd960","metadata":{},"modified_on":"2025-02-16T06:25:05.06157Z","name":"thor.hosting","priority":null,"proxiable":true,"proxied":false,"tags":["tf-managed"],"timeouts":null,"ttl":600,"type":"A","value":null,"zone_id":"09e62c791da990d8ebbf1a531d1d3efa"},"sensitive_values":{"data":[],"metadata":{},"tags":[false]}},{"address":"cloudflare_record.records_vcec_cloud[\"A_valkyrie.hosting_b5692e67028bef356ce971112b56c61c\"]","mode":"managed","type":"cloudflare_record","name":"records_vcec_cloud","index":"A_valkyrie.hosting_b5692e67028bef356ce971112b56c61c","provider_name":"registry.terraform.io/cloudflare/cloudflare","schema_version":3,"values":{"allow_overwrite":false,"comment":"AP Phillip Schleicher / Secondary firewall / Node 2","content":"46.38.247.5","created_on":"2024-10-23T12:33:54.470979Z","data":[],"hostname":"valkyrie.hosting.vcec.cloud","id":"125c8b3d538d5c4fcbfb918d1b99dc12","metadata":{},"modified_on":"2025-02-16T06:25:05.513798Z","name":"valkyrie.hosting","priority":null,"proxiable":true,"proxied":false,"tags":["tf-managed"],"timeouts":null,"ttl":600,"type":"A","value":null,"zone_id":"09e62c791da990d8ebbf1a531d1d3efa"},"sensitive_values":{"data":[],"metadata":{},"tags":[false]}},{"address":"cloudflare_record.records_vcec_cloud[\"A_www.cx-service-map_d62c7c4b1c46b35e3a14e770fca506c3\"]","mode":"managed","type":"cloudflare_record","name":"records_vcec_cloud","index":"A_www.cx-service-map_d62c7c4b1c46b35e3a14e770fca506c3","provider_name":"registry.terraform.io/cloudflare/cloudflare","schema_version":3,"values":{"allow_overwrite":false,"comment":"stefan.maier@dxa.valantic.com / #56854418","content":"188.245.146.171","created_on":"2025-01-31T12:16:49.0043Z","data":[],"hostname":"www.cx-service-map.vcec.cloud","id":"812afa0e240d980a47ed161f47814552","metadata":{},"modified_on":"2025-01-31T12:16:49.0043Z","name":"www.cx-service-map","priority":null,"proxiable":true,"proxied":false,"tags":["tf-managed"],"timeouts":null,"ttl":60,"type":"A","value":null,"zone_id":"09e62c791da990d8ebbf1a531d1d3efa"},"sensitive_values":{"data":[],"metadata":{},"tags":[false]}},{"address":"cloudflare_record.records_vcec_cloud[\"CNAME_analytics_94add1be5e483b391d269402cc52a8ee\"]","mode":"managed","type":"cloudflare_record","name":"records_vcec_cloud","index":"CNAME_analytics_94add1be5e483b391d269402cc52a8ee","provider_name":"registry.terraform.io/cloudflare/cloudflare","schema_version":3,"values":{"allow_overwrite":false,"comment":"AP Rafal Wesolowski/Uwe Tueben | Analytics","content":"hosting.vcec.cloud","created_on":"2024-06-23T14:28:19.421781Z","data":[],"hostname":"analytics.vcec.cloud","id":"fdaa1ed0b818530780247719ed0993c1","metadata":{},"modified_on":"2026-01-28T11:57:02.482006Z","name":"analytics","priority":null,"proxiable":true,"proxied":true,"tags":["tf-managed"],"timeouts":null,"ttl":1,"type":"CNAME","value":null,"zone_id":"09e62c791da990d8ebbf1a531d1d3efa"},"sensitive_values":{"data":[],"metadata":{},"tags":[false]}},{"address":"cloudflare_record.records_vcec_cloud[\"CNAME_backoffice-de-b2b-spryker_94add1be5e483b391d269402cc52a8ee\"]","mode":"managed","type":"cloudflare_record","name":"records_vcec_cloud","index":"CNAME_backoffice-de-b2b-spryker_94add1be5e483b391d269402cc52a8ee","provider_name":"registry.terraform.io/cloudflare/cloudflare","schema_version":3,"values":{"allow_overwrite":false,"comment":"4me #47968953","content":"hosting.vcec.cloud","created_on":"2024-06-29T00:54:44.432685Z","data":[],"hostname":"backoffice-de-b2b-spryker.vcec.cloud","id":"93d7119eb35a747c59629fd92d071402","metadata":{},"modified_on":"2026-01-28T11:56:47.280119Z","name":"backoffice-de-b2b-spryker","priority":null,"proxiable":true,"proxied":true,"tags":["tf-managed"],"timeouts":null,"ttl":1,"type":"CNAME","value":null,"zone_id":"09e62c791da990d8ebbf1a531d1d3efa"},"sensitive_values":{"data":[],"metadata":{},"tags":[false]}},{"address":"cloudflare_record.records_vcec_cloud[\"CNAME_backoffice-de-b2b-tracking_94add1be5e483b391d269402cc52a8ee\"]","mode":"managed","type":"cloudflare_record","name":"records_vcec_cloud","index":"CNAME_backoffice-de-b2b-tracking_94add1be5e483b391d269402cc52a8ee","provider_name":"registry.terraform.io/cloudflare/cloudflare","schema_version":3,"values":{"allow_overwrite":false,"comment":"AP Dusting Recko / #51728146","content":"hosting.vcec.cloud","created_on":"2024-09-20T09:44:11.457214Z","data":[],"hostname":"backoffice-de-b2b-tracking.vcec.cloud","id":"b2baef240ef7bc4c00d189555e7a9095","metadata":{},"modified_on":"2026-01-28T11:57:22.802072Z","name":"backoffice-de-b2b-tracking","priority":null,"proxiable":true,"proxied":true,"tags":["tf-managed"],"timeouts":null,"ttl":1,"type":"CNAME","value":null,"zone_id":"09e62c791da990d8ebbf1a531d1d3efa"},"sensitive_values":{"data":[],"metadata":{},"tags":[false]}},{"address":"cloudflare_record.records_vcec_cloud[\"CNAME_backoffice-de-b2c-spryker_94add1be5e483b391d269402cc52a8ee\"]","mode":"managed","type":"cloudflare_record","name":"records_vcec_cloud","index":"CNAME_backoffice-de-b2c-spryker_94add1be5e483b391d269402cc52a8ee","provider_name":"registry.terraform.io/cloudflare/cloudflare","schema_version":3,"values":{"allow_overwrite":false,"comment":"AP Jurij Pfeiffer / Dennis Bluemer","content":"hosting.vcec.cloud","created_on":"2024-07-24T13:34:47.426665Z","data":[],"hostname":"backoffice-de-b2c-spryker.vcec.cloud","id":"480c475e70bf6ea3aacd5354e84f0e94","metadata":{},"modified_on":"2026-01-28T11:56:51.513094Z","name":"backoffice-de-b2c-spryker","priority":null,"proxiable":true,"proxied":true,"tags":["tf-managed"],"timeouts":null,"ttl":1,"type":"CNAME","value":null,"zone_id":"09e62c791da990d8ebbf1a531d1d3efa"},"sensitive_values":{"data":[],"metadata":{},"tags":[false]}},{"address":"cloudflare_record.records_vcec_cloud[\"CNAME_backup.hosting_94add1be5e483b391d269402cc52a8ee\"]","mode":"managed","type":"cloudflare_record","name":"records_vcec_cloud","index":"CNAME_backup.hosting_94add1be5e483b391d269402cc52a8ee","provider_name":"registry.terraform.io/cloudflare/cloudflare","schema_version":3,"values":{"allow_overwrite":true,"comment":"AP Phillip Schleicher / Proxmox","content":"hosting.vcec.cloud","created_on":"2024-06-10T14:49:19.93946Z","data":[],"hostname":"backup.hosting.vcec.cloud","id":"77cf30c92c09d74bef55f38a3540a8d9","metadata":{},"modified_on":"2026-01-28T11:57:21.339848Z","name":"backup.hosting","priority":null,"proxiable":true,"proxied":false,"tags":["tf-managed"],"timeouts":null,"ttl":600,"type":"CNAME","value":null,"zone_id":"09e62c791da990d8ebbf1a531d1d3efa"},"sensitive_values":{"data":[],"metadata":{},"tags":[false]}},{"address":"cloudflare_record.records_vcec_cloud[\"CNAME_bot-stage_94add1be5e483b391d269402cc52a8ee\"]","mode":"managed","type":"cloudflare_record","name":"records_vcec_cloud","index":"CNAME_bot-stage_94add1be5e483b391d269402cc52a8ee","provider_name":"registry.terraform.io/cloudflare/cloudflare","schema_version":3,"values":{"allow_overwrite":false,"comment":"AP Patrick Schönfeld | N8N AI Genesis Horizon","content":"hosting.vcec.cloud","created_on":"2025-07-17T10:51:39.724781Z","data":[],"hostname":"bot-stage.vcec.cloud","id":"3c41447d5aa4baef873b3db17979290e","metadata":{},"modified_on":"2026-01-28T11:57:12.484549Z","name":"bot-stage","priority":null,"proxiable":true,"proxied":true,"tags":["tf-managed"],"timeouts":null,"ttl":1,"type":"CNAME","value":null,"zone_id":"09e62c791da990d8ebbf1a531d1d3efa"},"sensitive_values":{"data":[],"metadata":{},"tags":[false]}},{"address":"cloudflare_record.records_vcec_cloud[\"CNAME_bot_94add1be5e483b391d269402cc52a8ee\"]","mode":"managed","type":"cloudflare_record","name":"records_vcec_cloud","index":"CNAME_bot_94add1be5e483b391d269402cc52a8ee","provider_name":"registry.terraform.io/cloudflare/cloudflare","schema_version":3,"values":{"allow_overwrite":false,"comment":"AP Patrick Schönfeld | N8N AI Genesis Horizon","content":"hosting.vcec.cloud","created_on":"2025-05-23T08:18:54.675238Z","data":[],"hostname":"bot.vcec.cloud","id":"dae64fe8273ab3e29e9bf1cb54aa3c6c","metadata":{},"modified_on":"2026-01-28T11:57:22.54537Z","name":"bot","priority":null,"proxiable":true,"proxied":true,"tags":["tf-managed"],"timeouts":null,"ttl":1,"type":"CNAME","value":null,"zone_id":"09e62c791da990d8ebbf1a531d1d3efa"},"sensitive_values":{"data":[],"metadata":{},"tags":[false]}},{"address":"cloudflare_record.records_vcec_cloud[\"CNAME_cmk.hosting_94add1be5e483b391d269402cc52a8ee\"]","mode":"managed","type":"cloudflare_record","name":"records_vcec_cloud","index":"CNAME_cmk.hosting_94add1be5e483b391d269402cc52a8ee","provider_name":"registry.terraform.io/cloudflare/cloudflare","schema_version":3,"values":{"allow_overwrite":false,"comment":"AP Phillip Schleicher | CheckMK","content":"hosting.vcec.cloud","created_on":"2025-01-07T16:26:15.6019Z","data":[],"hostname":"cmk.hosting.vcec.cloud","id":"48394e310602cc4661cbbcf474d4a55d","metadata":{},"modified_on":"2026-01-28T11:57:01.249389Z","name":"cmk.hosting","priority":null,"proxiable":true,"proxied":false,"tags":["tf-managed"],"timeouts":null,"ttl":600,"type":"CNAME","value":null,"zone_id":"09e62c791da990d8ebbf1a531d1d3efa"},"sensitive_values":{"data":[],"metadata":{},"tags":[false]}},{"address":"cloudflare_record.records_vcec_cloud[\"CNAME_ctrl.hosting_94add1be5e483b391d269402cc52a8ee\"]","mode":"managed","type":"cloudflare_record","name":"records_vcec_cloud","index":"CNAME_ctrl.hosting_94add1be5e483b391d269402cc52a8ee","provider_name":"registry.terraform.io/cloudflare/cloudflare","schema_version":3,"values":{"allow_overwrite":false,"comment":"AP Phillip Schleicher | HomeAssistant","content":"hosting.vcec.cloud","created_on":"2026-01-14T11:23:54.115291Z","data":[],"hostname":"ctrl.hosting.vcec.cloud","id":"8bf8bc2d9609701e547694dcf940f4ae","metadata":{},"modified_on":"2026-01-28T11:56:46.550365Z","name":"ctrl.hosting","priority":null,"proxiable":true,"proxied":false,"tags":["tf-managed"],"timeouts":null,"ttl":600,"type":"CNAME","value":null,"zone_id":"09e62c791da990d8ebbf1a531d1d3efa"},"sensitive_values":{"data":[],"metadata":{},"tags":[false]}},{"address":"cloudflare_record.records_vcec_cloud[\"CNAME_docs_94add1be5e483b391d269402cc52a8ee\"]","mode":"managed","type":"cloudflare_record","name":"records_vcec_cloud","index":"CNAME_docs_94add1be5e483b391d269402cc52a8ee","provider_name":"registry.terraform.io/cloudflare/cloudflare","schema_version":3,"values":{"allow_overwrite":false,"comment":"AP Moritz Jung | Gitbook Proxy","content":"hosting.vcec.cloud","created_on":"2024-06-20T05:15:31.263588Z","data":[],"hostname":"docs.vcec.cloud","id":"6b86c7d92c5df71aca9a5a33d93c504f","metadata":{},"modified_on":"2026-01-28T11:56:57.261591Z","name":"docs","priority":null,"proxiable":true,"proxied":true,"tags":["tf-managed"],"timeouts":null,"ttl":1,"type":"CNAME","value":null,"zone_id":"09e62c791da990d8ebbf1a531d1d3efa"},"sensitive_values":{"data":[],"metadata":{},"tags":[false]}},{"address":"cloudflare_record.records_vcec_cloud[\"CNAME_employee-service-map_e3d3dd441850a0de530e598a0c323dbd\"]","mode":"managed","type":"cloudflare_record","name":"records_vcec_cloud","index":"CNAME_employee-service-map_e3d3dd441850a0de530e598a0c323dbd","provider_name":"registry.terraform.io/cloudflare/cloudflare","schema_version":3,"values":{"allow_overwrite":false,"comment":"AP Moritz Jung","content":"main-bvxea6i-3vdtazl5vfuta.de-2.platformsh.site","created_on":"2023-12-08T08:05:52.141283Z","data":[],"hostname":"employee-service-map.vcec.cloud","id":"f1b99cef9d08b129a505e1964a8975bd","metadata":{},"modified_on":"2026-01-28T11:57:03.32304Z","name":"employee-service-map","priority":null,"proxiable":true,"proxied":false,"tags":["tf-managed"],"timeouts":null,"ttl":600,"type":"CNAME","value":null,"zone_id":"09e62c791da990d8ebbf1a531d1d3efa"},"sensitive_values":{"data":[],"metadata":{},"tags":[false]}},{"address":"cloudflare_record.records_vcec_cloud[\"CNAME_esa-uf-nc_94add1be5e483b391d269402cc52a8ee\"]","mode":"managed","type":"cloudflare_record","name":"records_vcec_cloud","index":"CNAME_esa-uf-nc_94add1be5e483b391d269402cc52a8ee","provider_name":"registry.terraform.io/cloudflare/cloudflare","schema_version":3,"values":{"allow_overwrite":false,"comment":"AP Moritz Jung / requested via Teams by Justinas Garipovas (LT)","content":"hosting.vcec.cloud","created_on":"2025-08-01T06:14:03.027708Z","data":[],"hostname":"esa-uf-nc.vcec.cloud","id":"9526e96e4d54501ab64c1c8c0f0a10eb","metadata":{},"modified_on":"2026-01-28T11:57:11.472676Z","name":"esa-uf-nc","priority":null,"proxiable":true,"proxied":true,"tags":["tf-managed"],"timeouts":null,"ttl":1,"type":"CNAME","value":null,"zone_id":"09e62c791da990d8ebbf1a531d1d3efa"},"sensitive_values":{"data":[],"metadata":{},"tags":[false]}},{"address":"cloudflare_record.records_vcec_cloud[\"CNAME_esa-uf-stage_94add1be5e483b391d269402cc52a8ee\"]","mode":"managed","type":"cloudflare_record","name":"records_vcec_cloud","index":"CNAME_esa-uf-stage_94add1be5e483b391d269402cc52a8ee","provider_name":"registry.terraform.io/cloudflare/cloudflare","schema_version":3,"values":{"allow_overwrite":false,"comment":"AP Moritz Jung / requested via Teams by Justinas Garipovas (LT)","content":"hosting.vcec.cloud","created_on":"2025-08-18T15:52:38.50508Z","data":[],"hostname":"esa-uf-stage.vcec.cloud","id":"9b32e92d6a23b1b1d9bc8b0e2d3b1dab","metadata":{},"modified_on":"2026-01-28T11:57:16.541396Z","name":"esa-uf-stage","priority":null,"proxiable":true,"proxied":true,"tags":["tf-managed"],"timeouts":null,"ttl":1,"type":"CNAME","value":null,"zone_id":"09e62c791da990d8ebbf1a531d1d3efa"},"sensitive_values":{"data":[],"metadata":{},"tags":[false]}},{"address":"cloudflare_record.records_vcec_cloud[\"CNAME_glue-backend-de-b2b-spryker_94add1be5e483b391d269402cc52a8ee\"]","mode":"managed","type":"cloudflare_record","name":"records_vcec_cloud","index":"CNAME_glue-backend-de-b2b-spryker_94add1be5e483b391d269402cc52a8ee","provider_name":"registry.terraform.io/cloudflare/cloudflare","schema_version":3,"values":{"allow_overwrite":false,"comment":"AP Jurij Pfeiffer / Dennis Bluemer","content":"hosting.vcec.cloud","created_on":"2024-07-25T13:05:53.691063Z","data":[],"hostname":"glue-backend-de-b2b-spryker.vcec.cloud","id":"c8dc4ef202374ecc54e9269a95334e2f","metadata":{},"modified_on":"2026-01-28T11:57:22.042613Z","name":"glue-backend-de-b2b-spryker","priority":null,"proxiable":true,"proxied":true,"tags":["tf-managed"],"timeouts":null,"ttl":1,"type":"CNAME","value":null,"zone_id":"09e62c791da990d8ebbf1a531d1d3efa"},"sensitive_values":{"data":[],"metadata":{},"tags":[false]}},{"address":"cloudflare_record.records_vcec_cloud[\"CNAME_glue-backend-de-b2b-tracking_94add1be5e483b391d269402cc52a8ee\"]","mode":"managed","type":"cloudflare_record","name":"records_vcec_cloud","index":"CNAME_glue-backend-de-b2b-tracking_94add1be5e483b391d269402cc52a8ee","provider_name":"registry.terraform.io/cloudflare/cloudflare","schema_version":3,"values":{"allow_overwrite":false,"comment":"AP Dusting Recko / #51728146","content":"hosting.vcec.cloud","created_on":"2024-09-20T09:44:11.166433Z","data":[],"hostname":"glue-backend-de-b2b-tracking.vcec.cloud","id":"43c2268f82d1be922ca3ca8d3a80e3f3","metadata":{},"modified_on":"2026-01-28T11:57:08.262113Z","name":"glue-backend-de-b2b-tracking","priority":null,"proxiable":true,"proxied":true,"tags":["tf-managed"],"timeouts":null,"ttl":1,"type":"CNAME","value":null,"zone_id":"09e62c791da990d8ebbf1a531d1d3efa"},"sensitive_values":{"data":[],"metadata":{},"tags":[false]}},{"address":"cloudflare_record.records_vcec_cloud[\"CNAME_glue-backend-de-b2c-spryker_94add1be5e483b391d269402cc52a8ee\"]","mode":"managed","type":"cloudflare_record","name":"records_vcec_cloud","index":"CNAME_glue-backend-de-b2c-spryker_94add1be5e483b391d269402cc52a8ee","provider_name":"registry.terraform.io/cloudflare/cloudflare","schema_version":3,"values":{"allow_overwrite":false,"comment":"AP Jurij Pfeiffer / Dennis Bluemer","content":"hosting.vcec.cloud","created_on":"2024-07-25T06:10:08.140353Z","data":[],"hostname":"glue-backend-de-b2c-spryker.vcec.cloud","id":"1b570790f87db6c3a31308688e339e95","metadata":{},"modified_on":"2026-01-28T11:57:17.348446Z","name":"glue-backend-de-b2c-spryker","priority":null,"proxiable":true,"proxied":true,"tags":["tf-managed"],"timeouts":null,"ttl":1,"type":"CNAME","value":null,"zone_id":"09e62c791da990d8ebbf1a531d1d3efa"},"sensitive_values":{"data":[],"metadata":{},"tags":[false]}},{"address":"cloudflare_record.records_vcec_cloud[\"CNAME_glue-de-b2b-spryker_94add1be5e483b391d269402cc52a8ee\"]","mode":"managed","type":"cloudflare_record","name":"records_vcec_cloud","index":"CNAME_glue-de-b2b-spryker_94add1be5e483b391d269402cc52a8ee","provider_name":"registry.terraform.io/cloudflare/cloudflare","schema_version":3,"values":{"allow_overwrite":false,"comment":"4me #47968953","content":"hosting.vcec.cloud","created_on":"2024-06-29T00:54:43.446336Z","data":[],"hostname":"glue-de-b2b-spryker.vcec.cloud","id":"db25725104fcce90261b60b051fbfcf6","metadata":{},"modified_on":"2026-01-28T11:56:48.259945Z","name":"glue-de-b2b-spryker","priority":null,"proxiable":true,"proxied":true,"tags":["tf-managed"],"timeouts":null,"ttl":1,"type":"CNAME","value":null,"zone_id":"09e62c791da990d8ebbf1a531d1d3efa"},"sensitive_values":{"data":[],"metadata":{},"tags":[false]}},{"address":"cloudflare_record.records_vcec_cloud[\"CNAME_glue-de-b2b-tracking_94add1be5e483b391d269402cc52a8ee\"]","mode":"managed","type":"cloudflare_record","name":"records_vcec_cloud","index":"CNAME_glue-de-b2b-tracking_94add1be5e483b391d269402cc52a8ee","provider_name":"registry.terraform.io/cloudflare/cloudflare","schema_version":3,"values":{"allow_overwrite":false,"comment":"AP Dusting Recko / #51728146","content":"hosting.vcec.cloud","created_on":"2024-09-20T09:44:12.171018Z","data":[],"hostname":"glue-de-b2b-tracking.vcec.cloud","id":"0cc61eb1f91b0c657a13ebc0eb450ccc","metadata":{},"modified_on":"2026-01-28T11:56:53.391555Z","name":"glue-de-b2b-tracking","priority":null,"proxiable":true,"proxied":true,"tags":["tf-managed"],"timeouts":null,"ttl":1,"type":"CNAME","value":null,"zone_id":"09e62c791da990d8ebbf1a531d1d3efa"},"sensitive_values":{"data":[],"metadata":{},"tags":[false]}},{"address":"cloudflare_record.records_vcec_cloud[\"CNAME_glue-de-b2c-spryker_94add1be5e483b391d269402cc52a8ee\"]","mode":"managed","type":"cloudflare_record","name":"records_vcec_cloud","index":"CNAME_glue-de-b2c-spryker_94add1be5e483b391d269402cc52a8ee","provider_name":"registry.terraform.io/cloudflare/cloudflare","schema_version":3,"values":{"allow_overwrite":false,"comment":"AP Jurij Pfeiffer / Dennis Bluemer","content":"hosting.vcec.cloud","created_on":"2024-07-24T13:34:46.916348Z","data":[],"hostname":"glue-de-b2c-spryker.vcec.cloud","id":"15b76779da75ed54140bf3bf215d161b","metadata":{},"modified_on":"2026-01-28T11:57:31.700699Z","name":"glue-de-b2c-spryker","priority":null,"proxiable":true,"proxied":true,"tags":["tf-managed"],"timeouts":null,"ttl":1,"type":"CNAME","value":null,"zone_id":"09e62c791da990d8ebbf1a531d1d3efa"},"sensitive_values":{"data":[],"metadata":{},"tags":[false]}},{"address":"cloudflare_record.records_vcec_cloud[\"CNAME_glue-storefront-de-b2b-spryker_94add1be5e483b391d269402cc52a8ee\"]","mode":"managed","type":"cloudflare_record","name":"records_vcec_cloud","index":"CNAME_glue-storefront-de-b2b-spryker_94add1be5e483b391d269402cc52a8ee","provider_name":"registry.terraform.io/cloudflare/cloudflare","schema_version":3,"values":{"allow_overwrite":false,"comment":"AP Jurij Pfeiffer / Dennis Bluemer","content":"hosting.vcec.cloud","created_on":"2024-07-25T13:05:53.740461Z","data":[],"hostname":"glue-storefront-de-b2b-spryker.vcec.cloud","id":"5793e8fc700ae5432c76421dcb8605c5","metadata":{},"modified_on":"2026-01-28T11:57:16.718103Z","name":"glue-storefront-de-b2b-spryker","priority":null,"proxiable":true,"proxied":true,"tags":["tf-managed"],"timeouts":null,"ttl":1,"type":"CNAME","value":null,"zone_id":"09e62c791da990d8ebbf1a531d1d3efa"},"sensitive_values":{"data":[],"metadata":{},"tags":[false]}},{"address":"cloudflare_record.records_vcec_cloud[\"CNAME_glue-storefront-de-b2b-tracking_94add1be5e483b391d269402cc52a8ee\"]","mode":"managed","type":"cloudflare_record","name":"records_vcec_cloud","index":"CNAME_glue-storefront-de-b2b-tracking_94add1be5e483b391d269402cc52a8ee","provider_name":"registry.terraform.io/cloudflare/cloudflare","schema_version":3,"values":{"allow_overwrite":false,"comment":"AP Dusting Recko / #51728146","content":"hosting.vcec.cloud","created_on":"2024-09-20T09:44:11.92653Z","data":[],"hostname":"glue-storefront-de-b2b-tracking.vcec.cloud","id":"88d93afa4eb16d1d7d9ea78a8b8e0e9e","metadata":{},"modified_on":"2026-01-28T11:57:13.225947Z","name":"glue-storefront-de-b2b-tracking","priority":null,"proxiable":true,"proxied":true,"tags":["tf-managed"],"timeouts":null,"ttl":1,"type":"CNAME","value":null,"zone_id":"09e62c791da990d8ebbf1a531d1d3efa"},"sensitive_values":{"data":[],"metadata":{},"tags":[false]}},{"address":"cloudflare_record.records_vcec_cloud[\"CNAME_glue-storefront-de-b2c-spryker_94add1be5e483b391d269402cc52a8ee\"]","mode":"managed","type":"cloudflare_record","name":"records_vcec_cloud","index":"CNAME_glue-storefront-de-b2c-spryker_94add1be5e483b391d269402cc52a8ee","provider_name":"registry.terraform.io/cloudflare/cloudflare","schema_version":3,"values":{"allow_overwrite":false,"comment":"AP Jurij Pfeiffer / Dennis Bluemer","content":"hosting.vcec.cloud","created_on":"2024-07-25T06:10:08.025385Z","data":[],"hostname":"glue-storefront-de-b2c-spryker.vcec.cloud","id":"97ab5b76ad8efbf5f2a2713b1662e73e","metadata":{},"modified_on":"2026-01-28T11:57:23.021985Z","name":"glue-storefront-de-b2c-spryker","priority":null,"proxiable":true,"proxied":true,"tags":["tf-managed"],"timeouts":null,"ttl":1,"type":"CNAME","value":null,"zone_id":"09e62c791da990d8ebbf1a531d1d3efa"},"sensitive_values":{"data":[],"metadata":{},"tags":[false]}},{"address":"cloudflare_record.records_vcec_cloud[\"CNAME_it-tools_94add1be5e483b391d269402cc52a8ee\"]","mode":"managed","type":"cloudflare_record","name":"records_vcec_cloud","index":"CNAME_it-tools_94add1be5e483b391d269402cc52a8ee","provider_name":"registry.terraform.io/cloudflare/cloudflare","schema_version":3,"values":{"allow_overwrite":false,"comment":"AP Nikias Herzhauser","content":"hosting.vcec.cloud","created_on":"2024-08-05T13:29:36.130816Z","data":[],"hostname":"it-tools.vcec.cloud","id":"9113d69c3559ef73267e4ec9bc440b84","metadata":{},"modified_on":"2026-01-28T11:57:11.273203Z","name":"it-tools","priority":null,"proxiable":true,"proxied":true,"tags":["tf-managed"],"timeouts":null,"ttl":1,"type":"CNAME","value":null,"zone_id":"09e62c791da990d8ebbf1a531d1d3efa"},"sensitive_values":{"data":[],"metadata":{},"tags":[false]}},{"address":"cloudflare_record.records_vcec_cloud[\"CNAME_kpi-cockpit-api_94add1be5e483b391d269402cc52a8ee\"]","mode":"managed","type":"cloudflare_record","name":"records_vcec_cloud","index":"CNAME_kpi-cockpit-api_94add1be5e483b391d269402cc52a8ee","provider_name":"registry.terraform.io/cloudflare/cloudflare","schema_version":3,"values":{"allow_overwrite":false,"comment":"AP Michael Blum / Martin Sehlleier | QA KPI Cockpit","content":"hosting.vcec.cloud","created_on":"2022-08-21T08:00:54.442784Z","data":[],"hostname":"kpi-cockpit-api.vcec.cloud","id":"0abf496fda642860bc92ae6a748e0b2f","metadata":{},"modified_on":"2026-01-28T11:57:01.572497Z","name":"kpi-cockpit-api","priority":null,"proxiable":true,"proxied":true,"tags":["tf-managed"],"timeouts":null,"ttl":1,"type":"CNAME","value":null,"zone_id":"09e62c791da990d8ebbf1a531d1d3efa"},"sensitive_values":{"data":[],"metadata":{},"tags":[false]}},{"address":"cloudflare_record.records_vcec_cloud[\"CNAME_kpi-cockpit-v2_94add1be5e483b391d269402cc52a8ee\"]","mode":"managed","type":"cloudflare_record","name":"records_vcec_cloud","index":"CNAME_kpi-cockpit-v2_94add1be5e483b391d269402cc52a8ee","provider_name":"registry.terraform.io/cloudflare/cloudflare","schema_version":3,"values":{"allow_overwrite":false,"comment":"AP Michael Blum / Martin Sehlleier | QA KPI Cockpit","content":"hosting.vcec.cloud","created_on":"2023-11-09T09:49:13.311991Z","data":[],"hostname":"kpi-cockpit-v2.vcec.cloud","id":"8ec1aa799990653ca5c67220e58e189f","metadata":{},"modified_on":"2026-01-28T11:56:51.243759Z","name":"kpi-cockpit-v2","priority":null,"proxiable":true,"proxied":true,"tags":["tf-managed"],"timeouts":null,"ttl":1,"type":"CNAME","value":null,"zone_id":"09e62c791da990d8ebbf1a531d1d3efa"},"sensitive_values":{"data":[],"metadata":{},"tags":[false]}},{"address":"cloudflare_record.records_vcec_cloud[\"CNAME_kpi-cockpit_94add1be5e483b391d269402cc52a8ee\"]","mode":"managed","type":"cloudflare_record","name":"records_vcec_cloud","index":"CNAME_kpi-cockpit_94add1be5e483b391d269402cc52a8ee","provider_name":"registry.terraform.io/cloudflare/cloudflare","schema_version":3,"values":{"allow_overwrite":false,"comment":"AP Michael Blum / Martin Sehlleier | QA KPI Cockpit","content":"hosting.vcec.cloud","created_on":"2022-08-21T08:00:54.23783Z","data":[],"hostname":"kpi-cockpit.vcec.cloud","id":"433577b3b55435308d30080f4e34fb8b","metadata":{},"modified_on":"2026-01-28T11:57:06.821288Z","name":"kpi-cockpit","priority":null,"proxiable":true,"proxied":true,"tags":["tf-managed"],"timeouts":null,"ttl":1,"type":"CNAME","value":null,"zone_id":"09e62c791da990d8ebbf1a531d1d3efa"},"sensitive_values":{"data":[],"metadata":{},"tags":[false]}},{"address":"cloudflare_record.records_vcec_cloud[\"CNAME_l_94add1be5e483b391d269402cc52a8ee\"]","mode":"managed","type":"cloudflare_record","name":"records_vcec_cloud","index":"CNAME_l_94add1be5e483b391d269402cc52a8ee","provider_name":"registry.terraform.io/cloudflare/cloudflare","schema_version":3,"values":{"allow_overwrite":false,"comment":"AP Phillip Schleicher | Link Shortener","content":"hosting.vcec.cloud","created_on":"2023-07-10T08:26:59.029225Z","data":[],"hostname":"l.vcec.cloud","id":"c6725960cbc40b7a07673f85b4f9411c","metadata":{},"modified_on":"2026-01-28T11:57:31.53012Z","name":"l","priority":null,"proxiable":true,"proxied":true,"tags":["tf-managed"],"timeouts":null,"ttl":1,"type":"CNAME","value":null,"zone_id":"09e62c791da990d8ebbf1a531d1d3efa"},"sensitive_values":{"data":[],"metadata":{},"tags":[false]}},{"address":"cloudflare_record.records_vcec_cloud[\"CNAME_link_94add1be5e483b391d269402cc52a8ee\"]","mode":"managed","type":"cloudflare_record","name":"records_vcec_cloud","index":"CNAME_link_94add1be5e483b391d269402cc52a8ee","provider_name":"registry.terraform.io/cloudflare/cloudflare","schema_version":3,"values":{"allow_overwrite":false,"comment":"AP Phillip Schleicher | Link Shortener","content":"hosting.vcec.cloud","created_on":"2024-06-20T19:01:21.349579Z","data":[],"hostname":"link.vcec.cloud","id":"e5d843b0ed6fd99b44a5c0a5f70f708f","metadata":{},"modified_on":"2026-01-28T11:56:57.089292Z","name":"link","priority":null,"proxiable":true,"proxied":true,"tags":["tf-managed"],"timeouts":null,"ttl":1,"type":"CNAME","value":null,"zone_id":"09e62c791da990d8ebbf1a531d1d3efa"},"sensitive_values":{"data":[],"metadata":{},"tags":[false]}},{"address":"cloudflare_record.records_vcec_cloud[\"CNAME_lobster-admin_94add1be5e483b391d269402cc52a8ee\"]","mode":"managed","type":"cloudflare_record","name":"records_vcec_cloud","index":"CNAME_lobster-admin_94add1be5e483b391d269402cc52a8ee","provider_name":"registry.terraform.io/cloudflare/cloudflare","schema_version":3,"values":{"allow_overwrite":false,"comment":"AP Dennis Bluemer / Joerg Leigers | Lobster","content":"hosting.vcec.cloud","created_on":"2024-08-07T07:30:09.339057Z","data":[],"hostname":"lobster-admin.vcec.cloud","id":"1884f9774a79946b0c18217fc4d55f29","metadata":{},"modified_on":"2026-01-28T11:56:47.777374Z","name":"lobster-admin","priority":null,"proxiable":true,"proxied":false,"tags":["tf-managed"],"timeouts":null,"ttl":600,"type":"CNAME","value":null,"zone_id":"09e62c791da990d8ebbf1a531d1d3efa"},"sensitive_values":{"data":[],"metadata":{},"tags":[false]}},{"address":"cloudflare_record.records_vcec_cloud[\"CNAME_lobster-dmz_94add1be5e483b391d269402cc52a8ee\"]","mode":"managed","type":"cloudflare_record","name":"records_vcec_cloud","index":"CNAME_lobster-dmz_94add1be5e483b391d269402cc52a8ee","provider_name":"registry.terraform.io/cloudflare/cloudflare","schema_version":3,"values":{"allow_overwrite":false,"comment":"AP Joerg Leigers / #68234526","content":"hosting.vcec.cloud","created_on":"2025-11-07T19:03:52.087132Z","data":[],"hostname":"lobster-dmz.vcec.cloud","id":"14407f932e69b9b7a14e51115f6ba95e","metadata":{},"modified_on":"2026-01-28T11:56:52.959723Z","name":"lobster-dmz","priority":null,"proxiable":true,"proxied":false,"tags":["tf-managed"],"timeouts":null,"ttl":600,"type":"CNAME","value":null,"zone_id":"09e62c791da990d8ebbf1a531d1d3efa"},"sensitive_values":{"data":[],"metadata":{},"tags":[false]}},{"address":"cloudflare_record.records_vcec_cloud[\"CNAME_lobster-prod_94add1be5e483b391d269402cc52a8ee\"]","mode":"managed","type":"cloudflare_record","name":"records_vcec_cloud","index":"CNAME_lobster-prod_94add1be5e483b391d269402cc52a8ee","provider_name":"registry.terraform.io/cloudflare/cloudflare","schema_version":3,"values":{"allow_overwrite":false,"comment":"AP Joerg Leigers / #68234526","content":"hosting.vcec.cloud","created_on":"2025-11-07T19:03:52.585782Z","data":[],"hostname":"lobster-prod.vcec.cloud","id":"f091305114a30414ceb040b1edf939b8","metadata":{},"modified_on":"2026-01-28T11:57:03.533549Z","name":"lobster-prod","priority":null,"proxiable":true,"proxied":false,"tags":["tf-managed"],"timeouts":null,"ttl":600,"type":"CNAME","value":null,"zone_id":"09e62c791da990d8ebbf1a531d1d3efa"},"sensitive_values":{"data":[],"metadata":{},"tags":[false]}},{"address":"cloudflare_record.records_vcec_cloud[\"CNAME_lobster-test_94add1be5e483b391d269402cc52a8ee\"]","mode":"managed","type":"cloudflare_record","name":"records_vcec_cloud","index":"CNAME_lobster-test_94add1be5e483b391d269402cc52a8ee","provider_name":"registry.terraform.io/cloudflare/cloudflare","schema_version":3,"values":{"allow_overwrite":false,"comment":"AP Joerg Leigers / #68234526","content":"hosting.vcec.cloud","created_on":"2025-11-07T19:03:52.343534Z","data":[],"hostname":"lobster-test.vcec.cloud","id":"07112f7f21c0da5ac40278bc83636ee1","metadata":{},"modified_on":"2026-01-28T11:57:11.747447Z","name":"lobster-test","priority":null,"proxiable":true,"proxied":false,"tags":["tf-managed"],"timeouts":null,"ttl":600,"type":"CNAME","value":null,"zone_id":"09e62c791da990d8ebbf1a531d1d3efa"},"sensitive_values":{"data":[],"metadata":{},"tags":[false]}},{"address":"cloudflare_record.records_vcec_cloud[\"CNAME_mail-b2b-spryker_94add1be5e483b391d269402cc52a8ee\"]","mode":"managed","type":"cloudflare_record","name":"records_vcec_cloud","index":"CNAME_mail-b2b-spryker_94add1be5e483b391d269402cc52a8ee","provider_name":"registry.terraform.io/cloudflare/cloudflare","schema_version":3,"values":{"allow_overwrite":false,"comment":"AP Rafal Wesolowski / Dennis Bluemer / #54711303","content":"hosting.vcec.cloud","created_on":"2024-12-05T14:49:04.294409Z","data":[],"hostname":"mail-b2b-spryker.vcec.cloud","id":"d19e06ca0986c7f08efcbfc55a1af658","metadata":{},"modified_on":"2026-01-28T11:57:06.781575Z","name":"mail-b2b-spryker","priority":null,"proxiable":true,"proxied":true,"tags":["tf-managed"],"timeouts":null,"ttl":1,"type":"CNAME","value":null,"zone_id":"09e62c791da990d8ebbf1a531d1d3efa"},"sensitive_values":{"data":[],"metadata":{},"tags":[false]}},{"address":"cloudflare_record.records_vcec_cloud[\"CNAME_mail-b2c-spryker_94add1be5e483b391d269402cc52a8ee\"]","mode":"managed","type":"cloudflare_record","name":"records_vcec_cloud","index":"CNAME_mail-b2c-spryker_94add1be5e483b391d269402cc52a8ee","provider_name":"registry.terraform.io/cloudflare/cloudflare","schema_version":3,"values":{"allow_overwrite":false,"comment":"AP Rafal Wesolowski / Dennis Bluemer / #54711303","content":"hosting.vcec.cloud","created_on":"2024-12-05T13:47:02.824015Z","data":[],"hostname":"mail-b2c-spryker.vcec.cloud","id":"b0a8a47624f4ac4ea3f05170d9502afe","metadata":{},"modified_on":"2026-01-28T11:57:28.304439Z","name":"mail-b2c-spryker","priority":null,"proxiable":true,"proxied":true,"tags":["tf-managed"],"timeouts":null,"ttl":1,"type":"CNAME","value":null,"zone_id":"09e62c791da990d8ebbf1a531d1d3efa"},"sensitive_values":{"data":[],"metadata":{},"tags":[false]}},{"address":"cloudflare_record.records_vcec_cloud[\"CNAME_mailpit.hosting_94add1be5e483b391d269402cc52a8ee\"]","mode":"managed","type":"cloudflare_record","name":"records_vcec_cloud","index":"CNAME_mailpit.hosting_94add1be5e483b391d269402cc52a8ee","provider_name":"registry.terraform.io/cloudflare/cloudflare","schema_version":3,"values":{"allow_overwrite":false,"comment":"AP Phillip Schleicher | Mailcatcher for NC Cloud","content":"hosting.vcec.cloud","created_on":"2024-06-20T05:15:30.788375Z","data":[],"hostname":"mailpit.hosting.vcec.cloud","id":"8423fe2b4b50ae0432e4cd612f4ddb48","metadata":{},"modified_on":"2026-01-28T11:57:07.261271Z","name":"mailpit.hosting","priority":null,"proxiable":true,"proxied":false,"tags":["tf-managed"],"timeouts":null,"ttl":600,"type":"CNAME","value":null,"zone_id":"09e62c791da990d8ebbf1a531d1d3efa"},"sensitive_values":{"data":[],"metadata":{},"tags":[false]}},{"address":"cloudflare_record.records_vcec_cloud[\"CNAME_manage.hosting_94add1be5e483b391d269402cc52a8ee\"]","mode":"managed","type":"cloudflare_record","name":"records_vcec_cloud","index":"CNAME_manage.hosting_94add1be5e483b391d269402cc52a8ee","provider_name":"registry.terraform.io/cloudflare/cloudflare","schema_version":3,"values":{"allow_overwrite":false,"comment":"AP Phillip Schleicher | Jenkins","content":"hosting.vcec.cloud","created_on":"2024-08-24T10:36:35.164662Z","data":[],"hostname":"manage.hosting.vcec.cloud","id":"c232524007b9df4596a3cf3cbecaf466","metadata":{},"modified_on":"2026-01-28T11:57:21.786571Z","name":"manage.hosting","priority":null,"proxiable":true,"proxied":false,"tags":["tf-managed"],"timeouts":null,"ttl":600,"type":"CNAME","value":null,"zone_id":"09e62c791da990d8ebbf1a531d1d3efa"},"sensitive_values":{"data":[],"metadata":{},"tags":[false]}},{"address":"cloudflare_record.records_vcec_cloud[\"CNAME_monit.hosting_94add1be5e483b391d269402cc52a8ee\"]","mode":"managed","type":"cloudflare_record","name":"records_vcec_cloud","index":"CNAME_monit.hosting_94add1be5e483b391d269402cc52a8ee","provider_name":"registry.terraform.io/cloudflare/cloudflare","schema_version":3,"values":{"allow_overwrite":false,"comment":"AP Martin Sehlleier | OpenSearch Log Monitoring","content":"hosting.vcec.cloud","created_on":"2025-07-11T11:57:21.641444Z","data":[],"hostname":"monit.hosting.vcec.cloud","id":"fdeefa07c817cfd2b4260111471361bb","metadata":{},"modified_on":"2026-01-28T11:57:28.000881Z","name":"monit.hosting","priority":null,"proxiable":true,"proxied":false,"tags":["tf-managed"],"timeouts":null,"ttl":600,"type":"CNAME","value":null,"zone_id":"09e62c791da990d8ebbf1a531d1d3efa"},"sensitive_values":{"data":[],"metadata":{},"tags":[false]}},{"address":"cloudflare_record.records_vcec_cloud[\"CNAME_node1.pve.hosting_94add1be5e483b391d269402cc52a8ee\"]","mode":"managed","type":"cloudflare_record","name":"records_vcec_cloud","index":"CNAME_node1.pve.hosting_94add1be5e483b391d269402cc52a8ee","provider_name":"registry.terraform.io/cloudflare/cloudflare","schema_version":3,"values":{"allow_overwrite":false,"comment":"AP Phillip Schleicher / Proxmox","content":"hosting.vcec.cloud","created_on":"2025-02-22T18:40:58.866877Z","data":[],"hostname":"node1.pve.hosting.vcec.cloud","id":"3e738a0196ee63de9708a20bc939b92c","metadata":{},"modified_on":"2026-01-28T11:57:27.268543Z","name":"node1.pve.hosting","priority":null,"proxiable":true,"proxied":false,"tags":["tf-managed"],"timeouts":null,"ttl":600,"type":"CNAME","value":null,"zone_id":"09e62c791da990d8ebbf1a531d1d3efa"},"sensitive_values":{"data":[],"metadata":{},"tags":[false]}},{"address":"cloudflare_record.records_vcec_cloud[\"CNAME_pdf_94add1be5e483b391d269402cc52a8ee\"]","mode":"managed","type":"cloudflare_record","name":"records_vcec_cloud","index":"CNAME_pdf_94add1be5e483b391d269402cc52a8ee","provider_name":"registry.terraform.io/cloudflare/cloudflare","schema_version":3,"values":{"allow_overwrite":false,"comment":"AP Nikias Herzhauser | Stirling PDF","content":"hosting.vcec.cloud","created_on":"2024-07-15T07:16:17.690875Z","data":[],"hostname":"pdf.vcec.cloud","id":"abf1abeefc3454a0a6a9b7fb342019c5","metadata":{},"modified_on":"2026-01-28T11:57:32.454792Z","name":"pdf","priority":null,"proxiable":true,"proxied":true,"tags":["tf-managed"],"timeouts":null,"ttl":1,"type":"CNAME","value":null,"zone_id":"09e62c791da990d8ebbf1a531d1d3efa"},"sensitive_values":{"data":[],"metadata":{},"tags":[false]}},{"address":"cloudflare_record.records_vcec_cloud[\"CNAME_prod-benz-sport.cust-benz_61083eb11629eb050eeaaa0bf2c32962\"]","mode":"managed","type":"cloudflare_record","name":"records_vcec_cloud","index":"CNAME_prod-benz-sport.cust-benz_61083eb11629eb050eeaaa0bf2c32962","provider_name":"registry.terraform.io/cloudflare/cloudflare","schema_version":3,"values":{"allow_overwrite":false,"comment":"AP Zoia Funtasova / Phillip Schleicher","content":"prod.cust-benz.vcec.cloud","created_on":"2025-09-30T12:50:18.620959Z","data":[],"hostname":"prod-benz-sport.cust-benz.vcec.cloud","id":"e3b593cedfeecf5268b57ac0de49d675","metadata":{},"modified_on":"2026-01-28T11:56:58.778599Z","name":"prod-benz-sport.cust-benz","priority":null,"proxiable":true,"proxied":false,"tags":["tf-managed"],"timeouts":null,"ttl":600,"type":"CNAME","value":null,"zone_id":"09e62c791da990d8ebbf1a531d1d3efa"},"sensitive_values":{"data":[],"metadata":{},"tags":[false]}},{"address":"cloudflare_record.records_vcec_cloud[\"CNAME_pwx_94add1be5e483b391d269402cc52a8ee\"]","mode":"managed","type":"cloudflare_record","name":"records_vcec_cloud","index":"CNAME_pwx_94add1be5e483b391d269402cc52a8ee","provider_name":"registry.terraform.io/cloudflare/cloudflare","schema_version":3,"values":{"allow_overwrite":false,"comment":"AP Phillip Schleicher | Yopass","content":"hosting.vcec.cloud","created_on":"2023-03-14T19:26:29.386199Z","data":[],"hostname":"pwx.vcec.cloud","id":"c77c80c314cf74a36faac2cb9fddf2d9","metadata":{},"modified_on":"2026-01-28T11:57:07.804266Z","name":"pwx","priority":null,"proxiable":true,"proxied":true,"tags":["tf-managed"],"timeouts":null,"ttl":1,"type":"CNAME","value":null,"zone_id":"09e62c791da990d8ebbf1a531d1d3efa"},"sensitive_values":{"data":[],"metadata":{},"tags":[false]}},{"address":"cloudflare_record.records_vcec_cloud[\"CNAME_ridetogether-api_94add1be5e483b391d269402cc52a8ee\"]","mode":"managed","type":"cloudflare_record","name":"records_vcec_cloud","index":"CNAME_ridetogether-api_94add1be5e483b391d269402cc52a8ee","provider_name":"registry.terraform.io/cloudflare/cloudflare","schema_version":3,"values":{"allow_overwrite":false,"comment":"AP Rafal Wesolowski / #59058346","content":"hosting.vcec.cloud","created_on":"2025-03-26T12:29:52.827439Z","data":[],"hostname":"ridetogether-api.vcec.cloud","id":"723f961fae0c3f862391200d9114394f","metadata":{},"modified_on":"2026-01-28T11:56:51.808224Z","name":"ridetogether-api","priority":null,"proxiable":true,"proxied":false,"tags":["tf-managed"],"timeouts":null,"ttl":600,"type":"CNAME","value":null,"zone_id":"09e62c791da990d8ebbf1a531d1d3efa"},"sensitive_values":{"data":[],"metadata":{},"tags":[false]}},{"address":"cloudflare_record.records_vcec_cloud[\"CNAME_ridetogether_94add1be5e483b391d269402cc52a8ee\"]","mode":"managed","type":"cloudflare_record","name":"records_vcec_cloud","index":"CNAME_ridetogether_94add1be5e483b391d269402cc52a8ee","provider_name":"registry.terraform.io/cloudflare/cloudflare","schema_version":3,"values":{"allow_overwrite":false,"comment":"AP Rafal Wesolowski / #59058346","content":"hosting.vcec.cloud","created_on":"2025-03-26T12:29:52.83327Z","data":[],"hostname":"ridetogether.vcec.cloud","id":"6a408679fbc0e59d29ae5ced4d10038c","metadata":{},"modified_on":"2026-01-28T11:57:23.504908Z","name":"ridetogether","priority":null,"proxiable":true,"proxied":false,"tags":["tf-managed"],"timeouts":null,"ttl":600,"type":"CNAME","value":null,"zone_id":"09e62c791da990d8ebbf1a531d1d3efa"},"sensitive_values":{"data":[],"metadata":{},"tags":[false]}},{"address":"cloudflare_record.records_vcec_cloud[\"CNAME_sgtm_94add1be5e483b391d269402cc52a8ee\"]","mode":"managed","type":"cloudflare_record","name":"records_vcec_cloud","index":"CNAME_sgtm_94add1be5e483b391d269402cc52a8ee","provider_name":"registry.terraform.io/cloudflare/cloudflare","schema_version":3,"values":{"allow_overwrite":false,"comment":"AP Dustin Recko | 4me #51728146","content":"hosting.vcec.cloud","created_on":"2024-10-01T06:00:45.589671Z","data":[],"hostname":"sgtm.vcec.cloud","id":"d42e86435ebd77c72569b426cc6cff53","metadata":{},"modified_on":"2026-01-28T11:57:27.534323Z","name":"sgtm","priority":null,"proxiable":true,"proxied":true,"tags":["tf-managed"],"timeouts":null,"ttl":1,"type":"CNAME","value":null,"zone_id":"09e62c791da990d8ebbf1a531d1d3efa"},"sensitive_values":{"data":[],"metadata":{},"tags":[false]}},{"address":"cloudflare_record.records_vcec_cloud[\"CNAME_shopware-demo_94add1be5e483b391d269402cc52a8ee\"]","mode":"managed","type":"cloudflare_record","name":"records_vcec_cloud","index":"CNAME_shopware-demo_94add1be5e483b391d269402cc52a8ee","provider_name":"registry.terraform.io/cloudflare/cloudflare","schema_version":3,"values":{"allow_overwrite":false,"comment":"AP Phillip Schleicher","content":"hosting.vcec.cloud","created_on":"2024-10-09T07:07:12.636166Z","data":[],"hostname":"shopware-demo.vcec.cloud","id":"75919158942cac39d1d2a4dcde306b3b","metadata":{},"modified_on":"2026-01-28T11:56:58.301285Z","name":"shopware-demo","priority":null,"proxiable":true,"proxied":true,"tags":["tf-managed"],"timeouts":null,"ttl":1,"type":"CNAME","value":null,"zone_id":"09e62c791da990d8ebbf1a531d1d3efa"},"sensitive_values":{"data":[],"metadata":{},"tags":[false]}},{"address":"cloudflare_record.records_vcec_cloud[\"CNAME_siem.hosting_94add1be5e483b391d269402cc52a8ee\"]","mode":"managed","type":"cloudflare_record","name":"records_vcec_cloud","index":"CNAME_siem.hosting_94add1be5e483b391d269402cc52a8ee","provider_name":"registry.terraform.io/cloudflare/cloudflare","schema_version":3,"values":{"allow_overwrite":false,"comment":"AP Phillip Schleicher | Wazuh","content":"hosting.vcec.cloud","created_on":"2025-03-26T16:37:41.941786Z","data":[],"hostname":"siem.hosting.vcec.cloud","id":"9b876dafc896acba8044e9556212d783","metadata":{},"modified_on":"2026-01-28T11:56:53.257173Z","name":"siem.hosting","priority":null,"proxiable":true,"proxied":false,"tags":["tf-managed"],"timeouts":null,"ttl":600,"type":"CNAME","value":null,"zone_id":"09e62c791da990d8ebbf1a531d1d3efa"},"sensitive_values":{"data":[],"metadata":{},"tags":[false]}},{"address":"cloudflare_record.records_vcec_cloud[\"CNAME_slack-archive_94add1be5e483b391d269402cc52a8ee\"]","mode":"managed","type":"cloudflare_record","name":"records_vcec_cloud","index":"CNAME_slack-archive_94add1be5e483b391d269402cc52a8ee","provider_name":"registry.terraform.io/cloudflare/cloudflare","schema_version":3,"values":{"allow_overwrite":false,"comment":"AP Nikias Herzhauser | Slack Export","content":"hosting.vcec.cloud","created_on":"2025-07-03T11:55:44.566676Z","data":[],"hostname":"slack-archive.vcec.cloud","id":"9f8bc3f42e07d0c8dd7cbb21a6374222","metadata":{},"modified_on":"2026-01-28T11:56:43.083834Z","name":"slack-archive","priority":null,"proxiable":true,"proxied":false,"tags":["tf-managed"],"timeouts":null,"ttl":600,"type":"CNAME","value":null,"zone_id":"09e62c791da990d8ebbf1a531d1d3efa"},"sensitive_values":{"data":[],"metadata":{},"tags":[false]}},{"address":"cloudflare_record.records_vcec_cloud[\"CNAME_stage-benz-sport.cust-benz_24bbb2750fad6ed68c67f34989c7a9fe\"]","mode":"managed","type":"cloudflare_record","name":"records_vcec_cloud","index":"CNAME_stage-benz-sport.cust-benz_24bbb2750fad6ed68c67f34989c7a9fe","provider_name":"registry.terraform.io/cloudflare/cloudflare","schema_version":3,"values":{"allow_overwrite":false,"comment":"AP Zoia Funtasova / Phillip Schleicher","content":"stage.cust-benz.vcec.cloud","created_on":"2025-09-30T12:50:18.710609Z","data":[],"hostname":"stage-benz-sport.cust-benz.vcec.cloud","id":"b8cf08f93525d1ffe3400c95b715ff1a","metadata":{},"modified_on":"2026-01-28T11:56:43.50185Z","name":"stage-benz-sport.cust-benz","priority":null,"proxiable":true,"proxied":false,"tags":["tf-managed"],"timeouts":null,"ttl":600,"type":"CNAME","value":null,"zone_id":"09e62c791da990d8ebbf1a531d1d3efa"},"sensitive_values":{"data":[],"metadata":{},"tags":[false]}},{"address":"cloudflare_record.records_vcec_cloud[\"CNAME_subscribe-workflows-stage_94add1be5e483b391d269402cc52a8ee\"]","mode":"managed","type":"cloudflare_record","name":"records_vcec_cloud","index":"CNAME_subscribe-workflows-stage_94add1be5e483b391d269402cc52a8ee","provider_name":"registry.terraform.io/cloudflare/cloudflare","schema_version":3,"values":{"allow_overwrite":false,"comment":"AP Patrick Schönfeld | N8N AI Genesis Horizon","content":"hosting.vcec.cloud","created_on":"2025-07-17T10:51:39.611785Z","data":[],"hostname":"subscribe-workflows-stage.vcec.cloud","id":"0ac5c51ce5cd323291d94d56aa6120a9","metadata":{},"modified_on":"2026-01-28T11:57:16.366028Z","name":"subscribe-workflows-stage","priority":null,"proxiable":true,"proxied":true,"tags":["tf-managed"],"timeouts":null,"ttl":1,"type":"CNAME","value":null,"zone_id":"09e62c791da990d8ebbf1a531d1d3efa"},"sensitive_values":{"data":[],"metadata":{},"tags":[false]}},{"address":"cloudflare_record.records_vcec_cloud[\"CNAME_subscribe-workflows_94add1be5e483b391d269402cc52a8ee\"]","mode":"managed","type":"cloudflare_record","name":"records_vcec_cloud","index":"CNAME_subscribe-workflows_94add1be5e483b391d269402cc52a8ee","provider_name":"registry.terraform.io/cloudflare/cloudflare","schema_version":3,"values":{"allow_overwrite":false,"comment":"AP Patrick Schönfeld | N8N AI Genesis Horizon","content":"hosting.vcec.cloud","created_on":"2025-05-30T16:03:12.521147Z","data":[],"hostname":"subscribe-workflows.vcec.cloud","id":"c371e6c931fde34723c82064e96ae241","metadata":{},"modified_on":"2026-01-28T11:56:46.276369Z","name":"subscribe-workflows","priority":null,"proxiable":true,"proxied":true,"tags":["tf-managed"],"timeouts":null,"ttl":1,"type":"CNAME","value":null,"zone_id":"09e62c791da990d8ebbf1a531d1d3efa"},"sensitive_values":{"data":[],"metadata":{},"tags":[false]}},{"address":"cloudflare_record.records_vcec_cloud[\"CNAME_swagger-b2b-spryker_94add1be5e483b391d269402cc52a8ee\"]","mode":"managed","type":"cloudflare_record","name":"records_vcec_cloud","index":"CNAME_swagger-b2b-spryker_94add1be5e483b391d269402cc52a8ee","provider_name":"registry.terraform.io/cloudflare/cloudflare","schema_version":3,"values":{"allow_overwrite":false,"comment":"AP Jurij Pfeiffer / Dennis Bluemer","content":"hosting.vcec.cloud","created_on":"2024-07-25T13:05:54.01842Z","data":[],"hostname":"swagger-b2b-spryker.vcec.cloud","id":"22cd959ad03557a9e3b4510e7856546f","metadata":{},"modified_on":"2026-01-28T11:57:23.306176Z","name":"swagger-b2b-spryker","priority":null,"proxiable":true,"proxied":true,"tags":["tf-managed"],"timeouts":null,"ttl":1,"type":"CNAME","value":null,"zone_id":"09e62c791da990d8ebbf1a531d1d3efa"},"sensitive_values":{"data":[],"metadata":{},"tags":[false]}},{"address":"cloudflare_record.records_vcec_cloud[\"CNAME_swagger-b2b-tracking_94add1be5e483b391d269402cc52a8ee\"]","mode":"managed","type":"cloudflare_record","name":"records_vcec_cloud","index":"CNAME_swagger-b2b-tracking_94add1be5e483b391d269402cc52a8ee","provider_name":"registry.terraform.io/cloudflare/cloudflare","schema_version":3,"values":{"allow_overwrite":false,"comment":"AP Dusting Recko / #51728146","content":"hosting.vcec.cloud","created_on":"2024-09-20T09:44:11.682892Z","data":[],"hostname":"swagger-b2b-tracking.vcec.cloud","id":"06504e32bf2cac9f38efd39ca49af5e3","metadata":{},"modified_on":"2026-01-28T11:57:21.528967Z","name":"swagger-b2b-tracking","priority":null,"proxiable":true,"proxied":true,"tags":["tf-managed"],"timeouts":null,"ttl":1,"type":"CNAME","value":null,"zone_id":"09e62c791da990d8ebbf1a531d1d3efa"},"sensitive_values":{"data":[],"metadata":{},"tags":[false]}},{"address":"cloudflare_record.records_vcec_cloud[\"CNAME_swagger-b2c-spryker_94add1be5e483b391d269402cc52a8ee\"]","mode":"managed","type":"cloudflare_record","name":"records_vcec_cloud","index":"CNAME_swagger-b2c-spryker_94add1be5e483b391d269402cc52a8ee","provider_name":"registry.terraform.io/cloudflare/cloudflare","schema_version":3,"values":{"allow_overwrite":false,"comment":"AP Jurij Pfeiffer / Dennis Bluemer","content":"hosting.vcec.cloud","created_on":"2024-07-24T13:36:29.08336Z","data":[],"hostname":"swagger-b2c-spryker.vcec.cloud","id":"8b8ceb8cbe00098daf1ea63fb9e0ef10","metadata":{},"modified_on":"2026-01-28T11:56:56.766553Z","name":"swagger-b2c-spryker","priority":null,"proxiable":true,"proxied":true,"tags":["tf-managed"],"timeouts":null,"ttl":1,"type":"CNAME","value":null,"zone_id":"09e62c791da990d8ebbf1a531d1d3efa"},"sensitive_values":{"data":[],"metadata":{},"tags":[false]}},{"address":"cloudflare_record.records_vcec_cloud[\"CNAME_vpn-fw.hosting_94add1be5e483b391d269402cc52a8ee\"]","mode":"managed","type":"cloudflare_record","name":"records_vcec_cloud","index":"CNAME_vpn-fw.hosting_94add1be5e483b391d269402cc52a8ee","provider_name":"registry.terraform.io/cloudflare/cloudflare","schema_version":3,"values":{"allow_overwrite":false,"comment":"AP Valentin Vlasov / ClientVPN","content":"hosting.vcec.cloud","created_on":"2025-02-15T10:45:49.038495Z","data":[],"hostname":"vpn-fw.hosting.vcec.cloud","id":"d1abb96955f2fdeb368ad968bd6052c5","metadata":{},"modified_on":"2026-01-28T11:56:56.538777Z","name":"vpn-fw.hosting","priority":null,"proxiable":true,"proxied":false,"tags":["tf-managed"],"timeouts":null,"ttl":600,"type":"CNAME","value":null,"zone_id":"09e62c791da990d8ebbf1a531d1d3efa"},"sensitive_values":{"data":[],"metadata":{},"tags":[false]}},{"address":"cloudflare_record.records_vcec_cloud[\"CNAME_vpn.hosting_4aa828d64c3692f7af366a061b1e04dc\"]","mode":"managed","type":"cloudflare_record","name":"records_vcec_cloud","index":"CNAME_vpn.hosting_4aa828d64c3692f7af366a061b1e04dc","provider_name":"registry.terraform.io/cloudflare/cloudflare","schema_version":3,"values":{"allow_overwrite":false,"comment":"AP Valentin Vlasov / ClientVPN","content":"odin.hosting.vcec.cloud","created_on":"2025-02-15T10:45:49.221262Z","data":[],"hostname":"vpn.hosting.vcec.cloud","id":"5548fa9d6c08412db1acc951e6692b09","metadata":{},"modified_on":"2026-01-28T11:57:27.036121Z","name":"vpn.hosting","priority":null,"proxiable":true,"proxied":false,"tags":["tf-managed"],"timeouts":null,"ttl":600,"type":"CNAME","value":null,"zone_id":"09e62c791da990d8ebbf1a531d1d3efa"},"sensitive_values":{"data":[],"metadata":{},"tags":[false]}},{"address":"cloudflare_record.records_vcec_cloud[\"CNAME_workflows-stage_940886a906e9ed866abc08359041d9d8\"]","mode":"managed","type":"cloudflare_record","name":"records_vcec_cloud","index":"CNAME_workflows-stage_940886a906e9ed866abc08359041d9d8","provider_name":"registry.terraform.io/cloudflare/cloudflare","schema_version":3,"values":{"allow_overwrite":false,"comment":"AP Patrick Schönfeld | N8N AI Genesis Horizon","content":"public.hosting.vcec.cloud","created_on":"2025-09-18T12:50:23.502893Z","data":[],"hostname":"workflows-stage.vcec.cloud","id":"6f0dccb99b290c7fc6a9c48ef63338af","metadata":{},"modified_on":"2026-01-28T11:57:18.211591Z","name":"workflows-stage","priority":null,"proxiable":true,"proxied":false,"tags":["tf-managed"],"timeouts":null,"ttl":600,"type":"CNAME","value":null,"zone_id":"09e62c791da990d8ebbf1a531d1d3efa"},"sensitive_values":{"data":[],"metadata":{},"tags":[false]}},{"address":"cloudflare_record.records_vcec_cloud[\"CNAME_workflows_940886a906e9ed866abc08359041d9d8\"]","mode":"managed","type":"cloudflare_record","name":"records_vcec_cloud","index":"CNAME_workflows_940886a906e9ed866abc08359041d9d8","provider_name":"registry.terraform.io/cloudflare/cloudflare","schema_version":3,"values":{"allow_overwrite":false,"comment":"AP Patrick Schönfeld | N8N AI Genesis Horizon","content":"public.hosting.vcec.cloud","created_on":"2025-10-22T07:01:58.108404Z","data":[],"hostname":"workflows.vcec.cloud","id":"bb97736a03a38dbc909cb9a1d717f435","metadata":{},"modified_on":"2026-01-28T11:56:47.019115Z","name":"workflows","priority":null,"proxiable":true,"proxied":false,"tags":["tf-managed"],"timeouts":null,"ttl":600,"type":"CNAME","value":null,"zone_id":"09e62c791da990d8ebbf1a531d1d3efa"},"sensitive_values":{"data":[],"metadata":{},"tags":[false]}},{"address":"cloudflare_record.records_vcec_cloud[\"CNAME_workoflow-mcp-stage_94add1be5e483b391d269402cc52a8ee\"]","mode":"managed","type":"cloudflare_record","name":"records_vcec_cloud","index":"CNAME_workoflow-mcp-stage_94add1be5e483b391d269402cc52a8ee","provider_name":"registry.terraform.io/cloudflare/cloudflare","schema_version":3,"values":{"allow_overwrite":false,"comment":"AP Patrick Schönfeld | N8N AI Genesis Horizon","content":"hosting.vcec.cloud","created_on":"2026-01-15T11:14:28.831111Z","data":[],"hostname":"workoflow-mcp-stage.vcec.cloud","id":"2be44422963911209b6d6e01a75f650f","metadata":{},"modified_on":"2026-01-28T11:56:51.976446Z","name":"workoflow-mcp-stage","priority":null,"proxiable":true,"proxied":true,"tags":["tf-managed"],"timeouts":null,"ttl":1,"type":"CNAME","value":null,"zone_id":"09e62c791da990d8ebbf1a531d1d3efa"},"sensitive_values":{"data":[],"metadata":{},"tags":[false]}},{"address":"cloudflare_record.records_vcec_cloud[\"CNAME_workoflow-mcp_94add1be5e483b391d269402cc52a8ee\"]","mode":"managed","type":"cloudflare_record","name":"records_vcec_cloud","index":"CNAME_workoflow-mcp_94add1be5e483b391d269402cc52a8ee","provider_name":"registry.terraform.io/cloudflare/cloudflare","schema_version":3,"values":{"allow_overwrite":false,"comment":"AP Patrick Schönfeld | N8N AI Genesis Horizon","content":"hosting.vcec.cloud","created_on":"2026-01-15T11:14:28.703641Z","data":[],"hostname":"workoflow-mcp.vcec.cloud","id":"b64529045d4d356131dc2b4dfd9840e7","metadata":{},"modified_on":"2026-01-28T11:57:18.277921Z","name":"workoflow-mcp","priority":null,"proxiable":true,"proxied":true,"tags":["tf-managed"],"timeouts":null,"ttl":1,"type":"CNAME","value":null,"zone_id":"09e62c791da990d8ebbf1a531d1d3efa"},"sensitive_values":{"data":[],"metadata":{},"tags":[false]}},{"address":"cloudflare_record.records_vcec_cloud[\"CNAME_www.employee-service-map_e3d3dd441850a0de530e598a0c323dbd\"]","mode":"managed","type":"cloudflare_record","name":"records_vcec_cloud","index":"CNAME_www.employee-service-map_e3d3dd441850a0de530e598a0c323dbd","provider_name":"registry.terraform.io/cloudflare/cloudflare","schema_version":3,"values":{"allow_overwrite":false,"comment":"AP Moritz Jung","content":"main-bvxea6i-3vdtazl5vfuta.de-2.platformsh.site","created_on":"2023-12-08T08:05:54.056065Z","data":[],"hostname":"www.employee-service-map.vcec.cloud","id":"ffcbc6e8da11424a54ef13ce71f4de3b","metadata":{},"modified_on":"2026-01-28T11:57:22.274086Z","name":"www.employee-service-map","priority":null,"proxiable":true,"proxied":false,"tags":["tf-managed"],"timeouts":null,"ttl":600,"type":"CNAME","value":null,"zone_id":"09e62c791da990d8ebbf1a531d1d3efa"},"sensitive_values":{"data":[],"metadata":{},"tags":[false]}},{"address":"cloudflare_record.records_vcec_cloud[\"CNAME_www.prod.cust-fitzner_e65bce4b73d9e8bec24bb8156eca2b7b\"]","mode":"managed","type":"cloudflare_record","name":"records_vcec_cloud","index":"CNAME_www.prod.cust-fitzner_e65bce4b73d9e8bec24bb8156eca2b7b","provider_name":"registry.terraform.io/cloudflare/cloudflare","schema_version":3,"values":{"allow_overwrite":false,"comment":"AP Martin Sehlleier","content":"prod.cust-fitzner.vcec.cloud","created_on":"2025-09-17T16:15:31.677573Z","data":[],"hostname":"www.prod.cust-fitzner.vcec.cloud","id":"29e2d7d0032dc58668705a835ebeec55","metadata":{},"modified_on":"2026-01-28T11:57:02.924089Z","name":"www.prod.cust-fitzner","priority":null,"proxiable":true,"proxied":false,"tags":["tf-managed"],"timeouts":null,"ttl":600,"type":"CNAME","value":null,"zone_id":"09e62c791da990d8ebbf1a531d1d3efa"},"sensitive_values":{"data":[],"metadata":{},"tags":[false]}},{"address":"cloudflare_record.records_vcec_cloud[\"CNAME_www.prod.cust-kleinsorge_b052947b5e9d5fd63ce0dd0b48a241f9\"]","mode":"managed","type":"cloudflare_record","name":"records_vcec_cloud","index":"CNAME_www.prod.cust-kleinsorge_b052947b5e9d5fd63ce0dd0b48a241f9","provider_name":"registry.terraform.io/cloudflare/cloudflare","schema_version":3,"values":{"allow_overwrite":false,"comment":"AP Martin Sehlleier","content":"prod.cust-kleinsorge.vcec.cloud","created_on":"2025-10-14T15:29:43.220239Z","data":[],"hostname":"www.prod.cust-kleinsorge.vcec.cloud","id":"513d1f74cc8424489f68022157152da2","metadata":{},"modified_on":"2026-01-28T11:57:06.989896Z","name":"www.prod.cust-kleinsorge","priority":null,"proxiable":true,"proxied":false,"tags":["tf-managed"],"timeouts":null,"ttl":600,"type":"CNAME","value":null,"zone_id":"09e62c791da990d8ebbf1a531d1d3efa"},"sensitive_values":{"data":[],"metadata":{},"tags":[false]}},{"address":"cloudflare_record.records_vcec_cloud[\"CNAME_www.stage.cust-fitzner_2b399ec1dd1ce4008d851da92bd436cf\"]","mode":"managed","type":"cloudflare_record","name":"records_vcec_cloud","index":"CNAME_www.stage.cust-fitzner_2b399ec1dd1ce4008d851da92bd436cf","provider_name":"registry.terraform.io/cloudflare/cloudflare","schema_version":3,"values":{"allow_overwrite":false,"comment":"AP Martin Sehlleier","content":"stage.cust-fitzner.vcec.cloud","created_on":"2025-09-17T16:15:31.519776Z","data":[],"hostname":"www.stage.cust-fitzner.vcec.cloud","id":"4792cac15a2dd9393f35595a8cff0abe","metadata":{},"modified_on":"2026-01-28T11:56:46.805686Z","name":"www.stage.cust-fitzner","priority":null,"proxiable":true,"proxied":false,"tags":["tf-managed"],"timeouts":null,"ttl":600,"type":"CNAME","value":null,"zone_id":"09e62c791da990d8ebbf1a531d1d3efa"},"sensitive_values":{"data":[],"metadata":{},"tags":[false]}},{"address":"cloudflare_record.records_vcec_cloud[\"CNAME_www.stage.cust-kleinsorge_7328b84e052b3d7285b484a2b7613e99\"]","mode":"managed","type":"cloudflare_record","name":"records_vcec_cloud","index":"CNAME_www.stage.cust-kleinsorge_7328b84e052b3d7285b484a2b7613e99","provider_name":"registry.terraform.io/cloudflare/cloudflare","schema_version":3,"values":{"allow_overwrite":false,"comment":"AP Martin Sehlleier","content":"stage.cust-kleinsorge.vcec.cloud","created_on":"2025-10-14T15:29:43.695157Z","data":[],"hostname":"www.stage.cust-kleinsorge.vcec.cloud","id":"b2d4da3bc1eb6c7721d87b37f3538cb0","metadata":{},"modified_on":"2026-01-28T11:56:47.998154Z","name":"www.stage.cust-kleinsorge","priority":null,"proxiable":true,"proxied":false,"tags":["tf-managed"],"timeouts":null,"ttl":600,"type":"CNAME","value":null,"zone_id":"09e62c791da990d8ebbf1a531d1d3efa"},"sensitive_values":{"data":[],"metadata":{},"tags":[false]}},{"address":"cloudflare_record.records_vcec_cloud[\"CNAME_yves-de-b2b-spryker_94add1be5e483b391d269402cc52a8ee\"]","mode":"managed","type":"cloudflare_record","name":"records_vcec_cloud","index":"CNAME_yves-de-b2b-spryker_94add1be5e483b391d269402cc52a8ee","provider_name":"registry.terraform.io/cloudflare/cloudflare","schema_version":3,"values":{"allow_overwrite":false,"comment":"4me #47968953","content":"hosting.vcec.cloud","created_on":"2024-06-29T00:54:48.185135Z","data":[],"hostname":"yves-de-b2b-spryker.vcec.cloud","id":"7628b758cf0d0ddf1f187f3cd5378093","metadata":{},"modified_on":"2026-01-28T11:56:47.521382Z","name":"yves-de-b2b-spryker","priority":null,"proxiable":true,"proxied":true,"tags":["tf-managed"],"timeouts":null,"ttl":1,"type":"CNAME","value":null,"zone_id":"09e62c791da990d8ebbf1a531d1d3efa"},"sensitive_values":{"data":[],"metadata":{},"tags":[false]}},{"address":"cloudflare_record.records_vcec_cloud[\"CNAME_yves-de-b2b-tracking_94add1be5e483b391d269402cc52a8ee\"]","mode":"managed","type":"cloudflare_record","name":"records_vcec_cloud","index":"CNAME_yves-de-b2b-tracking_94add1be5e483b391d269402cc52a8ee","provider_name":"registry.terraform.io/cloudflare/cloudflare","schema_version":3,"values":{"allow_overwrite":false,"comment":"AP Dusting Recko / #51728146","content":"hosting.vcec.cloud","created_on":"2024-09-20T09:44:12.450057Z","data":[],"hostname":"yves-de-b2b-tracking.vcec.cloud","id":"5f95e5f29771d3297934d049d8c3637b","metadata":{},"modified_on":"2026-01-28T11:57:12.314168Z","name":"yves-de-b2b-tracking","priority":null,"proxiable":true,"proxied":true,"tags":["tf-managed"],"timeouts":null,"ttl":1,"type":"CNAME","value":null,"zone_id":"09e62c791da990d8ebbf1a531d1d3efa"},"sensitive_values":{"data":[],"metadata":{},"tags":[false]}},{"address":"cloudflare_record.records_vcec_cloud[\"CNAME_yves-de-b2c-spryker_94add1be5e483b391d269402cc52a8ee\"]","mode":"managed","type":"cloudflare_record","name":"records_vcec_cloud","index":"CNAME_yves-de-b2c-spryker_94add1be5e483b391d269402cc52a8ee","provider_name":"registry.terraform.io/cloudflare/cloudflare","schema_version":3,"values":{"allow_overwrite":false,"comment":"AP Jurij Pfeiffer / Dennis Bluemer","content":"hosting.vcec.cloud","created_on":"2024-07-24T13:34:47.646895Z","data":[],"hostname":"yves-de-b2c-spryker.vcec.cloud","id":"8829a5ea7459335d7cb6873ff0a6e493","metadata":{},"modified_on":"2026-01-28T11:56:57.519221Z","name":"yves-de-b2c-spryker","priority":null,"proxiable":true,"proxied":true,"tags":["tf-managed"],"timeouts":null,"ttl":1,"type":"CNAME","value":null,"zone_id":"09e62c791da990d8ebbf1a531d1d3efa"},"sensitive_values":{"data":[],"metadata":{},"tags":[false]}},{"address":"cloudflare_record.records_vcec_cloud[\"NS_esa-uf-corp_4ffdde2e38df4296e89eccbd1d64864b\"]","mode":"managed","type":"cloudflare_record","name":"records_vcec_cloud","index":"NS_esa-uf-corp_4ffdde2e38df4296e89eccbd1d64864b","provider_name":"registry.terraform.io/cloudflare/cloudflare","schema_version":3,"values":{"allow_overwrite":false,"comment":"AP Moritz Jung / requested via Teams by Justinas Garipovas (LT)","content":"ns-641.awsdns-16.net","created_on":"2025-06-18T14:25:42.632521Z","data":[],"hostname":"esa-uf-corp.vcec.cloud","id":"be36e5ab8cde08d408dfd3ceee7e4217","metadata":{},"modified_on":"2025-06-18T14:25:42.632521Z","name":"esa-uf-corp","priority":null,"proxiable":false,"proxied":false,"tags":["tf-managed"],"timeouts":null,"ttl":600,"type":"NS","value":null,"zone_id":"09e62c791da990d8ebbf1a531d1d3efa"},"sensitive_values":{"data":[],"metadata":{},"tags":[false]}},{"address":"cloudflare_record.records_vcec_cloud[\"NS_esa-uf-corp_57b08d969ba0c1e6b4033756f903701a\"]","mode":"managed","type":"cloudflare_record","name":"records_vcec_cloud","index":"NS_esa-uf-corp_57b08d969ba0c1e6b4033756f903701a","provider_name":"registry.terraform.io/cloudflare/cloudflare","schema_version":3,"values":{"allow_overwrite":false,"comment":"AP Moritz Jung / requested via Teams by Justinas Garipovas (LT)","content":"ns-1262.awsdns-29.org","created_on":"2025-06-18T14:25:42.881576Z","data":[],"hostname":"esa-uf-corp.vcec.cloud","id":"156440414847962deae29443120013a5","metadata":{},"modified_on":"2025-06-18T14:25:42.881576Z","name":"esa-uf-corp","priority":null,"proxiable":false,"proxied":false,"tags":["tf-managed"],"timeouts":null,"ttl":600,"type":"NS","value":null,"zone_id":"09e62c791da990d8ebbf1a531d1d3efa"},"sensitive_values":{"data":[],"metadata":{},"tags":[false]}},{"address":"cloudflare_record.records_vcec_cloud[\"NS_esa-uf-corp_8b6c7ef2dcf1f995ab09087e12674eba\"]","mode":"managed","type":"cloudflare_record","name":"records_vcec_cloud","index":"NS_esa-uf-corp_8b6c7ef2dcf1f995ab09087e12674eba","provider_name":"registry.terraform.io/cloudflare/cloudflare","schema_version":3,"values":{"allow_overwrite":false,"comment":"AP Moritz Jung / requested via Teams by Justinas Garipovas (LT)","content":"ns-64.awsdns-08.com","created_on":"2025-06-18T14:25:43.026376Z","data":[],"hostname":"esa-uf-corp.vcec.cloud","id":"8355961ed142e720aa0d4065fe508b84","metadata":{},"modified_on":"2025-06-18T14:25:43.026376Z","name":"esa-uf-corp","priority":null,"proxiable":false,"proxied":false,"tags":["tf-managed"],"timeouts":null,"ttl":600,"type":"NS","value":null,"zone_id":"09e62c791da990d8ebbf1a531d1d3efa"},"sensitive_values":{"data":[],"metadata":{},"tags":[false]}},{"address":"cloudflare_record.records_vcec_cloud[\"NS_esa-uf-corp_dd8221ad04b52643b1ffed4c9360becd\"]","mode":"managed","type":"cloudflare_record","name":"records_vcec_cloud","index":"NS_esa-uf-corp_dd8221ad04b52643b1ffed4c9360becd","provider_name":"registry.terraform.io/cloudflare/cloudflare","schema_version":3,"values":{"allow_overwrite":false,"comment":"AP Moritz Jung / requested via Teams by Justinas Garipovas (LT)","content":"ns-1922.awsdns-48.co.uk","created_on":"2025-06-18T14:25:43.230385Z","data":[],"hostname":"esa-uf-corp.vcec.cloud","id":"83e1dee390d77611026c3de08d5b4c88","metadata":{},"modified_on":"2025-06-18T14:25:43.230385Z","name":"esa-uf-corp","priority":null,"proxiable":false,"proxied":false,"tags":["tf-managed"],"timeouts":null,"ttl":600,"type":"NS","value":null,"zone_id":"09e62c791da990d8ebbf1a531d1d3efa"},"sensitive_values":{"data":[],"metadata":{},"tags":[false]}},{"address":"cloudflare_record.records_vcec_cloud[\"NS_uf-stage_4bb7f2160fbd7f6e98932df215b880da\"]","mode":"managed","type":"cloudflare_record","name":"records_vcec_cloud","index":"NS_uf-stage_4bb7f2160fbd7f6e98932df215b880da","provider_name":"registry.terraform.io/cloudflare/cloudflare","schema_version":3,"values":{"allow_overwrite":false,"comment":"AP Moritz Jung / #54734446","content":"ns-743.awsdns-28.net","created_on":"2024-12-06T11:30:14.857457Z","data":[],"hostname":"uf-stage.vcec.cloud","id":"c78f92b23f2925fdbf56907cad74aad0","metadata":{},"modified_on":"2024-12-06T11:30:14.857457Z","name":"uf-stage","priority":null,"proxiable":false,"proxied":false,"tags":["tf-managed"],"timeouts":null,"ttl":600,"type":"NS","value":null,"zone_id":"09e62c791da990d8ebbf1a531d1d3efa"},"sensitive_values":{"data":[],"metadata":{},"tags":[false]}},{"address":"cloudflare_record.records_vcec_cloud[\"NS_uf-stage_80a87cd9d2bec266b4c976a48b6e7d56\"]","mode":"managed","type":"cloudflare_record","name":"records_vcec_cloud","index":"NS_uf-stage_80a87cd9d2bec266b4c976a48b6e7d56","provider_name":"registry.terraform.io/cloudflare/cloudflare","schema_version":3,"values":{"allow_overwrite":false,"comment":"AP Moritz Jung / #54734446","content":"ns-1726.awsdns-23.co.uk","created_on":"2024-12-06T11:33:51.561762Z","data":[],"hostname":"uf-stage.vcec.cloud","id":"d13901553383053ce3aa9ae8ffdb567d","metadata":{},"modified_on":"2024-12-06T11:33:51.561762Z","name":"uf-stage","priority":null,"proxiable":false,"proxied":false,"tags":["tf-managed"],"timeouts":null,"ttl":600,"type":"NS","value":null,"zone_id":"09e62c791da990d8ebbf1a531d1d3efa"},"sensitive_values":{"data":[],"metadata":{},"tags":[false]}},{"address":"cloudflare_record.records_vcec_cloud[\"NS_uf-stage_b04e2f8098998850acec95e7aa21db4e\"]","mode":"managed","type":"cloudflare_record","name":"records_vcec_cloud","index":"NS_uf-stage_b04e2f8098998850acec95e7aa21db4e","provider_name":"registry.terraform.io/cloudflare/cloudflare","schema_version":3,"values":{"allow_overwrite":false,"comment":"AP Moritz Jung / #54734446","content":"ns-1248.awsdns-28.org","created_on":"2024-12-06T11:33:52.112957Z","data":[],"hostname":"uf-stage.vcec.cloud","id":"36b35ec781c3125d89841a4447d4003a","metadata":{},"modified_on":"2024-12-06T11:33:52.112957Z","name":"uf-stage","priority":null,"proxiable":false,"proxied":false,"tags":["tf-managed"],"timeouts":null,"ttl":600,"type":"NS","value":null,"zone_id":"09e62c791da990d8ebbf1a531d1d3efa"},"sensitive_values":{"data":[],"metadata":{},"tags":[false]}},{"address":"cloudflare_record.records_vcec_cloud[\"NS_uf-stage_c5560d1dfaea159e9e5e90c2ba1091bc\"]","mode":"managed","type":"cloudflare_record","name":"records_vcec_cloud","index":"NS_uf-stage_c5560d1dfaea159e9e5e90c2ba1091bc","provider_name":"registry.terraform.io/cloudflare/cloudflare","schema_version":3,"values":{"allow_overwrite":false,"comment":"AP Moritz Jung / #54734446","content":"ns-290.awsdns-36.com","created_on":"2024-12-06T11:31:45.930259Z","data":[],"hostname":"uf-stage.vcec.cloud","id":"89b20a9ab6abdef85b1e4ccadd234a61","metadata":{},"modified_on":"2024-12-06T11:31:45.930259Z","name":"uf-stage","priority":null,"proxiable":false,"proxied":false,"tags":["tf-managed"],"timeouts":null,"ttl":600,"type":"NS","value":null,"zone_id":"09e62c791da990d8ebbf1a531d1d3efa"},"sensitive_values":{"data":[],"metadata":{},"tags":[false]}},{"address":"cloudflare_record.records_vcec_cloud[\"NS_uf_1c67a421244a1ddffe83eaa5bc3cf382\"]","mode":"managed","type":"cloudflare_record","name":"records_vcec_cloud","index":"NS_uf_1c67a421244a1ddffe83eaa5bc3cf382","provider_name":"registry.terraform.io/cloudflare/cloudflare","schema_version":3,"values":{"allow_overwrite":false,"comment":"AP Moritz Jung / #54734446","content":"ns-808.awsdns-37.net","created_on":"2024-12-06T11:33:51.572461Z","data":[],"hostname":"uf.vcec.cloud","id":"bf2512d04b1c5e70cdb04effc295e4f2","metadata":{},"modified_on":"2024-12-06T11:33:51.572461Z","name":"uf","priority":null,"proxiable":false,"proxied":false,"tags":["tf-managed"],"timeouts":null,"ttl":600,"type":"NS","value":null,"zone_id":"09e62c791da990d8ebbf1a531d1d3efa"},"sensitive_values":{"data":[],"metadata":{},"tags":[false]}},{"address":"cloudflare_record.records_vcec_cloud[\"NS_uf_b9ea44b011b5e43c9a77f0e7ffc3fc45\"]","mode":"managed","type":"cloudflare_record","name":"records_vcec_cloud","index":"NS_uf_b9ea44b011b5e43c9a77f0e7ffc3fc45","provider_name":"registry.terraform.io/cloudflare/cloudflare","schema_version":3,"values":{"allow_overwrite":false,"comment":"AP Moritz Jung / #54734446","content":"ns-1213.awsdns-23.org","created_on":"2024-12-06T11:33:52.326813Z","data":[],"hostname":"uf.vcec.cloud","id":"ad27f64eb3cc60e3c1da7ef4ed400115","metadata":{},"modified_on":"2024-12-06T11:33:52.326813Z","name":"uf","priority":null,"proxiable":false,"proxied":false,"tags":["tf-managed"],"timeouts":null,"ttl":600,"type":"NS","value":null,"zone_id":"09e62c791da990d8ebbf1a531d1d3efa"},"sensitive_values":{"data":[],"metadata":{},"tags":[false]}},{"address":"cloudflare_record.records_vcec_cloud[\"NS_uf_d1b35cf8f2dec8e737d0c4e03acab94b\"]","mode":"managed","type":"cloudflare_record","name":"records_vcec_cloud","index":"NS_uf_d1b35cf8f2dec8e737d0c4e03acab94b","provider_name":"registry.terraform.io/cloudflare/cloudflare","schema_version":3,"values":{"allow_overwrite":false,"comment":"AP Moritz Jung / #54734446","content":"ns-241.awsdns-30.com","created_on":"2024-12-06T11:33:51.814483Z","data":[],"hostname":"uf.vcec.cloud","id":"09f1269d23718dc0a1c6dba847186dad","metadata":{},"modified_on":"2024-12-06T11:33:51.814483Z","name":"uf","priority":null,"proxiable":false,"proxied":false,"tags":["tf-managed"],"timeouts":null,"ttl":600,"type":"NS","value":null,"zone_id":"09e62c791da990d8ebbf1a531d1d3efa"},"sensitive_values":{"data":[],"metadata":{},"tags":[false]}},{"address":"cloudflare_record.records_vcec_cloud[\"NS_uf_ec6d03b7a6d54d6b6f431dac11bc3499\"]","mode":"managed","type":"cloudflare_record","name":"records_vcec_cloud","index":"NS_uf_ec6d03b7a6d54d6b6f431dac11bc3499","provider_name":"registry.terraform.io/cloudflare/cloudflare","schema_version":3,"values":{"allow_overwrite":false,"comment":"AP Moritz Jung / #54734446","content":"ns-1707.awsdns-21.co.uk","created_on":"2024-12-06T11:33:52.568017Z","data":[],"hostname":"uf.vcec.cloud","id":"6173dd837974bc913a8b7de1ea3188de","metadata":{},"modified_on":"2024-12-06T11:33:52.568017Z","name":"uf","priority":null,"proxiable":false,"proxied":false,"tags":["tf-managed"],"timeouts":null,"ttl":600,"type":"NS","value":null,"zone_id":"09e62c791da990d8ebbf1a531d1d3efa"},"sensitive_values":{"data":[],"metadata":{},"tags":[false]}},{"address":"cloudflare_record.records_vcec_cloud[\"TXT_@_3f4efb81b4276414d1da9608a34c87d0\"]","mode":"managed","type":"cloudflare_record","name":"records_vcec_cloud","index":"TXT_@_3f4efb81b4276414d1da9608a34c87d0","provider_name":"registry.terraform.io/cloudflare/cloudflare","schema_version":3,"values":{"allow_overwrite":false,"comment":"AP Phillip Schleicher","content":"google-site-verification=wlfuYL6qUszUY4oLOpu6bdTLscAwl8Lot2UFdH1Cd0U","created_on":"2025-12-05T08:18:45.824941Z","data":[],"hostname":"vcec.cloud","id":"39678f232c66a0f9f89cb67a35c51e8c","metadata":{},"modified_on":"2025-12-05T08:18:45.824941Z","name":"@","priority":null,"proxiable":false,"proxied":false,"tags":["tf-managed"],"timeouts":null,"ttl":600,"type":"TXT","value":null,"zone_id":"09e62c791da990d8ebbf1a531d1d3efa"},"sensitive_values":{"data":[],"metadata":{},"tags":[false]}},{"address":"cloudflare_ruleset.dont_cache_pages_domains","mode":"managed","type":"cloudflare_ruleset","name":"dont_cache_pages_domains","provider_name":"registry.terraform.io/cloudflare/cloudflare","schema_version":1,"values":{"account_id":null,"description":"","id":"a7124d7e378c46ebbd61cf61e1e01869","kind":"zone","name":"default","phase":"http_request_cache_settings","rules":[{"action":"set_cache_settings","action_parameters":[{"additional_cacheable_ports":null,"algorithms":[],"automatic_https_rewrites":null,"autominify":[],"bic":null,"browser_ttl":[],"cache":false,"cache_key":[],"cache_reserve":[],"content":null,"content_type":null,"cookie_fields":null,"disable_apps":null,"disable_railgun":null,"disable_rum":null,"disable_zaraz":null,"edge_ttl":[],"email_obfuscation":null,"fonts":null,"from_list":[],"from_value":[],"headers":[],"host_header":null,"hotlink_protection":null,"id":null,"increment":null,"matched_data":[],"mirage":null,"opportunistic_encryption":null,"origin":[],"origin_cache_control":null,"origin_error_page_passthru":null,"overrides":[],"phases":null,"polish":null,"products":null,"read_timeout":null,"request_fields":null,"respect_strong_etags":null,"response":[],"response_fields":null,"rocket_loader":null,"rules":null,"ruleset":null,"rulesets":null,"security_level":null,"serve_stale":[],"server_side_excludes":null,"sni":[],"ssl":null,"status_code":null,"sxg":null,"uri":[]}],"description":"Don't cache pages","enabled":true,"exposed_credential_check":[],"expression":"true","id":"9abbe26247e94472b05a9f4dc80c6956","logging":[],"ratelimit":[],"ref":"9abbe26247e94472b05a9f4dc80c6956"}],"zone_id":"09e62c791da990d8ebbf1a531d1d3efa"},"sensitive_values":{"rules":[{"action_parameters":[{"algorithms":[],"autominify":[],"browser_ttl":[],"cache_key":[],"cache_reserve":[],"edge_ttl":[],"from_list":[],"from_value":[],"headers":[],"matched_data":[],"origin":[],"overrides":[],"response":[],"serve_stale":[],"sni":[],"uri":[]}],"exposed_credential_check":[],"logging":[],"ratelimit":[]}]}},{"address":"cloudflare_ruleset.esa_csp","mode":"managed","type":"cloudflare_ruleset","name":"esa_csp","provider_name":"registry.terraform.io/cloudflare/cloudflare","schema_version":1,"values":{"account_id":null,"description":"Allow Storyblok to use page in preview browser","id":"6012022050e947eea60d5e74f72888ac","kind":"zone","name":"CSP for esa-uf-stage.vcec.cloud","phase":"http_response_headers_transform","rules":[{"action":"rewrite","action_parameters":[{"additional_cacheable_ports":null,"algorithms":[],"automatic_https_rewrites":null,"autominify":[],"bic":null,"browser_ttl":[],"cache":null,"cache_key":[],"cache_reserve":[],"content":null,"content_type":null,"cookie_fields":null,"disable_apps":null,"disable_railgun":null,"disable_rum":null,"disable_zaraz":null,"edge_ttl":[],"email_obfuscation":null,"fonts":null,"from_list":[],"from_value":[],"headers":[{"expression":null,"name":"Content-Security-Policy","operation":"set","value":"frame-ancestors 'self' https://app.storyblok.com"},{"expression":null,"name":"X-Frame-Options","operation":"remove","value":null}],"host_header":null,"hotlink_protection":null,"id":null,"increment":null,"matched_data":[],"mirage":null,"opportunistic_encryption":null,"origin":[],"origin_cache_control":null,"origin_error_page_passthru":null,"overrides":[],"phases":null,"polish":null,"products":null,"read_timeout":null,"request_fields":null,"respect_strong_etags":null,"response":[],"response_fields":null,"rocket_loader":null,"rules":null,"ruleset":null,"rulesets":null,"security_level":null,"serve_stale":[],"server_side_excludes":null,"sni":[],"ssl":null,"status_code":null,"sxg":null,"uri":[]}],"description":"","enabled":true,"exposed_credential_check":[],"expression":"(http.host eq \"esa-uf-stage.vcec.cloud\")","id":"dcc0676912944180bad428a04f5b461a","logging":[],"ratelimit":[],"ref":"modify_response_headers"}],"zone_id":"09e62c791da990d8ebbf1a531d1d3efa"},"sensitive_values":{"rules":[{"action_parameters":[{"algorithms":[],"autominify":[],"browser_ttl":[],"cache_key":[],"cache_reserve":[],"edge_ttl":[],"from_list":[],"from_value":[],"headers":[{},{}],"matched_data":[],"origin":[],"overrides":[],"response":[],"serve_stale":[],"sni":[],"uri":[]}],"exposed_credential_check":[],"logging":[],"ratelimit":[]}]}},{"address":"nodeping_check.deskbird","mode":"managed","type":"nodeping_check","name":"deskbird","provider_name":"registry.terraform.io/phizzl/nodeping","schema_version":0,"values":{"autodiag":false,"clientcert":null,"contentstring":"All services are online","database":null,"dep":null,"description":null,"dnsrd":null,"dnssection":null,"dnstoresolve":null,"dnstype":null,"email":null,"enabled":true,"follow":false,"homeloc":null,"interval":15,"invert":false,"ipv6":false,"label":"Service - Deskbird","method":null,"mute":false,"namespace":null,"notifications":[{"contact_id":"202309210846EC0LA-G-NZCTF","delay":0,"schedule":"All"},{"delay":0,"schedule":"All"}],"password":null,"port":null,"postdata":null,"public":false,"query":null,"receiveheaders":null,"regex":false,"runlocations":null,"secure":null,"sendheaders":null,"sens":5,"servername":null,"snmpcom":null,"snmpv":null,"sshkey":null,"statuscode":null,"tags":null,"target":"https://status.deskbird.com/","threshold":5,"transport":null,"type":"HTTPCONTENT","username":null,"verify":null,"warningdays":null},"sensitive_values":{"notifications":[{},{}],"password":true}},{"address":"nodeping_check.domain_nexus_united_com","mode":"managed","type":"nodeping_check","name":"domain_nexus_united_com","provider_name":"registry.terraform.io/phizzl/nodeping","schema_version":0,"values":{"autodiag":false,"clientcert":null,"contentstring":null,"database":null,"dep":null,"description":null,"dnsrd":null,"dnssection":null,"dnstoresolve":null,"dnstype":null,"email":null,"enabled":true,"follow":null,"homeloc":null,"interval":240,"invert":null,"ipv6":null,"label":"Domain nexus-united.com","method":null,"mute":false,"namespace":null,"notifications":[{"delay":0,"schedule":"All"},{"delay":0,"schedule":"All"}],"password":null,"port":null,"postdata":null,"public":false,"query":null,"receiveheaders":null,"regex":null,"runlocations":null,"secure":null,"sendheaders":null,"sens":2,"servername":null,"snmpcom":null,"snmpv":null,"sshkey":null,"statuscode":null,"tags":null,"target":"nexus-united.com","threshold":5,"transport":null,"type":"WHOIS","username":null,"verify":null,"warningdays":14},"sensitive_values":{"notifications":[{},{}],"password":true}},{"address":"nodeping_check.domain_nxs360_com","mode":"managed","type":"nodeping_check","name":"domain_nxs360_com","provider_name":"registry.terraform.io/phizzl/nodeping","schema_version":0,"values":{"autodiag":false,"clientcert":null,"contentstring":null,"database":null,"dep":null,"description":null,"dnsrd":null,"dnssection":null,"dnstoresolve":null,"dnstype":null,"email":null,"enabled":true,"follow":null,"homeloc":null,"interval":240,"invert":null,"ipv6":null,"label":"Domain nxs360.com","method":null,"mute":false,"namespace":null,"notifications":[{"delay":0,"schedule":"All"},{"delay":0,"schedule":"All"}],"password":null,"port":null,"postdata":null,"public":false,"query":null,"receiveheaders":null,"regex":null,"runlocations":null,"secure":null,"sendheaders":null,"sens":2,"servername":null,"snmpcom":null,"snmpv":null,"sshkey":null,"statuscode":null,"tags":null,"target":"nxs360.com","threshold":5,"transport":null,"type":"WHOIS","username":null,"verify":null,"warningdays":14},"sensitive_values":{"notifications":[{},{}],"password":true}},{"address":"nodeping_check.domain_vcec_cloud","mode":"managed","type":"nodeping_check","name":"domain_vcec_cloud","provider_name":"registry.terraform.io/phizzl/nodeping","schema_version":0,"values":{"autodiag":false,"clientcert":null,"contentstring":null,"database":null,"dep":null,"description":null,"dnsrd":null,"dnssection":null,"dnstoresolve":null,"dnstype":null,"email":null,"enabled":true,"follow":null,"homeloc":null,"interval":240,"invert":null,"ipv6":null,"label":"Domain vcec.cloud","method":null,"mute":false,"namespace":null,"notifications":[{"delay":0,"schedule":"All"},{"delay":0,"schedule":"All"}],"password":null,"port":null,"postdata":null,"public":false,"query":null,"receiveheaders":null,"regex":null,"runlocations":null,"secure":null,"sendheaders":null,"sens":2,"servername":null,"snmpcom":null,"snmpv":null,"sshkey":null,"statuscode":null,"tags":null,"target":"vcec.cloud","threshold":5,"transport":null,"type":"WHOIS","username":null,"verify":null,"warningdays":14},"sensitive_values":{"notifications":[{},{}],"password":true}},{"address":"nodeping_check.gitlab_cec_valantic","mode":"managed","type":"nodeping_check","name":"gitlab_cec_valantic","provider_name":"registry.terraform.io/phizzl/nodeping","schema_version":0,"values":{"autodiag":false,"clientcert":null,"contentstring":"valantic Gitlab","database":null,"dep":null,"description":null,"dnsrd":null,"dnssection":null,"dnstoresolve":null,"dnstype":null,"email":null,"enabled":true,"follow":true,"homeloc":null,"interval":1,"invert":false,"ipv6":false,"label":"Service - Gitlab (git.cec.valantic.com)","method":null,"mute":false,"namespace":null,"notifications":[{"contact_id":"202309210846EC0LA-G-NZCTF","delay":0,"schedule":"All"},{"delay":0,"schedule":"All"}],"password":null,"port":null,"postdata":null,"public":false,"query":null,"receiveheaders":null,"regex":false,"runlocations":["eur"],"secure":null,"sendheaders":null,"sens":5,"servername":null,"snmpcom":null,"snmpv":null,"sshkey":null,"statuscode":null,"tags":null,"target":"https://git.cec.valantic.com/","threshold":5,"transport":null,"type":"HTTPCONTENT","username":null,"verify":null,"warningdays":null},"sensitive_values":{"notifications":[{},{}],"password":true,"runlocations":[false]}},{"address":"nodeping_check.gitlab_nxs360","mode":"managed","type":"nodeping_check","name":"gitlab_nxs360","provider_name":"registry.terraform.io/phizzl/nodeping","schema_version":0,"values":{"autodiag":false,"clientcert":null,"contentstring":"GitLab Community Edition","database":null,"dep":null,"description":null,"dnsrd":null,"dnssection":null,"dnstoresolve":null,"dnstype":null,"email":null,"enabled":true,"follow":true,"homeloc":null,"interval":2,"invert":false,"ipv6":false,"label":"Service - Gitlab (gitlab.nxs360.com)","method":null,"mute":false,"namespace":null,"notifications":[{"contact_id":"202309210846EC0LA-G-NZCTF","delay":0,"schedule":"All"},{"delay":0,"schedule":"All"},{"delay":0,"schedule":"All"}],"password":null,"port":null,"postdata":null,"public":false,"query":null,"receiveheaders":null,"regex":false,"runlocations":["eur"],"secure":null,"sendheaders":null,"sens":5,"servername":null,"snmpcom":null,"snmpv":null,"sshkey":null,"statuscode":null,"tags":null,"target":"https://gitlab.nxs360.com/","threshold":5,"transport":null,"type":"HTTPCONTENT","username":null,"verify":null,"warningdays":null},"sensitive_values":{"notifications":[{},{},{}],"password":true,"runlocations":[false]}},{"address":"nodeping_check.gitlab_pages","mode":"managed","type":"nodeping_check","name":"gitlab_pages","provider_name":"registry.terraform.io/phizzl/nodeping","schema_version":0,"values":{"autodiag":false,"clientcert":null,"contentstring":null,"database":null,"dep":null,"description":null,"dnsrd":null,"dnssection":null,"dnstoresolve":null,"dnstype":null,"email":null,"enabled":true,"follow":false,"homeloc":null,"interval":15,"invert":false,"ipv6":false,"label":"Service - Gitlab Pages (gitlab-pages.nxs360.com)","method":"GET","mute":false,"namespace":null,"notifications":[{"contact_id":"202309210846EC0LA-G-NZCTF","delay":0,"schedule":"All"},{"delay":0,"schedule":"All"},{"delay":0,"schedule":"All"}],"password":null,"port":null,"postdata":null,"public":false,"query":null,"receiveheaders":null,"regex":false,"runlocations":["eur"],"secure":null,"sendheaders":null,"sens":2,"servername":null,"snmpcom":null,"snmpv":null,"sshkey":null,"statuscode":302,"tags":null,"target":"https://gitlab-instance-002424b5.gitlab-pages.nxs360.com/Monitoring/","threshold":5,"transport":null,"type":"HTTPADV","username":null,"verify":null,"warningdays":null},"sensitive_values":{"notifications":[{},{},{}],"password":true,"runlocations":[false]}},{"address":"nodeping_check.gitlab_pages_ssl","mode":"managed","type":"nodeping_check","name":"gitlab_pages_ssl","provider_name":"registry.terraform.io/phizzl/nodeping","schema_version":0,"values":{"autodiag":false,"clientcert":null,"contentstring":null,"database":null,"dep":null,"description":null,"dnsrd":null,"dnssection":null,"dnstoresolve":null,"dnstype":null,"email":null,"enabled":true,"follow":null,"homeloc":null,"interval":720,"invert":null,"ipv6":null,"label":"Service - Gitlab Pages SSL (gitlab.nxs360.com)","method":null,"mute":false,"namespace":null,"notifications":[{"contact_id":"202309210846EC0LA-G-NZCTF","delay":0,"schedule":"All"},{"delay":0,"schedule":"All"}],"password":null,"port":null,"postdata":null,"public":false,"query":null,"receiveheaders":null,"regex":null,"runlocations":["eur"],"secure":null,"sendheaders":null,"sens":2,"servername":null,"snmpcom":null,"snmpv":null,"sshkey":null,"statuscode":null,"tags":null,"target":"https://test.gitlab-pages.nxs360.com/","threshold":5,"transport":null,"type":"SSL","username":null,"verify":null,"warningdays":3},"sensitive_values":{"notifications":[{},{}],"password":true,"runlocations":[false]}},{"address":"nodeping_check.gitlab_ssh","mode":"managed","type":"nodeping_check","name":"gitlab_ssh","provider_name":"registry.terraform.io/phizzl/nodeping","schema_version":0,"values":{"autodiag":false,"clientcert":null,"contentstring":null,"database":null,"dep":null,"description":null,"dnsrd":null,"dnssection":null,"dnstoresolve":null,"dnstype":null,"email":null,"enabled":true,"follow":null,"homeloc":null,"interval":1,"invert":false,"ipv6":false,"label":"Service - Gitlab SSH (gitlab.nxs360.com)","method":null,"mute":false,"namespace":null,"notifications":[{"contact_id":"202309210846EC0LA-G-NZCTF","delay":0,"schedule":"All"},{"delay":0,"schedule":"All"},{"delay":0,"schedule":"All"}],"password":null,"port":2222,"postdata":null,"public":false,"query":null,"receiveheaders":null,"regex":null,"runlocations":["eur"],"secure":null,"sendheaders":null,"sens":5,"servername":null,"snmpcom":null,"snmpv":null,"sshkey":null,"statuscode":null,"tags":null,"target":"gitlab.nxs360.com","threshold":5,"transport":null,"type":"PORT","username":null,"verify":null,"warningdays":null},"sensitive_values":{"notifications":[{},{},{}],"password":true,"runlocations":[false]}},{"address":"nodeping_check.gitlab_ssl","mode":"managed","type":"nodeping_check","name":"gitlab_ssl","provider_name":"registry.terraform.io/phizzl/nodeping","schema_version":0,"values":{"autodiag":false,"clientcert":null,"contentstring":null,"database":null,"dep":null,"description":null,"dnsrd":null,"dnssection":null,"dnstoresolve":null,"dnstype":null,"email":null,"enabled":true,"follow":null,"homeloc":null,"interval":720,"invert":null,"ipv6":null,"label":"Service - Gitlab SSL (gitlab.nxs360.com)","method":null,"mute":false,"namespace":null,"notifications":[{"contact_id":"202309210846EC0LA-G-NZCTF","delay":0,"schedule":"All"},{"delay":0,"schedule":"All"}],"password":null,"port":null,"postdata":null,"public":false,"query":null,"receiveheaders":null,"regex":null,"runlocations":["eur"],"secure":null,"sendheaders":null,"sens":2,"servername":null,"snmpcom":null,"snmpv":null,"sshkey":null,"statuscode":null,"tags":null,"target":"https://gitlab.nxs360.com/","threshold":5,"transport":null,"type":"SSL","username":null,"verify":null,"warningdays":14},"sensitive_values":{"notifications":[{},{}],"password":true,"runlocations":[false]}},{"address":"nodeping_check.jenkins_qa","mode":"managed","type":"nodeping_check","name":"jenkins_qa","provider_name":"registry.terraform.io/phizzl/nodeping","schema_version":0,"values":{"autodiag":false,"clientcert":null,"contentstring":null,"database":null,"dep":null,"description":null,"dnsrd":null,"dnssection":null,"dnstoresolve":null,"dnstype":null,"email":null,"enabled":true,"follow":true,"homeloc":null,"interval":1,"invert":null,"ipv6":false,"label":"Service - Jenkins QA","method":null,"mute":false,"namespace":null,"notifications":[{"contact_id":"202309210846EC0LA-G-NZCTF","delay":0,"schedule":"All"},{"delay":0,"schedule":"All"}],"password":null,"port":null,"postdata":null,"public":false,"query":null,"receiveheaders":null,"regex":null,"runlocations":["eur"],"secure":null,"sendheaders":null,"sens":2,"servername":null,"snmpcom":null,"snmpv":null,"sshkey":null,"statuscode":null,"tags":null,"target":"https://jenkins-qa.nxs360.com/login?from=%2F","threshold":5,"transport":null,"type":"HTTP","username":null,"verify":null,"warningdays":null},"sensitive_values":{"notifications":[{},{}],"password":true,"runlocations":[false]}},{"address":"nodeping_check.la_client_vpn","mode":"managed","type":"nodeping_check","name":"la_client_vpn","provider_name":"registry.terraform.io/phizzl/nodeping","schema_version":0,"values":{"autodiag":false,"clientcert":null,"contentstring":null,"database":null,"dep":null,"description":null,"dnsrd":null,"dnssection":null,"dnstoresolve":null,"dnstype":null,"email":null,"enabled":true,"follow":null,"homeloc":null,"interval":3,"invert":false,"ipv6":null,"label":"LA - Client VPN","method":null,"mute":false,"namespace":null,"notifications":[{"contact_id":"202309210846EC0LA-G-NZCTF","delay":0,"schedule":"All"},{"delay":0,"schedule":"All"}],"password":null,"port":443,"postdata":null,"public":false,"query":null,"receiveheaders":null,"regex":null,"runlocations":["eur"],"secure":null,"sendheaders":null,"sens":2,"servername":null,"snmpcom":null,"snmpv":null,"sshkey":null,"statuscode":null,"tags":null,"target":"gateway.lfeld.nxs.rocks","threshold":5,"transport":null,"type":"PORT","username":null,"verify":null,"warningdays":null},"sensitive_values":{"notifications":[{},{}],"password":true,"runlocations":[false]}},{"address":"nodeping_check.la_internet_swl","mode":"managed","type":"nodeping_check","name":"la_internet_swl","provider_name":"registry.terraform.io/phizzl/nodeping","schema_version":0,"values":{"autodiag":false,"clientcert":null,"contentstring":null,"database":null,"dep":null,"description":null,"dnsrd":null,"dnssection":null,"dnstoresolve":null,"dnstype":null,"email":null,"enabled":true,"follow":null,"homeloc":null,"interval":1,"invert":null,"ipv6":false,"label":"LA - Internet SWL","method":null,"mute":false,"namespace":null,"notifications":[{"contact_id":"202309210846EC0LA-G-NZCTF","delay":0,"schedule":"All"},{"delay":0,"schedule":"All"}],"password":null,"port":null,"postdata":null,"public":false,"query":null,"receiveheaders":null,"regex":null,"runlocations":["eur"],"secure":null,"sendheaders":null,"sens":2,"servername":null,"snmpcom":null,"snmpv":null,"sshkey":null,"statuscode":null,"tags":null,"target":"80.246.113.44","threshold":5,"transport":null,"type":"PING","username":null,"verify":null,"warningdays":null},"sensitive_values":{"notifications":[{},{}],"password":true,"runlocations":[false]}},{"address":"nodeping_check.la_internet_vf","mode":"managed","type":"nodeping_check","name":"la_internet_vf","provider_name":"registry.terraform.io/phizzl/nodeping","schema_version":0,"values":{"autodiag":false,"clientcert":null,"contentstring":null,"database":null,"dep":null,"description":null,"dnsrd":null,"dnssection":null,"dnstoresolve":null,"dnstype":null,"email":null,"enabled":true,"follow":null,"homeloc":null,"interval":1,"invert":null,"ipv6":false,"label":"LA - Internet VF","method":null,"mute":false,"namespace":null,"notifications":[{"contact_id":"202309210846EC0LA-G-NZCTF","delay":0,"schedule":"All"},{"delay":0,"schedule":"All"}],"password":null,"port":null,"postdata":null,"public":false,"query":null,"receiveheaders":null,"regex":null,"runlocations":["eur"],"secure":null,"sendheaders":null,"sens":2,"servername":null,"snmpcom":null,"snmpv":null,"sshkey":null,"statuscode":null,"tags":null,"target":"2.207.226.170","threshold":5,"transport":null,"type":"PING","username":null,"verify":null,"warningdays":null},"sensitive_values":{"notifications":[{},{}],"password":true,"runlocations":[false]}},{"address":"nodeping_check.ma_client_vpn","mode":"managed","type":"nodeping_check","name":"ma_client_vpn","provider_name":"registry.terraform.io/phizzl/nodeping","schema_version":0,"values":{"autodiag":false,"clientcert":null,"contentstring":null,"database":null,"dep":null,"description":null,"dnsrd":null,"dnssection":null,"dnstoresolve":null,"dnstype":null,"email":null,"enabled":true,"follow":null,"homeloc":null,"interval":3,"invert":false,"ipv6":null,"label":"MA - Client VPN","method":null,"mute":false,"namespace":null,"notifications":[{"contact_id":"202309210846EC0LA-G-NZCTF","delay":0,"schedule":"All"},{"delay":0,"schedule":"All"}],"password":null,"port":443,"postdata":null,"public":false,"query":null,"receiveheaders":null,"regex":null,"runlocations":["eur"],"secure":null,"sendheaders":null,"sens":2,"servername":null,"snmpcom":null,"snmpv":null,"sshkey":null,"statuscode":null,"tags":null,"target":"vpn.cec.valantic.com","threshold":5,"transport":null,"type":"PORT","username":null,"verify":null,"warningdays":null},"sensitive_values":{"notifications":[{},{}],"password":true,"runlocations":[false]}},{"address":"nodeping_check.ma_uplink_guest","mode":"managed","type":"nodeping_check","name":"ma_uplink_guest","provider_name":"registry.terraform.io/phizzl/nodeping","schema_version":0,"values":{"autodiag":false,"clientcert":null,"contentstring":null,"database":null,"dep":null,"description":null,"dnsrd":null,"dnssection":null,"dnstoresolve":null,"dnstype":null,"email":null,"enabled":true,"follow":null,"homeloc":null,"interval":1,"invert":null,"ipv6":false,"label":"MA - Uplink Guest","method":null,"mute":false,"namespace":null,"notifications":[{"contact_id":"202309210846EC0LA-G-NZCTF","delay":0,"schedule":"All"},{"delay":0,"schedule":"All"}],"password":null,"port":null,"postdata":null,"public":false,"query":null,"receiveheaders":null,"regex":null,"runlocations":["eur"],"secure":null,"sendheaders":null,"sens":2,"servername":null,"snmpcom":null,"snmpv":null,"sshkey":null,"statuscode":null,"tags":null,"target":"93.240.210.27","threshold":5,"transport":null,"type":"PING","username":null,"verify":null,"warningdays":null},"sensitive_values":{"notifications":[{},{}],"password":true,"runlocations":[false]}},{"address":"nodeping_check.ma_uplink_public","mode":"managed","type":"nodeping_check","name":"ma_uplink_public","provider_name":"registry.terraform.io/phizzl/nodeping","schema_version":0,"values":{"autodiag":false,"clientcert":null,"contentstring":null,"database":null,"dep":null,"description":null,"dnsrd":null,"dnssection":null,"dnstoresolve":null,"dnstype":null,"email":null,"enabled":true,"follow":null,"homeloc":null,"interval":1,"invert":null,"ipv6":false,"label":"MA - Uplink Public","method":null,"mute":false,"namespace":null,"notifications":[{"contact_id":"202309210846EC0LA-G-NZCTF","delay":0,"schedule":"All"},{"delay":0,"schedule":"All"}],"password":null,"port":null,"postdata":null,"public":false,"query":null,"receiveheaders":null,"regex":null,"runlocations":["eur"],"secure":null,"sendheaders":null,"sens":2,"servername":null,"snmpcom":null,"snmpv":null,"sshkey":null,"statuscode":null,"tags":null,"target":"93.240.210.26","threshold":5,"transport":null,"type":"PING","username":null,"verify":null,"warningdays":null},"sensitive_values":{"notifications":[{},{}],"password":true,"runlocations":[false]}},{"address":"nodeping_check.nextcloud","mode":"managed","type":"nodeping_check","name":"nextcloud","provider_name":"registry.terraform.io/phizzl/nodeping","schema_version":0,"values":{"autodiag":false,"clientcert":null,"contentstring":null,"database":null,"dep":null,"description":null,"dnsrd":null,"dnssection":null,"dnstoresolve":null,"dnstype":null,"email":null,"enabled":true,"follow":false,"homeloc":null,"interval":1,"invert":null,"ipv6":false,"label":"Service - Nextcloud","method":null,"mute":false,"namespace":null,"notifications":[{"contact_id":"202309210846EC0LA-G-NZCTF","delay":0,"schedule":"All"},{"delay":0,"schedule":"All"}],"password":null,"port":null,"postdata":null,"public":false,"query":null,"receiveheaders":null,"regex":null,"runlocations":["eur"],"secure":null,"sendheaders":null,"sens":2,"servername":null,"snmpcom":null,"snmpv":null,"sshkey":null,"statuscode":null,"tags":null,"target":"https://files.nxs360.com/","threshold":5,"transport":null,"type":"HTTP","username":null,"verify":null,"warningdays":null},"sensitive_values":{"notifications":[{},{}],"password":true,"runlocations":[false]}},{"address":"nodeping_check.opnsense_master_thor","mode":"managed","type":"nodeping_check","name":"opnsense_master_thor","provider_name":"registry.terraform.io/phizzl/nodeping","schema_version":0,"values":{"autodiag":false,"clientcert":null,"contentstring":null,"database":null,"dep":null,"description":null,"dnsrd":null,"dnssection":null,"dnstoresolve":null,"dnstype":null,"email":null,"enabled":true,"follow":null,"homeloc":null,"interval":1,"invert":null,"ipv6":false,"label":"Server - OpnSense MASTER - thor","method":null,"mute":false,"namespace":null,"notifications":[{"delay":0,"schedule":"All"},{"delay":0,"schedule":"All"}],"password":null,"port":null,"postdata":null,"public":false,"query":null,"receiveheaders":null,"regex":null,"runlocations":null,"secure":null,"sendheaders":null,"sens":2,"servername":null,"snmpcom":null,"snmpv":null,"sshkey":null,"statuscode":null,"tags":null,"target":"46.38.247.4","threshold":5,"transport":null,"type":"PING","username":null,"verify":null,"warningdays":null},"sensitive_values":{"notifications":[{},{}],"password":true}},{"address":"nodeping_check.opnsense_secondary_valkyrie","mode":"managed","type":"nodeping_check","name":"opnsense_secondary_valkyrie","provider_name":"registry.terraform.io/phizzl/nodeping","schema_version":0,"values":{"autodiag":false,"clientcert":null,"contentstring":null,"database":null,"dep":null,"description":null,"dnsrd":null,"dnssection":null,"dnstoresolve":null,"dnstype":null,"email":null,"enabled":true,"follow":null,"homeloc":null,"interval":1,"invert":null,"ipv6":null,"label":"Server - OpnSense SECONDARY - valkyrie","method":null,"mute":false,"namespace":null,"notifications":[{"delay":0,"schedule":"All"},{"delay":0,"schedule":"All"}],"password":null,"port":null,"postdata":null,"public":false,"query":null,"receiveheaders":null,"regex":null,"runlocations":null,"secure":null,"sendheaders":null,"sens":2,"servername":null,"snmpcom":null,"snmpv":null,"sshkey":null,"statuscode":null,"tags":null,"target":"46.38.247.5","threshold":5,"transport":null,"type":"PING","username":null,"verify":null,"warningdays":null},"sensitive_values":{"notifications":[{},{}],"password":true}},{"address":"nodeping_check.rz_client_vpn","mode":"managed","type":"nodeping_check","name":"rz_client_vpn","provider_name":"registry.terraform.io/phizzl/nodeping","schema_version":0,"values":{"autodiag":false,"clientcert":null,"contentstring":null,"database":null,"dep":null,"description":null,"dnsrd":null,"dnssection":null,"dnstoresolve":null,"dnstype":null,"email":null,"enabled":true,"follow":null,"homeloc":null,"interval":1,"invert":null,"ipv6":null,"label":"RZ - Client VPN","method":null,"mute":false,"namespace":null,"notifications":[{"delay":0,"schedule":"All"},{"delay":0,"schedule":"All"},{"delay":0,"schedule":"All"}],"password":null,"port":443,"postdata":null,"public":false,"query":null,"receiveheaders":null,"regex":null,"runlocations":null,"secure":null,"sendheaders":null,"sens":5,"servername":null,"snmpcom":null,"snmpv":null,"sshkey":null,"statuscode":null,"tags":null,"target":"vpn-rz.valantic.com","threshold":5,"transport":null,"type":"PORT","username":null,"verify":null,"warningdays":null},"sensitive_values":{"notifications":[{},{},{}],"password":true}},{"address":"nodeping_check.sentry","mode":"managed","type":"nodeping_check","name":"sentry","provider_name":"registry.terraform.io/phizzl/nodeping","schema_version":0,"values":{"autodiag":false,"clientcert":null,"contentstring":null,"database":null,"dep":null,"description":null,"dnsrd":null,"dnssection":null,"dnstoresolve":null,"dnstype":null,"email":null,"enabled":true,"follow":false,"homeloc":null,"interval":5,"invert":null,"ipv6":false,"label":"Service - Sentry","method":null,"mute":false,"namespace":null,"notifications":[{"contact_id":"202309210846EC0LA-G-NZCTF","delay":0,"schedule":"All"},{"delay":0,"schedule":"All"}],"password":null,"port":null,"postdata":null,"public":false,"query":null,"receiveheaders":null,"regex":null,"runlocations":["eur"],"secure":null,"sendheaders":null,"sens":5,"servername":null,"snmpcom":null,"snmpv":null,"sshkey":null,"statuscode":null,"tags":null,"target":"https://sentry.nxs360.com/","threshold":5,"transport":null,"type":"HTTP","username":null,"verify":null,"warningdays":null},"sensitive_values":{"notifications":[{},{}],"password":true,"runlocations":[false]}},{"address":"nodeping_check.si_internet","mode":"managed","type":"nodeping_check","name":"si_internet","provider_name":"registry.terraform.io/phizzl/nodeping","schema_version":0,"values":{"autodiag":false,"clientcert":null,"contentstring":null,"database":null,"dep":null,"description":null,"dnsrd":null,"dnssection":null,"dnstoresolve":null,"dnstype":null,"email":null,"enabled":true,"follow":null,"homeloc":null,"interval":1,"invert":null,"ipv6":false,"label":"SI - Internet","method":null,"mute":false,"namespace":null,"notifications":[{"contact_id":"202309210846EC0LA-G-NZCTF","delay":0,"schedule":"All"},{"delay":0,"schedule":"All"}],"password":null,"port":null,"postdata":null,"public":false,"query":null,"receiveheaders":null,"regex":null,"runlocations":["eur"],"secure":null,"sendheaders":null,"sens":2,"servername":null,"snmpcom":null,"snmpv":null,"sshkey":null,"statuscode":null,"tags":null,"target":"92.50.124.158","threshold":5,"transport":null,"type":"PING","username":null,"verify":null,"warningdays":null},"sensitive_values":{"notifications":[{},{}],"password":true,"runlocations":[false]}},{"address":"nodeping_check.thanos_firewall_ssh","mode":"managed","type":"nodeping_check","name":"thanos_firewall_ssh","provider_name":"registry.terraform.io/phizzl/nodeping","schema_version":0,"values":{"autodiag":false,"clientcert":null,"contentstring":null,"database":null,"dep":null,"description":null,"dnsrd":null,"dnssection":null,"dnstoresolve":null,"dnstype":null,"email":null,"enabled":true,"follow":null,"homeloc":null,"interval":10,"invert":true,"ipv6":null,"label":"Server - thanos - Firewall/SSH","method":null,"mute":false,"namespace":null,"notifications":[{"contact_id":"202309210846EC0LA-G-NZCTF","delay":0,"schedule":"All"}],"password":null,"port":22,"postdata":null,"public":false,"query":null,"receiveheaders":null,"regex":null,"runlocations":["eur"],"secure":null,"sendheaders":null,"sens":2,"servername":null,"snmpcom":null,"snmpv":null,"sshkey":null,"statuscode":null,"tags":null,"target":"thanos.srv.vcec.cloud","threshold":5,"transport":null,"type":"PORT","username":null,"verify":null,"warningdays":null},"sensitive_values":{"notifications":[{}],"password":true,"runlocations":[false]}},{"address":"nodeping_check.workflow_bot","mode":"managed","type":"nodeping_check","name":"workflow_bot","provider_name":"registry.terraform.io/phizzl/nodeping","schema_version":0,"values":{"autodiag":false,"clientcert":null,"contentstring":"\"status\":\"healthy\"","database":null,"dep":null,"description":null,"dnsrd":null,"dnssection":null,"dnstoresolve":null,"dnstype":null,"email":null,"enabled":true,"follow":null,"homeloc":null,"interval":1,"invert":false,"ipv6":null,"label":"Service - Workoflow bot.vcec.cloud","method":"GET","mute":false,"namespace":null,"notifications":[{"delay":0,"schedule":"All"},{"delay":0,"schedule":"All"}],"password":null,"port":null,"postdata":null,"public":false,"query":null,"receiveheaders":null,"regex":false,"runlocations":null,"secure":null,"sendheaders":null,"sens":7,"servername":null,"snmpcom":null,"snmpv":null,"sshkey":null,"statuscode":200,"tags":null,"target":"https://bot.vcec.cloud/api/health","threshold":5,"transport":null,"type":"HTTPADV","username":null,"verify":null,"warningdays":null},"sensitive_values":{"notifications":[{},{}],"password":true}},{"address":"nodeping_check.workflow_bot_stage","mode":"managed","type":"nodeping_check","name":"workflow_bot_stage","provider_name":"registry.terraform.io/phizzl/nodeping","schema_version":0,"values":{"autodiag":false,"clientcert":null,"contentstring":"\"status\":\"healthy\"","database":null,"dep":null,"description":null,"dnsrd":null,"dnssection":null,"dnstoresolve":null,"dnstype":null,"email":null,"enabled":true,"follow":null,"homeloc":null,"interval":1,"invert":false,"ipv6":null,"label":"Service - Workoflow bot-stage.vcec.cloud","method":"GET","mute":false,"namespace":null,"notifications":[{"delay":0,"schedule":"All"}],"password":null,"port":null,"postdata":null,"public":false,"query":null,"receiveheaders":null,"regex":false,"runlocations":null,"secure":null,"sendheaders":null,"sens":10,"servername":null,"snmpcom":null,"snmpv":null,"sshkey":null,"statuscode":200,"tags":null,"target":"https://bot-stage.vcec.cloud/api/health","threshold":5,"transport":null,"type":"HTTPADV","username":null,"verify":null,"warningdays":null},"sensitive_values":{"notifications":[{}],"password":true}},{"address":"nodeping_check.workflow_subscribe","mode":"managed","type":"nodeping_check","name":"workflow_subscribe","provider_name":"registry.terraform.io/phizzl/nodeping","schema_version":0,"values":{"autodiag":false,"clientcert":null,"contentstring":"Legal Notice","database":null,"dep":null,"description":null,"dnsrd":null,"dnssection":null,"dnstoresolve":null,"dnstype":null,"email":null,"enabled":true,"follow":null,"homeloc":null,"interval":1,"invert":false,"ipv6":null,"label":"Service - Workoflow subscribe-workflows.vcec.cloud","method":"GET","mute":false,"namespace":null,"notifications":[{"delay":0,"schedule":"All"},{"delay":0,"schedule":"All"}],"password":null,"port":null,"postdata":null,"public":false,"query":null,"receiveheaders":null,"regex":null,"runlocations":null,"secure":null,"sendheaders":null,"sens":7,"servername":null,"snmpcom":null,"snmpv":null,"sshkey":null,"statuscode":200,"tags":null,"target":"https://subscribe-workflows.vcec.cloud/","threshold":5,"transport":null,"type":"HTTPADV","username":null,"verify":null,"warningdays":null},"sensitive_values":{"notifications":[{},{}],"password":true}},{"address":"nodeping_check.workflow_subscribe_stage","mode":"managed","type":"nodeping_check","name":"workflow_subscribe_stage","provider_name":"registry.terraform.io/phizzl/nodeping","schema_version":0,"values":{"autodiag":false,"clientcert":null,"contentstring":"Legal Notice","database":null,"dep":null,"description":null,"dnsrd":null,"dnssection":null,"dnstoresolve":null,"dnstype":null,"email":null,"enabled":true,"follow":null,"homeloc":null,"interval":1,"invert":false,"ipv6":null,"label":"Service - Workoflow subscribe-workflows-stage.vcec.cloud","method":"GET","mute":false,"namespace":null,"notifications":[{"delay":0,"schedule":"All"}],"password":null,"port":null,"postdata":null,"public":false,"query":null,"receiveheaders":null,"regex":null,"runlocations":null,"secure":null,"sendheaders":null,"sens":10,"servername":null,"snmpcom":null,"snmpv":null,"sshkey":null,"statuscode":200,"tags":null,"target":"https://subscribe-workflows-stage.vcec.cloud/","threshold":5,"transport":null,"type":"HTTPADV","username":null,"verify":null,"warningdays":null},"sensitive_values":{"notifications":[{}],"password":true}},{"address":"nodeping_check.workflow_workflows","mode":"managed","type":"nodeping_check","name":"workflow_workflows","provider_name":"registry.terraform.io/phizzl/nodeping","schema_version":0,"values":{"autodiag":false,"clientcert":null,"contentstring":"\"status\":\"ok\"","database":null,"dep":null,"description":null,"dnsrd":null,"dnssection":null,"dnstoresolve":null,"dnstype":null,"email":null,"enabled":true,"follow":null,"homeloc":null,"interval":1,"invert":false,"ipv6":null,"label":"Service - Workoflow workflows.vcec.cloud","method":"GET","mute":false,"namespace":null,"notifications":[{"delay":0,"schedule":"All"},{"delay":0,"schedule":"All"}],"password":null,"port":null,"postdata":null,"public":false,"query":null,"receiveheaders":null,"regex":null,"runlocations":null,"secure":null,"sendheaders":null,"sens":7,"servername":null,"snmpcom":null,"snmpv":null,"sshkey":null,"statuscode":200,"tags":null,"target":"https://workflows.vcec.cloud/healthz","threshold":5,"transport":null,"type":"HTTPADV","username":null,"verify":null,"warningdays":null},"sensitive_values":{"notifications":[{},{}],"password":true}},{"address":"nodeping_check.workflow_workflows_stage","mode":"managed","type":"nodeping_check","name":"workflow_workflows_stage","provider_name":"registry.terraform.io/phizzl/nodeping","schema_version":0,"values":{"autodiag":false,"clientcert":null,"contentstring":"\"status\":\"ok\"","database":null,"dep":null,"description":null,"dnsrd":null,"dnssection":null,"dnstoresolve":null,"dnstype":null,"email":null,"enabled":true,"follow":null,"homeloc":null,"interval":1,"invert":false,"ipv6":null,"label":"Service - Workoflow workflows-stage.vcec.cloud","method":"GET","mute":false,"namespace":null,"notifications":[{"delay":0,"schedule":"All"}],"password":null,"port":null,"postdata":null,"public":false,"query":null,"receiveheaders":null,"regex":null,"runlocations":null,"secure":null,"sendheaders":null,"sens":10,"servername":null,"snmpcom":null,"snmpv":null,"sshkey":null,"statuscode":200,"tags":null,"target":"https://workflows-stage.vcec.cloud/healthz","threshold":5,"transport":null,"type":"HTTPADV","username":null,"verify":null,"warningdays":null},"sensitive_values":{"notifications":[{}],"password":true}},{"address":"nodeping_contact.email_vcec_de_it","mode":"managed","type":"nodeping_contact","name":"email_vcec_de_it","provider_name":"registry.terraform.io/phizzl/nodeping","schema_version":0,"values":{"address":[{"action":null,"address":"it-de@cec.valantic.com","data":null,"headers":null,"mute":false,"priority":null,"querystrings":null,"suppress_all":false,"suppress_diag":false,"suppress_down":false,"suppress_first":false,"suppress_up":false,"type":"email"}],"custrole":"notify","name":"E-Mail - vCEC DE IT"},"sensitive_values":{"address":[{"address":true}]}},{"address":"nodeping_contact.msteams_genesis_horizon","mode":"managed","type":"nodeping_contact","name":"msteams_genesis_horizon","provider_name":"registry.terraform.io/phizzl/nodeping","schema_version":0,"values":{"address":[{"action":"post","address":"https://defaultae6f26a36f274ed6a3a8800c3226fb.79.environment.api.powerplatform.com:443/powerautomate/automations/direct/workflows/39a1bba8677a45e6a39813988f5efacc/triggers/manual/paths/invoke?api-version=1\u0026sp=%2Ftriggers%2Fmanual%2Frun\u0026sv=1.0\u0026sig=qudP874CTcnB-U3iO5bBuZn5bL-AuSedld5NMYyUfsA","data":"{\"attachments\":[{\"contentType\":\"application/vnd.microsoft.card.adaptive\",\"content\":{\"type\":\"AdaptiveCard\",\"$schema\":\"http://adaptivecards.io/schemas/adaptive-card.json\",\"version\":\"1.0\",\"body\":[{\"type\":\"TextBlock\",\"size\":\"Large\",\"weight\":\"Bolder\",\"text\":\"{label}: {event}\"},{\"type\":\"TextBlock\",\"text\":\"{type} is {event} {if downtime}after {downtime} {if downminutes}minutes{else}minute{/if} of downtime {/if}as of {checktime}: {message}\"}]}}]}","headers":{"content-type":"application/json"},"mute":false,"priority":null,"querystrings":{"key":"1"},"suppress_all":false,"suppress_diag":false,"suppress_down":false,"suppress_first":false,"suppress_up":false,"type":"webhook"}],"custrole":"notify","name":"MS Teams - vCEC Genesis Horizon - Channel \"Bot Messages\""},"sensitive_values":{"address":[{"address":true,"headers":{},"querystrings":{}}]}},{"address":"nodeping_contact.msteams_it_bot_messages","mode":"managed","type":"nodeping_contact","name":"msteams_it_bot_messages","provider_name":"registry.terraform.io/phizzl/nodeping","schema_version":0,"values":{"address":[{"action":"post","address":"https://prod-08.westeurope.logic.azure.com:443/workflows/ab58949575a043b080e6c4dca10fc8af/triggers/manual/paths/invoke?api-version=2016-06-01\u0026sp=%2Ftriggers%2Fmanual%2Frun\u0026sv=1.0\u0026sig=FcU8Ka2uj0XfJ9HRAGzX6gifKIPtpObvinuj5cyyEyY","data":"{\"@context\": \"https://schema.org/extensions\",\"@type\": \"MessageCard\",\"title\": \"Host {label} : {type} is {event}\",\"text\": \"Host {label} : {type} is {event} {if downtime}after {downtime} {if downminutes}minutes{else}minute{/if} of downtime {/if}as of {checktime}: \n {message}\"}","headers":{"content-type":"application/json"},"mute":false,"priority":null,"querystrings":{"key":"1"},"suppress_all":false,"suppress_diag":false,"suppress_down":false,"suppress_first":false,"suppress_up":false,"type":"webhook"}],"custrole":"notify","name":"Teamd IT Teamd Channel \"Bot Messages\" NEU"},"sensitive_values":{"address":[{"address":true,"headers":{},"querystrings":{}}]}},{"address":"nodeping_contact.msteams_vcec_de_it","mode":"managed","type":"nodeping_contact","name":"msteams_vcec_de_it","provider_name":"registry.terraform.io/phizzl/nodeping","schema_version":0,"values":{"address":[{"action":"post","address":"https://valanticmore.webhook.office.com/webhookb2/5a038f0c-c506-4817-ad92-efa39a27181a@ae6f26a3-6f27-4ed6-a3a8-800c3226fb79/IncomingWebhook/f7c29869b8d741019601c2ff121dfe2c/9a36739f-808b-47f3-9d62-0f0a9bf15ecb/V2JddaAld6wiXZq6WqxdtxEXrvYOloHjMazaZyGAu5ox81","data":"{\"@context\": \"https://schema.org/extensions\",\"@type\": \"MessageCard\",\"title\": \"Host {label} : {type} is {event}\",\"text\": \"Host {label} : {type} is {event} {if downtime}after {downtime} {if downminutes}minutes{else}minute{/if} of downtime {/if}as of {checktime}: \n {message}\"}","headers":{"content-type":"application/json"},"mute":false,"priority":null,"querystrings":{"key":"1"},"suppress_all":false,"suppress_diag":false,"suppress_down":false,"suppress_first":false,"suppress_up":false,"type":"webhook"}],"custrole":"notify","name":"MS Teams - vCEC DE IT - Channel \"Bot Messages\""},"sensitive_values":{"address":[{"address":true,"headers":{},"querystrings":{}}]}},{"address":"nodeping_contact.sp_deskbird_partial","mode":"managed","type":"nodeping_contact","name":"sp_deskbird_partial","provider_name":"registry.terraform.io/phizzl/nodeping","schema_version":0,"values":{"address":[{"action":null,"address":"component+951bca6f44a849669aa4edc2d20d0764+partial_outage@notifications.statuspage.io","data":null,"headers":null,"mute":false,"priority":null,"querystrings":null,"suppress_all":false,"suppress_diag":false,"suppress_down":false,"suppress_first":false,"suppress_up":false,"type":"email"}],"custrole":"notify","name":"SP Component | Deskbird PARTIAL"},"sensitive_values":{"address":[{"address":true}]}},{"address":"nodeping_contact.sp_gitlab_cec_valantic","mode":"managed","type":"nodeping_contact","name":"sp_gitlab_cec_valantic","provider_name":"registry.terraform.io/phizzl/nodeping","schema_version":0,"values":{"address":[{"action":null,"address":"component+39f4c78334f6419ebbf32005768c4c97@notifications.statuspage.io","data":null,"headers":null,"mute":false,"priority":null,"querystrings":null,"suppress_all":false,"suppress_diag":false,"suppress_down":false,"suppress_first":false,"suppress_up":false,"type":"email"}],"custrole":"notify","name":"SP Component | Gitlab (git.cec.valantic.com)"},"sensitive_values":{"address":[{"address":true}]}},{"address":"nodeping_contact.sp_gitlab_nxs360","mode":"managed","type":"nodeping_contact","name":"sp_gitlab_nxs360","provider_name":"registry.terraform.io/phizzl/nodeping","schema_version":0,"values":{"address":[{"action":null,"address":"component+cbf732ac422e4f3194719d0c9f6cfeb2@notifications.statuspage.io","data":null,"headers":null,"mute":false,"priority":null,"querystrings":null,"suppress_all":false,"suppress_diag":false,"suppress_down":false,"suppress_first":false,"suppress_up":false,"type":"email"}],"custrole":"notify","name":"SP Component | Gitlab (gitlab.nxs360.com)"},"sensitive_values":{"address":[{"address":true}]}},{"address":"nodeping_contact.sp_gitlab_nxs360_partial","mode":"managed","type":"nodeping_contact","name":"sp_gitlab_nxs360_partial","provider_name":"registry.terraform.io/phizzl/nodeping","schema_version":0,"values":{"address":[{"action":null,"address":"component+cbf732ac422e4f3194719d0c9f6cfeb2+partial_outage@notifications.statuspage.io","data":null,"headers":null,"mute":false,"priority":null,"querystrings":null,"suppress_all":false,"suppress_diag":false,"suppress_down":false,"suppress_first":false,"suppress_up":false,"type":"email"}],"custrole":"notify","name":"SP Component | Gitlab (gitlab.nxs360.com) PARTIAL"},"sensitive_values":{"address":[{"address":true}]}},{"address":"nodeping_contact.sp_gitlab_pages","mode":"managed","type":"nodeping_contact","name":"sp_gitlab_pages","provider_name":"registry.terraform.io/phizzl/nodeping","schema_version":0,"values":{"address":[{"action":null,"address":"component+c854bc4071eb4ad5805c0c12332b6d0c@notifications.statuspage.io","data":null,"headers":null,"mute":false,"priority":null,"querystrings":null,"suppress_all":false,"suppress_diag":false,"suppress_down":false,"suppress_first":false,"suppress_up":false,"type":"email"}],"custrole":"notify","name":"SP Component | Gitlab Pages (gitlab-pages.nxs360.com)"},"sensitive_values":{"address":[{"address":true}]}},{"address":"nodeping_contact.sp_gitlab_pages_partial","mode":"managed","type":"nodeping_contact","name":"sp_gitlab_pages_partial","provider_name":"registry.terraform.io/phizzl/nodeping","schema_version":0,"values":{"address":[{"action":null,"address":"component+c854bc4071eb4ad5805c0c12332b6d0c+partial_outage@notifications.statuspage.io","data":null,"headers":null,"mute":false,"priority":null,"querystrings":null,"suppress_all":false,"suppress_diag":false,"suppress_down":false,"suppress_first":false,"suppress_up":false,"type":"email"}],"custrole":"notify","name":"SP Component | Gitlab Pages (gitlab-pages.nxs360.com) PARTIAL"},"sensitive_values":{"address":[{"address":true}]}},{"address":"nodeping_contact.sp_jenkins_qa","mode":"managed","type":"nodeping_contact","name":"sp_jenkins_qa","provider_name":"registry.terraform.io/phizzl/nodeping","schema_version":0,"values":{"address":[{"action":null,"address":"component+f7ed1b7f5298428a83930415c64d9ff2@notifications.statuspage.io","data":null,"headers":null,"mute":false,"priority":null,"querystrings":null,"suppress_all":false,"suppress_diag":false,"suppress_down":false,"suppress_first":false,"suppress_up":false,"type":"email"}],"custrole":"notify","name":"SP Component | Jenkins QA"},"sensitive_values":{"address":[{"address":true}]}},{"address":"nodeping_contact.sp_la_client_vpn","mode":"managed","type":"nodeping_contact","name":"sp_la_client_vpn","provider_name":"registry.terraform.io/phizzl/nodeping","schema_version":0,"values":{"address":[{"action":null,"address":"component+e374d8ed420c4177989cd21833da7aec@notifications.statuspage.io","data":null,"headers":null,"mute":false,"priority":null,"querystrings":null,"suppress_all":false,"suppress_diag":false,"suppress_down":false,"suppress_first":false,"suppress_up":false,"type":"email"}],"custrole":"notify","name":"SP Component | LA - Client VPN"},"sensitive_values":{"address":[{"address":true}]}},{"address":"nodeping_contact.sp_la_uplink","mode":"managed","type":"nodeping_contact","name":"sp_la_uplink","provider_name":"registry.terraform.io/phizzl/nodeping","schema_version":0,"values":{"address":[{"action":null,"address":"component+83d302ff8cf045b887e5605b4cf8de64@notifications.statuspage.io","data":null,"headers":null,"mute":false,"priority":null,"querystrings":null,"suppress_all":false,"suppress_diag":false,"suppress_down":false,"suppress_first":false,"suppress_up":false,"type":"email"}],"custrole":"notify","name":"SP Component | LA - Uplink"},"sensitive_values":{"address":[{"address":true}]}},{"address":"nodeping_contact.sp_la_uplink_partial","mode":"managed","type":"nodeping_contact","name":"sp_la_uplink_partial","provider_name":"registry.terraform.io/phizzl/nodeping","schema_version":0,"values":{"address":[{"action":null,"address":"component+83d302ff8cf045b887e5605b4cf8de64+partial_outage@notifications.statuspage.io","data":null,"headers":null,"mute":false,"priority":null,"querystrings":null,"suppress_all":false,"suppress_diag":false,"suppress_down":false,"suppress_first":false,"suppress_up":false,"type":"email"}],"custrole":"notify","name":"SP Component | LA - Uplink PARTIAL"},"sensitive_values":{"address":[{"address":true}]}},{"address":"nodeping_contact.sp_ma_client_vpn","mode":"managed","type":"nodeping_contact","name":"sp_ma_client_vpn","provider_name":"registry.terraform.io/phizzl/nodeping","schema_version":0,"values":{"address":[{"action":null,"address":"component+6f296249dfcc4237b7ccc288d98552ce@notifications.statuspage.io","data":null,"headers":null,"mute":false,"priority":null,"querystrings":null,"suppress_all":false,"suppress_diag":false,"suppress_down":false,"suppress_first":false,"suppress_up":false,"type":"email"}],"custrole":"notify","name":"SP Component | MA - Client VPN"},"sensitive_values":{"address":[{"address":true}]}},{"address":"nodeping_contact.sp_ma_uplink","mode":"managed","type":"nodeping_contact","name":"sp_ma_uplink","provider_name":"registry.terraform.io/phizzl/nodeping","schema_version":0,"values":{"address":[{"action":null,"address":"component+f005eadcf4c841edb608dcc6487be6ed@notifications.statuspage.io","data":null,"headers":null,"mute":false,"priority":null,"querystrings":null,"suppress_all":false,"suppress_diag":false,"suppress_down":false,"suppress_first":false,"suppress_up":false,"type":"email"}],"custrole":"notify","name":"SP Component | MA - Uplink"},"sensitive_values":{"address":[{"address":true}]}},{"address":"nodeping_contact.sp_mattermost","mode":"managed","type":"nodeping_contact","name":"sp_mattermost","provider_name":"registry.terraform.io/phizzl/nodeping","schema_version":0,"values":{"address":[{"action":null,"address":"component+741bfddf9e4f4c2e9ab0a2d35a6645d1@notifications.statuspage.io","data":null,"headers":null,"mute":false,"priority":null,"querystrings":null,"suppress_all":false,"suppress_diag":false,"suppress_down":false,"suppress_first":false,"suppress_up":false,"type":"email"}],"custrole":"notify","name":"SP Component | Mattermost"},"sensitive_values":{"address":[{"address":true}]}},{"address":"nodeping_contact.sp_nextcloud","mode":"managed","type":"nodeping_contact","name":"sp_nextcloud","provider_name":"registry.terraform.io/phizzl/nodeping","schema_version":0,"values":{"address":[{"action":null,"address":"component+7c9d758bdebd4228ba6b81185373ae5e@notifications.statuspage.io","data":null,"headers":null,"mute":false,"priority":null,"querystrings":null,"suppress_all":false,"suppress_diag":false,"suppress_down":false,"suppress_first":false,"suppress_up":false,"type":"email"}],"custrole":"notify","name":"SP Component | Nextcloud"},"sensitive_values":{"address":[{"address":true}]}},{"address":"nodeping_contact.sp_rz_client_vpn","mode":"managed","type":"nodeping_contact","name":"sp_rz_client_vpn","provider_name":"registry.terraform.io/phizzl/nodeping","schema_version":0,"values":{"address":[{"action":null,"address":"component+a532087787a2444f93a44ccc98d9119f@notifications.statuspage.io","data":null,"headers":null,"mute":false,"priority":null,"querystrings":null,"suppress_all":false,"suppress_diag":false,"suppress_down":false,"suppress_first":false,"suppress_up":false,"type":"email"}],"custrole":"notify","name":"SP Component  RZ - Client VPN"},"sensitive_values":{"address":[{"address":true}]}},{"address":"nodeping_contact.sp_sentry","mode":"managed","type":"nodeping_contact","name":"sp_sentry","provider_name":"registry.terraform.io/phizzl/nodeping","schema_version":0,"values":{"address":[{"action":null,"address":"component+58c86eacf8334bbc9aaf1f38c3285afa@notifications.statuspage.io","data":null,"headers":null,"mute":false,"priority":null,"querystrings":null,"suppress_all":false,"suppress_diag":false,"suppress_down":false,"suppress_first":false,"suppress_up":false,"type":"email"}],"custrole":"notify","name":"SP Component | Sentry"},"sensitive_values":{"address":[{"address":true}]}},{"address":"nodeping_contact.sp_si_uplink","mode":"managed","type":"nodeping_contact","name":"sp_si_uplink","provider_name":"registry.terraform.io/phizzl/nodeping","schema_version":0,"values":{"address":[{"action":null,"address":"component+de36276622394445b91ad4a8142259c3@notifications.statuspage.io","data":null,"headers":null,"mute":false,"priority":null,"querystrings":null,"suppress_all":false,"suppress_diag":false,"suppress_down":false,"suppress_first":false,"suppress_up":false,"type":"email"}],"custrole":"notify","name":"SP Component | SI - Uplink"},"sensitive_values":{"address":[{"address":true}]}},{"address":"nodeping_contact.sp_workflow","mode":"managed","type":"nodeping_contact","name":"sp_workflow","provider_name":"registry.terraform.io/phizzl/nodeping","schema_version":0,"values":{"address":[{"action":null,"address":"component+20f33e04e25f4e4e84f06b3919112734@notifications.statuspage.io","data":null,"headers":null,"mute":false,"priority":null,"querystrings":null,"suppress_all":false,"suppress_diag":false,"suppress_down":false,"suppress_first":false,"suppress_up":false,"type":"email"}],"custrole":"notify","name":"SP Component  Workoflow"},"sensitive_values":{"address":[{"address":true}]}}]}},"resource_changes":[{"address":"cloudflare_r2_bucket.buckets[\"composer-vcec-cloud\"]","mode":"managed","type":"cloudflare_r2_bucket","name":"buckets","index":"composer-vcec-cloud","provider_name":"registry.terraform.io/cloudflare/cloudflare","change":{"actions":["no-op"],"before":{"account_id":"9b45f75ac806a9141698feddf3a7c8a0","id":"composer-vcec-cloud","location":"WEUR","name":"composer-vcec-cloud"},"after":{"account_id":"9b45f75ac806a9141698feddf3a7c8a0","id":"composer-vcec-cloud","location":"WEUR","name":"composer-vcec-cloud"},"after_unknown":{},"before_sensitive":{},"after_sensitive":{}}},{"address":"cloudflare_record.records_nexus_bc_com[\"CNAME_autodiscover_e6f8792439657dbeb6254256a79f4bb2\"]","mode":"managed","type":"cloudflare_record","name":"records_nexus_bc_com","index":"CNAME_autodiscover_e6f8792439657dbeb6254256a79f4bb2","provider_name":"registry.terraform.io/cloudflare/cloudflare","change":{"actions":["no-op"],"before":{"allow_overwrite":false,"comment":"AP Phillip Schleicher","content":"autodiscover.outlook.com","created_on":"2025-11-25T07:54:24.599367Z","data":[],"hostname":"autodiscover.nexus-bc.com","id":"9241ba5adb68b4ef251e552ce876a945","metadata":{},"modified_on":"2026-01-28T11:56:41.776479Z","name":"autodiscover","priority":null,"proxiable":true,"proxied":false,"tags":[],"timeouts":null,"ttl":600,"type":"CNAME","value":null,"zone_id":"c25cdf17c701258014b8ba7b7d726a09"},"after":{"allow_overwrite":false,"comment":"AP Phillip Schleicher","content":"autodiscover.outlook.com","created_on":"2025-11-25T07:54:24.599367Z","data":[],"hostname":"autodiscover.nexus-bc.com","id":"9241ba5adb68b4ef251e552ce876a945","metadata":{},"modified_on":"2026-01-28T11:56:41.776479Z","name":"autodiscover","priority":null,"proxiable":true,"proxied":false,"tags":[],"timeouts":null,"ttl":600,"type":"CNAME","value":null,"zone_id":"c25cdf17c701258014b8ba7b7d726a09"},"after_unknown":{},"before_sensitive":{"data":[],"metadata":{},"tags":[]},"after_sensitive":{"data":[],"metadata":{},"tags":[]}}},{"address":"cloudflare_record.records_nexus_bc_com[\"CNAME_selector1._domainkey_af209c15fb5d34c5d8b9248128e4861c\"]","mode":"managed","type":"cloudflare_record","name":"records_nexus_bc_com","index":"CNAME_selector1._domainkey_af209c15fb5d34c5d8b9248128e4861c","provider_name":"registry.terraform.io/cloudflare/cloudflare","change":{"actions":["no-op"],"before":{"allow_overwrite":false,"comment":"AP Phillip Schleicher","content":"selector1-nexusbc-com01c._domainkey.valanticmore.onmicrosoft.com","created_on":"2025-11-25T07:54:23.647167Z","data":[],"hostname":"selector1._domainkey.nexus-bc.com","id":"fcc47db579fe68c80a07edaf2fa65757","metadata":{},"modified_on":"2026-01-28T11:56:42.483584Z","name":"selector1._domainkey","priority":null,"proxiable":false,"proxied":false,"tags":[],"timeouts":null,"ttl":600,"type":"CNAME","value":null,"zone_id":"c25cdf17c701258014b8ba7b7d726a09"},"after":{"allow_overwrite":false,"comment":"AP Phillip Schleicher","content":"selector1-nexusbc-com01c._domainkey.valanticmore.onmicrosoft.com","created_on":"2025-11-25T07:54:23.647167Z","data":[],"hostname":"selector1._domainkey.nexus-bc.com","id":"fcc47db579fe68c80a07edaf2fa65757","metadata":{},"modified_on":"2026-01-28T11:56:42.483584Z","name":"selector1._domainkey","priority":null,"proxiable":false,"proxied":false,"tags":[],"timeouts":null,"ttl":600,"type":"CNAME","value":null,"zone_id":"c25cdf17c701258014b8ba7b7d726a09"},"after_unknown":{},"before_sensitive":{"data":[],"metadata":{},"tags":[]},"after_sensitive":{"data":[],"metadata":{},"tags":[]}}},{"address":"cloudflare_record.records_nexus_bc_com[\"CNAME_selector2._domainkey_72f7e48f7b02918f7191ac63dfbedd11\"]","mode":"managed","type":"cloudflare_record","name":"records_nexus_bc_com","index":"CNAME_selector2._domainkey_72f7e48f7b02918f7191ac63dfbedd11","provider_name":"registry.terraform.io/cloudflare/cloudflare","change":{"actions":["no-op"],"before":{"allow_overwrite":false,"comment":"AP Phillip Schleicher","content":"selector2-nexusbc-com01c._domainkey.valanticmore.onmicrosoft.com","created_on":"2025-11-25T07:54:24.353808Z","data":[],"hostname":"selector2._domainkey.nexus-bc.com","id":"b16f35bb21dfe3ea78a7dc78915bc58d","metadata":{},"modified_on":"2026-01-28T11:56:41.288752Z","name":"selector2._domainkey","priority":null,"proxiable":false,"proxied":false,"tags":[],"timeouts":null,"ttl":600,"type":"CNAME","value":null,"zone_id":"c25cdf17c701258014b8ba7b7d726a09"},"after":{"allow_overwrite":false,"comment":"AP Phillip Schleicher","content":"selector2-nexusbc-com01c._domainkey.valanticmore.onmicrosoft.com","created_on":"2025-11-25T07:54:24.353808Z","data":[],"hostname":"selector2._domainkey.nexus-bc.com","id":"b16f35bb21dfe3ea78a7dc78915bc58d","metadata":{},"modified_on":"2026-01-28T11:56:41.288752Z","name":"selector2._domainkey","priority":null,"proxiable":false,"proxied":false,"tags":[],"timeouts":null,"ttl":600,"type":"CNAME","value":null,"zone_id":"c25cdf17c701258014b8ba7b7d726a09"},"after_unknown":{},"before_sensitive":{"data":[],"metadata":{},"tags":[]},"after_sensitive":{"data":[],"metadata":{},"tags":[]}}},{"address":"cloudflare_record.records_nexus_bc_com[\"MX_@_e2b640fff804c1f2347a02f051c4deb1\"]","mode":"managed","type":"cloudflare_record","name":"records_nexus_bc_com","index":"MX_@_e2b640fff804c1f2347a02f051c4deb1","provider_name":"registry.terraform.io/cloudflare/cloudflare","change":{"actions":["no-op"],"before":{"allow_overwrite":false,"comment":"AP Phillip Schleicher","content":"nexusbc-com01c.mail.protection.outlook.com","created_on":"2025-11-25T07:54:23.816016Z","data":[],"hostname":"nexus-bc.com","id":"f51360f111a357d87b28af1920f4e090","metadata":{},"modified_on":"2025-11-25T08:13:36.182419Z","name":"@","priority":0,"proxiable":false,"proxied":false,"tags":[],"timeouts":null,"ttl":600,"type":"MX","value":null,"zone_id":"c25cdf17c701258014b8ba7b7d726a09"},"after":{"allow_overwrite":false,"comment":"AP Phillip Schleicher","content":"nexusbc-com01c.mail.protection.outlook.com","created_on":"2025-11-25T07:54:23.816016Z","data":[],"hostname":"nexus-bc.com","id":"f51360f111a357d87b28af1920f4e090","metadata":{},"modified_on":"2025-11-25T08:13:36.182419Z","name":"@","priority":0,"proxiable":false,"proxied":false,"tags":[],"timeouts":null,"ttl":600,"type":"MX","value":null,"zone_id":"c25cdf17c701258014b8ba7b7d726a09"},"after_unknown":{},"before_sensitive":{"data":[],"metadata":{},"tags":[]},"after_sensitive":{"data":[],"metadata":{},"tags":[]}}},{"address":"cloudflare_record.records_nexus_bc_com[\"TXT_@_a48bab33800e9bcd81751c56e10b107d\"]","mode":"managed","type":"cloudflare_record","name":"records_nexus_bc_com","index":"TXT_@_a48bab33800e9bcd81751c56e10b107d","provider_name":"registry.terraform.io/cloudflare/cloudflare","change":{"actions":["no-op"],"before":{"allow_overwrite":false,"comment":"AP Phillip Schleicher","content":"v=spf1 include:spf.protection.outlook.com a ip4:83.246.107.19 ip4:83.246.107.20 ip4:83.246.107.150 +mx -all","created_on":"2025-11-25T07:54:23.479132Z","data":[],"hostname":"nexus-bc.com","id":"0a3e089034c361dd4650f430b669787f","metadata":{},"modified_on":"2025-11-25T07:54:23.479132Z","name":"@","priority":null,"proxiable":false,"proxied":false,"tags":[],"timeouts":null,"ttl":600,"type":"TXT","value":null,"zone_id":"c25cdf17c701258014b8ba7b7d726a09"},"after":{"allow_overwrite":false,"comment":"AP Phillip Schleicher","content":"v=spf1 include:spf.protection.outlook.com a ip4:83.246.107.19 ip4:83.246.107.20 ip4:83.246.107.150 +mx -all","created_on":"2025-11-25T07:54:23.479132Z","data":[],"hostname":"nexus-bc.com","id":"0a3e089034c361dd4650f430b669787f","metadata":{},"modified_on":"2025-11-25T07:54:23.479132Z","name":"@","priority":null,"proxiable":false,"proxied":false,"tags":[],"timeouts":null,"ttl":600,"type":"TXT","value":null,"zone_id":"c25cdf17c701258014b8ba7b7d726a09"},"after_unknown":{},"before_sensitive":{"data":[],"metadata":{},"tags":[]},"after_sensitive":{"data":[],"metadata":{},"tags":[]}}},{"address":"cloudflare_record.records_nexus_bc_com[\"TXT_@_fc77bb2f44e5ab1332d3969006a94d04\"]","mode":"managed","type":"cloudflare_record","name":"records_nexus_bc_com","index":"TXT_@_fc77bb2f44e5ab1332d3969006a94d04","provider_name":"registry.terraform.io/cloudflare/cloudflare","change":{"actions":["no-op"],"before":{"allow_overwrite":false,"comment":"AP Phillip Schleicher","content":"MS=ms97968100","created_on":"2025-11-25T08:13:36.153097Z","data":[],"hostname":"nexus-bc.com","id":"9fa9cca1b90db60e760c407c333ff706","metadata":{},"modified_on":"2025-11-25T08:13:36.153097Z","name":"@","priority":null,"proxiable":false,"proxied":false,"tags":[],"timeouts":null,"ttl":600,"type":"TXT","value":null,"zone_id":"c25cdf17c701258014b8ba7b7d726a09"},"after":{"allow_overwrite":false,"comment":"AP Phillip Schleicher","content":"MS=ms97968100","created_on":"2025-11-25T08:13:36.153097Z","data":[],"hostname":"nexus-bc.com","id":"9fa9cca1b90db60e760c407c333ff706","metadata":{},"modified_on":"2025-11-25T08:13:36.153097Z","name":"@","priority":null,"proxiable":false,"proxied":false,"tags":[],"timeouts":null,"ttl":600,"type":"TXT","value":null,"zone_id":"c25cdf17c701258014b8ba7b7d726a09"},"after_unknown":{},"before_sensitive":{"data":[],"metadata":{},"tags":[]},"after_sensitive":{"data":[],"metadata":{},"tags":[]}}},{"address":"cloudflare_record.records_nexus_bc_com[\"TXT__DMARC_db523acc4f22b1634ae20d47f3a4f946\"]","mode":"managed","type":"cloudflare_record","name":"records_nexus_bc_com","index":"TXT__DMARC_db523acc4f22b1634ae20d47f3a4f946","provider_name":"registry.terraform.io/cloudflare/cloudflare","change":{"actions":["no-op"],"before":{"allow_overwrite":false,"comment":"AP Phillip Schleicher","content":"v=DMARC1; p=none; rua=mailto:; ruf=mailto:it-admin@cec.valantic.com; fo=1","created_on":"2025-11-25T07:54:24.082942Z","data":[],"hostname":"_dmarc.nexus-bc.com","id":"9188c058b19fb0eda430c36216584035","metadata":{},"modified_on":"2025-11-25T07:54:24.082942Z","name":"_dmarc","priority":null,"proxiable":false,"proxied":false,"tags":[],"timeouts":null,"ttl":600,"type":"TXT","value":null,"zone_id":"c25cdf17c701258014b8ba7b7d726a09"},"after":{"allow_overwrite":false,"comment":"AP Phillip Schleicher","content":"v=DMARC1; p=none; rua=mailto:; ruf=mailto:it-admin@cec.valantic.com; fo=1","created_on":"2025-11-25T07:54:24.082942Z","data":[],"hostname":"_dmarc.nexus-bc.com","id":"9188c058b19fb0eda430c36216584035","metadata":{},"modified_on":"2025-11-25T07:54:24.082942Z","name":"_dmarc","priority":null,"proxiable":false,"proxied":false,"tags":[],"timeouts":null,"ttl":600,"type":"TXT","value":null,"zone_id":"c25cdf17c701258014b8ba7b7d726a09"},"after_unknown":{},"before_sensitive":{"data":[],"metadata":{},"tags":[]},"after_sensitive":{"data":[],"metadata":{},"tags":[]}}},{"address":"cloudflare_record.records_nxs360_com[\"CNAME_*.gitlab-pages_940886a906e9ed866abc08359041d9d8\"]","mode":"managed","type":"cloudflare_record","name":"records_nxs360_com","index":"CNAME_*.gitlab-pages_940886a906e9ed866abc08359041d9d8","provider_name":"registry.terraform.io/cloudflare/cloudflare","change":{"actions":["no-op"],"before":{"allow_overwrite":false,"comment":"AP Phillip Schleicher / Gitlab pages","content":"public.hosting.vcec.cloud","created_on":"2025-02-16T06:26:53.287697Z","data":[],"hostname":"*.gitlab-pages.nxs360.com","id":"fd02c898322902ef0ad411c1e824f9e5","metadata":{},"modified_on":"2026-01-28T11:56:36.863579Z","name":"*.gitlab-pages","priority":null,"proxiable":true,"proxied":false,"tags":["tf-managed"],"timeouts":null,"ttl":600,"type":"CNAME","value":null,"zone_id":"4eab5390df3dc34f653bf659c5f8b5c0"},"after":{"allow_overwrite":false,"comment":"AP Phillip Schleicher / Gitlab pages","content":"public.hosting.vcec.cloud","created_on":"2025-02-16T06:26:53.287697Z","data":[],"hostname":"*.gitlab-pages.nxs360.com","id":"fd02c898322902ef0ad411c1e824f9e5","metadata":{},"modified_on":"2026-01-28T11:56:36.863579Z","name":"*.gitlab-pages","priority":null,"proxiable":true,"proxied":false,"tags":["tf-managed"],"timeouts":null,"ttl":600,"type":"CNAME","value":null,"zone_id":"4eab5390df3dc34f653bf659c5f8b5c0"},"after_unknown":{},"before_sensitive":{"data":[],"metadata":{},"tags":[false]},"after_sensitive":{"data":[],"metadata":{},"tags":[false]}}},{"address":"cloudflare_record.records_nxs360_com[\"CNAME_*.r.gitlab_940886a906e9ed866abc08359041d9d8\"]","mode":"managed","type":"cloudflare_record","name":"records_nxs360_com","index":"CNAME_*.r.gitlab_940886a906e9ed866abc08359041d9d8","provider_name":"registry.terraform.io/cloudflare/cloudflare","change":{"actions":["no-op"],"before":{"allow_overwrite":false,"comment":"AP Phillip Schleicher","content":"public.hosting.vcec.cloud","created_on":"2026-01-17T11:43:52.522986Z","data":[],"hostname":"*.r.gitlab.nxs360.com","id":"5d4b6f669d9d505c536d0c6e8d72541f","metadata":{},"modified_on":"2026-01-28T11:56:38.223948Z","name":"*.r.gitlab","priority":null,"proxiable":true,"proxied":false,"tags":["tf-managed"],"timeouts":null,"ttl":600,"type":"CNAME","value":null,"zone_id":"4eab5390df3dc34f653bf659c5f8b5c0"},"after":{"allow_overwrite":false,"comment":"AP Phillip Schleicher","content":"public.hosting.vcec.cloud","created_on":"2026-01-17T11:43:52.522986Z","data":[],"hostname":"*.r.gitlab.nxs360.com","id":"5d4b6f669d9d505c536d0c6e8d72541f","metadata":{},"modified_on":"2026-01-28T11:56:38.223948Z","name":"*.r.gitlab","priority":null,"proxiable":true,"proxied":false,"tags":["tf-managed"],"timeouts":null,"ttl":600,"type":"CNAME","value":null,"zone_id":"4eab5390df3dc34f653bf659c5f8b5c0"},"after_unknown":{},"before_sensitive":{"data":[],"metadata":{},"tags":[false]},"after_sensitive":{"data":[],"metadata":{},"tags":[false]}}},{"address":"cloudflare_record.records_nxs360_com[\"CNAME_files_94add1be5e483b391d269402cc52a8ee\"]","mode":"managed","type":"cloudflare_record","name":"records_nxs360_com","index":"CNAME_files_94add1be5e483b391d269402cc52a8ee","provider_name":"registry.terraform.io/cloudflare/cloudflare","change":{"actions":["no-op"],"before":{"allow_overwrite":false,"comment":"AP Phillip Schleicher","content":"hosting.vcec.cloud","created_on":"2024-07-29T11:39:27.52872Z","data":[],"hostname":"files.nxs360.com","id":"86ea397cccfcd59a3b25592cbb1d13eb","metadata":{},"modified_on":"2026-01-28T11:56:38.019887Z","name":"files","priority":null,"proxiable":true,"proxied":true,"tags":["tf-managed"],"timeouts":null,"ttl":1,"type":"CNAME","value":null,"zone_id":"4eab5390df3dc34f653bf659c5f8b5c0"},"after":{"allow_overwrite":false,"comment":"AP Phillip Schleicher","content":"hosting.vcec.cloud","created_on":"2024-07-29T11:39:27.52872Z","data":[],"hostname":"files.nxs360.com","id":"86ea397cccfcd59a3b25592cbb1d13eb","metadata":{},"modified_on":"2026-01-28T11:56:38.019887Z","name":"files","priority":null,"proxiable":true,"proxied":true,"tags":["tf-managed"],"timeouts":null,"ttl":1,"type":"CNAME","value":null,"zone_id":"4eab5390df3dc34f653bf659c5f8b5c0"},"after_unknown":{},"before_sensitive":{"data":[],"metadata":{},"tags":[false]},"after_sensitive":{"data":[],"metadata":{},"tags":[false]}}},{"address":"cloudflare_record.records_nxs360_com[\"CNAME_git.gitlab_940886a906e9ed866abc08359041d9d8\"]","mode":"managed","type":"cloudflare_record","name":"records_nxs360_com","index":"CNAME_git.gitlab_940886a906e9ed866abc08359041d9d8","provider_name":"registry.terraform.io/cloudflare/cloudflare","change":{"actions":["no-op"],"before":{"allow_overwrite":false,"comment":"AP Phillip Schleicher / Git clone via HTTPS","content":"public.hosting.vcec.cloud","created_on":"2025-02-16T06:26:53.040387Z","data":[],"hostname":"git.gitlab.nxs360.com","id":"654e5b4fdfd6d9a486aff0d28deeb3a8","metadata":{},"modified_on":"2026-01-28T11:56:37.557615Z","name":"git.gitlab","priority":null,"proxiable":true,"proxied":false,"tags":["tf-managed"],"timeouts":null,"ttl":600,"type":"CNAME","value":null,"zone_id":"4eab5390df3dc34f653bf659c5f8b5c0"},"after":{"allow_overwrite":false,"comment":"AP Phillip Schleicher / Git clone via HTTPS","content":"public.hosting.vcec.cloud","created_on":"2025-02-16T06:26:53.040387Z","data":[],"hostname":"git.gitlab.nxs360.com","id":"654e5b4fdfd6d9a486aff0d28deeb3a8","metadata":{},"modified_on":"2026-01-28T11:56:37.557615Z","name":"git.gitlab","priority":null,"proxiable":true,"proxied":false,"tags":["tf-managed"],"timeouts":null,"ttl":600,"type":"CNAME","value":null,"zone_id":"4eab5390df3dc34f653bf659c5f8b5c0"},"after_unknown":{},"before_sensitive":{"data":[],"metadata":{},"tags":[false]},"after_sensitive":{"data":[],"metadata":{},"tags":[false]}}},{"address":"cloudflare_record.records_nxs360_com[\"CNAME_gitlab_940886a906e9ed866abc08359041d9d8\"]","mode":"managed","type":"cloudflare_record","name":"records_nxs360_com","index":"CNAME_gitlab_940886a906e9ed866abc08359041d9d8","provider_name":"registry.terraform.io/cloudflare/cloudflare","change":{"actions":["no-op"],"before":{"allow_overwrite":false,"comment":"AP Phillip Schleicher","content":"public.hosting.vcec.cloud","created_on":"2025-02-16T06:26:52.990876Z","data":[],"hostname":"gitlab.nxs360.com","id":"6d2468e661125584b2225ae52c11ac68","metadata":{},"modified_on":"2026-01-28T11:56:37.300105Z","name":"gitlab","priority":null,"proxiable":true,"proxied":false,"tags":["tf-managed"],"timeouts":null,"ttl":600,"type":"CNAME","value":null,"zone_id":"4eab5390df3dc34f653bf659c5f8b5c0"},"after":{"allow_overwrite":false,"comment":"AP Phillip Schleicher","content":"public.hosting.vcec.cloud","created_on":"2025-02-16T06:26:52.990876Z","data":[],"hostname":"gitlab.nxs360.com","id":"6d2468e661125584b2225ae52c11ac68","metadata":{},"modified_on":"2026-01-28T11:56:37.300105Z","name":"gitlab","priority":null,"proxiable":true,"proxied":false,"tags":["tf-managed"],"timeouts":null,"ttl":600,"type":"CNAME","value":null,"zone_id":"4eab5390df3dc34f653bf659c5f8b5c0"},"after_unknown":{},"before_sensitive":{"data":[],"metadata":{},"tags":[false]},"after_sensitive":{"data":[],"metadata":{},"tags":[false]}}},{"address":"cloudflare_record.records_nxs360_com[\"CNAME_jenkins-qa_94add1be5e483b391d269402cc52a8ee\"]","mode":"managed","type":"cloudflare_record","name":"records_nxs360_com","index":"CNAME_jenkins-qa_94add1be5e483b391d269402cc52a8ee","provider_name":"registry.terraform.io/cloudflare/cloudflare","change":{"actions":["no-op"],"before":{"allow_overwrite":false,"comment":"AP Michael Blum / Martin Sehlleier | QA Jenkins","content":"hosting.vcec.cloud","created_on":"2025-06-04T18:11:57.379028Z","data":[],"hostname":"jenkins-qa.nxs360.com","id":"e4e8cff4c2336151827e37bf94648146","metadata":{},"modified_on":"2026-01-28T11:56:41.566476Z","name":"jenkins-qa","priority":null,"proxiable":true,"proxied":true,"tags":["tf-managed"],"timeouts":null,"ttl":1,"type":"CNAME","value":null,"zone_id":"4eab5390df3dc34f653bf659c5f8b5c0"},"after":{"allow_overwrite":false,"comment":"AP Michael Blum / Martin Sehlleier | QA Jenkins","content":"hosting.vcec.cloud","created_on":"2025-06-04T18:11:57.379028Z","data":[],"hostname":"jenkins-qa.nxs360.com","id":"e4e8cff4c2336151827e37bf94648146","metadata":{},"modified_on":"2026-01-28T11:56:41.566476Z","name":"jenkins-qa","priority":null,"proxiable":true,"proxied":true,"tags":["tf-managed"],"timeouts":null,"ttl":1,"type":"CNAME","value":null,"zone_id":"4eab5390df3dc34f653bf659c5f8b5c0"},"after_unknown":{},"before_sensitive":{"data":[],"metadata":{},"tags":[false]},"after_sensitive":{"data":[],"metadata":{},"tags":[false]}}},{"address":"cloudflare_record.records_nxs360_com[\"CNAME_mattermost_94add1be5e483b391d269402cc52a8ee\"]","mode":"managed","type":"cloudflare_record","name":"records_nxs360_com","index":"CNAME_mattermost_94add1be5e483b391d269402cc52a8ee","provider_name":"registry.terraform.io/cloudflare/cloudflare","change":{"actions":["no-op"],"before":{"allow_overwrite":false,"comment":"AP Phillip Schleicher","content":"hosting.vcec.cloud","created_on":"2022-11-18T12:17:00.365896Z","data":[],"hostname":"mattermost.nxs360.com","id":"aed6fe1da40c45e7676471e101bf3e46","metadata":{},"modified_on":"2026-01-28T11:56:37.936598Z","name":"mattermost","priority":null,"proxiable":true,"proxied":false,"tags":["tf-managed"],"timeouts":null,"ttl":600,"type":"CNAME","value":null,"zone_id":"4eab5390df3dc34f653bf659c5f8b5c0"},"after":{"allow_overwrite":false,"comment":"AP Phillip Schleicher","content":"hosting.vcec.cloud","created_on":"2022-11-18T12:17:00.365896Z","data":[],"hostname":"mattermost.nxs360.com","id":"aed6fe1da40c45e7676471e101bf3e46","metadata":{},"modified_on":"2026-01-28T11:56:37.936598Z","name":"mattermost","priority":null,"proxiable":true,"proxied":false,"tags":["tf-managed"],"timeouts":null,"ttl":600,"type":"CNAME","value":null,"zone_id":"4eab5390df3dc34f653bf659c5f8b5c0"},"after_unknown":{},"before_sensitive":{"data":[],"metadata":{},"tags":[false]},"after_sensitive":{"data":[],"metadata":{},"tags":[false]}}},{"address":"cloudflare_record.records_nxs360_com[\"CNAME_registry.gitlab_940886a906e9ed866abc08359041d9d8\"]","mode":"managed","type":"cloudflare_record","name":"records_nxs360_com","index":"CNAME_registry.gitlab_940886a906e9ed866abc08359041d9d8","provider_name":"registry.terraform.io/cloudflare/cloudflare","change":{"actions":["no-op"],"before":{"allow_overwrite":false,"comment":"AP Phillip Schleicher / Gitlab Docker registry","content":"public.hosting.vcec.cloud","created_on":"2025-02-16T06:26:53.513831Z","data":[],"hostname":"registry.gitlab.nxs360.com","id":"24c456ed5513534f97e9dcb5dd0e7fad","metadata":{},"modified_on":"2026-01-28T11:56:36.678439Z","name":"registry.gitlab","priority":null,"proxiable":true,"proxied":false,"tags":["tf-managed"],"timeouts":null,"ttl":600,"type":"CNAME","value":null,"zone_id":"4eab5390df3dc34f653bf659c5f8b5c0"},"after":{"allow_overwrite":false,"comment":"AP Phillip Schleicher / Gitlab Docker registry","content":"public.hosting.vcec.cloud","created_on":"2025-02-16T06:26:53.513831Z","data":[],"hostname":"registry.gitlab.nxs360.com","id":"24c456ed5513534f97e9dcb5dd0e7fad","metadata":{},"modified_on":"2026-01-28T11:56:36.678439Z","name":"registry.gitlab","priority":null,"proxiable":true,"proxied":false,"tags":["tf-managed"],"timeouts":null,"ttl":600,"type":"CNAME","value":null,"zone_id":"4eab5390df3dc34f653bf659c5f8b5c0"},"after_unknown":{},"before_sensitive":{"data":[],"metadata":{},"tags":[false]},"after_sensitive":{"data":[],"metadata":{},"tags":[false]}}},{"address":"cloudflare_record.records_nxs360_com[\"CNAME_sentry-cdn_94add1be5e483b391d269402cc52a8ee\"]","mode":"managed","type":"cloudflare_record","name":"records_nxs360_com","index":"CNAME_sentry-cdn_94add1be5e483b391d269402cc52a8ee","provider_name":"registry.terraform.io/cloudflare/cloudflare","change":{"actions":["no-op"],"before":{"allow_overwrite":false,"comment":"AP Phillip Schleicher","content":"hosting.vcec.cloud","created_on":"2024-06-27T09:08:48.147588Z","data":[],"hostname":"sentry-cdn.nxs360.com","id":"01c5c87ba4bd56bec28ce0beec7ff8b5","metadata":{},"modified_on":"2026-01-28T11:56:37.023239Z","name":"sentry-cdn","priority":null,"proxiable":true,"proxied":true,"tags":["tf-managed"],"timeouts":null,"ttl":1,"type":"CNAME","value":null,"zone_id":"4eab5390df3dc34f653bf659c5f8b5c0"},"after":{"allow_overwrite":false,"comment":"AP Phillip Schleicher","content":"hosting.vcec.cloud","created_on":"2024-06-27T09:08:48.147588Z","data":[],"hostname":"sentry-cdn.nxs360.com","id":"01c5c87ba4bd56bec28ce0beec7ff8b5","metadata":{},"modified_on":"2026-01-28T11:56:37.023239Z","name":"sentry-cdn","priority":null,"proxiable":true,"proxied":true,"tags":["tf-managed"],"timeouts":null,"ttl":1,"type":"CNAME","value":null,"zone_id":"4eab5390df3dc34f653bf659c5f8b5c0"},"after_unknown":{},"before_sensitive":{"data":[],"metadata":{},"tags":[false]},"after_sensitive":{"data":[],"metadata":{},"tags":[false]}}},{"address":"cloudflare_record.records_nxs360_com[\"CNAME_sentry_94add1be5e483b391d269402cc52a8ee\"]","mode":"managed","type":"cloudflare_record","name":"records_nxs360_com","index":"CNAME_sentry_94add1be5e483b391d269402cc52a8ee","provider_name":"registry.terraform.io/cloudflare/cloudflare","change":{"actions":["no-op"],"before":{"allow_overwrite":false,"comment":"AP Phillip Schleicher","content":"hosting.vcec.cloud","created_on":"2022-11-18T12:16:59.825995Z","data":[],"hostname":"sentry.nxs360.com","id":"12ede043d957ddbbfd27e34ca975e6f2","metadata":{},"modified_on":"2026-01-28T11:56:36.788181Z","name":"sentry","priority":null,"proxiable":true,"proxied":true,"tags":["tf-managed"],"timeouts":null,"ttl":1,"type":"CNAME","value":null,"zone_id":"4eab5390df3dc34f653bf659c5f8b5c0"},"after":{"allow_overwrite":false,"comment":"AP Phillip Schleicher","content":"hosting.vcec.cloud","created_on":"2022-11-18T12:16:59.825995Z","data":[],"hostname":"sentry.nxs360.com","id":"12ede043d957ddbbfd27e34ca975e6f2","metadata":{},"modified_on":"2026-01-28T11:56:36.788181Z","name":"sentry","priority":null,"proxiable":true,"proxied":true,"tags":["tf-managed"],"timeouts":null,"ttl":1,"type":"CNAME","value":null,"zone_id":"4eab5390df3dc34f653bf659c5f8b5c0"},"after_unknown":{},"before_sensitive":{"data":[],"metadata":{},"tags":[false]},"after_sensitive":{"data":[],"metadata":{},"tags":[false]}}},{"address":"cloudflare_record.records_vcec_cloud[\"A_api.poc.gcp_55ea51c6575deec48d623272aa65a40a\"]","mode":"managed","type":"cloudflare_record","name":"records_vcec_cloud","index":"A_api.poc.gcp_55ea51c6575deec48d623272aa65a40a","provider_name":"registry.terraform.io/cloudflare/cloudflare","change":{"actions":["no-op"],"before":{"allow_overwrite":false,"comment":"AP Phillip Schleicher","content":"34.149.114.83","created_on":"2025-12-05T08:29:00.943689Z","data":[],"hostname":"api.poc.gcp.vcec.cloud","id":"842b6d9fa55b08fb50bedd6974164bd1","metadata":{},"modified_on":"2025-12-05T08:29:00.943689Z","name":"api.poc.gcp","priority":null,"proxiable":true,"proxied":false,"tags":["tf-managed"],"timeouts":null,"ttl":600,"type":"A","value":null,"zone_id":"09e62c791da990d8ebbf1a531d1d3efa"},"after":{"allow_overwrite":false,"comment":"AP Phillip Schleicher","content":"34.149.114.83","created_on":"2025-12-05T08:29:00.943689Z","data":[],"hostname":"api.poc.gcp.vcec.cloud","id":"842b6d9fa55b08fb50bedd6974164bd1","metadata":{},"modified_on":"2025-12-05T08:29:00.943689Z","name":"api.poc.gcp","priority":null,"proxiable":true,"proxied":false,"tags":["tf-managed"],"timeouts":null,"ttl":600,"type":"A","value":null,"zone_id":"09e62c791da990d8ebbf1a531d1d3efa"},"after_unknown":{},"before_sensitive":{"data":[],"metadata":{},"tags":[false]},"after_sensitive":{"data":[],"metadata":{},"tags":[false]}}},{"address":"cloudflare_record.records_vcec_cloud[\"A_backend.cx-service-map_d62c7c4b1c46b35e3a14e770fca506c3\"]","mode":"managed","type":"cloudflare_record","name":"records_vcec_cloud","index":"A_backend.cx-service-map_d62c7c4b1c46b35e3a14e770fca506c3","provider_name":"registry.terraform.io/cloudflare/cloudflare","change":{"actions":["no-op"],"before":{"allow_overwrite":false,"comment":"stefan.maier@dxa.valantic.com / #56854418","content":"188.245.146.171","created_on":"2025-01-31T12:16:48.751225Z","data":[],"hostname":"backend.cx-service-map.vcec.cloud","id":"e094d5e2be3a599da77cf9cc58e9b317","metadata":{},"modified_on":"2025-01-31T12:16:48.751225Z","name":"backend.cx-service-map","priority":null,"proxiable":true,"proxied":false,"tags":["tf-managed"],"timeouts":null,"ttl":60,"type":"A","value":null,"zone_id":"09e62c791da990d8ebbf1a531d1d3efa"},"after":{"allow_overwrite":false,"comment":"stefan.maier@dxa.valantic.com / #56854418","content":"188.245.146.171","created_on":"2025-01-31T12:16:48.751225Z","data":[],"hostname":"backend.cx-service-map.vcec.cloud","id":"e094d5e2be3a599da77cf9cc58e9b317","metadata":{},"modified_on":"2025-01-31T12:16:48.751225Z","name":"backend.cx-service-map","priority":null,"proxiable":true,"proxied":false,"tags":["tf-managed"],"timeouts":null,"ttl":60,"type":"A","value":null,"zone_id":"09e62c791da990d8ebbf1a531d1d3efa"},"after_unknown":{},"before_sensitive":{"data":[],"metadata":{},"tags":[false]},"after_sensitive":{"data":[],"metadata":{},"tags":[false]}}},{"address":"cloudflare_record.records_vcec_cloud[\"A_cx-service-map_d62c7c4b1c46b35e3a14e770fca506c3\"]","mode":"managed","type":"cloudflare_record","name":"records_vcec_cloud","index":"A_cx-service-map_d62c7c4b1c46b35e3a14e770fca506c3","provider_name":"registry.terraform.io/cloudflare/cloudflare","change":{"actions":["no-op"],"before":{"allow_overwrite":false,"comment":"stefan.maier@dxa.valantic.com / #56854418","content":"188.245.146.171","created_on":"2025-01-31T12:16:49.220253Z","data":[],"hostname":"cx-service-map.vcec.cloud","id":"0521bbdd6bc6c47f8ee09e5afaca3dbd","metadata":{},"modified_on":"2025-01-31T12:16:49.220253Z","name":"cx-service-map","priority":null,"proxiable":true,"proxied":false,"tags":["tf-managed"],"timeouts":null,"ttl":60,"type":"A","value":null,"zone_id":"09e62c791da990d8ebbf1a531d1d3efa"},"after":{"allow_overwrite":false,"comment":"stefan.maier@dxa.valantic.com / #56854418","content":"188.245.146.171","created_on":"2025-01-31T12:16:49.220253Z","data":[],"hostname":"cx-service-map.vcec.cloud","id":"0521bbdd6bc6c47f8ee09e5afaca3dbd","metadata":{},"modified_on":"2025-01-31T12:16:49.220253Z","name":"cx-service-map","priority":null,"proxiable":true,"proxied":false,"tags":["tf-managed"],"timeouts":null,"ttl":60,"type":"A","value":null,"zone_id":"09e62c791da990d8ebbf1a531d1d3efa"},"after_unknown":{},"before_sensitive":{"data":[],"metadata":{},"tags":[false]},"after_sensitive":{"data":[],"metadata":{},"tags":[false]}}},{"address":"cloudflare_record.records_vcec_cloud[\"A_hosting_f6ea607082fb5f82e4bc92e82aa2b85a\"]","mode":"managed","type":"cloudflare_record","name":"records_vcec_cloud","index":"A_hosting_f6ea607082fb5f82e4bc92e82aa2b85a","provider_name":"registry.terraform.io/cloudflare/cloudflare","change":{"actions":["no-op"],"before":{"allow_overwrite":false,"comment":"AP Phillip Schleicher / Main firewall / IP whitelisted access","content":"46.38.247.4","created_on":"2024-07-22T19:40:27.058169Z","data":[],"hostname":"hosting.vcec.cloud","id":"f4ae2b62e738c9b0527b87d854e8528b","metadata":{},"modified_on":"2025-02-16T06:25:05.248401Z","name":"hosting","priority":null,"proxiable":true,"proxied":false,"tags":["tf-managed"],"timeouts":null,"ttl":600,"type":"A","value":null,"zone_id":"09e62c791da990d8ebbf1a531d1d3efa"},"after":{"allow_overwrite":false,"comment":"AP Phillip Schleicher / Main firewall / IP whitelisted access","content":"46.38.247.4","created_on":"2024-07-22T19:40:27.058169Z","data":[],"hostname":"hosting.vcec.cloud","id":"f4ae2b62e738c9b0527b87d854e8528b","metadata":{},"modified_on":"2025-02-16T06:25:05.248401Z","name":"hosting","priority":null,"proxiable":true,"proxied":false,"tags":["tf-managed"],"timeouts":null,"ttl":600,"type":"A","value":null,"zone_id":"09e62c791da990d8ebbf1a531d1d3efa"},"after_unknown":{},"before_sensitive":{"data":[],"metadata":{},"tags":[false]},"after_sensitive":{"data":[],"metadata":{},"tags":[false]}}},{"address":"cloudflare_record.records_vcec_cloud[\"A_input.monit.hosting_682f426d4893012fc3c215138c7c631a\"]","mode":"managed","type":"cloudflare_record","name":"records_vcec_cloud","index":"A_input.monit.hosting_682f426d4893012fc3c215138c7c631a","provider_name":"registry.terraform.io/cloudflare/cloudflare","change":{"actions":["no-op"],"before":{"allow_overwrite":false,"comment":"AP Martin Sehlleier | OpenSearch Log Monitoring Input","content":"10.68.1.10","created_on":"2025-07-17T11:31:33.167517Z","data":[],"hostname":"input.monit.hosting.vcec.cloud","id":"ff0bf4f88276c285115b81e9d5cbfacb","metadata":{},"modified_on":"2025-07-17T11:31:33.167517Z","name":"input.monit.hosting","priority":null,"proxiable":false,"proxied":false,"tags":["tf-managed"],"timeouts":null,"ttl":600,"type":"A","value":null,"zone_id":"09e62c791da990d8ebbf1a531d1d3efa"},"after":{"allow_overwrite":false,"comment":"AP Martin Sehlleier | OpenSearch Log Monitoring Input","content":"10.68.1.10","created_on":"2025-07-17T11:31:33.167517Z","data":[],"hostname":"input.monit.hosting.vcec.cloud","id":"ff0bf4f88276c285115b81e9d5cbfacb","metadata":{},"modified_on":"2025-07-17T11:31:33.167517Z","name":"input.monit.hosting","priority":null,"proxiable":false,"proxied":false,"tags":["tf-managed"],"timeouts":null,"ttl":600,"type":"A","value":null,"zone_id":"09e62c791da990d8ebbf1a531d1d3efa"},"after_unknown":{},"before_sensitive":{"data":[],"metadata":{},"tags":[false]},"after_sensitive":{"data":[],"metadata":{},"tags":[false]}}},{"address":"cloudflare_record.records_vcec_cloud[\"A_lobster-cluster_30a153c7994572497c64ba9d248d6bf5\"]","mode":"managed","type":"cloudflare_record","name":"records_vcec_cloud","index":"A_lobster-cluster_30a153c7994572497c64ba9d248d6bf5","provider_name":"registry.terraform.io/cloudflare/cloudflare","change":{"actions":["no-op"],"before":{"allow_overwrite":false,"comment":"AP Joerg Leigers / #68234526","content":"45.90.6.71","created_on":"2025-11-07T19:03:51.868567Z","data":[],"hostname":"lobster-cluster.vcec.cloud","id":"727492ce80f2bdc2831f96b268b71742","metadata":{},"modified_on":"2025-11-07T19:03:51.868567Z","name":"lobster-cluster","priority":null,"proxiable":true,"proxied":false,"tags":["tf-managed"],"timeouts":null,"ttl":600,"type":"A","value":null,"zone_id":"09e62c791da990d8ebbf1a531d1d3efa"},"after":{"allow_overwrite":false,"comment":"AP Joerg Leigers / #68234526","content":"45.90.6.71","created_on":"2025-11-07T19:03:51.868567Z","data":[],"hostname":"lobster-cluster.vcec.cloud","id":"727492ce80f2bdc2831f96b268b71742","metadata":{},"modified_on":"2025-11-07T19:03:51.868567Z","name":"lobster-cluster","priority":null,"proxiable":true,"proxied":false,"tags":["tf-managed"],"timeouts":null,"ttl":600,"type":"A","value":null,"zone_id":"09e62c791da990d8ebbf1a531d1d3efa"},"after_unknown":{},"before_sensitive":{"data":[],"metadata":{},"tags":[false]},"after_sensitive":{"data":[],"metadata":{},"tags":[false]}}},{"address":"cloudflare_record.records_vcec_cloud[\"A_lobster-cluster_64ac4a994acab032756cc4fc2e919a36\"]","mode":"managed","type":"cloudflare_record","name":"records_vcec_cloud","index":"A_lobster-cluster_64ac4a994acab032756cc4fc2e919a36","provider_name":"registry.terraform.io/cloudflare/cloudflare","change":{"actions":["no-op"],"before":{"allow_overwrite":false,"comment":"AP Joerg Leigers / #68234526","content":"45.90.6.70","created_on":"2025-11-07T19:03:51.729303Z","data":[],"hostname":"lobster-cluster.vcec.cloud","id":"fb5e1552477c91ae6f662d534d1955d2","metadata":{},"modified_on":"2025-11-07T19:03:51.729303Z","name":"lobster-cluster","priority":null,"proxiable":true,"proxied":false,"tags":["tf-managed"],"timeouts":null,"ttl":600,"type":"A","value":null,"zone_id":"09e62c791da990d8ebbf1a531d1d3efa"},"after":{"allow_overwrite":false,"comment":"AP Joerg Leigers / #68234526","content":"45.90.6.70","created_on":"2025-11-07T19:03:51.729303Z","data":[],"hostname":"lobster-cluster.vcec.cloud","id":"fb5e1552477c91ae6f662d534d1955d2","metadata":{},"modified_on":"2025-11-07T19:03:51.729303Z","name":"lobster-cluster","priority":null,"proxiable":true,"proxied":false,"tags":["tf-managed"],"timeouts":null,"ttl":600,"type":"A","value":null,"zone_id":"09e62c791da990d8ebbf1a531d1d3efa"},"after_unknown":{},"before_sensitive":{"data":[],"metadata":{},"tags":[false]},"after_sensitive":{"data":[],"metadata":{},"tags":[false]}}},{"address":"cloudflare_record.records_vcec_cloud[\"A_odin.hosting_dcf0bc07a45335be440a0607daf567bb\"]","mode":"managed","type":"cloudflare_record","name":"records_vcec_cloud","index":"A_odin.hosting_dcf0bc07a45335be440a0607daf567bb","provider_name":"registry.terraform.io/cloudflare/cloudflare","change":{"actions":["no-op"],"before":{"allow_overwrite":false,"comment":"AP Valentin Vlasov / ClientVPN","content":"45.90.6.78","created_on":"2025-02-15T10:45:49.063291Z","data":[],"hostname":"odin.hosting.vcec.cloud","id":"704b69c9112e031c950d6b93839857ec","metadata":{},"modified_on":"2025-02-15T10:45:49.063291Z","name":"odin.hosting","priority":null,"proxiable":true,"proxied":false,"tags":["tf-managed"],"timeouts":null,"ttl":600,"type":"A","value":null,"zone_id":"09e62c791da990d8ebbf1a531d1d3efa"},"after":{"allow_overwrite":false,"comment":"AP Valentin Vlasov / ClientVPN","content":"45.90.6.78","created_on":"2025-02-15T10:45:49.063291Z","data":[],"hostname":"odin.hosting.vcec.cloud","id":"704b69c9112e031c950d6b93839857ec","metadata":{},"modified_on":"2025-02-15T10:45:49.063291Z","name":"odin.hosting","priority":null,"proxiable":true,"proxied":false,"tags":["tf-managed"],"timeouts":null,"ttl":600,"type":"A","value":null,"zone_id":"09e62c791da990d8ebbf1a531d1d3efa"},"after_unknown":{},"before_sensitive":{"data":[],"metadata":{},"tags":[false]},"after_sensitive":{"data":[],"metadata":{},"tags":[false]}}},{"address":"cloudflare_record.records_vcec_cloud[\"A_prod.cust-benz_5fab88c28d698e075998cd004ab55313\"]","mode":"managed","type":"cloudflare_record","name":"records_vcec_cloud","index":"A_prod.cust-benz_5fab88c28d698e075998cd004ab55313","provider_name":"registry.terraform.io/cloudflare/cloudflare","change":{"actions":["no-op"],"before":{"allow_overwrite":false,"comment":"AP Zoia Funtasova / Phillip Schleicher","content":"213.133.107.23","created_on":"2025-06-05T11:55:47.430867Z","data":[],"hostname":"prod.cust-benz.vcec.cloud","id":"47298bab73e48c58e14fe4a5c9a9997e","metadata":{},"modified_on":"2025-06-05T11:55:47.430867Z","name":"prod.cust-benz","priority":null,"proxiable":true,"proxied":false,"tags":["tf-managed"],"timeouts":null,"ttl":600,"type":"A","value":null,"zone_id":"09e62c791da990d8ebbf1a531d1d3efa"},"after":{"allow_overwrite":false,"comment":"AP Zoia Funtasova / Phillip Schleicher","content":"213.133.107.23","created_on":"2025-06-05T11:55:47.430867Z","data":[],"hostname":"prod.cust-benz.vcec.cloud","id":"47298bab73e48c58e14fe4a5c9a9997e","metadata":{},"modified_on":"2025-06-05T11:55:47.430867Z","name":"prod.cust-benz","priority":null,"proxiable":true,"proxied":false,"tags":["tf-managed"],"timeouts":null,"ttl":600,"type":"A","value":null,"zone_id":"09e62c791da990d8ebbf1a531d1d3efa"},"after_unknown":{},"before_sensitive":{"data":[],"metadata":{},"tags":[false]},"after_sensitive":{"data":[],"metadata":{},"tags":[false]}}},{"address":"cloudflare_record.records_vcec_cloud[\"A_prod.cust-fitzner_403e8b6cdcd2677d3050a822ed69643f\"]","mode":"managed","type":"cloudflare_record","name":"records_vcec_cloud","index":"A_prod.cust-fitzner_403e8b6cdcd2677d3050a822ed69643f","provider_name":"registry.terraform.io/cloudflare/cloudflare","change":{"actions":["no-op"],"before":{"allow_overwrite":false,"comment":"AP Martin Sehlleier","content":"37.228.155.191","created_on":"2025-09-17T16:15:31.189109Z","data":[],"hostname":"prod.cust-fitzner.vcec.cloud","id":"b5cc3c896dc0b3f957879eb46f69ab84","metadata":{},"modified_on":"2025-09-17T16:15:31.189109Z","name":"prod.cust-fitzner","priority":null,"proxiable":true,"proxied":false,"tags":["tf-managed"],"timeouts":null,"ttl":600,"type":"A","value":null,"zone_id":"09e62c791da990d8ebbf1a531d1d3efa"},"after":{"allow_overwrite":false,"comment":"AP Martin Sehlleier","content":"37.228.155.191","created_on":"2025-09-17T16:15:31.189109Z","data":[],"hostname":"prod.cust-fitzner.vcec.cloud","id":"b5cc3c896dc0b3f957879eb46f69ab84","metadata":{},"modified_on":"2025-09-17T16:15:31.189109Z","name":"prod.cust-fitzner","priority":null,"proxiable":true,"proxied":false,"tags":["tf-managed"],"timeouts":null,"ttl":600,"type":"A","value":null,"zone_id":"09e62c791da990d8ebbf1a531d1d3efa"},"after_unknown":{},"before_sensitive":{"data":[],"metadata":{},"tags":[false]},"after_sensitive":{"data":[],"metadata":{},"tags":[false]}}},{"address":"cloudflare_record.records_vcec_cloud[\"A_prod.cust-kleinsorge_7aa1435394b6eac28ddff4c4b2d5590c\"]","mode":"managed","type":"cloudflare_record","name":"records_vcec_cloud","index":"A_prod.cust-kleinsorge_7aa1435394b6eac28ddff4c4b2d5590c","provider_name":"registry.terraform.io/cloudflare/cloudflare","change":{"actions":["no-op"],"before":{"allow_overwrite":false,"comment":"AP Martin Sehlleier","content":"91.151.21.141","created_on":"2025-10-14T15:29:43.248666Z","data":[],"hostname":"prod.cust-kleinsorge.vcec.cloud","id":"cabb5ea1eec957d5262c1b8118ba3a9f","metadata":{},"modified_on":"2025-10-14T15:29:43.248666Z","name":"prod.cust-kleinsorge","priority":null,"proxiable":true,"proxied":false,"tags":["tf-managed"],"timeouts":null,"ttl":600,"type":"A","value":null,"zone_id":"09e62c791da990d8ebbf1a531d1d3efa"},"after":{"allow_overwrite":false,"comment":"AP Martin Sehlleier","content":"91.151.21.141","created_on":"2025-10-14T15:29:43.248666Z","data":[],"hostname":"prod.cust-kleinsorge.vcec.cloud","id":"cabb5ea1eec957d5262c1b8118ba3a9f","metadata":{},"modified_on":"2025-10-14T15:29:43.248666Z","name":"prod.cust-kleinsorge","priority":null,"proxiable":true,"proxied":false,"tags":["tf-managed"],"timeouts":null,"ttl":600,"type":"A","value":null,"zone_id":"09e62c791da990d8ebbf1a531d1d3efa"},"after_unknown":{},"before_sensitive":{"data":[],"metadata":{},"tags":[false]},"after_sensitive":{"data":[],"metadata":{},"tags":[false]}}},{"address":"cloudflare_record.records_vcec_cloud[\"A_public.hosting_3724db382d0708948f2abe3c77949536\"]","mode":"managed","type":"cloudflare_record","name":"records_vcec_cloud","index":"A_public.hosting_3724db382d0708948f2abe3c77949536","provider_name":"registry.terraform.io/cloudflare/cloudflare","change":{"actions":["no-op"],"before":{"allow_overwrite":false,"comment":"AP Phillip Schleicher / Main firewall / Public IP access","content":"46.38.247.6","created_on":"2025-02-16T06:25:05.241134Z","data":[],"hostname":"public.hosting.vcec.cloud","id":"6aa452c3b5aa5167122f341430c80441","metadata":{},"modified_on":"2025-02-16T06:25:05.241134Z","name":"public.hosting","priority":null,"proxiable":true,"proxied":false,"tags":["tf-managed"],"timeouts":null,"ttl":600,"type":"A","value":null,"zone_id":"09e62c791da990d8ebbf1a531d1d3efa"},"after":{"allow_overwrite":false,"comment":"AP Phillip Schleicher / Main firewall / Public IP access","content":"46.38.247.6","created_on":"2025-02-16T06:25:05.241134Z","data":[],"hostname":"public.hosting.vcec.cloud","id":"6aa452c3b5aa5167122f341430c80441","metadata":{},"modified_on":"2025-02-16T06:25:05.241134Z","name":"public.hosting","priority":null,"proxiable":true,"proxied":false,"tags":["tf-managed"],"timeouts":null,"ttl":600,"type":"A","value":null,"zone_id":"09e62c791da990d8ebbf1a531d1d3efa"},"after_unknown":{},"before_sensitive":{"data":[],"metadata":{},"tags":[false]},"after_sensitive":{"data":[],"metadata":{},"tags":[false]}}},{"address":"cloudflare_record.records_vcec_cloud[\"A_stage.cust-benz_a3d2907f4bea926ccf2c4da621a00381\"]","mode":"managed","type":"cloudflare_record","name":"records_vcec_cloud","index":"A_stage.cust-benz_a3d2907f4bea926ccf2c4da621a00381","provider_name":"registry.terraform.io/cloudflare/cloudflare","change":{"actions":["no-op"],"before":{"allow_overwrite":false,"comment":"AP Zoia Funtasova / Phillip Schleicher","content":"91.99.64.77","created_on":"2025-07-23T12:13:10.677274Z","data":[],"hostname":"stage.cust-benz.vcec.cloud","id":"7294c4b5ed2bb4216c3ce9614ebd4043","metadata":{},"modified_on":"2025-07-23T12:13:10.677274Z","name":"stage.cust-benz","priority":null,"proxiable":true,"proxied":false,"tags":["tf-managed"],"timeouts":null,"ttl":600,"type":"A","value":null,"zone_id":"09e62c791da990d8ebbf1a531d1d3efa"},"after":{"allow_overwrite":false,"comment":"AP Zoia Funtasova / Phillip Schleicher","content":"91.99.64.77","created_on":"2025-07-23T12:13:10.677274Z","data":[],"hostname":"stage.cust-benz.vcec.cloud","id":"7294c4b5ed2bb4216c3ce9614ebd4043","metadata":{},"modified_on":"2025-07-23T12:13:10.677274Z","name":"stage.cust-benz","priority":null,"proxiable":true,"proxied":false,"tags":["tf-managed"],"timeouts":null,"ttl":600,"type":"A","value":null,"zone_id":"09e62c791da990d8ebbf1a531d1d3efa"},"after_unknown":{},"before_sensitive":{"data":[],"metadata":{},"tags":[false]},"after_sensitive":{"data":[],"metadata":{},"tags":[false]}}},{"address":"cloudflare_record.records_vcec_cloud[\"A_stage.cust-fitzner_68d5dec022a6ae2179da32dd72ef5a64\"]","mode":"managed","type":"cloudflare_record","name":"records_vcec_cloud","index":"A_stage.cust-fitzner_68d5dec022a6ae2179da32dd72ef5a64","provider_name":"registry.terraform.io/cloudflare/cloudflare","change":{"actions":["no-op"],"before":{"allow_overwrite":false,"comment":"AP Martin Sehlleier","content":"91.151.21.181","created_on":"2025-09-17T16:15:31.030504Z","data":[],"hostname":"stage.cust-fitzner.vcec.cloud","id":"7b32d6aa79b6f02539a953f36b6ce075","metadata":{},"modified_on":"2025-09-17T16:15:31.030504Z","name":"stage.cust-fitzner","priority":null,"proxiable":true,"proxied":false,"tags":["tf-managed"],"timeouts":null,"ttl":600,"type":"A","value":null,"zone_id":"09e62c791da990d8ebbf1a531d1d3efa"},"after":{"allow_overwrite":false,"comment":"AP Martin Sehlleier","content":"91.151.21.181","created_on":"2025-09-17T16:15:31.030504Z","data":[],"hostname":"stage.cust-fitzner.vcec.cloud","id":"7b32d6aa79b6f02539a953f36b6ce075","metadata":{},"modified_on":"2025-09-17T16:15:31.030504Z","name":"stage.cust-fitzner","priority":null,"proxiable":true,"proxied":false,"tags":["tf-managed"],"timeouts":null,"ttl":600,"type":"A","value":null,"zone_id":"09e62c791da990d8ebbf1a531d1d3efa"},"after_unknown":{},"before_sensitive":{"data":[],"metadata":{},"tags":[false]},"after_sensitive":{"data":[],"metadata":{},"tags":[false]}}},{"address":"cloudflare_record.records_vcec_cloud[\"A_stage.cust-kleinsorge_bc19ce72d92f58d91e001c50be059983\"]","mode":"managed","type":"cloudflare_record","name":"records_vcec_cloud","index":"A_stage.cust-kleinsorge_bc19ce72d92f58d91e001c50be059983","provider_name":"registry.terraform.io/cloudflare/cloudflare","change":{"actions":["no-op"],"before":{"allow_overwrite":false,"comment":"AP Martin Sehlleier","content":"91.151.21.205","created_on":"2025-10-14T15:29:43.160089Z","data":[],"hostname":"stage.cust-kleinsorge.vcec.cloud","id":"040ccc738aa9e075f5556a48b3b9665e","metadata":{},"modified_on":"2025-10-14T15:29:43.160089Z","name":"stage.cust-kleinsorge","priority":null,"proxiable":true,"proxied":false,"tags":["tf-managed"],"timeouts":null,"ttl":600,"type":"A","value":null,"zone_id":"09e62c791da990d8ebbf1a531d1d3efa"},"after":{"allow_overwrite":false,"comment":"AP Martin Sehlleier","content":"91.151.21.205","created_on":"2025-10-14T15:29:43.160089Z","data":[],"hostname":"stage.cust-kleinsorge.vcec.cloud","id":"040ccc738aa9e075f5556a48b3b9665e","metadata":{},"modified_on":"2025-10-14T15:29:43.160089Z","name":"stage.cust-kleinsorge","priority":null,"proxiable":true,"proxied":false,"tags":["tf-managed"],"timeouts":null,"ttl":600,"type":"A","value":null,"zone_id":"09e62c791da990d8ebbf1a531d1d3efa"},"after_unknown":{},"before_sensitive":{"data":[],"metadata":{},"tags":[false]},"after_sensitive":{"data":[],"metadata":{},"tags":[false]}}},{"address":"cloudflare_record.records_vcec_cloud[\"A_thor.hosting_f6ea607082fb5f82e4bc92e82aa2b85a\"]","mode":"managed","type":"cloudflare_record","name":"records_vcec_cloud","index":"A_thor.hosting_f6ea607082fb5f82e4bc92e82aa2b85a","provider_name":"registry.terraform.io/cloudflare/cloudflare","change":{"actions":["no-op"],"before":{"allow_overwrite":false,"comment":"AP Phillip Schleicher / Main firewall / Node 1","content":"46.38.247.4","created_on":"2024-10-23T12:33:54.439082Z","data":[],"hostname":"thor.hosting.vcec.cloud","id":"559d137e7b6d9cd27aaea35e0a6cd960","metadata":{},"modified_on":"2025-02-16T06:25:05.06157Z","name":"thor.hosting","priority":null,"proxiable":true,"proxied":false,"tags":["tf-managed"],"timeouts":null,"ttl":600,"type":"A","value":null,"zone_id":"09e62c791da990d8ebbf1a531d1d3efa"},"after":{"allow_overwrite":false,"comment":"AP Phillip Schleicher / Main firewall / Node 1","content":"46.38.247.4","created_on":"2024-10-23T12:33:54.439082Z","data":[],"hostname":"thor.hosting.vcec.cloud","id":"559d137e7b6d9cd27aaea35e0a6cd960","metadata":{},"modified_on":"2025-02-16T06:25:05.06157Z","name":"thor.hosting","priority":null,"proxiable":true,"proxied":false,"tags":["tf-managed"],"timeouts":null,"ttl":600,"type":"A","value":null,"zone_id":"09e62c791da990d8ebbf1a531d1d3efa"},"after_unknown":{},"before_sensitive":{"data":[],"metadata":{},"tags":[false]},"after_sensitive":{"data":[],"metadata":{},"tags":[false]}}},{"address":"cloudflare_record.records_vcec_cloud[\"A_valkyrie.hosting_b5692e67028bef356ce971112b56c61c\"]","mode":"managed","type":"cloudflare_record","name":"records_vcec_cloud","index":"A_valkyrie.hosting_b5692e67028bef356ce971112b56c61c","provider_name":"registry.terraform.io/cloudflare/cloudflare","change":{"actions":["no-op"],"before":{"allow_overwrite":false,"comment":"AP Phillip Schleicher / Secondary firewall / Node 2","content":"46.38.247.5","created_on":"2024-10-23T12:33:54.470979Z","data":[],"hostname":"valkyrie.hosting.vcec.cloud","id":"125c8b3d538d5c4fcbfb918d1b99dc12","metadata":{},"modified_on":"2025-02-16T06:25:05.513798Z","name":"valkyrie.hosting","priority":null,"proxiable":true,"proxied":false,"tags":["tf-managed"],"timeouts":null,"ttl":600,"type":"A","value":null,"zone_id":"09e62c791da990d8ebbf1a531d1d3efa"},"after":{"allow_overwrite":false,"comment":"AP Phillip Schleicher / Secondary firewall / Node 2","content":"46.38.247.5","created_on":"2024-10-23T12:33:54.470979Z","data":[],"hostname":"valkyrie.hosting.vcec.cloud","id":"125c8b3d538d5c4fcbfb918d1b99dc12","metadata":{},"modified_on":"2025-02-16T06:25:05.513798Z","name":"valkyrie.hosting","priority":null,"proxiable":true,"proxied":false,"tags":["tf-managed"],"timeouts":null,"ttl":600,"type":"A","value":null,"zone_id":"09e62c791da990d8ebbf1a531d1d3efa"},"after_unknown":{},"before_sensitive":{"data":[],"metadata":{},"tags":[false]},"after_sensitive":{"data":[],"metadata":{},"tags":[false]}}},{"address":"cloudflare_record.records_vcec_cloud[\"A_www.cx-service-map_d62c7c4b1c46b35e3a14e770fca506c3\"]","mode":"managed","type":"cloudflare_record","name":"records_vcec_cloud","index":"A_www.cx-service-map_d62c7c4b1c46b35e3a14e770fca506c3","provider_name":"registry.terraform.io/cloudflare/cloudflare","change":{"actions":["no-op"],"before":{"allow_overwrite":false,"comment":"stefan.maier@dxa.valantic.com / #56854418","content":"188.245.146.171","created_on":"2025-01-31T12:16:49.0043Z","data":[],"hostname":"www.cx-service-map.vcec.cloud","id":"812afa0e240d980a47ed161f47814552","metadata":{},"modified_on":"2025-01-31T12:16:49.0043Z","name":"www.cx-service-map","priority":null,"proxiable":true,"proxied":false,"tags":["tf-managed"],"timeouts":null,"ttl":60,"type":"A","value":null,"zone_id":"09e62c791da990d8ebbf1a531d1d3efa"},"after":{"allow_overwrite":false,"comment":"stefan.maier@dxa.valantic.com / #56854418","content":"188.245.146.171","created_on":"2025-01-31T12:16:49.0043Z","data":[],"hostname":"www.cx-service-map.vcec.cloud","id":"812afa0e240d980a47ed161f47814552","metadata":{},"modified_on":"2025-01-31T12:16:49.0043Z","name":"www.cx-service-map","priority":null,"proxiable":true,"proxied":false,"tags":["tf-managed"],"timeouts":null,"ttl":60,"type":"A","value":null,"zone_id":"09e62c791da990d8ebbf1a531d1d3efa"},"after_unknown":{},"before_sensitive":{"data":[],"metadata":{},"tags":[false]},"after_sensitive":{"data":[],"metadata":{},"tags":[false]}}},{"address":"cloudflare_record.records_vcec_cloud[\"CNAME_analytics_94add1be5e483b391d269402cc52a8ee\"]","mode":"managed","type":"cloudflare_record","name":"records_vcec_cloud","index":"CNAME_analytics_94add1be5e483b391d269402cc52a8ee","provider_name":"registry.terraform.io/cloudflare/cloudflare","change":{"actions":["no-op"],"before":{"allow_overwrite":false,"comment":"AP Rafal Wesolowski/Uwe Tueben | Analytics","content":"hosting.vcec.cloud","created_on":"2024-06-23T14:28:19.421781Z","data":[],"hostname":"analytics.vcec.cloud","id":"fdaa1ed0b818530780247719ed0993c1","metadata":{},"modified_on":"2026-01-28T11:57:02.482006Z","name":"analytics","priority":null,"proxiable":true,"proxied":true,"tags":["tf-managed"],"timeouts":null,"ttl":1,"type":"CNAME","value":null,"zone_id":"09e62c791da990d8ebbf1a531d1d3efa"},"after":{"allow_overwrite":false,"comment":"AP Rafal Wesolowski/Uwe Tueben | Analytics","content":"hosting.vcec.cloud","created_on":"2024-06-23T14:28:19.421781Z","data":[],"hostname":"analytics.vcec.cloud","id":"fdaa1ed0b818530780247719ed0993c1","metadata":{},"modified_on":"2026-01-28T11:57:02.482006Z","name":"analytics","priority":null,"proxiable":true,"proxied":true,"tags":["tf-managed"],"timeouts":null,"ttl":1,"type":"CNAME","value":null,"zone_id":"09e62c791da990d8ebbf1a531d1d3efa"},"after_unknown":{},"before_sensitive":{"data":[],"metadata":{},"tags":[false]},"after_sensitive":{"data":[],"metadata":{},"tags":[false]}}},{"address":"cloudflare_record.records_vcec_cloud[\"CNAME_backoffice-de-b2b-spryker_94add1be5e483b391d269402cc52a8ee\"]","mode":"managed","type":"cloudflare_record","name":"records_vcec_cloud","index":"CNAME_backoffice-de-b2b-spryker_94add1be5e483b391d269402cc52a8ee","provider_name":"registry.terraform.io/cloudflare/cloudflare","change":{"actions":["no-op"],"before":{"allow_overwrite":false,"comment":"4me #47968953","content":"hosting.vcec.cloud","created_on":"2024-06-29T00:54:44.432685Z","data":[],"hostname":"backoffice-de-b2b-spryker.vcec.cloud","id":"93d7119eb35a747c59629fd92d071402","metadata":{},"modified_on":"2026-01-28T11:56:47.280119Z","name":"backoffice-de-b2b-spryker","priority":null,"proxiable":true,"proxied":true,"tags":["tf-managed"],"timeouts":null,"ttl":1,"type":"CNAME","value":null,"zone_id":"09e62c791da990d8ebbf1a531d1d3efa"},"after":{"allow_overwrite":false,"comment":"4me #47968953","content":"hosting.vcec.cloud","created_on":"2024-06-29T00:54:44.432685Z","data":[],"hostname":"backoffice-de-b2b-spryker.vcec.cloud","id":"93d7119eb35a747c59629fd92d071402","metadata":{},"modified_on":"2026-01-28T11:56:47.280119Z","name":"backoffice-de-b2b-spryker","priority":null,"proxiable":true,"proxied":true,"tags":["tf-managed"],"timeouts":null,"ttl":1,"type":"CNAME","value":null,"zone_id":"09e62c791da990d8ebbf1a531d1d3efa"},"after_unknown":{},"before_sensitive":{"data":[],"metadata":{},"tags":[false]},"after_sensitive":{"data":[],"metadata":{},"tags":[false]}}},{"address":"cloudflare_record.records_vcec_cloud[\"CNAME_backoffice-de-b2b-tracking_94add1be5e483b391d269402cc52a8ee\"]","mode":"managed","type":"cloudflare_record","name":"records_vcec_cloud","index":"CNAME_backoffice-de-b2b-tracking_94add1be5e483b391d269402cc52a8ee","provider_name":"registry.terraform.io/cloudflare/cloudflare","change":{"actions":["no-op"],"before":{"allow_overwrite":false,"comment":"AP Dusting Recko / #51728146","content":"hosting.vcec.cloud","created_on":"2024-09-20T09:44:11.457214Z","data":[],"hostname":"backoffice-de-b2b-tracking.vcec.cloud","id":"b2baef240ef7bc4c00d189555e7a9095","metadata":{},"modified_on":"2026-01-28T11:57:22.802072Z","name":"backoffice-de-b2b-tracking","priority":null,"proxiable":true,"proxied":true,"tags":["tf-managed"],"timeouts":null,"ttl":1,"type":"CNAME","value":null,"zone_id":"09e62c791da990d8ebbf1a531d1d3efa"},"after":{"allow_overwrite":false,"comment":"AP Dusting Recko / #51728146","content":"hosting.vcec.cloud","created_on":"2024-09-20T09:44:11.457214Z","data":[],"hostname":"backoffice-de-b2b-tracking.vcec.cloud","id":"b2baef240ef7bc4c00d189555e7a9095","metadata":{},"modified_on":"2026-01-28T11:57:22.802072Z","name":"backoffice-de-b2b-tracking","priority":null,"proxiable":true,"proxied":true,"tags":["tf-managed"],"timeouts":null,"ttl":1,"type":"CNAME","value":null,"zone_id":"09e62c791da990d8ebbf1a531d1d3efa"},"after_unknown":{},"before_sensitive":{"data":[],"metadata":{},"tags":[false]},"after_sensitive":{"data":[],"metadata":{},"tags":[false]}}},{"address":"cloudflare_record.records_vcec_cloud[\"CNAME_backoffice-de-b2c-spryker_94add1be5e483b391d269402cc52a8ee\"]","mode":"managed","type":"cloudflare_record","name":"records_vcec_cloud","index":"CNAME_backoffice-de-b2c-spryker_94add1be5e483b391d269402cc52a8ee","provider_name":"registry.terraform.io/cloudflare/cloudflare","change":{"actions":["no-op"],"before":{"allow_overwrite":false,"comment":"AP Jurij Pfeiffer / Dennis Bluemer","content":"hosting.vcec.cloud","created_on":"2024-07-24T13:34:47.426665Z","data":[],"hostname":"backoffice-de-b2c-spryker.vcec.cloud","id":"480c475e70bf6ea3aacd5354e84f0e94","metadata":{},"modified_on":"2026-01-28T11:56:51.513094Z","name":"backoffice-de-b2c-spryker","priority":null,"proxiable":true,"proxied":true,"tags":["tf-managed"],"timeouts":null,"ttl":1,"type":"CNAME","value":null,"zone_id":"09e62c791da990d8ebbf1a531d1d3efa"},"after":{"allow_overwrite":false,"comment":"AP Jurij Pfeiffer / Dennis Bluemer","content":"hosting.vcec.cloud","created_on":"2024-07-24T13:34:47.426665Z","data":[],"hostname":"backoffice-de-b2c-spryker.vcec.cloud","id":"480c475e70bf6ea3aacd5354e84f0e94","metadata":{},"modified_on":"2026-01-28T11:56:51.513094Z","name":"backoffice-de-b2c-spryker","priority":null,"proxiable":true,"proxied":true,"tags":["tf-managed"],"timeouts":null,"ttl":1,"type":"CNAME","value":null,"zone_id":"09e62c791da990d8ebbf1a531d1d3efa"},"after_unknown":{},"before_sensitive":{"data":[],"metadata":{},"tags":[false]},"after_sensitive":{"data":[],"metadata":{},"tags":[false]}}},{"address":"cloudflare_record.records_vcec_cloud[\"CNAME_backup.hosting_94add1be5e483b391d269402cc52a8ee\"]","mode":"managed","type":"cloudflare_record","name":"records_vcec_cloud","index":"CNAME_backup.hosting_94add1be5e483b391d269402cc52a8ee","provider_name":"registry.terraform.io/cloudflare/cloudflare","change":{"actions":["no-op"],"before":{"allow_overwrite":true,"comment":"AP Phillip Schleicher / Proxmox","content":"hosting.vcec.cloud","created_on":"2024-06-10T14:49:19.93946Z","data":[],"hostname":"backup.hosting.vcec.cloud","id":"77cf30c92c09d74bef55f38a3540a8d9","metadata":{},"modified_on":"2026-01-28T11:57:21.339848Z","name":"backup.hosting","priority":null,"proxiable":true,"proxied":false,"tags":["tf-managed"],"timeouts":null,"ttl":600,"type":"CNAME","value":null,"zone_id":"09e62c791da990d8ebbf1a531d1d3efa"},"after":{"allow_overwrite":true,"comment":"AP Phillip Schleicher / Proxmox","content":"hosting.vcec.cloud","created_on":"2024-06-10T14:49:19.93946Z","data":[],"hostname":"backup.hosting.vcec.cloud","id":"77cf30c92c09d74bef55f38a3540a8d9","metadata":{},"modified_on":"2026-01-28T11:57:21.339848Z","name":"backup.hosting","priority":null,"proxiable":true,"proxied":false,"tags":["tf-managed"],"timeouts":null,"ttl":600,"type":"CNAME","value":null,"zone_id":"09e62c791da990d8ebbf1a531d1d3efa"},"after_unknown":{},"before_sensitive":{"data":[],"metadata":{},"tags":[false]},"after_sensitive":{"data":[],"metadata":{},"tags":[false]}}},{"address":"cloudflare_record.records_vcec_cloud[\"CNAME_bot-stage_94add1be5e483b391d269402cc52a8ee\"]","mode":"managed","type":"cloudflare_record","name":"records_vcec_cloud","index":"CNAME_bot-stage_94add1be5e483b391d269402cc52a8ee","provider_name":"registry.terraform.io/cloudflare/cloudflare","change":{"actions":["no-op"],"before":{"allow_overwrite":false,"comment":"AP Patrick Schönfeld | N8N AI Genesis Horizon","content":"hosting.vcec.cloud","created_on":"2025-07-17T10:51:39.724781Z","data":[],"hostname":"bot-stage.vcec.cloud","id":"3c41447d5aa4baef873b3db17979290e","metadata":{},"modified_on":"2026-01-28T11:57:12.484549Z","name":"bot-stage","priority":null,"proxiable":true,"proxied":true,"tags":["tf-managed"],"timeouts":null,"ttl":1,"type":"CNAME","value":null,"zone_id":"09e62c791da990d8ebbf1a531d1d3efa"},"after":{"allow_overwrite":false,"comment":"AP Patrick Schönfeld | N8N AI Genesis Horizon","content":"hosting.vcec.cloud","created_on":"2025-07-17T10:51:39.724781Z","data":[],"hostname":"bot-stage.vcec.cloud","id":"3c41447d5aa4baef873b3db17979290e","metadata":{},"modified_on":"2026-01-28T11:57:12.484549Z","name":"bot-stage","priority":null,"proxiable":true,"proxied":true,"tags":["tf-managed"],"timeouts":null,"ttl":1,"type":"CNAME","value":null,"zone_id":"09e62c791da990d8ebbf1a531d1d3efa"},"after_unknown":{},"before_sensitive":{"data":[],"metadata":{},"tags":[false]},"after_sensitive":{"data":[],"metadata":{},"tags":[false]}}},{"address":"cloudflare_record.records_vcec_cloud[\"CNAME_bot_94add1be5e483b391d269402cc52a8ee\"]","mode":"managed","type":"cloudflare_record","name":"records_vcec_cloud","index":"CNAME_bot_94add1be5e483b391d269402cc52a8ee","provider_name":"registry.terraform.io/cloudflare/cloudflare","change":{"actions":["no-op"],"before":{"allow_overwrite":false,"comment":"AP Patrick Schönfeld | N8N AI Genesis Horizon","content":"hosting.vcec.cloud","created_on":"2025-05-23T08:18:54.675238Z","data":[],"hostname":"bot.vcec.cloud","id":"dae64fe8273ab3e29e9bf1cb54aa3c6c","metadata":{},"modified_on":"2026-01-28T11:57:22.54537Z","name":"bot","priority":null,"proxiable":true,"proxied":true,"tags":["tf-managed"],"timeouts":null,"ttl":1,"type":"CNAME","value":null,"zone_id":"09e62c791da990d8ebbf1a531d1d3efa"},"after":{"allow_overwrite":false,"comment":"AP Patrick Schönfeld | N8N AI Genesis Horizon","content":"hosting.vcec.cloud","created_on":"2025-05-23T08:18:54.675238Z","data":[],"hostname":"bot.vcec.cloud","id":"dae64fe8273ab3e29e9bf1cb54aa3c6c","metadata":{},"modified_on":"2026-01-28T11:57:22.54537Z","name":"bot","priority":null,"proxiable":true,"proxied":true,"tags":["tf-managed"],"timeouts":null,"ttl":1,"type":"CNAME","value":null,"zone_id":"09e62c791da990d8ebbf1a531d1d3efa"},"after_unknown":{},"before_sensitive":{"data":[],"metadata":{},"tags":[false]},"after_sensitive":{"data":[],"metadata":{},"tags":[false]}}},{"address":"cloudflare_record.records_vcec_cloud[\"CNAME_cmk.hosting_94add1be5e483b391d269402cc52a8ee\"]","mode":"managed","type":"cloudflare_record","name":"records_vcec_cloud","index":"CNAME_cmk.hosting_94add1be5e483b391d269402cc52a8ee","provider_name":"registry.terraform.io/cloudflare/cloudflare","change":{"actions":["no-op"],"before":{"allow_overwrite":false,"comment":"AP Phillip Schleicher | CheckMK","content":"hosting.vcec.cloud","created_on":"2025-01-07T16:26:15.6019Z","data":[],"hostname":"cmk.hosting.vcec.cloud","id":"48394e310602cc4661cbbcf474d4a55d","metadata":{},"modified_on":"2026-01-28T11:57:01.249389Z","name":"cmk.hosting","priority":null,"proxiable":true,"proxied":false,"tags":["tf-managed"],"timeouts":null,"ttl":600,"type":"CNAME","value":null,"zone_id":"09e62c791da990d8ebbf1a531d1d3efa"},"after":{"allow_overwrite":false,"comment":"AP Phillip Schleicher | CheckMK","content":"hosting.vcec.cloud","created_on":"2025-01-07T16:26:15.6019Z","data":[],"hostname":"cmk.hosting.vcec.cloud","id":"48394e310602cc4661cbbcf474d4a55d","metadata":{},"modified_on":"2026-01-28T11:57:01.249389Z","name":"cmk.hosting","priority":null,"proxiable":true,"proxied":false,"tags":["tf-managed"],"timeouts":null,"ttl":600,"type":"CNAME","value":null,"zone_id":"09e62c791da990d8ebbf1a531d1d3efa"},"after_unknown":{},"before_sensitive":{"data":[],"metadata":{},"tags":[false]},"after_sensitive":{"data":[],"metadata":{},"tags":[false]}}},{"address":"cloudflare_record.records_vcec_cloud[\"CNAME_ctrl.hosting_94add1be5e483b391d269402cc52a8ee\"]","mode":"managed","type":"cloudflare_record","name":"records_vcec_cloud","index":"CNAME_ctrl.hosting_94add1be5e483b391d269402cc52a8ee","provider_name":"registry.terraform.io/cloudflare/cloudflare","change":{"actions":["no-op"],"before":{"allow_overwrite":false,"comment":"AP Phillip Schleicher | HomeAssistant","content":"hosting.vcec.cloud","created_on":"2026-01-14T11:23:54.115291Z","data":[],"hostname":"ctrl.hosting.vcec.cloud","id":"8bf8bc2d9609701e547694dcf940f4ae","metadata":{},"modified_on":"2026-01-28T11:56:46.550365Z","name":"ctrl.hosting","priority":null,"proxiable":true,"proxied":false,"tags":["tf-managed"],"timeouts":null,"ttl":600,"type":"CNAME","value":null,"zone_id":"09e62c791da990d8ebbf1a531d1d3efa"},"after":{"allow_overwrite":false,"comment":"AP Phillip Schleicher | HomeAssistant","content":"hosting.vcec.cloud","created_on":"2026-01-14T11:23:54.115291Z","data":[],"hostname":"ctrl.hosting.vcec.cloud","id":"8bf8bc2d9609701e547694dcf940f4ae","metadata":{},"modified_on":"2026-01-28T11:56:46.550365Z","name":"ctrl.hosting","priority":null,"proxiable":true,"proxied":false,"tags":["tf-managed"],"timeouts":null,"ttl":600,"type":"CNAME","value":null,"zone_id":"09e62c791da990d8ebbf1a531d1d3efa"},"after_unknown":{},"before_sensitive":{"data":[],"metadata":{},"tags":[false]},"after_sensitive":{"data":[],"metadata":{},"tags":[false]}}},{"address":"cloudflare_record.records_vcec_cloud[\"CNAME_docs_94add1be5e483b391d269402cc52a8ee\"]","mode":"managed","type":"cloudflare_record","name":"records_vcec_cloud","index":"CNAME_docs_94add1be5e483b391d269402cc52a8ee","provider_name":"registry.terraform.io/cloudflare/cloudflare","change":{"actions":["no-op"],"before":{"allow_overwrite":false,"comment":"AP Moritz Jung | Gitbook Proxy","content":"hosting.vcec.cloud","created_on":"2024-06-20T05:15:31.263588Z","data":[],"hostname":"docs.vcec.cloud","id":"6b86c7d92c5df71aca9a5a33d93c504f","metadata":{},"modified_on":"2026-01-28T11:56:57.261591Z","name":"docs","priority":null,"proxiable":true,"proxied":true,"tags":["tf-managed"],"timeouts":null,"ttl":1,"type":"CNAME","value":null,"zone_id":"09e62c791da990d8ebbf1a531d1d3efa"},"after":{"allow_overwrite":false,"comment":"AP Moritz Jung | Gitbook Proxy","content":"hosting.vcec.cloud","created_on":"2024-06-20T05:15:31.263588Z","data":[],"hostname":"docs.vcec.cloud","id":"6b86c7d92c5df71aca9a5a33d93c504f","metadata":{},"modified_on":"2026-01-28T11:56:57.261591Z","name":"docs","priority":null,"proxiable":true,"proxied":true,"tags":["tf-managed"],"timeouts":null,"ttl":1,"type":"CNAME","value":null,"zone_id":"09e62c791da990d8ebbf1a531d1d3efa"},"after_unknown":{},"before_sensitive":{"data":[],"metadata":{},"tags":[false]},"after_sensitive":{"data":[],"metadata":{},"tags":[false]}}},{"address":"cloudflare_record.records_vcec_cloud[\"CNAME_employee-service-map_e3d3dd441850a0de530e598a0c323dbd\"]","mode":"managed","type":"cloudflare_record","name":"records_vcec_cloud","index":"CNAME_employee-service-map_e3d3dd441850a0de530e598a0c323dbd","provider_name":"registry.terraform.io/cloudflare/cloudflare","change":{"actions":["no-op"],"before":{"allow_overwrite":false,"comment":"AP Moritz Jung","content":"main-bvxea6i-3vdtazl5vfuta.de-2.platformsh.site","created_on":"2023-12-08T08:05:52.141283Z","data":[],"hostname":"employee-service-map.vcec.cloud","id":"f1b99cef9d08b129a505e1964a8975bd","metadata":{},"modified_on":"2026-01-28T11:57:03.32304Z","name":"employee-service-map","priority":null,"proxiable":true,"proxied":false,"tags":["tf-managed"],"timeouts":null,"ttl":600,"type":"CNAME","value":null,"zone_id":"09e62c791da990d8ebbf1a531d1d3efa"},"after":{"allow_overwrite":false,"comment":"AP Moritz Jung","content":"main-bvxea6i-3vdtazl5vfuta.de-2.platformsh.site","created_on":"2023-12-08T08:05:52.141283Z","data":[],"hostname":"employee-service-map.vcec.cloud","id":"f1b99cef9d08b129a505e1964a8975bd","metadata":{},"modified_on":"2026-01-28T11:57:03.32304Z","name":"employee-service-map","priority":null,"proxiable":true,"proxied":false,"tags":["tf-managed"],"timeouts":null,"ttl":600,"type":"CNAME","value":null,"zone_id":"09e62c791da990d8ebbf1a531d1d3efa"},"after_unknown":{},"before_sensitive":{"data":[],"metadata":{},"tags":[false]},"after_sensitive":{"data":[],"metadata":{},"tags":[false]}}},{"address":"cloudflare_record.records_vcec_cloud[\"CNAME_esa-uf-nc_94add1be5e483b391d269402cc52a8ee\"]","mode":"managed","type":"cloudflare_record","name":"records_vcec_cloud","index":"CNAME_esa-uf-nc_94add1be5e483b391d269402cc52a8ee","provider_name":"registry.terraform.io/cloudflare/cloudflare","change":{"actions":["no-op"],"before":{"allow_overwrite":false,"comment":"AP Moritz Jung / requested via Teams by Justinas Garipovas (LT)","content":"hosting.vcec.cloud","created_on":"2025-08-01T06:14:03.027708Z","data":[],"hostname":"esa-uf-nc.vcec.cloud","id":"9526e96e4d54501ab64c1c8c0f0a10eb","metadata":{},"modified_on":"2026-01-28T11:57:11.472676Z","name":"esa-uf-nc","priority":null,"proxiable":true,"proxied":true,"tags":["tf-managed"],"timeouts":null,"ttl":1,"type":"CNAME","value":null,"zone_id":"09e62c791da990d8ebbf1a531d1d3efa"},"after":{"allow_overwrite":false,"comment":"AP Moritz Jung / requested via Teams by Justinas Garipovas (LT)","content":"hosting.vcec.cloud","created_on":"2025-08-01T06:14:03.027708Z","data":[],"hostname":"esa-uf-nc.vcec.cloud","id":"9526e96e4d54501ab64c1c8c0f0a10eb","metadata":{},"modified_on":"2026-01-28T11:57:11.472676Z","name":"esa-uf-nc","priority":null,"proxiable":true,"proxied":true,"tags":["tf-managed"],"timeouts":null,"ttl":1,"type":"CNAME","value":null,"zone_id":"09e62c791da990d8ebbf1a531d1d3efa"},"after_unknown":{},"before_sensitive":{"data":[],"metadata":{},"tags":[false]},"after_sensitive":{"data":[],"metadata":{},"tags":[false]}}},{"address":"cloudflare_record.records_vcec_cloud[\"CNAME_esa-uf-stage_94add1be5e483b391d269402cc52a8ee\"]","mode":"managed","type":"cloudflare_record","name":"records_vcec_cloud","index":"CNAME_esa-uf-stage_94add1be5e483b391d269402cc52a8ee","provider_name":"registry.terraform.io/cloudflare/cloudflare","change":{"actions":["no-op"],"before":{"allow_overwrite":false,"comment":"AP Moritz Jung / requested via Teams by Justinas Garipovas (LT)","content":"hosting.vcec.cloud","created_on":"2025-08-18T15:52:38.50508Z","data":[],"hostname":"esa-uf-stage.vcec.cloud","id":"9b32e92d6a23b1b1d9bc8b0e2d3b1dab","metadata":{},"modified_on":"2026-01-28T11:57:16.541396Z","name":"esa-uf-stage","priority":null,"proxiable":true,"proxied":true,"tags":["tf-managed"],"timeouts":null,"ttl":1,"type":"CNAME","value":null,"zone_id":"09e62c791da990d8ebbf1a531d1d3efa"},"after":{"allow_overwrite":false,"comment":"AP Moritz Jung / requested via Teams by Justinas Garipovas (LT)","content":"hosting.vcec.cloud","created_on":"2025-08-18T15:52:38.50508Z","data":[],"hostname":"esa-uf-stage.vcec.cloud","id":"9b32e92d6a23b1b1d9bc8b0e2d3b1dab","metadata":{},"modified_on":"2026-01-28T11:57:16.541396Z","name":"esa-uf-stage","priority":null,"proxiable":true,"proxied":true,"tags":["tf-managed"],"timeouts":null,"ttl":1,"type":"CNAME","value":null,"zone_id":"09e62c791da990d8ebbf1a531d1d3efa"},"after_unknown":{},"before_sensitive":{"data":[],"metadata":{},"tags":[false]},"after_sensitive":{"data":[],"metadata":{},"tags":[false]}}},{"address":"cloudflare_record.records_vcec_cloud[\"CNAME_glue-backend-de-b2b-spryker_94add1be5e483b391d269402cc52a8ee\"]","mode":"managed","type":"cloudflare_record","name":"records_vcec_cloud","index":"CNAME_glue-backend-de-b2b-spryker_94add1be5e483b391d269402cc52a8ee","provider_name":"registry.terraform.io/cloudflare/cloudflare","change":{"actions":["no-op"],"before":{"allow_overwrite":false,"comment":"AP Jurij Pfeiffer / Dennis Bluemer","content":"hosting.vcec.cloud","created_on":"2024-07-25T13:05:53.691063Z","data":[],"hostname":"glue-backend-de-b2b-spryker.vcec.cloud","id":"c8dc4ef202374ecc54e9269a95334e2f","metadata":{},"modified_on":"2026-01-28T11:57:22.042613Z","name":"glue-backend-de-b2b-spryker","priority":null,"proxiable":true,"proxied":true,"tags":["tf-managed"],"timeouts":null,"ttl":1,"type":"CNAME","value":null,"zone_id":"09e62c791da990d8ebbf1a531d1d3efa"},"after":{"allow_overwrite":false,"comment":"AP Jurij Pfeiffer / Dennis Bluemer","content":"hosting.vcec.cloud","created_on":"2024-07-25T13:05:53.691063Z","data":[],"hostname":"glue-backend-de-b2b-spryker.vcec.cloud","id":"c8dc4ef202374ecc54e9269a95334e2f","metadata":{},"modified_on":"2026-01-28T11:57:22.042613Z","name":"glue-backend-de-b2b-spryker","priority":null,"proxiable":true,"proxied":true,"tags":["tf-managed"],"timeouts":null,"ttl":1,"type":"CNAME","value":null,"zone_id":"09e62c791da990d8ebbf1a531d1d3efa"},"after_unknown":{},"before_sensitive":{"data":[],"metadata":{},"tags":[false]},"after_sensitive":{"data":[],"metadata":{},"tags":[false]}}},{"address":"cloudflare_record.records_vcec_cloud[\"CNAME_glue-backend-de-b2b-tracking_94add1be5e483b391d269402cc52a8ee\"]","mode":"managed","type":"cloudflare_record","name":"records_vcec_cloud","index":"CNAME_glue-backend-de-b2b-tracking_94add1be5e483b391d269402cc52a8ee","provider_name":"registry.terraform.io/cloudflare/cloudflare","change":{"actions":["no-op"],"before":{"allow_overwrite":false,"comment":"AP Dusting Recko / #51728146","content":"hosting.vcec.cloud","created_on":"2024-09-20T09:44:11.166433Z","data":[],"hostname":"glue-backend-de-b2b-tracking.vcec.cloud","id":"43c2268f82d1be922ca3ca8d3a80e3f3","metadata":{},"modified_on":"2026-01-28T11:57:08.262113Z","name":"glue-backend-de-b2b-tracking","priority":null,"proxiable":true,"proxied":true,"tags":["tf-managed"],"timeouts":null,"ttl":1,"type":"CNAME","value":null,"zone_id":"09e62c791da990d8ebbf1a531d1d3efa"},"after":{"allow_overwrite":false,"comment":"AP Dusting Recko / #51728146","content":"hosting.vcec.cloud","created_on":"2024-09-20T09:44:11.166433Z","data":[],"hostname":"glue-backend-de-b2b-tracking.vcec.cloud","id":"43c2268f82d1be922ca3ca8d3a80e3f3","metadata":{},"modified_on":"2026-01-28T11:57:08.262113Z","name":"glue-backend-de-b2b-tracking","priority":null,"proxiable":true,"proxied":true,"tags":["tf-managed"],"timeouts":null,"ttl":1,"type":"CNAME","value":null,"zone_id":"09e62c791da990d8ebbf1a531d1d3efa"},"after_unknown":{},"before_sensitive":{"data":[],"metadata":{},"tags":[false]},"after_sensitive":{"data":[],"metadata":{},"tags":[false]}}},{"address":"cloudflare_record.records_vcec_cloud[\"CNAME_glue-backend-de-b2c-spryker_94add1be5e483b391d269402cc52a8ee\"]","mode":"managed","type":"cloudflare_record","name":"records_vcec_cloud","index":"CNAME_glue-backend-de-b2c-spryker_94add1be5e483b391d269402cc52a8ee","provider_name":"registry.terraform.io/cloudflare/cloudflare","change":{"actions":["no-op"],"before":{"allow_overwrite":false,"comment":"AP Jurij Pfeiffer / Dennis Bluemer","content":"hosting.vcec.cloud","created_on":"2024-07-25T06:10:08.140353Z","data":[],"hostname":"glue-backend-de-b2c-spryker.vcec.cloud","id":"1b570790f87db6c3a31308688e339e95","metadata":{},"modified_on":"2026-01-28T11:57:17.348446Z","name":"glue-backend-de-b2c-spryker","priority":null,"proxiable":true,"proxied":true,"tags":["tf-managed"],"timeouts":null,"ttl":1,"type":"CNAME","value":null,"zone_id":"09e62c791da990d8ebbf1a531d1d3efa"},"after":{"allow_overwrite":false,"comment":"AP Jurij Pfeiffer / Dennis Bluemer","content":"hosting.vcec.cloud","created_on":"2024-07-25T06:10:08.140353Z","data":[],"hostname":"glue-backend-de-b2c-spryker.vcec.cloud","id":"1b570790f87db6c3a31308688e339e95","metadata":{},"modified_on":"2026-01-28T11:57:17.348446Z","name":"glue-backend-de-b2c-spryker","priority":null,"proxiable":true,"proxied":true,"tags":["tf-managed"],"timeouts":null,"ttl":1,"type":"CNAME","value":null,"zone_id":"09e62c791da990d8ebbf1a531d1d3efa"},"after_unknown":{},"before_sensitive":{"data":[],"metadata":{},"tags":[false]},"after_sensitive":{"data":[],"metadata":{},"tags":[false]}}},{"address":"cloudflare_record.records_vcec_cloud[\"CNAME_glue-de-b2b-spryker_94add1be5e483b391d269402cc52a8ee\"]","mode":"managed","type":"cloudflare_record","name":"records_vcec_cloud","index":"CNAME_glue-de-b2b-spryker_94add1be5e483b391d269402cc52a8ee","provider_name":"registry.terraform.io/cloudflare/cloudflare","change":{"actions":["no-op"],"before":{"allow_overwrite":false,"comment":"4me #47968953","content":"hosting.vcec.cloud","created_on":"2024-06-29T00:54:43.446336Z","data":[],"hostname":"glue-de-b2b-spryker.vcec.cloud","id":"db25725104fcce90261b60b051fbfcf6","metadata":{},"modified_on":"2026-01-28T11:56:48.259945Z","name":"glue-de-b2b-spryker","priority":null,"proxiable":true,"proxied":true,"tags":["tf-managed"],"timeouts":null,"ttl":1,"type":"CNAME","value":null,"zone_id":"09e62c791da990d8ebbf1a531d1d3efa"},"after":{"allow_overwrite":false,"comment":"4me #47968953","content":"hosting.vcec.cloud","created_on":"2024-06-29T00:54:43.446336Z","data":[],"hostname":"glue-de-b2b-spryker.vcec.cloud","id":"db25725104fcce90261b60b051fbfcf6","metadata":{},"modified_on":"2026-01-28T11:56:48.259945Z","name":"glue-de-b2b-spryker","priority":null,"proxiable":true,"proxied":true,"tags":["tf-managed"],"timeouts":null,"ttl":1,"type":"CNAME","value":null,"zone_id":"09e62c791da990d8ebbf1a531d1d3efa"},"after_unknown":{},"before_sensitive":{"data":[],"metadata":{},"tags":[false]},"after_sensitive":{"data":[],"metadata":{},"tags":[false]}}},{"address":"cloudflare_record.records_vcec_cloud[\"CNAME_glue-de-b2b-tracking_94add1be5e483b391d269402cc52a8ee\"]","mode":"managed","type":"cloudflare_record","name":"records_vcec_cloud","index":"CNAME_glue-de-b2b-tracking_94add1be5e483b391d269402cc52a8ee","provider_name":"registry.terraform.io/cloudflare/cloudflare","change":{"actions":["no-op"],"before":{"allow_overwrite":false,"comment":"AP Dusting Recko / #51728146","content":"hosting.vcec.cloud","created_on":"2024-09-20T09:44:12.171018Z","data":[],"hostname":"glue-de-b2b-tracking.vcec.cloud","id":"0cc61eb1f91b0c657a13ebc0eb450ccc","metadata":{},"modified_on":"2026-01-28T11:56:53.391555Z","name":"glue-de-b2b-tracking","priority":null,"proxiable":true,"proxied":true,"tags":["tf-managed"],"timeouts":null,"ttl":1,"type":"CNAME","value":null,"zone_id":"09e62c791da990d8ebbf1a531d1d3efa"},"after":{"allow_overwrite":false,"comment":"AP Dusting Recko / #51728146","content":"hosting.vcec.cloud","created_on":"2024-09-20T09:44:12.171018Z","data":[],"hostname":"glue-de-b2b-tracking.vcec.cloud","id":"0cc61eb1f91b0c657a13ebc0eb450ccc","metadata":{},"modified_on":"2026-01-28T11:56:53.391555Z","name":"glue-de-b2b-tracking","priority":null,"proxiable":true,"proxied":true,"tags":["tf-managed"],"timeouts":null,"ttl":1,"type":"CNAME","value":null,"zone_id":"09e62c791da990d8ebbf1a531d1d3efa"},"after_unknown":{},"before_sensitive":{"data":[],"metadata":{},"tags":[false]},"after_sensitive":{"data":[],"metadata":{},"tags":[false]}}},{"address":"cloudflare_record.records_vcec_cloud[\"CNAME_glue-de-b2c-spryker_94add1be5e483b391d269402cc52a8ee\"]","mode":"managed","type":"cloudflare_record","name":"records_vcec_cloud","index":"CNAME_glue-de-b2c-spryker_94add1be5e483b391d269402cc52a8ee","provider_name":"registry.terraform.io/cloudflare/cloudflare","change":{"actions":["no-op"],"before":{"allow_overwrite":false,"comment":"AP Jurij Pfeiffer / Dennis Bluemer","content":"hosting.vcec.cloud","created_on":"2024-07-24T13:34:46.916348Z","data":[],"hostname":"glue-de-b2c-spryker.vcec.cloud","id":"15b76779da75ed54140bf3bf215d161b","metadata":{},"modified_on":"2026-01-28T11:57:31.700699Z","name":"glue-de-b2c-spryker","priority":null,"proxiable":true,"proxied":true,"tags":["tf-managed"],"timeouts":null,"ttl":1,"type":"CNAME","value":null,"zone_id":"09e62c791da990d8ebbf1a531d1d3efa"},"after":{"allow_overwrite":false,"comment":"AP Jurij Pfeiffer / Dennis Bluemer","content":"hosting.vcec.cloud","created_on":"2024-07-24T13:34:46.916348Z","data":[],"hostname":"glue-de-b2c-spryker.vcec.cloud","id":"15b76779da75ed54140bf3bf215d161b","metadata":{},"modified_on":"2026-01-28T11:57:31.700699Z","name":"glue-de-b2c-spryker","priority":null,"proxiable":true,"proxied":true,"tags":["tf-managed"],"timeouts":null,"ttl":1,"type":"CNAME","value":null,"zone_id":"09e62c791da990d8ebbf1a531d1d3efa"},"after_unknown":{},"before_sensitive":{"data":[],"metadata":{},"tags":[false]},"after_sensitive":{"data":[],"metadata":{},"tags":[false]}}},{"address":"cloudflare_record.records_vcec_cloud[\"CNAME_glue-storefront-de-b2b-spryker_94add1be5e483b391d269402cc52a8ee\"]","mode":"managed","type":"cloudflare_record","name":"records_vcec_cloud","index":"CNAME_glue-storefront-de-b2b-spryker_94add1be5e483b391d269402cc52a8ee","provider_name":"registry.terraform.io/cloudflare/cloudflare","change":{"actions":["no-op"],"before":{"allow_overwrite":false,"comment":"AP Jurij Pfeiffer / Dennis Bluemer","content":"hosting.vcec.cloud","created_on":"2024-07-25T13:05:53.740461Z","data":[],"hostname":"glue-storefront-de-b2b-spryker.vcec.cloud","id":"5793e8fc700ae5432c76421dcb8605c5","metadata":{},"modified_on":"2026-01-28T11:57:16.718103Z","name":"glue-storefront-de-b2b-spryker","priority":null,"proxiable":true,"proxied":true,"tags":["tf-managed"],"timeouts":null,"ttl":1,"type":"CNAME","value":null,"zone_id":"09e62c791da990d8ebbf1a531d1d3efa"},"after":{"allow_overwrite":false,"comment":"AP Jurij Pfeiffer / Dennis Bluemer","content":"hosting.vcec.cloud","created_on":"2024-07-25T13:05:53.740461Z","data":[],"hostname":"glue-storefront-de-b2b-spryker.vcec.cloud","id":"5793e8fc700ae5432c76421dcb8605c5","metadata":{},"modified_on":"2026-01-28T11:57:16.718103Z","name":"glue-storefront-de-b2b-spryker","priority":null,"proxiable":true,"proxied":true,"tags":["tf-managed"],"timeouts":null,"ttl":1,"type":"CNAME","value":null,"zone_id":"09e62c791da990d8ebbf1a531d1d3efa"},"after_unknown":{},"before_sensitive":{"data":[],"metadata":{},"tags":[false]},"after_sensitive":{"data":[],"metadata":{},"tags":[false]}}},{"address":"cloudflare_record.records_vcec_cloud[\"CNAME_glue-storefront-de-b2b-tracking_94add1be5e483b391d269402cc52a8ee\"]","mode":"managed","type":"cloudflare_record","name":"records_vcec_cloud","index":"CNAME_glue-storefront-de-b2b-tracking_94add1be5e483b391d269402cc52a8ee","provider_name":"registry.terraform.io/cloudflare/cloudflare","change":{"actions":["no-op"],"before":{"allow_overwrite":false,"comment":"AP Dusting Recko / #51728146","content":"hosting.vcec.cloud","created_on":"2024-09-20T09:44:11.92653Z","data":[],"hostname":"glue-storefront-de-b2b-tracking.vcec.cloud","id":"88d93afa4eb16d1d7d9ea78a8b8e0e9e","metadata":{},"modified_on":"2026-01-28T11:57:13.225947Z","name":"glue-storefront-de-b2b-tracking","priority":null,"proxiable":true,"proxied":true,"tags":["tf-managed"],"timeouts":null,"ttl":1,"type":"CNAME","value":null,"zone_id":"09e62c791da990d8ebbf1a531d1d3efa"},"after":{"allow_overwrite":false,"comment":"AP Dusting Recko / #51728146","content":"hosting.vcec.cloud","created_on":"2024-09-20T09:44:11.92653Z","data":[],"hostname":"glue-storefront-de-b2b-tracking.vcec.cloud","id":"88d93afa4eb16d1d7d9ea78a8b8e0e9e","metadata":{},"modified_on":"2026-01-28T11:57:13.225947Z","name":"glue-storefront-de-b2b-tracking","priority":null,"proxiable":true,"proxied":true,"tags":["tf-managed"],"timeouts":null,"ttl":1,"type":"CNAME","value":null,"zone_id":"09e62c791da990d8ebbf1a531d1d3efa"},"after_unknown":{},"before_sensitive":{"data":[],"metadata":{},"tags":[false]},"after_sensitive":{"data":[],"metadata":{},"tags":[false]}}},{"address":"cloudflare_record.records_vcec_cloud[\"CNAME_glue-storefront-de-b2c-spryker_94add1be5e483b391d269402cc52a8ee\"]","mode":"managed","type":"cloudflare_record","name":"records_vcec_cloud","index":"CNAME_glue-storefront-de-b2c-spryker_94add1be5e483b391d269402cc52a8ee","provider_name":"registry.terraform.io/cloudflare/cloudflare","change":{"actions":["no-op"],"before":{"allow_overwrite":false,"comment":"AP Jurij Pfeiffer / Dennis Bluemer","content":"hosting.vcec.cloud","created_on":"2024-07-25T06:10:08.025385Z","data":[],"hostname":"glue-storefront-de-b2c-spryker.vcec.cloud","id":"97ab5b76ad8efbf5f2a2713b1662e73e","metadata":{},"modified_on":"2026-01-28T11:57:23.021985Z","name":"glue-storefront-de-b2c-spryker","priority":null,"proxiable":true,"proxied":true,"tags":["tf-managed"],"timeouts":null,"ttl":1,"type":"CNAME","value":null,"zone_id":"09e62c791da990d8ebbf1a531d1d3efa"},"after":{"allow_overwrite":false,"comment":"AP Jurij Pfeiffer / Dennis Bluemer","content":"hosting.vcec.cloud","created_on":"2024-07-25T06:10:08.025385Z","data":[],"hostname":"glue-storefront-de-b2c-spryker.vcec.cloud","id":"97ab5b76ad8efbf5f2a2713b1662e73e","metadata":{},"modified_on":"2026-01-28T11:57:23.021985Z","name":"glue-storefront-de-b2c-spryker","priority":null,"proxiable":true,"proxied":true,"tags":["tf-managed"],"timeouts":null,"ttl":1,"type":"CNAME","value":null,"zone_id":"09e62c791da990d8ebbf1a531d1d3efa"},"after_unknown":{},"before_sensitive":{"data":[],"metadata":{},"tags":[false]},"after_sensitive":{"data":[],"metadata":{},"tags":[false]}}},{"address":"cloudflare_record.records_vcec_cloud[\"CNAME_it-tools_94add1be5e483b391d269402cc52a8ee\"]","mode":"managed","type":"cloudflare_record","name":"records_vcec_cloud","index":"CNAME_it-tools_94add1be5e483b391d269402cc52a8ee","provider_name":"registry.terraform.io/cloudflare/cloudflare","change":{"actions":["no-op"],"before":{"allow_overwrite":false,"comment":"AP Nikias Herzhauser","content":"hosting.vcec.cloud","created_on":"2024-08-05T13:29:36.130816Z","data":[],"hostname":"it-tools.vcec.cloud","id":"9113d69c3559ef73267e4ec9bc440b84","metadata":{},"modified_on":"2026-01-28T11:57:11.273203Z","name":"it-tools","priority":null,"proxiable":true,"proxied":true,"tags":["tf-managed"],"timeouts":null,"ttl":1,"type":"CNAME","value":null,"zone_id":"09e62c791da990d8ebbf1a531d1d3efa"},"after":{"allow_overwrite":false,"comment":"AP Nikias Herzhauser","content":"hosting.vcec.cloud","created_on":"2024-08-05T13:29:36.130816Z","data":[],"hostname":"it-tools.vcec.cloud","id":"9113d69c3559ef73267e4ec9bc440b84","metadata":{},"modified_on":"2026-01-28T11:57:11.273203Z","name":"it-tools","priority":null,"proxiable":true,"proxied":true,"tags":["tf-managed"],"timeouts":null,"ttl":1,"type":"CNAME","value":null,"zone_id":"09e62c791da990d8ebbf1a531d1d3efa"},"after_unknown":{},"before_sensitive":{"data":[],"metadata":{},"tags":[false]},"after_sensitive":{"data":[],"metadata":{},"tags":[false]}}},{"address":"cloudflare_record.records_vcec_cloud[\"CNAME_kpi-cockpit-api_94add1be5e483b391d269402cc52a8ee\"]","mode":"managed","type":"cloudflare_record","name":"records_vcec_cloud","index":"CNAME_kpi-cockpit-api_94add1be5e483b391d269402cc52a8ee","provider_name":"registry.terraform.io/cloudflare/cloudflare","change":{"actions":["no-op"],"before":{"allow_overwrite":false,"comment":"AP Michael Blum / Martin Sehlleier | QA KPI Cockpit","content":"hosting.vcec.cloud","created_on":"2022-08-21T08:00:54.442784Z","data":[],"hostname":"kpi-cockpit-api.vcec.cloud","id":"0abf496fda642860bc92ae6a748e0b2f","metadata":{},"modified_on":"2026-01-28T11:57:01.572497Z","name":"kpi-cockpit-api","priority":null,"proxiable":true,"proxied":true,"tags":["tf-managed"],"timeouts":null,"ttl":1,"type":"CNAME","value":null,"zone_id":"09e62c791da990d8ebbf1a531d1d3efa"},"after":{"allow_overwrite":false,"comment":"AP Michael Blum / Martin Sehlleier | QA KPI Cockpit","content":"hosting.vcec.cloud","created_on":"2022-08-21T08:00:54.442784Z","data":[],"hostname":"kpi-cockpit-api.vcec.cloud","id":"0abf496fda642860bc92ae6a748e0b2f","metadata":{},"modified_on":"2026-01-28T11:57:01.572497Z","name":"kpi-cockpit-api","priority":null,"proxiable":true,"proxied":true,"tags":["tf-managed"],"timeouts":null,"ttl":1,"type":"CNAME","value":null,"zone_id":"09e62c791da990d8ebbf1a531d1d3efa"},"after_unknown":{},"before_sensitive":{"data":[],"metadata":{},"tags":[false]},"after_sensitive":{"data":[],"metadata":{},"tags":[false]}}},{"address":"cloudflare_record.records_vcec_cloud[\"CNAME_kpi-cockpit-v2_94add1be5e483b391d269402cc52a8ee\"]","mode":"managed","type":"cloudflare_record","name":"records_vcec_cloud","index":"CNAME_kpi-cockpit-v2_94add1be5e483b391d269402cc52a8ee","provider_name":"registry.terraform.io/cloudflare/cloudflare","change":{"actions":["no-op"],"before":{"allow_overwrite":false,"comment":"AP Michael Blum / Martin Sehlleier | QA KPI Cockpit","content":"hosting.vcec.cloud","created_on":"2023-11-09T09:49:13.311991Z","data":[],"hostname":"kpi-cockpit-v2.vcec.cloud","id":"8ec1aa799990653ca5c67220e58e189f","metadata":{},"modified_on":"2026-01-28T11:56:51.243759Z","name":"kpi-cockpit-v2","priority":null,"proxiable":true,"proxied":true,"tags":["tf-managed"],"timeouts":null,"ttl":1,"type":"CNAME","value":null,"zone_id":"09e62c791da990d8ebbf1a531d1d3efa"},"after":{"allow_overwrite":false,"comment":"AP Michael Blum / Martin Sehlleier | QA KPI Cockpit","content":"hosting.vcec.cloud","created_on":"2023-11-09T09:49:13.311991Z","data":[],"hostname":"kpi-cockpit-v2.vcec.cloud","id":"8ec1aa799990653ca5c67220e58e189f","metadata":{},"modified_on":"2026-01-28T11:56:51.243759Z","name":"kpi-cockpit-v2","priority":null,"proxiable":true,"proxied":true,"tags":["tf-managed"],"timeouts":null,"ttl":1,"type":"CNAME","value":null,"zone_id":"09e62c791da990d8ebbf1a531d1d3efa"},"after_unknown":{},"before_sensitive":{"data":[],"metadata":{},"tags":[false]},"after_sensitive":{"data":[],"metadata":{},"tags":[false]}}},{"address":"cloudflare_record.records_vcec_cloud[\"CNAME_kpi-cockpit_94add1be5e483b391d269402cc52a8ee\"]","mode":"managed","type":"cloudflare_record","name":"records_vcec_cloud","index":"CNAME_kpi-cockpit_94add1be5e483b391d269402cc52a8ee","provider_name":"registry.terraform.io/cloudflare/cloudflare","change":{"actions":["no-op"],"before":{"allow_overwrite":false,"comment":"AP Michael Blum / Martin Sehlleier | QA KPI Cockpit","content":"hosting.vcec.cloud","created_on":"2022-08-21T08:00:54.23783Z","data":[],"hostname":"kpi-cockpit.vcec.cloud","id":"433577b3b55435308d30080f4e34fb8b","metadata":{},"modified_on":"2026-01-28T11:57:06.821288Z","name":"kpi-cockpit","priority":null,"proxiable":true,"proxied":true,"tags":["tf-managed"],"timeouts":null,"ttl":1,"type":"CNAME","value":null,"zone_id":"09e62c791da990d8ebbf1a531d1d3efa"},"after":{"allow_overwrite":false,"comment":"AP Michael Blum / Martin Sehlleier | QA KPI Cockpit","content":"hosting.vcec.cloud","created_on":"2022-08-21T08:00:54.23783Z","data":[],"hostname":"kpi-cockpit.vcec.cloud","id":"433577b3b55435308d30080f4e34fb8b","metadata":{},"modified_on":"2026-01-28T11:57:06.821288Z","name":"kpi-cockpit","priority":null,"proxiable":true,"proxied":true,"tags":["tf-managed"],"timeouts":null,"ttl":1,"type":"CNAME","value":null,"zone_id":"09e62c791da990d8ebbf1a531d1d3efa"},"after_unknown":{},"before_sensitive":{"data":[],"metadata":{},"tags":[false]},"after_sensitive":{"data":[],"metadata":{},"tags":[false]}}},{"address":"cloudflare_record.records_vcec_cloud[\"CNAME_l_94add1be5e483b391d269402cc52a8ee\"]","mode":"managed","type":"cloudflare_record","name":"records_vcec_cloud","index":"CNAME_l_94add1be5e483b391d269402cc52a8ee","provider_name":"registry.terraform.io/cloudflare/cloudflare","change":{"actions":["no-op"],"before":{"allow_overwrite":false,"comment":"AP Phillip Schleicher | Link Shortener","content":"hosting.vcec.cloud","created_on":"2023-07-10T08:26:59.029225Z","data":[],"hostname":"l.vcec.cloud","id":"c6725960cbc40b7a07673f85b4f9411c","metadata":{},"modified_on":"2026-01-28T11:57:31.53012Z","name":"l","priority":null,"proxiable":true,"proxied":true,"tags":["tf-managed"],"timeouts":null,"ttl":1,"type":"CNAME","value":null,"zone_id":"09e62c791da990d8ebbf1a531d1d3efa"},"after":{"allow_overwrite":false,"comment":"AP Phillip Schleicher | Link Shortener","content":"hosting.vcec.cloud","created_on":"2023-07-10T08:26:59.029225Z","data":[],"hostname":"l.vcec.cloud","id":"c6725960cbc40b7a07673f85b4f9411c","metadata":{},"modified_on":"2026-01-28T11:57:31.53012Z","name":"l","priority":null,"proxiable":true,"proxied":true,"tags":["tf-managed"],"timeouts":null,"ttl":1,"type":"CNAME","value":null,"zone_id":"09e62c791da990d8ebbf1a531d1d3efa"},"after_unknown":{},"before_sensitive":{"data":[],"metadata":{},"tags":[false]},"after_sensitive":{"data":[],"metadata":{},"tags":[false]}}},{"address":"cloudflare_record.records_vcec_cloud[\"CNAME_link_94add1be5e483b391d269402cc52a8ee\"]","mode":"managed","type":"cloudflare_record","name":"records_vcec_cloud","index":"CNAME_link_94add1be5e483b391d269402cc52a8ee","provider_name":"registry.terraform.io/cloudflare/cloudflare","change":{"actions":["no-op"],"before":{"allow_overwrite":false,"comment":"AP Phillip Schleicher | Link Shortener","content":"hosting.vcec.cloud","created_on":"2024-06-20T19:01:21.349579Z","data":[],"hostname":"link.vcec.cloud","id":"e5d843b0ed6fd99b44a5c0a5f70f708f","metadata":{},"modified_on":"2026-01-28T11:56:57.089292Z","name":"link","priority":null,"proxiable":true,"proxied":true,"tags":["tf-managed"],"timeouts":null,"ttl":1,"type":"CNAME","value":null,"zone_id":"09e62c791da990d8ebbf1a531d1d3efa"},"after":{"allow_overwrite":false,"comment":"AP Phillip Schleicher | Link Shortener","content":"hosting.vcec.cloud","created_on":"2024-06-20T19:01:21.349579Z","data":[],"hostname":"link.vcec.cloud","id":"e5d843b0ed6fd99b44a5c0a5f70f708f","metadata":{},"modified_on":"2026-01-28T11:56:57.089292Z","name":"link","priority":null,"proxiable":true,"proxied":true,"tags":["tf-managed"],"timeouts":null,"ttl":1,"type":"CNAME","value":null,"zone_id":"09e62c791da990d8ebbf1a531d1d3efa"},"after_unknown":{},"before_sensitive":{"data":[],"metadata":{},"tags":[false]},"after_sensitive":{"data":[],"metadata":{},"tags":[false]}}},{"address":"cloudflare_record.records_vcec_cloud[\"CNAME_lobster-admin_94add1be5e483b391d269402cc52a8ee\"]","mode":"managed","type":"cloudflare_record","name":"records_vcec_cloud","index":"CNAME_lobster-admin_94add1be5e483b391d269402cc52a8ee","provider_name":"registry.terraform.io/cloudflare/cloudflare","change":{"actions":["no-op"],"before":{"allow_overwrite":false,"comment":"AP Dennis Bluemer / Joerg Leigers | Lobster","content":"hosting.vcec.cloud","created_on":"2024-08-07T07:30:09.339057Z","data":[],"hostname":"lobster-admin.vcec.cloud","id":"1884f9774a79946b0c18217fc4d55f29","metadata":{},"modified_on":"2026-01-28T11:56:47.777374Z","name":"lobster-admin","priority":null,"proxiable":true,"proxied":false,"tags":["tf-managed"],"timeouts":null,"ttl":600,"type":"CNAME","value":null,"zone_id":"09e62c791da990d8ebbf1a531d1d3efa"},"after":{"allow_overwrite":false,"comment":"AP Dennis Bluemer / Joerg Leigers | Lobster","content":"hosting.vcec.cloud","created_on":"2024-08-07T07:30:09.339057Z","data":[],"hostname":"lobster-admin.vcec.cloud","id":"1884f9774a79946b0c18217fc4d55f29","metadata":{},"modified_on":"2026-01-28T11:56:47.777374Z","name":"lobster-admin","priority":null,"proxiable":true,"proxied":false,"tags":["tf-managed"],"timeouts":null,"ttl":600,"type":"CNAME","value":null,"zone_id":"09e62c791da990d8ebbf1a531d1d3efa"},"after_unknown":{},"before_sensitive":{"data":[],"metadata":{},"tags":[false]},"after_sensitive":{"data":[],"metadata":{},"tags":[false]}}},{"address":"cloudflare_record.records_vcec_cloud[\"CNAME_lobster-dmz_94add1be5e483b391d269402cc52a8ee\"]","mode":"managed","type":"cloudflare_record","name":"records_vcec_cloud","index":"CNAME_lobster-dmz_94add1be5e483b391d269402cc52a8ee","provider_name":"registry.terraform.io/cloudflare/cloudflare","change":{"actions":["no-op"],"before":{"allow_overwrite":false,"comment":"AP Joerg Leigers / #68234526","content":"hosting.vcec.cloud","created_on":"2025-11-07T19:03:52.087132Z","data":[],"hostname":"lobster-dmz.vcec.cloud","id":"14407f932e69b9b7a14e51115f6ba95e","metadata":{},"modified_on":"2026-01-28T11:56:52.959723Z","name":"lobster-dmz","priority":null,"proxiable":true,"proxied":false,"tags":["tf-managed"],"timeouts":null,"ttl":600,"type":"CNAME","value":null,"zone_id":"09e62c791da990d8ebbf1a531d1d3efa"},"after":{"allow_overwrite":false,"comment":"AP Joerg Leigers / #68234526","content":"hosting.vcec.cloud","created_on":"2025-11-07T19:03:52.087132Z","data":[],"hostname":"lobster-dmz.vcec.cloud","id":"14407f932e69b9b7a14e51115f6ba95e","metadata":{},"modified_on":"2026-01-28T11:56:52.959723Z","name":"lobster-dmz","priority":null,"proxiable":true,"proxied":false,"tags":["tf-managed"],"timeouts":null,"ttl":600,"type":"CNAME","value":null,"zone_id":"09e62c791da990d8ebbf1a531d1d3efa"},"after_unknown":{},"before_sensitive":{"data":[],"metadata":{},"tags":[false]},"after_sensitive":{"data":[],"metadata":{},"tags":[false]}}},{"address":"cloudflare_record.records_vcec_cloud[\"CNAME_lobster-prod_94add1be5e483b391d269402cc52a8ee\"]","mode":"managed","type":"cloudflare_record","name":"records_vcec_cloud","index":"CNAME_lobster-prod_94add1be5e483b391d269402cc52a8ee","provider_name":"registry.terraform.io/cloudflare/cloudflare","change":{"actions":["no-op"],"before":{"allow_overwrite":false,"comment":"AP Joerg Leigers / #68234526","content":"hosting.vcec.cloud","created_on":"2025-11-07T19:03:52.585782Z","data":[],"hostname":"lobster-prod.vcec.cloud","id":"f091305114a30414ceb040b1edf939b8","metadata":{},"modified_on":"2026-01-28T11:57:03.533549Z","name":"lobster-prod","priority":null,"proxiable":true,"proxied":false,"tags":["tf-managed"],"timeouts":null,"ttl":600,"type":"CNAME","value":null,"zone_id":"09e62c791da990d8ebbf1a531d1d3efa"},"after":{"allow_overwrite":false,"comment":"AP Joerg Leigers / #68234526","content":"hosting.vcec.cloud","created_on":"2025-11-07T19:03:52.585782Z","data":[],"hostname":"lobster-prod.vcec.cloud","id":"f091305114a30414ceb040b1edf939b8","metadata":{},"modified_on":"2026-01-28T11:57:03.533549Z","name":"lobster-prod","priority":null,"proxiable":true,"proxied":false,"tags":["tf-managed"],"timeouts":null,"ttl":600,"type":"CNAME","value":null,"zone_id":"09e62c791da990d8ebbf1a531d1d3efa"},"after_unknown":{},"before_sensitive":{"data":[],"metadata":{},"tags":[false]},"after_sensitive":{"data":[],"metadata":{},"tags":[false]}}},{"address":"cloudflare_record.records_vcec_cloud[\"CNAME_lobster-test_94add1be5e483b391d269402cc52a8ee\"]","mode":"managed","type":"cloudflare_record","name":"records_vcec_cloud","index":"CNAME_lobster-test_94add1be5e483b391d269402cc52a8ee","provider_name":"registry.terraform.io/cloudflare/cloudflare","change":{"actions":["no-op"],"before":{"allow_overwrite":false,"comment":"AP Joerg Leigers / #68234526","content":"hosting.vcec.cloud","created_on":"2025-11-07T19:03:52.343534Z","data":[],"hostname":"lobster-test.vcec.cloud","id":"07112f7f21c0da5ac40278bc83636ee1","metadata":{},"modified_on":"2026-01-28T11:57:11.747447Z","name":"lobster-test","priority":null,"proxiable":true,"proxied":false,"tags":["tf-managed"],"timeouts":null,"ttl":600,"type":"CNAME","value":null,"zone_id":"09e62c791da990d8ebbf1a531d1d3efa"},"after":{"allow_overwrite":false,"comment":"AP Joerg Leigers / #68234526","content":"hosting.vcec.cloud","created_on":"2025-11-07T19:03:52.343534Z","data":[],"hostname":"lobster-test.vcec.cloud","id":"07112f7f21c0da5ac40278bc83636ee1","metadata":{},"modified_on":"2026-01-28T11:57:11.747447Z","name":"lobster-test","priority":null,"proxiable":true,"proxied":false,"tags":["tf-managed"],"timeouts":null,"ttl":600,"type":"CNAME","value":null,"zone_id":"09e62c791da990d8ebbf1a531d1d3efa"},"after_unknown":{},"before_sensitive":{"data":[],"metadata":{},"tags":[false]},"after_sensitive":{"data":[],"metadata":{},"tags":[false]}}},{"address":"cloudflare_record.records_vcec_cloud[\"CNAME_mail-b2b-spryker_94add1be5e483b391d269402cc52a8ee\"]","mode":"managed","type":"cloudflare_record","name":"records_vcec_cloud","index":"CNAME_mail-b2b-spryker_94add1be5e483b391d269402cc52a8ee","provider_name":"registry.terraform.io/cloudflare/cloudflare","change":{"actions":["no-op"],"before":{"allow_overwrite":false,"comment":"AP Rafal Wesolowski / Dennis Bluemer / #54711303","content":"hosting.vcec.cloud","created_on":"2024-12-05T14:49:04.294409Z","data":[],"hostname":"mail-b2b-spryker.vcec.cloud","id":"d19e06ca0986c7f08efcbfc55a1af658","metadata":{},"modified_on":"2026-01-28T11:57:06.781575Z","name":"mail-b2b-spryker","priority":null,"proxiable":true,"proxied":true,"tags":["tf-managed"],"timeouts":null,"ttl":1,"type":"CNAME","value":null,"zone_id":"09e62c791da990d8ebbf1a531d1d3efa"},"after":{"allow_overwrite":false,"comment":"AP Rafal Wesolowski / Dennis Bluemer / #54711303","content":"hosting.vcec.cloud","created_on":"2024-12-05T14:49:04.294409Z","data":[],"hostname":"mail-b2b-spryker.vcec.cloud","id":"d19e06ca0986c7f08efcbfc55a1af658","metadata":{},"modified_on":"2026-01-28T11:57:06.781575Z","name":"mail-b2b-spryker","priority":null,"proxiable":true,"proxied":true,"tags":["tf-managed"],"timeouts":null,"ttl":1,"type":"CNAME","value":null,"zone_id":"09e62c791da990d8ebbf1a531d1d3efa"},"after_unknown":{},"before_sensitive":{"data":[],"metadata":{},"tags":[false]},"after_sensitive":{"data":[],"metadata":{},"tags":[false]}}},{"address":"cloudflare_record.records_vcec_cloud[\"CNAME_mail-b2c-spryker_94add1be5e483b391d269402cc52a8ee\"]","mode":"managed","type":"cloudflare_record","name":"records_vcec_cloud","index":"CNAME_mail-b2c-spryker_94add1be5e483b391d269402cc52a8ee","provider_name":"registry.terraform.io/cloudflare/cloudflare","change":{"actions":["no-op"],"before":{"allow_overwrite":false,"comment":"AP Rafal Wesolowski / Dennis Bluemer / #54711303","content":"hosting.vcec.cloud","created_on":"2024-12-05T13:47:02.824015Z","data":[],"hostname":"mail-b2c-spryker.vcec.cloud","id":"b0a8a47624f4ac4ea3f05170d9502afe","metadata":{},"modified_on":"2026-01-28T11:57:28.304439Z","name":"mail-b2c-spryker","priority":null,"proxiable":true,"proxied":true,"tags":["tf-managed"],"timeouts":null,"ttl":1,"type":"CNAME","value":null,"zone_id":"09e62c791da990d8ebbf1a531d1d3efa"},"after":{"allow_overwrite":false,"comment":"AP Rafal Wesolowski / Dennis Bluemer / #54711303","content":"hosting.vcec.cloud","created_on":"2024-12-05T13:47:02.824015Z","data":[],"hostname":"mail-b2c-spryker.vcec.cloud","id":"b0a8a47624f4ac4ea3f05170d9502afe","metadata":{},"modified_on":"2026-01-28T11:57:28.304439Z","name":"mail-b2c-spryker","priority":null,"proxiable":true,"proxied":true,"tags":["tf-managed"],"timeouts":null,"ttl":1,"type":"CNAME","value":null,"zone_id":"09e62c791da990d8ebbf1a531d1d3efa"},"after_unknown":{},"before_sensitive":{"data":[],"metadata":{},"tags":[false]},"after_sensitive":{"data":[],"metadata":{},"tags":[false]}}},{"address":"cloudflare_record.records_vcec_cloud[\"CNAME_mailpit.hosting_94add1be5e483b391d269402cc52a8ee\"]","mode":"managed","type":"cloudflare_record","name":"records_vcec_cloud","index":"CNAME_mailpit.hosting_94add1be5e483b391d269402cc52a8ee","provider_name":"registry.terraform.io/cloudflare/cloudflare","change":{"actions":["no-op"],"before":{"allow_overwrite":false,"comment":"AP Phillip Schleicher | Mailcatcher for NC Cloud","content":"hosting.vcec.cloud","created_on":"2024-06-20T05:15:30.788375Z","data":[],"hostname":"mailpit.hosting.vcec.cloud","id":"8423fe2b4b50ae0432e4cd612f4ddb48","metadata":{},"modified_on":"2026-01-28T11:57:07.261271Z","name":"mailpit.hosting","priority":null,"proxiable":true,"proxied":false,"tags":["tf-managed"],"timeouts":null,"ttl":600,"type":"CNAME","value":null,"zone_id":"09e62c791da990d8ebbf1a531d1d3efa"},"after":{"allow_overwrite":false,"comment":"AP Phillip Schleicher | Mailcatcher for NC Cloud","content":"hosting.vcec.cloud","created_on":"2024-06-20T05:15:30.788375Z","data":[],"hostname":"mailpit.hosting.vcec.cloud","id":"8423fe2b4b50ae0432e4cd612f4ddb48","metadata":{},"modified_on":"2026-01-28T11:57:07.261271Z","name":"mailpit.hosting","priority":null,"proxiable":true,"proxied":false,"tags":["tf-managed"],"timeouts":null,"ttl":600,"type":"CNAME","value":null,"zone_id":"09e62c791da990d8ebbf1a531d1d3efa"},"after_unknown":{},"before_sensitive":{"data":[],"metadata":{},"tags":[false]},"after_sensitive":{"data":[],"metadata":{},"tags":[false]}}},{"address":"cloudflare_record.records_vcec_cloud[\"CNAME_manage.hosting_94add1be5e483b391d269402cc52a8ee\"]","mode":"managed","type":"cloudflare_record","name":"records_vcec_cloud","index":"CNAME_manage.hosting_94add1be5e483b391d269402cc52a8ee","provider_name":"registry.terraform.io/cloudflare/cloudflare","change":{"actions":["no-op"],"before":{"allow_overwrite":false,"comment":"AP Phillip Schleicher | Jenkins","content":"hosting.vcec.cloud","created_on":"2024-08-24T10:36:35.164662Z","data":[],"hostname":"manage.hosting.vcec.cloud","id":"c232524007b9df4596a3cf3cbecaf466","metadata":{},"modified_on":"2026-01-28T11:57:21.786571Z","name":"manage.hosting","priority":null,"proxiable":true,"proxied":false,"tags":["tf-managed"],"timeouts":null,"ttl":600,"type":"CNAME","value":null,"zone_id":"09e62c791da990d8ebbf1a531d1d3efa"},"after":{"allow_overwrite":false,"comment":"AP Phillip Schleicher | Jenkins","content":"hosting.vcec.cloud","created_on":"2024-08-24T10:36:35.164662Z","data":[],"hostname":"manage.hosting.vcec.cloud","id":"c232524007b9df4596a3cf3cbecaf466","metadata":{},"modified_on":"2026-01-28T11:57:21.786571Z","name":"manage.hosting","priority":null,"proxiable":true,"proxied":false,"tags":["tf-managed"],"timeouts":null,"ttl":600,"type":"CNAME","value":null,"zone_id":"09e62c791da990d8ebbf1a531d1d3efa"},"after_unknown":{},"before_sensitive":{"data":[],"metadata":{},"tags":[false]},"after_sensitive":{"data":[],"metadata":{},"tags":[false]}}},{"address":"cloudflare_record.records_vcec_cloud[\"CNAME_monit.hosting_94add1be5e483b391d269402cc52a8ee\"]","mode":"managed","type":"cloudflare_record","name":"records_vcec_cloud","index":"CNAME_monit.hosting_94add1be5e483b391d269402cc52a8ee","provider_name":"registry.terraform.io/cloudflare/cloudflare","change":{"actions":["no-op"],"before":{"allow_overwrite":false,"comment":"AP Martin Sehlleier | OpenSearch Log Monitoring","content":"hosting.vcec.cloud","created_on":"2025-07-11T11:57:21.641444Z","data":[],"hostname":"monit.hosting.vcec.cloud","id":"fdeefa07c817cfd2b4260111471361bb","metadata":{},"modified_on":"2026-01-28T11:57:28.000881Z","name":"monit.hosting","priority":null,"proxiable":true,"proxied":false,"tags":["tf-managed"],"timeouts":null,"ttl":600,"type":"CNAME","value":null,"zone_id":"09e62c791da990d8ebbf1a531d1d3efa"},"after":{"allow_overwrite":false,"comment":"AP Martin Sehlleier | OpenSearch Log Monitoring","content":"hosting.vcec.cloud","created_on":"2025-07-11T11:57:21.641444Z","data":[],"hostname":"monit.hosting.vcec.cloud","id":"fdeefa07c817cfd2b4260111471361bb","metadata":{},"modified_on":"2026-01-28T11:57:28.000881Z","name":"monit.hosting","priority":null,"proxiable":true,"proxied":false,"tags":["tf-managed"],"timeouts":null,"ttl":600,"type":"CNAME","value":null,"zone_id":"09e62c791da990d8ebbf1a531d1d3efa"},"after_unknown":{},"before_sensitive":{"data":[],"metadata":{},"tags":[false]},"after_sensitive":{"data":[],"metadata":{},"tags":[false]}}},{"address":"cloudflare_record.records_vcec_cloud[\"CNAME_node1.pve.hosting_94add1be5e483b391d269402cc52a8ee\"]","mode":"managed","type":"cloudflare_record","name":"records_vcec_cloud","index":"CNAME_node1.pve.hosting_94add1be5e483b391d269402cc52a8ee","provider_name":"registry.terraform.io/cloudflare/cloudflare","change":{"actions":["no-op"],"before":{"allow_overwrite":false,"comment":"AP Phillip Schleicher / Proxmox","content":"hosting.vcec.cloud","created_on":"2025-02-22T18:40:58.866877Z","data":[],"hostname":"node1.pve.hosting.vcec.cloud","id":"3e738a0196ee63de9708a20bc939b92c","metadata":{},"modified_on":"2026-01-28T11:57:27.268543Z","name":"node1.pve.hosting","priority":null,"proxiable":true,"proxied":false,"tags":["tf-managed"],"timeouts":null,"ttl":600,"type":"CNAME","value":null,"zone_id":"09e62c791da990d8ebbf1a531d1d3efa"},"after":{"allow_overwrite":false,"comment":"AP Phillip Schleicher / Proxmox","content":"hosting.vcec.cloud","created_on":"2025-02-22T18:40:58.866877Z","data":[],"hostname":"node1.pve.hosting.vcec.cloud","id":"3e738a0196ee63de9708a20bc939b92c","metadata":{},"modified_on":"2026-01-28T11:57:27.268543Z","name":"node1.pve.hosting","priority":null,"proxiable":true,"proxied":false,"tags":["tf-managed"],"timeouts":null,"ttl":600,"type":"CNAME","value":null,"zone_id":"09e62c791da990d8ebbf1a531d1d3efa"},"after_unknown":{},"before_sensitive":{"data":[],"metadata":{},"tags":[false]},"after_sensitive":{"data":[],"metadata":{},"tags":[false]}}},{"address":"cloudflare_record.records_vcec_cloud[\"CNAME_pdf_94add1be5e483b391d269402cc52a8ee\"]","mode":"managed","type":"cloudflare_record","name":"records_vcec_cloud","index":"CNAME_pdf_94add1be5e483b391d269402cc52a8ee","provider_name":"registry.terraform.io/cloudflare/cloudflare","change":{"actions":["no-op"],"before":{"allow_overwrite":false,"comment":"AP Nikias Herzhauser | Stirling PDF","content":"hosting.vcec.cloud","created_on":"2024-07-15T07:16:17.690875Z","data":[],"hostname":"pdf.vcec.cloud","id":"abf1abeefc3454a0a6a9b7fb342019c5","metadata":{},"modified_on":"2026-01-28T11:57:32.454792Z","name":"pdf","priority":null,"proxiable":true,"proxied":true,"tags":["tf-managed"],"timeouts":null,"ttl":1,"type":"CNAME","value":null,"zone_id":"09e62c791da990d8ebbf1a531d1d3efa"},"after":{"allow_overwrite":false,"comment":"AP Nikias Herzhauser | Stirling PDF","content":"hosting.vcec.cloud","created_on":"2024-07-15T07:16:17.690875Z","data":[],"hostname":"pdf.vcec.cloud","id":"abf1abeefc3454a0a6a9b7fb342019c5","metadata":{},"modified_on":"2026-01-28T11:57:32.454792Z","name":"pdf","priority":null,"proxiable":true,"proxied":true,"tags":["tf-managed"],"timeouts":null,"ttl":1,"type":"CNAME","value":null,"zone_id":"09e62c791da990d8ebbf1a531d1d3efa"},"after_unknown":{},"before_sensitive":{"data":[],"metadata":{},"tags":[false]},"after_sensitive":{"data":[],"metadata":{},"tags":[false]}}},{"address":"cloudflare_record.records_vcec_cloud[\"CNAME_prod-benz-sport.cust-benz_61083eb11629eb050eeaaa0bf2c32962\"]","mode":"managed","type":"cloudflare_record","name":"records_vcec_cloud","index":"CNAME_prod-benz-sport.cust-benz_61083eb11629eb050eeaaa0bf2c32962","provider_name":"registry.terraform.io/cloudflare/cloudflare","change":{"actions":["no-op"],"before":{"allow_overwrite":false,"comment":"AP Zoia Funtasova / Phillip Schleicher","content":"prod.cust-benz.vcec.cloud","created_on":"2025-09-30T12:50:18.620959Z","data":[],"hostname":"prod-benz-sport.cust-benz.vcec.cloud","id":"e3b593cedfeecf5268b57ac0de49d675","metadata":{},"modified_on":"2026-01-28T11:56:58.778599Z","name":"prod-benz-sport.cust-benz","priority":null,"proxiable":true,"proxied":false,"tags":["tf-managed"],"timeouts":null,"ttl":600,"type":"CNAME","value":null,"zone_id":"09e62c791da990d8ebbf1a531d1d3efa"},"after":{"allow_overwrite":false,"comment":"AP Zoia Funtasova / Phillip Schleicher","content":"prod.cust-benz.vcec.cloud","created_on":"2025-09-30T12:50:18.620959Z","data":[],"hostname":"prod-benz-sport.cust-benz.vcec.cloud","id":"e3b593cedfeecf5268b57ac0de49d675","metadata":{},"modified_on":"2026-01-28T11:56:58.778599Z","name":"prod-benz-sport.cust-benz","priority":null,"proxiable":true,"proxied":false,"tags":["tf-managed"],"timeouts":null,"ttl":600,"type":"CNAME","value":null,"zone_id":"09e62c791da990d8ebbf1a531d1d3efa"},"after_unknown":{},"before_sensitive":{"data":[],"metadata":{},"tags":[false]},"after_sensitive":{"data":[],"metadata":{},"tags":[false]}}},{"address":"cloudflare_record.records_vcec_cloud[\"CNAME_pwx_94add1be5e483b391d269402cc52a8ee\"]","mode":"managed","type":"cloudflare_record","name":"records_vcec_cloud","index":"CNAME_pwx_94add1be5e483b391d269402cc52a8ee","provider_name":"registry.terraform.io/cloudflare/cloudflare","change":{"actions":["no-op"],"before":{"allow_overwrite":false,"comment":"AP Phillip Schleicher | Yopass","content":"hosting.vcec.cloud","created_on":"2023-03-14T19:26:29.386199Z","data":[],"hostname":"pwx.vcec.cloud","id":"c77c80c314cf74a36faac2cb9fddf2d9","metadata":{},"modified_on":"2026-01-28T11:57:07.804266Z","name":"pwx","priority":null,"proxiable":true,"proxied":true,"tags":["tf-managed"],"timeouts":null,"ttl":1,"type":"CNAME","value":null,"zone_id":"09e62c791da990d8ebbf1a531d1d3efa"},"after":{"allow_overwrite":false,"comment":"AP Phillip Schleicher | Yopass","content":"hosting.vcec.cloud","created_on":"2023-03-14T19:26:29.386199Z","data":[],"hostname":"pwx.vcec.cloud","id":"c77c80c314cf74a36faac2cb9fddf2d9","metadata":{},"modified_on":"2026-01-28T11:57:07.804266Z","name":"pwx","priority":null,"proxiable":true,"proxied":true,"tags":["tf-managed"],"timeouts":null,"ttl":1,"type":"CNAME","value":null,"zone_id":"09e62c791da990d8ebbf1a531d1d3efa"},"after_unknown":{},"before_sensitive":{"data":[],"metadata":{},"tags":[false]},"after_sensitive":{"data":[],"metadata":{},"tags":[false]}}},{"address":"cloudflare_record.records_vcec_cloud[\"CNAME_ridetogether-api_94add1be5e483b391d269402cc52a8ee\"]","mode":"managed","type":"cloudflare_record","name":"records_vcec_cloud","index":"CNAME_ridetogether-api_94add1be5e483b391d269402cc52a8ee","provider_name":"registry.terraform.io/cloudflare/cloudflare","change":{"actions":["no-op"],"before":{"allow_overwrite":false,"comment":"AP Rafal Wesolowski / #59058346","content":"hosting.vcec.cloud","created_on":"2025-03-26T12:29:52.827439Z","data":[],"hostname":"ridetogether-api.vcec.cloud","id":"723f961fae0c3f862391200d9114394f","metadata":{},"modified_on":"2026-01-28T11:56:51.808224Z","name":"ridetogether-api","priority":null,"proxiable":true,"proxied":false,"tags":["tf-managed"],"timeouts":null,"ttl":600,"type":"CNAME","value":null,"zone_id":"09e62c791da990d8ebbf1a531d1d3efa"},"after":{"allow_overwrite":false,"comment":"AP Rafal Wesolowski / #59058346","content":"hosting.vcec.cloud","created_on":"2025-03-26T12:29:52.827439Z","data":[],"hostname":"ridetogether-api.vcec.cloud","id":"723f961fae0c3f862391200d9114394f","metadata":{},"modified_on":"2026-01-28T11:56:51.808224Z","name":"ridetogether-api","priority":null,"proxiable":true,"proxied":false,"tags":["tf-managed"],"timeouts":null,"ttl":600,"type":"CNAME","value":null,"zone_id":"09e62c791da990d8ebbf1a531d1d3efa"},"after_unknown":{},"before_sensitive":{"data":[],"metadata":{},"tags":[false]},"after_sensitive":{"data":[],"metadata":{},"tags":[false]}}},{"address":"cloudflare_record.records_vcec_cloud[\"CNAME_ridetogether_94add1be5e483b391d269402cc52a8ee\"]","mode":"managed","type":"cloudflare_record","name":"records_vcec_cloud","index":"CNAME_ridetogether_94add1be5e483b391d269402cc52a8ee","provider_name":"registry.terraform.io/cloudflare/cloudflare","change":{"actions":["no-op"],"before":{"allow_overwrite":false,"comment":"AP Rafal Wesolowski / #59058346","content":"hosting.vcec.cloud","created_on":"2025-03-26T12:29:52.83327Z","data":[],"hostname":"ridetogether.vcec.cloud","id":"6a408679fbc0e59d29ae5ced4d10038c","metadata":{},"modified_on":"2026-01-28T11:57:23.504908Z","name":"ridetogether","priority":null,"proxiable":true,"proxied":false,"tags":["tf-managed"],"timeouts":null,"ttl":600,"type":"CNAME","value":null,"zone_id":"09e62c791da990d8ebbf1a531d1d3efa"},"after":{"allow_overwrite":false,"comment":"AP Rafal Wesolowski / #59058346","content":"hosting.vcec.cloud","created_on":"2025-03-26T12:29:52.83327Z","data":[],"hostname":"ridetogether.vcec.cloud","id":"6a408679fbc0e59d29ae5ced4d10038c","metadata":{},"modified_on":"2026-01-28T11:57:23.504908Z","name":"ridetogether","priority":null,"proxiable":true,"proxied":false,"tags":["tf-managed"],"timeouts":null,"ttl":600,"type":"CNAME","value":null,"zone_id":"09e62c791da990d8ebbf1a531d1d3efa"},"after_unknown":{},"before_sensitive":{"data":[],"metadata":{},"tags":[false]},"after_sensitive":{"data":[],"metadata":{},"tags":[false]}}},{"address":"cloudflare_record.records_vcec_cloud[\"CNAME_sgtm_94add1be5e483b391d269402cc52a8ee\"]","mode":"managed","type":"cloudflare_record","name":"records_vcec_cloud","index":"CNAME_sgtm_94add1be5e483b391d269402cc52a8ee","provider_name":"registry.terraform.io/cloudflare/cloudflare","change":{"actions":["no-op"],"before":{"allow_overwrite":false,"comment":"AP Dustin Recko | 4me #51728146","content":"hosting.vcec.cloud","created_on":"2024-10-01T06:00:45.589671Z","data":[],"hostname":"sgtm.vcec.cloud","id":"d42e86435ebd77c72569b426cc6cff53","metadata":{},"modified_on":"2026-01-28T11:57:27.534323Z","name":"sgtm","priority":null,"proxiable":true,"proxied":true,"tags":["tf-managed"],"timeouts":null,"ttl":1,"type":"CNAME","value":null,"zone_id":"09e62c791da990d8ebbf1a531d1d3efa"},"after":{"allow_overwrite":false,"comment":"AP Dustin Recko | 4me #51728146","content":"hosting.vcec.cloud","created_on":"2024-10-01T06:00:45.589671Z","data":[],"hostname":"sgtm.vcec.cloud","id":"d42e86435ebd77c72569b426cc6cff53","metadata":{},"modified_on":"2026-01-28T11:57:27.534323Z","name":"sgtm","priority":null,"proxiable":true,"proxied":true,"tags":["tf-managed"],"timeouts":null,"ttl":1,"type":"CNAME","value":null,"zone_id":"09e62c791da990d8ebbf1a531d1d3efa"},"after_unknown":{},"before_sensitive":{"data":[],"metadata":{},"tags":[false]},"after_sensitive":{"data":[],"metadata":{},"tags":[false]}}},{"address":"cloudflare_record.records_vcec_cloud[\"CNAME_shopware-demo_94add1be5e483b391d269402cc52a8ee\"]","mode":"managed","type":"cloudflare_record","name":"records_vcec_cloud","index":"CNAME_shopware-demo_94add1be5e483b391d269402cc52a8ee","provider_name":"registry.terraform.io/cloudflare/cloudflare","change":{"actions":["no-op"],"before":{"allow_overwrite":false,"comment":"AP Phillip Schleicher","content":"hosting.vcec.cloud","created_on":"2024-10-09T07:07:12.636166Z","data":[],"hostname":"shopware-demo.vcec.cloud","id":"75919158942cac39d1d2a4dcde306b3b","metadata":{},"modified_on":"2026-01-28T11:56:58.301285Z","name":"shopware-demo","priority":null,"proxiable":true,"proxied":true,"tags":["tf-managed"],"timeouts":null,"ttl":1,"type":"CNAME","value":null,"zone_id":"09e62c791da990d8ebbf1a531d1d3efa"},"after":{"allow_overwrite":false,"comment":"AP Phillip Schleicher","content":"hosting.vcec.cloud","created_on":"2024-10-09T07:07:12.636166Z","data":[],"hostname":"shopware-demo.vcec.cloud","id":"75919158942cac39d1d2a4dcde306b3b","metadata":{},"modified_on":"2026-01-28T11:56:58.301285Z","name":"shopware-demo","priority":null,"proxiable":true,"proxied":true,"tags":["tf-managed"],"timeouts":null,"ttl":1,"type":"CNAME","value":null,"zone_id":"09e62c791da990d8ebbf1a531d1d3efa"},"after_unknown":{},"before_sensitive":{"data":[],"metadata":{},"tags":[false]},"after_sensitive":{"data":[],"metadata":{},"tags":[false]}}},{"address":"cloudflare_record.records_vcec_cloud[\"CNAME_siem.hosting_94add1be5e483b391d269402cc52a8ee\"]","mode":"managed","type":"cloudflare_record","name":"records_vcec_cloud","index":"CNAME_siem.hosting_94add1be5e483b391d269402cc52a8ee","provider_name":"registry.terraform.io/cloudflare/cloudflare","change":{"actions":["no-op"],"before":{"allow_overwrite":false,"comment":"AP Phillip Schleicher | Wazuh","content":"hosting.vcec.cloud","created_on":"2025-03-26T16:37:41.941786Z","data":[],"hostname":"siem.hosting.vcec.cloud","id":"9b876dafc896acba8044e9556212d783","metadata":{},"modified_on":"2026-01-28T11:56:53.257173Z","name":"siem.hosting","priority":null,"proxiable":true,"proxied":false,"tags":["tf-managed"],"timeouts":null,"ttl":600,"type":"CNAME","value":null,"zone_id":"09e62c791da990d8ebbf1a531d1d3efa"},"after":{"allow_overwrite":false,"comment":"AP Phillip Schleicher | Wazuh","content":"hosting.vcec.cloud","created_on":"2025-03-26T16:37:41.941786Z","data":[],"hostname":"siem.hosting.vcec.cloud","id":"9b876dafc896acba8044e9556212d783","metadata":{},"modified_on":"2026-01-28T11:56:53.257173Z","name":"siem.hosting","priority":null,"proxiable":true,"proxied":false,"tags":["tf-managed"],"timeouts":null,"ttl":600,"type":"CNAME","value":null,"zone_id":"09e62c791da990d8ebbf1a531d1d3efa"},"after_unknown":{},"before_sensitive":{"data":[],"metadata":{},"tags":[false]},"after_sensitive":{"data":[],"metadata":{},"tags":[false]}}},{"address":"cloudflare_record.records_vcec_cloud[\"CNAME_slack-archive_94add1be5e483b391d269402cc52a8ee\"]","mode":"managed","type":"cloudflare_record","name":"records_vcec_cloud","index":"CNAME_slack-archive_94add1be5e483b391d269402cc52a8ee","provider_name":"registry.terraform.io/cloudflare/cloudflare","change":{"actions":["no-op"],"before":{"allow_overwrite":false,"comment":"AP Nikias Herzhauser | Slack Export","content":"hosting.vcec.cloud","created_on":"2025-07-03T11:55:44.566676Z","data":[],"hostname":"slack-archive.vcec.cloud","id":"9f8bc3f42e07d0c8dd7cbb21a6374222","metadata":{},"modified_on":"2026-01-28T11:56:43.083834Z","name":"slack-archive","priority":null,"proxiable":true,"proxied":false,"tags":["tf-managed"],"timeouts":null,"ttl":600,"type":"CNAME","value":null,"zone_id":"09e62c791da990d8ebbf1a531d1d3efa"},"after":{"allow_overwrite":false,"comment":"AP Nikias Herzhauser | Slack Export","content":"hosting.vcec.cloud","created_on":"2025-07-03T11:55:44.566676Z","data":[],"hostname":"slack-archive.vcec.cloud","id":"9f8bc3f42e07d0c8dd7cbb21a6374222","metadata":{},"modified_on":"2026-01-28T11:56:43.083834Z","name":"slack-archive","priority":null,"proxiable":true,"proxied":false,"tags":["tf-managed"],"timeouts":null,"ttl":600,"type":"CNAME","value":null,"zone_id":"09e62c791da990d8ebbf1a531d1d3efa"},"after_unknown":{},"before_sensitive":{"data":[],"metadata":{},"tags":[false]},"after_sensitive":{"data":[],"metadata":{},"tags":[false]}}},{"address":"cloudflare_record.records_vcec_cloud[\"CNAME_stage-benz-sport.cust-benz_24bbb2750fad6ed68c67f34989c7a9fe\"]","mode":"managed","type":"cloudflare_record","name":"records_vcec_cloud","index":"CNAME_stage-benz-sport.cust-benz_24bbb2750fad6ed68c67f34989c7a9fe","provider_name":"registry.terraform.io/cloudflare/cloudflare","change":{"actions":["no-op"],"before":{"allow_overwrite":false,"comment":"AP Zoia Funtasova / Phillip Schleicher","content":"stage.cust-benz.vcec.cloud","created_on":"2025-09-30T12:50:18.710609Z","data":[],"hostname":"stage-benz-sport.cust-benz.vcec.cloud","id":"b8cf08f93525d1ffe3400c95b715ff1a","metadata":{},"modified_on":"2026-01-28T11:56:43.50185Z","name":"stage-benz-sport.cust-benz","priority":null,"proxiable":true,"proxied":false,"tags":["tf-managed"],"timeouts":null,"ttl":600,"type":"CNAME","value":null,"zone_id":"09e62c791da990d8ebbf1a531d1d3efa"},"after":{"allow_overwrite":false,"comment":"AP Zoia Funtasova / Phillip Schleicher","content":"stage.cust-benz.vcec.cloud","created_on":"2025-09-30T12:50:18.710609Z","data":[],"hostname":"stage-benz-sport.cust-benz.vcec.cloud","id":"b8cf08f93525d1ffe3400c95b715ff1a","metadata":{},"modified_on":"2026-01-28T11:56:43.50185Z","name":"stage-benz-sport.cust-benz","priority":null,"proxiable":true,"proxied":false,"tags":["tf-managed"],"timeouts":null,"ttl":600,"type":"CNAME","value":null,"zone_id":"09e62c791da990d8ebbf1a531d1d3efa"},"after_unknown":{},"before_sensitive":{"data":[],"metadata":{},"tags":[false]},"after_sensitive":{"data":[],"metadata":{},"tags":[false]}}},{"address":"cloudflare_record.records_vcec_cloud[\"CNAME_subscribe-workflows-stage_94add1be5e483b391d269402cc52a8ee\"]","mode":"managed","type":"cloudflare_record","name":"records_vcec_cloud","index":"CNAME_subscribe-workflows-stage_94add1be5e483b391d269402cc52a8ee","provider_name":"registry.terraform.io/cloudflare/cloudflare","change":{"actions":["no-op"],"before":{"allow_overwrite":false,"comment":"AP Patrick Schönfeld | N8N AI Genesis Horizon","content":"hosting.vcec.cloud","created_on":"2025-07-17T10:51:39.611785Z","data":[],"hostname":"subscribe-workflows-stage.vcec.cloud","id":"0ac5c51ce5cd323291d94d56aa6120a9","metadata":{},"modified_on":"2026-01-28T11:57:16.366028Z","name":"subscribe-workflows-stage","priority":null,"proxiable":true,"proxied":true,"tags":["tf-managed"],"timeouts":null,"ttl":1,"type":"CNAME","value":null,"zone_id":"09e62c791da990d8ebbf1a531d1d3efa"},"after":{"allow_overwrite":false,"comment":"AP Patrick Schönfeld | N8N AI Genesis Horizon","content":"hosting.vcec.cloud","created_on":"2025-07-17T10:51:39.611785Z","data":[],"hostname":"subscribe-workflows-stage.vcec.cloud","id":"0ac5c51ce5cd323291d94d56aa6120a9","metadata":{},"modified_on":"2026-01-28T11:57:16.366028Z","name":"subscribe-workflows-stage","priority":null,"proxiable":true,"proxied":true,"tags":["tf-managed"],"timeouts":null,"ttl":1,"type":"CNAME","value":null,"zone_id":"09e62c791da990d8ebbf1a531d1d3efa"},"after_unknown":{},"before_sensitive":{"data":[],"metadata":{},"tags":[false]},"after_sensitive":{"data":[],"metadata":{},"tags":[false]}}},{"address":"cloudflare_record.records_vcec_cloud[\"CNAME_subscribe-workflows_94add1be5e483b391d269402cc52a8ee\"]","mode":"managed","type":"cloudflare_record","name":"records_vcec_cloud","index":"CNAME_subscribe-workflows_94add1be5e483b391d269402cc52a8ee","provider_name":"registry.terraform.io/cloudflare/cloudflare","change":{"actions":["no-op"],"before":{"allow_overwrite":false,"comment":"AP Patrick Schönfeld | N8N AI Genesis Horizon","content":"hosting.vcec.cloud","created_on":"2025-05-30T16:03:12.521147Z","data":[],"hostname":"subscribe-workflows.vcec.cloud","id":"c371e6c931fde34723c82064e96ae241","metadata":{},"modified_on":"2026-01-28T11:56:46.276369Z","name":"subscribe-workflows","priority":null,"proxiable":true,"proxied":true,"tags":["tf-managed"],"timeouts":null,"ttl":1,"type":"CNAME","value":null,"zone_id":"09e62c791da990d8ebbf1a531d1d3efa"},"after":{"allow_overwrite":false,"comment":"AP Patrick Schönfeld | N8N AI Genesis Horizon","content":"hosting.vcec.cloud","created_on":"2025-05-30T16:03:12.521147Z","data":[],"hostname":"subscribe-workflows.vcec.cloud","id":"c371e6c931fde34723c82064e96ae241","metadata":{},"modified_on":"2026-01-28T11:56:46.276369Z","name":"subscribe-workflows","priority":null,"proxiable":true,"proxied":true,"tags":["tf-managed"],"timeouts":null,"ttl":1,"type":"CNAME","value":null,"zone_id":"09e62c791da990d8ebbf1a531d1d3efa"},"after_unknown":{},"before_sensitive":{"data":[],"metadata":{},"tags":[false]},"after_sensitive":{"data":[],"metadata":{},"tags":[false]}}},{"address":"cloudflare_record.records_vcec_cloud[\"CNAME_swagger-b2b-spryker_94add1be5e483b391d269402cc52a8ee\"]","mode":"managed","type":"cloudflare_record","name":"records_vcec_cloud","index":"CNAME_swagger-b2b-spryker_94add1be5e483b391d269402cc52a8ee","provider_name":"registry.terraform.io/cloudflare/cloudflare","change":{"actions":["no-op"],"before":{"allow_overwrite":false,"comment":"AP Jurij Pfeiffer / Dennis Bluemer","content":"hosting.vcec.cloud","created_on":"2024-07-25T13:05:54.01842Z","data":[],"hostname":"swagger-b2b-spryker.vcec.cloud","id":"22cd959ad03557a9e3b4510e7856546f","metadata":{},"modified_on":"2026-01-28T11:57:23.306176Z","name":"swagger-b2b-spryker","priority":null,"proxiable":true,"proxied":true,"tags":["tf-managed"],"timeouts":null,"ttl":1,"type":"CNAME","value":null,"zone_id":"09e62c791da990d8ebbf1a531d1d3efa"},"after":{"allow_overwrite":false,"comment":"AP Jurij Pfeiffer / Dennis Bluemer","content":"hosting.vcec.cloud","created_on":"2024-07-25T13:05:54.01842Z","data":[],"hostname":"swagger-b2b-spryker.vcec.cloud","id":"22cd959ad03557a9e3b4510e7856546f","metadata":{},"modified_on":"2026-01-28T11:57:23.306176Z","name":"swagger-b2b-spryker","priority":null,"proxiable":true,"proxied":true,"tags":["tf-managed"],"timeouts":null,"ttl":1,"type":"CNAME","value":null,"zone_id":"09e62c791da990d8ebbf1a531d1d3efa"},"after_unknown":{},"before_sensitive":{"data":[],"metadata":{},"tags":[false]},"after_sensitive":{"data":[],"metadata":{},"tags":[false]}}},{"address":"cloudflare_record.records_vcec_cloud[\"CNAME_swagger-b2b-tracking_94add1be5e483b391d269402cc52a8ee\"]","mode":"managed","type":"cloudflare_record","name":"records_vcec_cloud","index":"CNAME_swagger-b2b-tracking_94add1be5e483b391d269402cc52a8ee","provider_name":"registry.terraform.io/cloudflare/cloudflare","change":{"actions":["no-op"],"before":{"allow_overwrite":false,"comment":"AP Dusting Recko / #51728146","content":"hosting.vcec.cloud","created_on":"2024-09-20T09:44:11.682892Z","data":[],"hostname":"swagger-b2b-tracking.vcec.cloud","id":"06504e32bf2cac9f38efd39ca49af5e3","metadata":{},"modified_on":"2026-01-28T11:57:21.528967Z","name":"swagger-b2b-tracking","priority":null,"proxiable":true,"proxied":true,"tags":["tf-managed"],"timeouts":null,"ttl":1,"type":"CNAME","value":null,"zone_id":"09e62c791da990d8ebbf1a531d1d3efa"},"after":{"allow_overwrite":false,"comment":"AP Dusting Recko / #51728146","content":"hosting.vcec.cloud","created_on":"2024-09-20T09:44:11.682892Z","data":[],"hostname":"swagger-b2b-tracking.vcec.cloud","id":"06504e32bf2cac9f38efd39ca49af5e3","metadata":{},"modified_on":"2026-01-28T11:57:21.528967Z","name":"swagger-b2b-tracking","priority":null,"proxiable":true,"proxied":true,"tags":["tf-managed"],"timeouts":null,"ttl":1,"type":"CNAME","value":null,"zone_id":"09e62c791da990d8ebbf1a531d1d3efa"},"after_unknown":{},"before_sensitive":{"data":[],"metadata":{},"tags":[false]},"after_sensitive":{"data":[],"metadata":{},"tags":[false]}}},{"address":"cloudflare_record.records_vcec_cloud[\"CNAME_swagger-b2c-spryker_94add1be5e483b391d269402cc52a8ee\"]","mode":"managed","type":"cloudflare_record","name":"records_vcec_cloud","index":"CNAME_swagger-b2c-spryker_94add1be5e483b391d269402cc52a8ee","provider_name":"registry.terraform.io/cloudflare/cloudflare","change":{"actions":["no-op"],"before":{"allow_overwrite":false,"comment":"AP Jurij Pfeiffer / Dennis Bluemer","content":"hosting.vcec.cloud","created_on":"2024-07-24T13:36:29.08336Z","data":[],"hostname":"swagger-b2c-spryker.vcec.cloud","id":"8b8ceb8cbe00098daf1ea63fb9e0ef10","metadata":{},"modified_on":"2026-01-28T11:56:56.766553Z","name":"swagger-b2c-spryker","priority":null,"proxiable":true,"proxied":true,"tags":["tf-managed"],"timeouts":null,"ttl":1,"type":"CNAME","value":null,"zone_id":"09e62c791da990d8ebbf1a531d1d3efa"},"after":{"allow_overwrite":false,"comment":"AP Jurij Pfeiffer / Dennis Bluemer","content":"hosting.vcec.cloud","created_on":"2024-07-24T13:36:29.08336Z","data":[],"hostname":"swagger-b2c-spryker.vcec.cloud","id":"8b8ceb8cbe00098daf1ea63fb9e0ef10","metadata":{},"modified_on":"2026-01-28T11:56:56.766553Z","name":"swagger-b2c-spryker","priority":null,"proxiable":true,"proxied":true,"tags":["tf-managed"],"timeouts":null,"ttl":1,"type":"CNAME","value":null,"zone_id":"09e62c791da990d8ebbf1a531d1d3efa"},"after_unknown":{},"before_sensitive":{"data":[],"metadata":{},"tags":[false]},"after_sensitive":{"data":[],"metadata":{},"tags":[false]}}},{"address":"cloudflare_record.records_vcec_cloud[\"CNAME_vpn-fw.hosting_94add1be5e483b391d269402cc52a8ee\"]","mode":"managed","type":"cloudflare_record","name":"records_vcec_cloud","index":"CNAME_vpn-fw.hosting_94add1be5e483b391d269402cc52a8ee","provider_name":"registry.terraform.io/cloudflare/cloudflare","change":{"actions":["no-op"],"before":{"allow_overwrite":false,"comment":"AP Valentin Vlasov / ClientVPN","content":"hosting.vcec.cloud","created_on":"2025-02-15T10:45:49.038495Z","data":[],"hostname":"vpn-fw.hosting.vcec.cloud","id":"d1abb96955f2fdeb368ad968bd6052c5","metadata":{},"modified_on":"2026-01-28T11:56:56.538777Z","name":"vpn-fw.hosting","priority":null,"proxiable":true,"proxied":false,"tags":["tf-managed"],"timeouts":null,"ttl":600,"type":"CNAME","value":null,"zone_id":"09e62c791da990d8ebbf1a531d1d3efa"},"after":{"allow_overwrite":false,"comment":"AP Valentin Vlasov / ClientVPN","content":"hosting.vcec.cloud","created_on":"2025-02-15T10:45:49.038495Z","data":[],"hostname":"vpn-fw.hosting.vcec.cloud","id":"d1abb96955f2fdeb368ad968bd6052c5","metadata":{},"modified_on":"2026-01-28T11:56:56.538777Z","name":"vpn-fw.hosting","priority":null,"proxiable":true,"proxied":false,"tags":["tf-managed"],"timeouts":null,"ttl":600,"type":"CNAME","value":null,"zone_id":"09e62c791da990d8ebbf1a531d1d3efa"},"after_unknown":{},"before_sensitive":{"data":[],"metadata":{},"tags":[false]},"after_sensitive":{"data":[],"metadata":{},"tags":[false]}}},{"address":"cloudflare_record.records_vcec_cloud[\"CNAME_vpn.hosting_4aa828d64c3692f7af366a061b1e04dc\"]","mode":"managed","type":"cloudflare_record","name":"records_vcec_cloud","index":"CNAME_vpn.hosting_4aa828d64c3692f7af366a061b1e04dc","provider_name":"registry.terraform.io/cloudflare/cloudflare","change":{"actions":["no-op"],"before":{"allow_overwrite":false,"comment":"AP Valentin Vlasov / ClientVPN","content":"odin.hosting.vcec.cloud","created_on":"2025-02-15T10:45:49.221262Z","data":[],"hostname":"vpn.hosting.vcec.cloud","id":"5548fa9d6c08412db1acc951e6692b09","metadata":{},"modified_on":"2026-01-28T11:57:27.036121Z","name":"vpn.hosting","priority":null,"proxiable":true,"proxied":false,"tags":["tf-managed"],"timeouts":null,"ttl":600,"type":"CNAME","value":null,"zone_id":"09e62c791da990d8ebbf1a531d1d3efa"},"after":{"allow_overwrite":false,"comment":"AP Valentin Vlasov / ClientVPN","content":"odin.hosting.vcec.cloud","created_on":"2025-02-15T10:45:49.221262Z","data":[],"hostname":"vpn.hosting.vcec.cloud","id":"5548fa9d6c08412db1acc951e6692b09","metadata":{},"modified_on":"2026-01-28T11:57:27.036121Z","name":"vpn.hosting","priority":null,"proxiable":true,"proxied":false,"tags":["tf-managed"],"timeouts":null,"ttl":600,"type":"CNAME","value":null,"zone_id":"09e62c791da990d8ebbf1a531d1d3efa"},"after_unknown":{},"before_sensitive":{"data":[],"metadata":{},"tags":[false]},"after_sensitive":{"data":[],"metadata":{},"tags":[false]}}},{"address":"cloudflare_record.records_vcec_cloud[\"CNAME_workflows-stage_940886a906e9ed866abc08359041d9d8\"]","mode":"managed","type":"cloudflare_record","name":"records_vcec_cloud","index":"CNAME_workflows-stage_940886a906e9ed866abc08359041d9d8","provider_name":"registry.terraform.io/cloudflare/cloudflare","change":{"actions":["no-op"],"before":{"allow_overwrite":false,"comment":"AP Patrick Schönfeld | N8N AI Genesis Horizon","content":"public.hosting.vcec.cloud","created_on":"2025-09-18T12:50:23.502893Z","data":[],"hostname":"workflows-stage.vcec.cloud","id":"6f0dccb99b290c7fc6a9c48ef63338af","metadata":{},"modified_on":"2026-01-28T11:57:18.211591Z","name":"workflows-stage","priority":null,"proxiable":true,"proxied":false,"tags":["tf-managed"],"timeouts":null,"ttl":600,"type":"CNAME","value":null,"zone_id":"09e62c791da990d8ebbf1a531d1d3efa"},"after":{"allow_overwrite":false,"comment":"AP Patrick Schönfeld | N8N AI Genesis Horizon","content":"public.hosting.vcec.cloud","created_on":"2025-09-18T12:50:23.502893Z","data":[],"hostname":"workflows-stage.vcec.cloud","id":"6f0dccb99b290c7fc6a9c48ef63338af","metadata":{},"modified_on":"2026-01-28T11:57:18.211591Z","name":"workflows-stage","priority":null,"proxiable":true,"proxied":false,"tags":["tf-managed"],"timeouts":null,"ttl":600,"type":"CNAME","value":null,"zone_id":"09e62c791da990d8ebbf1a531d1d3efa"},"after_unknown":{},"before_sensitive":{"data":[],"metadata":{},"tags":[false]},"after_sensitive":{"data":[],"metadata":{},"tags":[false]}}},{"address":"cloudflare_record.records_vcec_cloud[\"CNAME_workflows_940886a906e9ed866abc08359041d9d8\"]","mode":"managed","type":"cloudflare_record","name":"records_vcec_cloud","index":"CNAME_workflows_940886a906e9ed866abc08359041d9d8","provider_name":"registry.terraform.io/cloudflare/cloudflare","change":{"actions":["no-op"],"before":{"allow_overwrite":false,"comment":"AP Patrick Schönfeld | N8N AI Genesis Horizon","content":"public.hosting.vcec.cloud","created_on":"2025-10-22T07:01:58.108404Z","data":[],"hostname":"workflows.vcec.cloud","id":"bb97736a03a38dbc909cb9a1d717f435","metadata":{},"modified_on":"2026-01-28T11:56:47.019115Z","name":"workflows","priority":null,"proxiable":true,"proxied":false,"tags":["tf-managed"],"timeouts":null,"ttl":600,"type":"CNAME","value":null,"zone_id":"09e62c791da990d8ebbf1a531d1d3efa"},"after":{"allow_overwrite":false,"comment":"AP Patrick Schönfeld | N8N AI Genesis Horizon","content":"public.hosting.vcec.cloud","created_on":"2025-10-22T07:01:58.108404Z","data":[],"hostname":"workflows.vcec.cloud","id":"bb97736a03a38dbc909cb9a1d717f435","metadata":{},"modified_on":"2026-01-28T11:56:47.019115Z","name":"workflows","priority":null,"proxiable":true,"proxied":false,"tags":["tf-managed"],"timeouts":null,"ttl":600,"type":"CNAME","value":null,"zone_id":"09e62c791da990d8ebbf1a531d1d3efa"},"after_unknown":{},"before_sensitive":{"data":[],"metadata":{},"tags":[false]},"after_sensitive":{"data":[],"metadata":{},"tags":[false]}}},{"address":"cloudflare_record.records_vcec_cloud[\"CNAME_workoflow-mcp-stage_94add1be5e483b391d269402cc52a8ee\"]","mode":"managed","type":"cloudflare_record","name":"records_vcec_cloud","index":"CNAME_workoflow-mcp-stage_94add1be5e483b391d269402cc52a8ee","provider_name":"registry.terraform.io/cloudflare/cloudflare","change":{"actions":["no-op"],"before":{"allow_overwrite":false,"comment":"AP Patrick Schönfeld | N8N AI Genesis Horizon","content":"hosting.vcec.cloud","created_on":"2026-01-15T11:14:28.831111Z","data":[],"hostname":"workoflow-mcp-stage.vcec.cloud","id":"2be44422963911209b6d6e01a75f650f","metadata":{},"modified_on":"2026-01-28T11:56:51.976446Z","name":"workoflow-mcp-stage","priority":null,"proxiable":true,"proxied":true,"tags":["tf-managed"],"timeouts":null,"ttl":1,"type":"CNAME","value":null,"zone_id":"09e62c791da990d8ebbf1a531d1d3efa"},"after":{"allow_overwrite":false,"comment":"AP Patrick Schönfeld | N8N AI Genesis Horizon","content":"hosting.vcec.cloud","created_on":"2026-01-15T11:14:28.831111Z","data":[],"hostname":"workoflow-mcp-stage.vcec.cloud","id":"2be44422963911209b6d6e01a75f650f","metadata":{},"modified_on":"2026-01-28T11:56:51.976446Z","name":"workoflow-mcp-stage","priority":null,"proxiable":true,"proxied":true,"tags":["tf-managed"],"timeouts":null,"ttl":1,"type":"CNAME","value":null,"zone_id":"09e62c791da990d8ebbf1a531d1d3efa"},"after_unknown":{},"before_sensitive":{"data":[],"metadata":{},"tags":[false]},"after_sensitive":{"data":[],"metadata":{},"tags":[false]}}},{"address":"cloudflare_record.records_vcec_cloud[\"CNAME_workoflow-mcp_94add1be5e483b391d269402cc52a8ee\"]","mode":"managed","type":"cloudflare_record","name":"records_vcec_cloud","index":"CNAME_workoflow-mcp_94add1be5e483b391d269402cc52a8ee","provider_name":"registry.terraform.io/cloudflare/cloudflare","change":{"actions":["no-op"],"before":{"allow_overwrite":false,"comment":"AP Patrick Schönfeld | N8N AI Genesis Horizon","content":"hosting.vcec.cloud","created_on":"2026-01-15T11:14:28.703641Z","data":[],"hostname":"workoflow-mcp.vcec.cloud","id":"b64529045d4d356131dc2b4dfd9840e7","metadata":{},"modified_on":"2026-01-28T11:57:18.277921Z","name":"workoflow-mcp","priority":null,"proxiable":true,"proxied":true,"tags":["tf-managed"],"timeouts":null,"ttl":1,"type":"CNAME","value":null,"zone_id":"09e62c791da990d8ebbf1a531d1d3efa"},"after":{"allow_overwrite":false,"comment":"AP Patrick Schönfeld | N8N AI Genesis Horizon","content":"hosting.vcec.cloud","created_on":"2026-01-15T11:14:28.703641Z","data":[],"hostname":"workoflow-mcp.vcec.cloud","id":"b64529045d4d356131dc2b4dfd9840e7","metadata":{},"modified_on":"2026-01-28T11:57:18.277921Z","name":"workoflow-mcp","priority":null,"proxiable":true,"proxied":true,"tags":["tf-managed"],"timeouts":null,"ttl":1,"type":"CNAME","value":null,"zone_id":"09e62c791da990d8ebbf1a531d1d3efa"},"after_unknown":{},"before_sensitive":{"data":[],"metadata":{},"tags":[false]},"after_sensitive":{"data":[],"metadata":{},"tags":[false]}}},{"address":"cloudflare_record.records_vcec_cloud[\"CNAME_www.employee-service-map_e3d3dd441850a0de530e598a0c323dbd\"]","mode":"managed","type":"cloudflare_record","name":"records_vcec_cloud","index":"CNAME_www.employee-service-map_e3d3dd441850a0de530e598a0c323dbd","provider_name":"registry.terraform.io/cloudflare/cloudflare","change":{"actions":["no-op"],"before":{"allow_overwrite":false,"comment":"AP Moritz Jung","content":"main-bvxea6i-3vdtazl5vfuta.de-2.platformsh.site","created_on":"2023-12-08T08:05:54.056065Z","data":[],"hostname":"www.employee-service-map.vcec.cloud","id":"ffcbc6e8da11424a54ef13ce71f4de3b","metadata":{},"modified_on":"2026-01-28T11:57:22.274086Z","name":"www.employee-service-map","priority":null,"proxiable":true,"proxied":false,"tags":["tf-managed"],"timeouts":null,"ttl":600,"type":"CNAME","value":null,"zone_id":"09e62c791da990d8ebbf1a531d1d3efa"},"after":{"allow_overwrite":false,"comment":"AP Moritz Jung","content":"main-bvxea6i-3vdtazl5vfuta.de-2.platformsh.site","created_on":"2023-12-08T08:05:54.056065Z","data":[],"hostname":"www.employee-service-map.vcec.cloud","id":"ffcbc6e8da11424a54ef13ce71f4de3b","metadata":{},"modified_on":"2026-01-28T11:57:22.274086Z","name":"www.employee-service-map","priority":null,"proxiable":true,"proxied":false,"tags":["tf-managed"],"timeouts":null,"ttl":600,"type":"CNAME","value":null,"zone_id":"09e62c791da990d8ebbf1a531d1d3efa"},"after_unknown":{},"before_sensitive":{"data":[],"metadata":{},"tags":[false]},"after_sensitive":{"data":[],"metadata":{},"tags":[false]}}},{"address":"cloudflare_record.records_vcec_cloud[\"CNAME_www.prod.cust-fitzner_e65bce4b73d9e8bec24bb8156eca2b7b\"]","mode":"managed","type":"cloudflare_record","name":"records_vcec_cloud","index":"CNAME_www.prod.cust-fitzner_e65bce4b73d9e8bec24bb8156eca2b7b","provider_name":"registry.terraform.io/cloudflare/cloudflare","change":{"actions":["no-op"],"before":{"allow_overwrite":false,"comment":"AP Martin Sehlleier","content":"prod.cust-fitzner.vcec.cloud","created_on":"2025-09-17T16:15:31.677573Z","data":[],"hostname":"www.prod.cust-fitzner.vcec.cloud","id":"29e2d7d0032dc58668705a835ebeec55","metadata":{},"modified_on":"2026-01-28T11:57:02.924089Z","name":"www.prod.cust-fitzner","priority":null,"proxiable":true,"proxied":false,"tags":["tf-managed"],"timeouts":null,"ttl":600,"type":"CNAME","value":null,"zone_id":"09e62c791da990d8ebbf1a531d1d3efa"},"after":{"allow_overwrite":false,"comment":"AP Martin Sehlleier","content":"prod.cust-fitzner.vcec.cloud","created_on":"2025-09-17T16:15:31.677573Z","data":[],"hostname":"www.prod.cust-fitzner.vcec.cloud","id":"29e2d7d0032dc58668705a835ebeec55","metadata":{},"modified_on":"2026-01-28T11:57:02.924089Z","name":"www.prod.cust-fitzner","priority":null,"proxiable":true,"proxied":false,"tags":["tf-managed"],"timeouts":null,"ttl":600,"type":"CNAME","value":null,"zone_id":"09e62c791da990d8ebbf1a531d1d3efa"},"after_unknown":{},"before_sensitive":{"data":[],"metadata":{},"tags":[false]},"after_sensitive":{"data":[],"metadata":{},"tags":[false]}}},{"address":"cloudflare_record.records_vcec_cloud[\"CNAME_www.prod.cust-kleinsorge_b052947b5e9d5fd63ce0dd0b48a241f9\"]","mode":"managed","type":"cloudflare_record","name":"records_vcec_cloud","index":"CNAME_www.prod.cust-kleinsorge_b052947b5e9d5fd63ce0dd0b48a241f9","provider_name":"registry.terraform.io/cloudflare/cloudflare","change":{"actions":["no-op"],"before":{"allow_overwrite":false,"comment":"AP Martin Sehlleier","content":"prod.cust-kleinsorge.vcec.cloud","created_on":"2025-10-14T15:29:43.220239Z","data":[],"hostname":"www.prod.cust-kleinsorge.vcec.cloud","id":"513d1f74cc8424489f68022157152da2","metadata":{},"modified_on":"2026-01-28T11:57:06.989896Z","name":"www.prod.cust-kleinsorge","priority":null,"proxiable":true,"proxied":false,"tags":["tf-managed"],"timeouts":null,"ttl":600,"type":"CNAME","value":null,"zone_id":"09e62c791da990d8ebbf1a531d1d3efa"},"after":{"allow_overwrite":false,"comment":"AP Martin Sehlleier","content":"prod.cust-kleinsorge.vcec.cloud","created_on":"2025-10-14T15:29:43.220239Z","data":[],"hostname":"www.prod.cust-kleinsorge.vcec.cloud","id":"513d1f74cc8424489f68022157152da2","metadata":{},"modified_on":"2026-01-28T11:57:06.989896Z","name":"www.prod.cust-kleinsorge","priority":null,"proxiable":true,"proxied":false,"tags":["tf-managed"],"timeouts":null,"ttl":600,"type":"CNAME","value":null,"zone_id":"09e62c791da990d8ebbf1a531d1d3efa"},"after_unknown":{},"before_sensitive":{"data":[],"metadata":{},"tags":[false]},"after_sensitive":{"data":[],"metadata":{},"tags":[false]}}},{"address":"cloudflare_record.records_vcec_cloud[\"CNAME_www.stage.cust-fitzner_2b399ec1dd1ce4008d851da92bd436cf\"]","mode":"managed","type":"cloudflare_record","name":"records_vcec_cloud","index":"CNAME_www.stage.cust-fitzner_2b399ec1dd1ce4008d851da92bd436cf","provider_name":"registry.terraform.io/cloudflare/cloudflare","change":{"actions":["no-op"],"before":{"allow_overwrite":false,"comment":"AP Martin Sehlleier","content":"stage.cust-fitzner.vcec.cloud","created_on":"2025-09-17T16:15:31.519776Z","data":[],"hostname":"www.stage.cust-fitzner.vcec.cloud","id":"4792cac15a2dd9393f35595a8cff0abe","metadata":{},"modified_on":"2026-01-28T11:56:46.805686Z","name":"www.stage.cust-fitzner","priority":null,"proxiable":true,"proxied":false,"tags":["tf-managed"],"timeouts":null,"ttl":600,"type":"CNAME","value":null,"zone_id":"09e62c791da990d8ebbf1a531d1d3efa"},"after":{"allow_overwrite":false,"comment":"AP Martin Sehlleier","content":"stage.cust-fitzner.vcec.cloud","created_on":"2025-09-17T16:15:31.519776Z","data":[],"hostname":"www.stage.cust-fitzner.vcec.cloud","id":"4792cac15a2dd9393f35595a8cff0abe","metadata":{},"modified_on":"2026-01-28T11:56:46.805686Z","name":"www.stage.cust-fitzner","priority":null,"proxiable":true,"proxied":false,"tags":["tf-managed"],"timeouts":null,"ttl":600,"type":"CNAME","value":null,"zone_id":"09e62c791da990d8ebbf1a531d1d3efa"},"after_unknown":{},"before_sensitive":{"data":[],"metadata":{},"tags":[false]},"after_sensitive":{"data":[],"metadata":{},"tags":[false]}}},{"address":"cloudflare_record.records_vcec_cloud[\"CNAME_www.stage.cust-kleinsorge_7328b84e052b3d7285b484a2b7613e99\"]","mode":"managed","type":"cloudflare_record","name":"records_vcec_cloud","index":"CNAME_www.stage.cust-kleinsorge_7328b84e052b3d7285b484a2b7613e99","provider_name":"registry.terraform.io/cloudflare/cloudflare","change":{"actions":["no-op"],"before":{"allow_overwrite":false,"comment":"AP Martin Sehlleier","content":"stage.cust-kleinsorge.vcec.cloud","created_on":"2025-10-14T15:29:43.695157Z","data":[],"hostname":"www.stage.cust-kleinsorge.vcec.cloud","id":"b2d4da3bc1eb6c7721d87b37f3538cb0","metadata":{},"modified_on":"2026-01-28T11:56:47.998154Z","name":"www.stage.cust-kleinsorge","priority":null,"proxiable":true,"proxied":false,"tags":["tf-managed"],"timeouts":null,"ttl":600,"type":"CNAME","value":null,"zone_id":"09e62c791da990d8ebbf1a531d1d3efa"},"after":{"allow_overwrite":false,"comment":"AP Martin Sehlleier","content":"stage.cust-kleinsorge.vcec.cloud","created_on":"2025-10-14T15:29:43.695157Z","data":[],"hostname":"www.stage.cust-kleinsorge.vcec.cloud","id":"b2d4da3bc1eb6c7721d87b37f3538cb0","metadata":{},"modified_on":"2026-01-28T11:56:47.998154Z","name":"www.stage.cust-kleinsorge","priority":null,"proxiable":true,"proxied":false,"tags":["tf-managed"],"timeouts":null,"ttl":600,"type":"CNAME","value":null,"zone_id":"09e62c791da990d8ebbf1a531d1d3efa"},"after_unknown":{},"before_sensitive":{"data":[],"metadata":{},"tags":[false]},"after_sensitive":{"data":[],"metadata":{},"tags":[false]}}},{"address":"cloudflare_record.records_vcec_cloud[\"CNAME_yves-de-b2b-spryker_94add1be5e483b391d269402cc52a8ee\"]","mode":"managed","type":"cloudflare_record","name":"records_vcec_cloud","index":"CNAME_yves-de-b2b-spryker_94add1be5e483b391d269402cc52a8ee","provider_name":"registry.terraform.io/cloudflare/cloudflare","change":{"actions":["no-op"],"before":{"allow_overwrite":false,"comment":"4me #47968953","content":"hosting.vcec.cloud","created_on":"2024-06-29T00:54:48.185135Z","data":[],"hostname":"yves-de-b2b-spryker.vcec.cloud","id":"7628b758cf0d0ddf1f187f3cd5378093","metadata":{},"modified_on":"2026-01-28T11:56:47.521382Z","name":"yves-de-b2b-spryker","priority":null,"proxiable":true,"proxied":true,"tags":["tf-managed"],"timeouts":null,"ttl":1,"type":"CNAME","value":null,"zone_id":"09e62c791da990d8ebbf1a531d1d3efa"},"after":{"allow_overwrite":false,"comment":"4me #47968953","content":"hosting.vcec.cloud","created_on":"2024-06-29T00:54:48.185135Z","data":[],"hostname":"yves-de-b2b-spryker.vcec.cloud","id":"7628b758cf0d0ddf1f187f3cd5378093","metadata":{},"modified_on":"2026-01-28T11:56:47.521382Z","name":"yves-de-b2b-spryker","priority":null,"proxiable":true,"proxied":true,"tags":["tf-managed"],"timeouts":null,"ttl":1,"type":"CNAME","value":null,"zone_id":"09e62c791da990d8ebbf1a531d1d3efa"},"after_unknown":{},"before_sensitive":{"data":[],"metadata":{},"tags":[false]},"after_sensitive":{"data":[],"metadata":{},"tags":[false]}}},{"address":"cloudflare_record.records_vcec_cloud[\"CNAME_yves-de-b2b-tracking_94add1be5e483b391d269402cc52a8ee\"]","mode":"managed","type":"cloudflare_record","name":"records_vcec_cloud","index":"CNAME_yves-de-b2b-tracking_94add1be5e483b391d269402cc52a8ee","provider_name":"registry.terraform.io/cloudflare/cloudflare","change":{"actions":["no-op"],"before":{"allow_overwrite":false,"comment":"AP Dusting Recko / #51728146","content":"hosting.vcec.cloud","created_on":"2024-09-20T09:44:12.450057Z","data":[],"hostname":"yves-de-b2b-tracking.vcec.cloud","id":"5f95e5f29771d3297934d049d8c3637b","metadata":{},"modified_on":"2026-01-28T11:57:12.314168Z","name":"yves-de-b2b-tracking","priority":null,"proxiable":true,"proxied":true,"tags":["tf-managed"],"timeouts":null,"ttl":1,"type":"CNAME","value":null,"zone_id":"09e62c791da990d8ebbf1a531d1d3efa"},"after":{"allow_overwrite":false,"comment":"AP Dusting Recko / #51728146","content":"hosting.vcec.cloud","created_on":"2024-09-20T09:44:12.450057Z","data":[],"hostname":"yves-de-b2b-tracking.vcec.cloud","id":"5f95e5f29771d3297934d049d8c3637b","metadata":{},"modified_on":"2026-01-28T11:57:12.314168Z","name":"yves-de-b2b-tracking","priority":null,"proxiable":true,"proxied":true,"tags":["tf-managed"],"timeouts":null,"ttl":1,"type":"CNAME","value":null,"zone_id":"09e62c791da990d8ebbf1a531d1d3efa"},"after_unknown":{},"before_sensitive":{"data":[],"metadata":{},"tags":[false]},"after_sensitive":{"data":[],"metadata":{},"tags":[false]}}},{"address":"cloudflare_record.records_vcec_cloud[\"CNAME_yves-de-b2c-spryker_94add1be5e483b391d269402cc52a8ee\"]","mode":"managed","type":"cloudflare_record","name":"records_vcec_cloud","index":"CNAME_yves-de-b2c-spryker_94add1be5e483b391d269402cc52a8ee","provider_name":"registry.terraform.io/cloudflare/cloudflare","change":{"actions":["no-op"],"before":{"allow_overwrite":false,"comment":"AP Jurij Pfeiffer / Dennis Bluemer","content":"hosting.vcec.cloud","created_on":"2024-07-24T13:34:47.646895Z","data":[],"hostname":"yves-de-b2c-spryker.vcec.cloud","id":"8829a5ea7459335d7cb6873ff0a6e493","metadata":{},"modified_on":"2026-01-28T11:56:57.519221Z","name":"yves-de-b2c-spryker","priority":null,"proxiable":true,"proxied":true,"tags":["tf-managed"],"timeouts":null,"ttl":1,"type":"CNAME","value":null,"zone_id":"09e62c791da990d8ebbf1a531d1d3efa"},"after":{"allow_overwrite":false,"comment":"AP Jurij Pfeiffer / Dennis Bluemer","content":"hosting.vcec.cloud","created_on":"2024-07-24T13:34:47.646895Z","data":[],"hostname":"yves-de-b2c-spryker.vcec.cloud","id":"8829a5ea7459335d7cb6873ff0a6e493","metadata":{},"modified_on":"2026-01-28T11:56:57.519221Z","name":"yves-de-b2c-spryker","priority":null,"proxiable":true,"proxied":true,"tags":["tf-managed"],"timeouts":null,"ttl":1,"type":"CNAME","value":null,"zone_id":"09e62c791da990d8ebbf1a531d1d3efa"},"after_unknown":{},"before_sensitive":{"data":[],"metadata":{},"tags":[false]},"after_sensitive":{"data":[],"metadata":{},"tags":[false]}}},{"address":"cloudflare_record.records_vcec_cloud[\"NS_esa-uf-corp_4ffdde2e38df4296e89eccbd1d64864b\"]","mode":"managed","type":"cloudflare_record","name":"records_vcec_cloud","index":"NS_esa-uf-corp_4ffdde2e38df4296e89eccbd1d64864b","provider_name":"registry.terraform.io/cloudflare/cloudflare","change":{"actions":["no-op"],"before":{"allow_overwrite":false,"comment":"AP Moritz Jung / requested via Teams by Justinas Garipovas (LT)","content":"ns-641.awsdns-16.net","created_on":"2025-06-18T14:25:42.632521Z","data":[],"hostname":"esa-uf-corp.vcec.cloud","id":"be36e5ab8cde08d408dfd3ceee7e4217","metadata":{},"modified_on":"2025-06-18T14:25:42.632521Z","name":"esa-uf-corp","priority":null,"proxiable":false,"proxied":false,"tags":["tf-managed"],"timeouts":null,"ttl":600,"type":"NS","value":null,"zone_id":"09e62c791da990d8ebbf1a531d1d3efa"},"after":{"allow_overwrite":false,"comment":"AP Moritz Jung / requested via Teams by Justinas Garipovas (LT)","content":"ns-641.awsdns-16.net","created_on":"2025-06-18T14:25:42.632521Z","data":[],"hostname":"esa-uf-corp.vcec.cloud","id":"be36e5ab8cde08d408dfd3ceee7e4217","metadata":{},"modified_on":"2025-06-18T14:25:42.632521Z","name":"esa-uf-corp","priority":null,"proxiable":false,"proxied":false,"tags":["tf-managed"],"timeouts":null,"ttl":600,"type":"NS","value":null,"zone_id":"09e62c791da990d8ebbf1a531d1d3efa"},"after_unknown":{},"before_sensitive":{"data":[],"metadata":{},"tags":[false]},"after_sensitive":{"data":[],"metadata":{},"tags":[false]}}},{"address":"cloudflare_record.records_vcec_cloud[\"NS_esa-uf-corp_57b08d969ba0c1e6b4033756f903701a\"]","mode":"managed","type":"cloudflare_record","name":"records_vcec_cloud","index":"NS_esa-uf-corp_57b08d969ba0c1e6b4033756f903701a","provider_name":"registry.terraform.io/cloudflare/cloudflare","change":{"actions":["no-op"],"before":{"allow_overwrite":false,"comment":"AP Moritz Jung / requested via Teams by Justinas Garipovas (LT)","content":"ns-1262.awsdns-29.org","created_on":"2025-06-18T14:25:42.881576Z","data":[],"hostname":"esa-uf-corp.vcec.cloud","id":"156440414847962deae29443120013a5","metadata":{},"modified_on":"2025-06-18T14:25:42.881576Z","name":"esa-uf-corp","priority":null,"proxiable":false,"proxied":false,"tags":["tf-managed"],"timeouts":null,"ttl":600,"type":"NS","value":null,"zone_id":"09e62c791da990d8ebbf1a531d1d3efa"},"after":{"allow_overwrite":false,"comment":"AP Moritz Jung / requested via Teams by Justinas Garipovas (LT)","content":"ns-1262.awsdns-29.org","created_on":"2025-06-18T14:25:42.881576Z","data":[],"hostname":"esa-uf-corp.vcec.cloud","id":"156440414847962deae29443120013a5","metadata":{},"modified_on":"2025-06-18T14:25:42.881576Z","name":"esa-uf-corp","priority":null,"proxiable":false,"proxied":false,"tags":["tf-managed"],"timeouts":null,"ttl":600,"type":"NS","value":null,"zone_id":"09e62c791da990d8ebbf1a531d1d3efa"},"after_unknown":{},"before_sensitive":{"data":[],"metadata":{},"tags":[false]},"after_sensitive":{"data":[],"metadata":{},"tags":[false]}}},{"address":"cloudflare_record.records_vcec_cloud[\"NS_esa-uf-corp_8b6c7ef2dcf1f995ab09087e12674eba\"]","mode":"managed","type":"cloudflare_record","name":"records_vcec_cloud","index":"NS_esa-uf-corp_8b6c7ef2dcf1f995ab09087e12674eba","provider_name":"registry.terraform.io/cloudflare/cloudflare","change":{"actions":["no-op"],"before":{"allow_overwrite":false,"comment":"AP Moritz Jung / requested via Teams by Justinas Garipovas (LT)","content":"ns-64.awsdns-08.com","created_on":"2025-06-18T14:25:43.026376Z","data":[],"hostname":"esa-uf-corp.vcec.cloud","id":"8355961ed142e720aa0d4065fe508b84","metadata":{},"modified_on":"2025-06-18T14:25:43.026376Z","name":"esa-uf-corp","priority":null,"proxiable":false,"proxied":false,"tags":["tf-managed"],"timeouts":null,"ttl":600,"type":"NS","value":null,"zone_id":"09e62c791da990d8ebbf1a531d1d3efa"},"after":{"allow_overwrite":false,"comment":"AP Moritz Jung / requested via Teams by Justinas Garipovas (LT)","content":"ns-64.awsdns-08.com","created_on":"2025-06-18T14:25:43.026376Z","data":[],"hostname":"esa-uf-corp.vcec.cloud","id":"8355961ed142e720aa0d4065fe508b84","metadata":{},"modified_on":"2025-06-18T14:25:43.026376Z","name":"esa-uf-corp","priority":null,"proxiable":false,"proxied":false,"tags":["tf-managed"],"timeouts":null,"ttl":600,"type":"NS","value":null,"zone_id":"09e62c791da990d8ebbf1a531d1d3efa"},"after_unknown":{},"before_sensitive":{"data":[],"metadata":{},"tags":[false]},"after_sensitive":{"data":[],"metadata":{},"tags":[false]}}},{"address":"cloudflare_record.records_vcec_cloud[\"NS_esa-uf-corp_dd8221ad04b52643b1ffed4c9360becd\"]","mode":"managed","type":"cloudflare_record","name":"records_vcec_cloud","index":"NS_esa-uf-corp_dd8221ad04b52643b1ffed4c9360becd","provider_name":"registry.terraform.io/cloudflare/cloudflare","change":{"actions":["no-op"],"before":{"allow_overwrite":false,"comment":"AP Moritz Jung / requested via Teams by Justinas Garipovas (LT)","content":"ns-1922.awsdns-48.co.uk","created_on":"2025-06-18T14:25:43.230385Z","data":[],"hostname":"esa-uf-corp.vcec.cloud","id":"83e1dee390d77611026c3de08d5b4c88","metadata":{},"modified_on":"2025-06-18T14:25:43.230385Z","name":"esa-uf-corp","priority":null,"proxiable":false,"proxied":false,"tags":["tf-managed"],"timeouts":null,"ttl":600,"type":"NS","value":null,"zone_id":"09e62c791da990d8ebbf1a531d1d3efa"},"after":{"allow_overwrite":false,"comment":"AP Moritz Jung / requested via Teams by Justinas Garipovas (LT)","content":"ns-1922.awsdns-48.co.uk","created_on":"2025-06-18T14:25:43.230385Z","data":[],"hostname":"esa-uf-corp.vcec.cloud","id":"83e1dee390d77611026c3de08d5b4c88","metadata":{},"modified_on":"2025-06-18T14:25:43.230385Z","name":"esa-uf-corp","priority":null,"proxiable":false,"proxied":false,"tags":["tf-managed"],"timeouts":null,"ttl":600,"type":"NS","value":null,"zone_id":"09e62c791da990d8ebbf1a531d1d3efa"},"after_unknown":{},"before_sensitive":{"data":[],"metadata":{},"tags":[false]},"after_sensitive":{"data":[],"metadata":{},"tags":[false]}}},{"address":"cloudflare_record.records_vcec_cloud[\"NS_uf-stage_4bb7f2160fbd7f6e98932df215b880da\"]","mode":"managed","type":"cloudflare_record","name":"records_vcec_cloud","index":"NS_uf-stage_4bb7f2160fbd7f6e98932df215b880da","provider_name":"registry.terraform.io/cloudflare/cloudflare","change":{"actions":["no-op"],"before":{"allow_overwrite":false,"comment":"AP Moritz Jung / #54734446","content":"ns-743.awsdns-28.net","created_on":"2024-12-06T11:30:14.857457Z","data":[],"hostname":"uf-stage.vcec.cloud","id":"c78f92b23f2925fdbf56907cad74aad0","metadata":{},"modified_on":"2024-12-06T11:30:14.857457Z","name":"uf-stage","priority":null,"proxiable":false,"proxied":false,"tags":["tf-managed"],"timeouts":null,"ttl":600,"type":"NS","value":null,"zone_id":"09e62c791da990d8ebbf1a531d1d3efa"},"after":{"allow_overwrite":false,"comment":"AP Moritz Jung / #54734446","content":"ns-743.awsdns-28.net","created_on":"2024-12-06T11:30:14.857457Z","data":[],"hostname":"uf-stage.vcec.cloud","id":"c78f92b23f2925fdbf56907cad74aad0","metadata":{},"modified_on":"2024-12-06T11:30:14.857457Z","name":"uf-stage","priority":null,"proxiable":false,"proxied":false,"tags":["tf-managed"],"timeouts":null,"ttl":600,"type":"NS","value":null,"zone_id":"09e62c791da990d8ebbf1a531d1d3efa"},"after_unknown":{},"before_sensitive":{"data":[],"metadata":{},"tags":[false]},"after_sensitive":{"data":[],"metadata":{},"tags":[false]}}},{"address":"cloudflare_record.records_vcec_cloud[\"NS_uf-stage_80a87cd9d2bec266b4c976a48b6e7d56\"]","mode":"managed","type":"cloudflare_record","name":"records_vcec_cloud","index":"NS_uf-stage_80a87cd9d2bec266b4c976a48b6e7d56","provider_name":"registry.terraform.io/cloudflare/cloudflare","change":{"actions":["no-op"],"before":{"allow_overwrite":false,"comment":"AP Moritz Jung / #54734446","content":"ns-1726.awsdns-23.co.uk","created_on":"2024-12-06T11:33:51.561762Z","data":[],"hostname":"uf-stage.vcec.cloud","id":"d13901553383053ce3aa9ae8ffdb567d","metadata":{},"modified_on":"2024-12-06T11:33:51.561762Z","name":"uf-stage","priority":null,"proxiable":false,"proxied":false,"tags":["tf-managed"],"timeouts":null,"ttl":600,"type":"NS","value":null,"zone_id":"09e62c791da990d8ebbf1a531d1d3efa"},"after":{"allow_overwrite":false,"comment":"AP Moritz Jung / #54734446","content":"ns-1726.awsdns-23.co.uk","created_on":"2024-12-06T11:33:51.561762Z","data":[],"hostname":"uf-stage.vcec.cloud","id":"d13901553383053ce3aa9ae8ffdb567d","metadata":{},"modified_on":"2024-12-06T11:33:51.561762Z","name":"uf-stage","priority":null,"proxiable":false,"proxied":false,"tags":["tf-managed"],"timeouts":null,"ttl":600,"type":"NS","value":null,"zone_id":"09e62c791da990d8ebbf1a531d1d3efa"},"after_unknown":{},"before_sensitive":{"data":[],"metadata":{},"tags":[false]},"after_sensitive":{"data":[],"metadata":{},"tags":[false]}}},{"address":"cloudflare_record.records_vcec_cloud[\"NS_uf-stage_b04e2f8098998850acec95e7aa21db4e\"]","mode":"managed","type":"cloudflare_record","name":"records_vcec_cloud","index":"NS_uf-stage_b04e2f8098998850acec95e7aa21db4e","provider_name":"registry.terraform.io/cloudflare/cloudflare","change":{"actions":["no-op"],"before":{"allow_overwrite":false,"comment":"AP Moritz Jung / #54734446","content":"ns-1248.awsdns-28.org","created_on":"2024-12-06T11:33:52.112957Z","data":[],"hostname":"uf-stage.vcec.cloud","id":"36b35ec781c3125d89841a4447d4003a","metadata":{},"modified_on":"2024-12-06T11:33:52.112957Z","name":"uf-stage","priority":null,"proxiable":false,"proxied":false,"tags":["tf-managed"],"timeouts":null,"ttl":600,"type":"NS","value":null,"zone_id":"09e62c791da990d8ebbf1a531d1d3efa"},"after":{"allow_overwrite":false,"comment":"AP Moritz Jung / #54734446","content":"ns-1248.awsdns-28.org","created_on":"2024-12-06T11:33:52.112957Z","data":[],"hostname":"uf-stage.vcec.cloud","id":"36b35ec781c3125d89841a4447d4003a","metadata":{},"modified_on":"2024-12-06T11:33:52.112957Z","name":"uf-stage","priority":null,"proxiable":false,"proxied":false,"tags":["tf-managed"],"timeouts":null,"ttl":600,"type":"NS","value":null,"zone_id":"09e62c791da990d8ebbf1a531d1d3efa"},"after_unknown":{},"before_sensitive":{"data":[],"metadata":{},"tags":[false]},"after_sensitive":{"data":[],"metadata":{},"tags":[false]}}},{"address":"cloudflare_record.records_vcec_cloud[\"NS_uf-stage_c5560d1dfaea159e9e5e90c2ba1091bc\"]","mode":"managed","type":"cloudflare_record","name":"records_vcec_cloud","index":"NS_uf-stage_c5560d1dfaea159e9e5e90c2ba1091bc","provider_name":"registry.terraform.io/cloudflare/cloudflare","change":{"actions":["no-op"],"before":{"allow_overwrite":false,"comment":"AP Moritz Jung / #54734446","content":"ns-290.awsdns-36.com","created_on":"2024-12-06T11:31:45.930259Z","data":[],"hostname":"uf-stage.vcec.cloud","id":"89b20a9ab6abdef85b1e4ccadd234a61","metadata":{},"modified_on":"2024-12-06T11:31:45.930259Z","name":"uf-stage","priority":null,"proxiable":false,"proxied":false,"tags":["tf-managed"],"timeouts":null,"ttl":600,"type":"NS","value":null,"zone_id":"09e62c791da990d8ebbf1a531d1d3efa"},"after":{"allow_overwrite":false,"comment":"AP Moritz Jung / #54734446","content":"ns-290.awsdns-36.com","created_on":"2024-12-06T11:31:45.930259Z","data":[],"hostname":"uf-stage.vcec.cloud","id":"89b20a9ab6abdef85b1e4ccadd234a61","metadata":{},"modified_on":"2024-12-06T11:31:45.930259Z","name":"uf-stage","priority":null,"proxiable":false,"proxied":false,"tags":["tf-managed"],"timeouts":null,"ttl":600,"type":"NS","value":null,"zone_id":"09e62c791da990d8ebbf1a531d1d3efa"},"after_unknown":{},"before_sensitive":{"data":[],"metadata":{},"tags":[false]},"after_sensitive":{"data":[],"metadata":{},"tags":[false]}}},{"address":"cloudflare_record.records_vcec_cloud[\"NS_uf_1c67a421244a1ddffe83eaa5bc3cf382\"]","mode":"managed","type":"cloudflare_record","name":"records_vcec_cloud","index":"NS_uf_1c67a421244a1ddffe83eaa5bc3cf382","provider_name":"registry.terraform.io/cloudflare/cloudflare","change":{"actions":["no-op"],"before":{"allow_overwrite":false,"comment":"AP Moritz Jung / #54734446","content":"ns-808.awsdns-37.net","created_on":"2024-12-06T11:33:51.572461Z","data":[],"hostname":"uf.vcec.cloud","id":"bf2512d04b1c5e70cdb04effc295e4f2","metadata":{},"modified_on":"2024-12-06T11:33:51.572461Z","name":"uf","priority":null,"proxiable":false,"proxied":false,"tags":["tf-managed"],"timeouts":null,"ttl":600,"type":"NS","value":null,"zone_id":"09e62c791da990d8ebbf1a531d1d3efa"},"after":{"allow_overwrite":false,"comment":"AP Moritz Jung / #54734446","content":"ns-808.awsdns-37.net","created_on":"2024-12-06T11:33:51.572461Z","data":[],"hostname":"uf.vcec.cloud","id":"bf2512d04b1c5e70cdb04effc295e4f2","metadata":{},"modified_on":"2024-12-06T11:33:51.572461Z","name":"uf","priority":null,"proxiable":false,"proxied":false,"tags":["tf-managed"],"timeouts":null,"ttl":600,"type":"NS","value":null,"zone_id":"09e62c791da990d8ebbf1a531d1d3efa"},"after_unknown":{},"before_sensitive":{"data":[],"metadata":{},"tags":[false]},"after_sensitive":{"data":[],"metadata":{},"tags":[false]}}},{"address":"cloudflare_record.records_vcec_cloud[\"NS_uf_b9ea44b011b5e43c9a77f0e7ffc3fc45\"]","mode":"managed","type":"cloudflare_record","name":"records_vcec_cloud","index":"NS_uf_b9ea44b011b5e43c9a77f0e7ffc3fc45","provider_name":"registry.terraform.io/cloudflare/cloudflare","change":{"actions":["no-op"],"before":{"allow_overwrite":false,"comment":"AP Moritz Jung / #54734446","content":"ns-1213.awsdns-23.org","created_on":"2024-12-06T11:33:52.326813Z","data":[],"hostname":"uf.vcec.cloud","id":"ad27f64eb3cc60e3c1da7ef4ed400115","metadata":{},"modified_on":"2024-12-06T11:33:52.326813Z","name":"uf","priority":null,"proxiable":false,"proxied":false,"tags":["tf-managed"],"timeouts":null,"ttl":600,"type":"NS","value":null,"zone_id":"09e62c791da990d8ebbf1a531d1d3efa"},"after":{"allow_overwrite":false,"comment":"AP Moritz Jung / #54734446","content":"ns-1213.awsdns-23.org","created_on":"2024-12-06T11:33:52.326813Z","data":[],"hostname":"uf.vcec.cloud","id":"ad27f64eb3cc60e3c1da7ef4ed400115","metadata":{},"modified_on":"2024-12-06T11:33:52.326813Z","name":"uf","priority":null,"proxiable":false,"proxied":false,"tags":["tf-managed"],"timeouts":null,"ttl":600,"type":"NS","value":null,"zone_id":"09e62c791da990d8ebbf1a531d1d3efa"},"after_unknown":{},"before_sensitive":{"data":[],"metadata":{},"tags":[false]},"after_sensitive":{"data":[],"metadata":{},"tags":[false]}}},{"address":"cloudflare_record.records_vcec_cloud[\"NS_uf_d1b35cf8f2dec8e737d0c4e03acab94b\"]","mode":"managed","type":"cloudflare_record","name":"records_vcec_cloud","index":"NS_uf_d1b35cf8f2dec8e737d0c4e03acab94b","provider_name":"registry.terraform.io/cloudflare/cloudflare","change":{"actions":["no-op"],"before":{"allow_overwrite":false,"comment":"AP Moritz Jung / #54734446","content":"ns-241.awsdns-30.com","created_on":"2024-12-06T11:33:51.814483Z","data":[],"hostname":"uf.vcec.cloud","id":"09f1269d23718dc0a1c6dba847186dad","metadata":{},"modified_on":"2024-12-06T11:33:51.814483Z","name":"uf","priority":null,"proxiable":false,"proxied":false,"tags":["tf-managed"],"timeouts":null,"ttl":600,"type":"NS","value":null,"zone_id":"09e62c791da990d8ebbf1a531d1d3efa"},"after":{"allow_overwrite":false,"comment":"AP Moritz Jung / #54734446","content":"ns-241.awsdns-30.com","created_on":"2024-12-06T11:33:51.814483Z","data":[],"hostname":"uf.vcec.cloud","id":"09f1269d23718dc0a1c6dba847186dad","metadata":{},"modified_on":"2024-12-06T11:33:51.814483Z","name":"uf","priority":null,"proxiable":false,"proxied":false,"tags":["tf-managed"],"timeouts":null,"ttl":600,"type":"NS","value":null,"zone_id":"09e62c791da990d8ebbf1a531d1d3efa"},"after_unknown":{},"before_sensitive":{"data":[],"metadata":{},"tags":[false]},"after_sensitive":{"data":[],"metadata":{},"tags":[false]}}},{"address":"cloudflare_record.records_vcec_cloud[\"NS_uf_ec6d03b7a6d54d6b6f431dac11bc3499\"]","mode":"managed","type":"cloudflare_record","name":"records_vcec_cloud","index":"NS_uf_ec6d03b7a6d54d6b6f431dac11bc3499","provider_name":"registry.terraform.io/cloudflare/cloudflare","change":{"actions":["no-op"],"before":{"allow_overwrite":false,"comment":"AP Moritz Jung / #54734446","content":"ns-1707.awsdns-21.co.uk","created_on":"2024-12-06T11:33:52.568017Z","data":[],"hostname":"uf.vcec.cloud","id":"6173dd837974bc913a8b7de1ea3188de","metadata":{},"modified_on":"2024-12-06T11:33:52.568017Z","name":"uf","priority":null,"proxiable":false,"proxied":false,"tags":["tf-managed"],"timeouts":null,"ttl":600,"type":"NS","value":null,"zone_id":"09e62c791da990d8ebbf1a531d1d3efa"},"after":{"allow_overwrite":false,"comment":"AP Moritz Jung / #54734446","content":"ns-1707.awsdns-21.co.uk","created_on":"2024-12-06T11:33:52.568017Z","data":[],"hostname":"uf.vcec.cloud","id":"6173dd837974bc913a8b7de1ea3188de","metadata":{},"modified_on":"2024-12-06T11:33:52.568017Z","name":"uf","priority":null,"proxiable":false,"proxied":false,"tags":["tf-managed"],"timeouts":null,"ttl":600,"type":"NS","value":null,"zone_id":"09e62c791da990d8ebbf1a531d1d3efa"},"after_unknown":{},"before_sensitive":{"data":[],"metadata":{},"tags":[false]},"after_sensitive":{"data":[],"metadata":{},"tags":[false]}}},{"address":"cloudflare_record.records_vcec_cloud[\"TXT_@_3f4efb81b4276414d1da9608a34c87d0\"]","mode":"managed","type":"cloudflare_record","name":"records_vcec_cloud","index":"TXT_@_3f4efb81b4276414d1da9608a34c87d0","provider_name":"registry.terraform.io/cloudflare/cloudflare","change":{"actions":["no-op"],"before":{"allow_overwrite":false,"comment":"AP Phillip Schleicher","content":"google-site-verification=wlfuYL6qUszUY4oLOpu6bdTLscAwl8Lot2UFdH1Cd0U","created_on":"2025-12-05T08:18:45.824941Z","data":[],"hostname":"vcec.cloud","id":"39678f232c66a0f9f89cb67a35c51e8c","metadata":{},"modified_on":"2025-12-05T08:18:45.824941Z","name":"@","priority":null,"proxiable":false,"proxied":false,"tags":["tf-managed"],"timeouts":null,"ttl":600,"type":"TXT","value":null,"zone_id":"09e62c791da990d8ebbf1a531d1d3efa"},"after":{"allow_overwrite":false,"comment":"AP Phillip Schleicher","content":"google-site-verification=wlfuYL6qUszUY4oLOpu6bdTLscAwl8Lot2UFdH1Cd0U","created_on":"2025-12-05T08:18:45.824941Z","data":[],"hostname":"vcec.cloud","id":"39678f232c66a0f9f89cb67a35c51e8c","metadata":{},"modified_on":"2025-12-05T08:18:45.824941Z","name":"@","priority":null,"proxiable":false,"proxied":false,"tags":["tf-managed"],"timeouts":null,"ttl":600,"type":"TXT","value":null,"zone_id":"09e62c791da990d8ebbf1a531d1d3efa"},"after_unknown":{},"before_sensitive":{"data":[],"metadata":{},"tags":[false]},"after_sensitive":{"data":[],"metadata":{},"tags":[false]}}},{"address":"cloudflare_ruleset.dont_cache_pages_domains","mode":"managed","type":"cloudflare_ruleset","name":"dont_cache_pages_domains","provider_name":"registry.terraform.io/cloudflare/cloudflare","change":{"actions":["no-op"],"before":{"account_id":null,"description":"","id":"a7124d7e378c46ebbd61cf61e1e01869","kind":"zone","name":"default","phase":"http_request_cache_settings","rules":[{"action":"set_cache_settings","action_parameters":[{"additional_cacheable_ports":null,"algorithms":[],"automatic_https_rewrites":null,"autominify":[],"bic":null,"browser_ttl":[],"cache":false,"cache_key":[],"cache_reserve":[],"content":null,"content_type":null,"cookie_fields":null,"disable_apps":null,"disable_railgun":null,"disable_rum":null,"disable_zaraz":null,"edge_ttl":[],"email_obfuscation":null,"fonts":null,"from_list":[],"from_value":[],"headers":[],"host_header":null,"hotlink_protection":null,"id":null,"increment":null,"matched_data":[],"mirage":null,"opportunistic_encryption":null,"origin":[],"origin_cache_control":null,"origin_error_page_passthru":null,"overrides":[],"phases":null,"polish":null,"products":null,"read_timeout":null,"request_fields":null,"respect_strong_etags":null,"response":[],"response_fields":null,"rocket_loader":null,"rules":null,"ruleset":null,"rulesets":null,"security_level":null,"serve_stale":[],"server_side_excludes":null,"sni":[],"ssl":null,"status_code":null,"sxg":null,"uri":[]}],"description":"Don't cache pages","enabled":true,"exposed_credential_check":[],"expression":"true","id":"9abbe26247e94472b05a9f4dc80c6956","logging":[],"ratelimit":[],"ref":"9abbe26247e94472b05a9f4dc80c6956"}],"zone_id":"09e62c791da990d8ebbf1a531d1d3efa"},"after":{"account_id":null,"description":"","id":"a7124d7e378c46ebbd61cf61e1e01869","kind":"zone","name":"default","phase":"http_request_cache_settings","rules":[{"action":"set_cache_settings","action_parameters":[{"additional_cacheable_ports":null,"algorithms":[],"automatic_https_rewrites":null,"autominify":[],"bic":null,"browser_ttl":[],"cache":false,"cache_key":[],"cache_reserve":[],"content":null,"content_type":null,"cookie_fields":null,"disable_apps":null,"disable_railgun":null,"disable_rum":null,"disable_zaraz":null,"edge_ttl":[],"email_obfuscation":null,"fonts":null,"from_list":[],"from_value":[],"headers":[],"host_header":null,"hotlink_protection":null,"id":null,"increment":null,"matched_data":[],"mirage":null,"opportunistic_encryption":null,"origin":[],"origin_cache_control":null,"origin_error_page_passthru":null,"overrides":[],"phases":null,"polish":null,"products":null,"read_timeout":null,"request_fields":null,"respect_strong_etags":null,"response":[],"response_fields":null,"rocket_loader":null,"rules":null,"ruleset":null,"rulesets":null,"security_level":null,"serve_stale":[],"server_side_excludes":null,"sni":[],"ssl":null,"status_code":null,"sxg":null,"uri":[]}],"description":"Don't cache pages","enabled":true,"exposed_credential_check":[],"expression":"true","id":"9abbe26247e94472b05a9f4dc80c6956","logging":[],"ratelimit":[],"ref":"9abbe26247e94472b05a9f4dc80c6956"}],"zone_id":"09e62c791da990d8ebbf1a531d1d3efa"},"after_unknown":{},"before_sensitive":{"rules":[{"action_parameters":[{"algorithms":[],"autominify":[],"browser_ttl":[],"cache_key":[],"cache_reserve":[],"edge_ttl":[],"from_list":[],"from_value":[],"headers":[],"matched_data":[],"origin":[],"overrides":[],"response":[],"serve_stale":[],"sni":[],"uri":[]}],"exposed_credential_check":[],"logging":[],"ratelimit":[]}]},"after_sensitive":{"rules":[{"action_parameters":[{"algorithms":[],"autominify":[],"browser_ttl":[],"cache_key":[],"cache_reserve":[],"edge_ttl":[],"from_list":[],"from_value":[],"headers":[],"matched_data":[],"origin":[],"overrides":[],"response":[],"serve_stale":[],"sni":[],"uri":[]}],"exposed_credential_check":[],"logging":[],"ratelimit":[]}]}}},{"address":"cloudflare_ruleset.esa_csp","mode":"managed","type":"cloudflare_ruleset","name":"esa_csp","provider_name":"registry.terraform.io/cloudflare/cloudflare","change":{"actions":["no-op"],"before":{"account_id":null,"description":"Allow Storyblok to use page in preview browser","id":"6012022050e947eea60d5e74f72888ac","kind":"zone","name":"CSP for esa-uf-stage.vcec.cloud","phase":"http_response_headers_transform","rules":[{"action":"rewrite","action_parameters":[{"additional_cacheable_ports":null,"algorithms":[],"automatic_https_rewrites":null,"autominify":[],"bic":null,"browser_ttl":[],"cache":null,"cache_key":[],"cache_reserve":[],"content":null,"content_type":null,"cookie_fields":null,"disable_apps":null,"disable_railgun":null,"disable_rum":null,"disable_zaraz":null,"edge_ttl":[],"email_obfuscation":null,"fonts":null,"from_list":[],"from_value":[],"headers":[{"expression":null,"name":"Content-Security-Policy","operation":"set","value":"frame-ancestors 'self' https://app.storyblok.com"},{"expression":null,"name":"X-Frame-Options","operation":"remove","value":null}],"host_header":null,"hotlink_protection":null,"id":null,"increment":null,"matched_data":[],"mirage":null,"opportunistic_encryption":null,"origin":[],"origin_cache_control":null,"origin_error_page_passthru":null,"overrides":[],"phases":null,"polish":null,"products":null,"read_timeout":null,"request_fields":null,"respect_strong_etags":null,"response":[],"response_fields":null,"rocket_loader":null,"rules":null,"ruleset":null,"rulesets":null,"security_level":null,"serve_stale":[],"server_side_excludes":null,"sni":[],"ssl":null,"status_code":null,"sxg":null,"uri":[]}],"description":"","enabled":true,"exposed_credential_check":[],"expression":"(http.host eq \"esa-uf-stage.vcec.cloud\")","id":"dcc0676912944180bad428a04f5b461a","logging":[],"ratelimit":[],"ref":"modify_response_headers"}],"zone_id":"09e62c791da990d8ebbf1a531d1d3efa"},"after":{"account_id":null,"description":"Allow Storyblok to use page in preview browser","id":"6012022050e947eea60d5e74f72888ac","kind":"zone","name":"CSP for esa-uf-stage.vcec.cloud","phase":"http_response_headers_transform","rules":[{"action":"rewrite","action_parameters":[{"additional_cacheable_ports":null,"algorithms":[],"automatic_https_rewrites":null,"autominify":[],"bic":null,"browser_ttl":[],"cache":null,"cache_key":[],"cache_reserve":[],"content":null,"content_type":null,"cookie_fields":null,"disable_apps":null,"disable_railgun":null,"disable_rum":null,"disable_zaraz":null,"edge_ttl":[],"email_obfuscation":null,"fonts":null,"from_list":[],"from_value":[],"headers":[{"expression":null,"name":"Content-Security-Policy","operation":"set","value":"frame-ancestors 'self' https://app.storyblok.com"},{"expression":null,"name":"X-Frame-Options","operation":"remove","value":null}],"host_header":null,"hotlink_protection":null,"id":null,"increment":null,"matched_data":[],"mirage":null,"opportunistic_encryption":null,"origin":[],"origin_cache_control":null,"origin_error_page_passthru":null,"overrides":[],"phases":null,"polish":null,"products":null,"read_timeout":null,"request_fields":null,"respect_strong_etags":null,"response":[],"response_fields":null,"rocket_loader":null,"rules":null,"ruleset":null,"rulesets":null,"security_level":null,"serve_stale":[],"server_side_excludes":null,"sni":[],"ssl":null,"status_code":null,"sxg":null,"uri":[]}],"description":"","enabled":true,"exposed_credential_check":[],"expression":"(http.host eq \"esa-uf-stage.vcec.cloud\")","id":"dcc0676912944180bad428a04f5b461a","logging":[],"ratelimit":[],"ref":"modify_response_headers"}],"zone_id":"09e62c791da990d8ebbf1a531d1d3efa"},"after_unknown":{},"before_sensitive":{"rules":[{"action_parameters":[{"algorithms":[],"autominify":[],"browser_ttl":[],"cache_key":[],"cache_reserve":[],"edge_ttl":[],"from_list":[],"from_value":[],"headers":[{},{}],"matched_data":[],"origin":[],"overrides":[],"response":[],"serve_stale":[],"sni":[],"uri":[]}],"exposed_credential_check":[],"logging":[],"ratelimit":[]}]},"after_sensitive":{"rules":[{"action_parameters":[{"algorithms":[],"autominify":[],"browser_ttl":[],"cache_key":[],"cache_reserve":[],"edge_ttl":[],"from_list":[],"from_value":[],"headers":[{},{}],"matched_data":[],"origin":[],"overrides":[],"response":[],"serve_stale":[],"sni":[],"uri":[]}],"exposed_credential_check":[],"logging":[],"ratelimit":[]}]}}},{"address":"nodeping_check.deskbird","mode":"managed","type":"nodeping_check","name":"deskbird","provider_name":"registry.terraform.io/phizzl/nodeping","change":{"actions":["create"],"before":null,"after":{"autodiag":false,"clientcert":null,"contentstring":"All services are online","database":null,"dep":null,"description":null,"dnsrd":null,"dnssection":null,"dnstoresolve":null,"dnstype":null,"email":null,"enabled":true,"follow":false,"homeloc":null,"interval":15,"invert":false,"ipv6":false,"label":"Service - Deskbird","method":null,"mute":false,"namespace":null,"notifications":[{"contact_id":"202309210846EC0LA-G-NZCTF","delay":0,"schedule":"All"},{"delay":0,"schedule":"All"}],"password":null,"port":null,"postdata":null,"public":false,"query":null,"receiveheaders":null,"regex":false,"runlocations":null,"secure":null,"sendheaders":null,"sens":5,"servername":null,"snmpcom":null,"snmpv":null,"sshkey":null,"statuscode":null,"tags":null,"target":"https://status.deskbird.com/","threshold":5,"transport":null,"type":"HTTPCONTENT","username":null,"verify":null,"warningdays":null},"after_unknown":{"created":true,"customer_id":true,"id":true,"modified":true,"notifications":[{},{"contact_id":true}],"state":true},"before_sensitive":false,"after_sensitive":{"notifications":[{},{}],"password":true}}},{"address":"nodeping_check.domain_nexus_united_com","mode":"managed","type":"nodeping_check","name":"domain_nexus_united_com","provider_name":"registry.terraform.io/phizzl/nodeping","change":{"actions":["create"],"before":null,"after":{"autodiag":false,"clientcert":null,"contentstring":null,"database":null,"dep":null,"description":null,"dnsrd":null,"dnssection":null,"dnstoresolve":null,"dnstype":null,"email":null,"enabled":true,"follow":null,"homeloc":null,"interval":240,"invert":null,"ipv6":null,"label":"Domain nexus-united.com","method":null,"mute":false,"namespace":null,"notifications":[{"delay":0,"schedule":"All"},{"delay":0,"schedule":"All"}],"password":null,"port":null,"postdata":null,"public":false,"query":null,"receiveheaders":null,"regex":null,"runlocations":null,"secure":null,"sendheaders":null,"sens":2,"servername":null,"snmpcom":null,"snmpv":null,"sshkey":null,"statuscode":null,"tags":null,"target":"nexus-united.com","threshold":5,"transport":null,"type":"WHOIS","username":null,"verify":null,"warningdays":14},"after_unknown":{"created":true,"customer_id":true,"id":true,"modified":true,"notifications":[{"contact_id":true},{"contact_id":true}],"state":true},"before_sensitive":false,"after_sensitive":{"notifications":[{},{}],"password":true}}},{"address":"nodeping_check.domain_nxs360_com","mode":"managed","type":"nodeping_check","name":"domain_nxs360_com","provider_name":"registry.terraform.io/phizzl/nodeping","change":{"actions":["create"],"before":null,"after":{"autodiag":false,"clientcert":null,"contentstring":null,"database":null,"dep":null,"description":null,"dnsrd":null,"dnssection":null,"dnstoresolve":null,"dnstype":null,"email":null,"enabled":true,"follow":null,"homeloc":null,"interval":240,"invert":null,"ipv6":null,"label":"Domain nxs360.com","method":null,"mute":false,"namespace":null,"notifications":[{"delay":0,"schedule":"All"},{"delay":0,"schedule":"All"}],"password":null,"port":null,"postdata":null,"public":false,"query":null,"receiveheaders":null,"regex":null,"runlocations":null,"secure":null,"sendheaders":null,"sens":2,"servername":null,"snmpcom":null,"snmpv":null,"sshkey":null,"statuscode":null,"tags":null,"target":"nxs360.com","threshold":5,"transport":null,"type":"WHOIS","username":null,"verify":null,"warningdays":14},"after_unknown":{"created":true,"customer_id":true,"id":true,"modified":true,"notifications":[{"contact_id":true},{"contact_id":true}],"state":true},"before_sensitive":false,"after_sensitive":{"notifications":[{},{}],"password":true}}},{"address":"nodeping_check.domain_vcec_cloud","mode":"managed","type":"nodeping_check","name":"domain_vcec_cloud","provider_name":"registry.terraform.io/phizzl/nodeping","change":{"actions":["create"],"before":null,"after":{"autodiag":false,"clientcert":null,"contentstring":null,"database":null,"dep":null,"description":null,"dnsrd":null,"dnssection":null,"dnstoresolve":null,"dnstype":null,"email":null,"enabled":true,"follow":null,"homeloc":null,"interval":240,"invert":null,"ipv6":null,"label":"Domain vcec.cloud","method":null,"mute":false,"namespace":null,"notifications":[{"delay":0,"schedule":"All"},{"delay":0,"schedule":"All"}],"password":null,"port":null,"postdata":null,"public":false,"query":null,"receiveheaders":null,"regex":null,"runlocations":null,"secure":null,"sendheaders":null,"sens":2,"servername":null,"snmpcom":null,"snmpv":null,"sshkey":null,"statuscode":null,"tags":null,"target":"vcec.cloud","threshold":5,"transport":null,"type":"WHOIS","username":null,"verify":null,"warningdays":14},"after_unknown":{"created":true,"customer_id":true,"id":true,"modified":true,"notifications":[{"contact_id":true},{"contact_id":true}],"state":true},"before_sensitive":false,"after_sensitive":{"notifications":[{},{}],"password":true}}},{"address":"nodeping_check.gitlab_cec_valantic","mode":"managed","type":"nodeping_check","name":"gitlab_cec_valantic","provider_name":"registry.terraform.io/phizzl/nodeping","change":{"actions":["create"],"before":null,"after":{"autodiag":false,"clientcert":null,"contentstring":"valantic Gitlab","database":null,"dep":null,"description":null,"dnsrd":null,"dnssection":null,"dnstoresolve":null,"dnstype":null,"email":null,"enabled":true,"follow":true,"homeloc":null,"interval":1,"invert":false,"ipv6":false,"label":"Service - Gitlab (git.cec.valantic.com)","method":null,"mute":false,"namespace":null,"notifications":[{"contact_id":"202309210846EC0LA-G-NZCTF","delay":0,"schedule":"All"},{"delay":0,"schedule":"All"}],"password":null,"port":null,"postdata":null,"public":false,"query":null,"receiveheaders":null,"regex":false,"runlocations":["eur"],"secure":null,"sendheaders":null,"sens":5,"servername":null,"snmpcom":null,"snmpv":null,"sshkey":null,"statuscode":null,"tags":null,"target":"https://git.cec.valantic.com/","threshold":5,"transport":null,"type":"HTTPCONTENT","username":null,"verify":null,"warningdays":null},"after_unknown":{"created":true,"customer_id":true,"id":true,"modified":true,"notifications":[{},{"contact_id":true}],"runlocations":[false],"state":true},"before_sensitive":false,"after_sensitive":{"notifications":[{},{}],"password":true,"runlocations":[false]}}},{"address":"nodeping_check.gitlab_nxs360","mode":"managed","type":"nodeping_check","name":"gitlab_nxs360","provider_name":"registry.terraform.io/phizzl/nodeping","change":{"actions":["create"],"before":null,"after":{"autodiag":false,"clientcert":null,"contentstring":"GitLab Community Edition","database":null,"dep":null,"description":null,"dnsrd":null,"dnssection":null,"dnstoresolve":null,"dnstype":null,"email":null,"enabled":true,"follow":true,"homeloc":null,"interval":2,"invert":false,"ipv6":false,"label":"Service - Gitlab (gitlab.nxs360.com)","method":null,"mute":false,"namespace":null,"notifications":[{"contact_id":"202309210846EC0LA-G-NZCTF","delay":0,"schedule":"All"},{"delay":0,"schedule":"All"},{"delay":0,"schedule":"All"}],"password":null,"port":null,"postdata":null,"public":false,"query":null,"receiveheaders":null,"regex":false,"runlocations":["eur"],"secure":null,"sendheaders":null,"sens":5,"servername":null,"snmpcom":null,"snmpv":null,"sshkey":null,"statuscode":null,"tags":null,"target":"https://gitlab.nxs360.com/","threshold":5,"transport":null,"type":"HTTPCONTENT","username":null,"verify":null,"warningdays":null},"after_unknown":{"created":true,"customer_id":true,"id":true,"modified":true,"notifications":[{},{"contact_id":true},{"contact_id":true}],"runlocations":[false],"state":true},"before_sensitive":false,"after_sensitive":{"notifications":[{},{},{}],"password":true,"runlocations":[false]}}},{"address":"nodeping_check.gitlab_pages","mode":"managed","type":"nodeping_check","name":"gitlab_pages","provider_name":"registry.terraform.io/phizzl/nodeping","change":{"actions":["create"],"before":null,"after":{"autodiag":false,"clientcert":null,"contentstring":null,"database":null,"dep":null,"description":null,"dnsrd":null,"dnssection":null,"dnstoresolve":null,"dnstype":null,"email":null,"enabled":true,"follow":false,"homeloc":null,"interval":15,"invert":false,"ipv6":false,"label":"Service - Gitlab Pages (gitlab-pages.nxs360.com)","method":"GET","mute":false,"namespace":null,"notifications":[{"contact_id":"202309210846EC0LA-G-NZCTF","delay":0,"schedule":"All"},{"delay":0,"schedule":"All"},{"delay":0,"schedule":"All"}],"password":null,"port":null,"postdata":null,"public":false,"query":null,"receiveheaders":null,"regex":false,"runlocations":["eur"],"secure":null,"sendheaders":null,"sens":2,"servername":null,"snmpcom":null,"snmpv":null,"sshkey":null,"statuscode":302,"tags":null,"target":"https://gitlab-instance-002424b5.gitlab-pages.nxs360.com/Monitoring/","threshold":5,"transport":null,"type":"HTTPADV","username":null,"verify":null,"warningdays":null},"after_unknown":{"created":true,"customer_id":true,"id":true,"modified":true,"notifications":[{},{"contact_id":true},{"contact_id":true}],"runlocations":[false],"state":true},"before_sensitive":false,"after_sensitive":{"notifications":[{},{},{}],"password":true,"runlocations":[false]}}},{"address":"nodeping_check.gitlab_pages_ssl","mode":"managed","type":"nodeping_check","name":"gitlab_pages_ssl","provider_name":"registry.terraform.io/phizzl/nodeping","change":{"actions":["create"],"before":null,"after":{"autodiag":false,"clientcert":null,"contentstring":null,"database":null,"dep":null,"description":null,"dnsrd":null,"dnssection":null,"dnstoresolve":null,"dnstype":null,"email":null,"enabled":true,"follow":null,"homeloc":null,"interval":720,"invert":null,"ipv6":null,"label":"Service - Gitlab Pages SSL (gitlab.nxs360.com)","method":null,"mute":false,"namespace":null,"notifications":[{"contact_id":"202309210846EC0LA-G-NZCTF","delay":0,"schedule":"All"},{"delay":0,"schedule":"All"}],"password":null,"port":null,"postdata":null,"public":false,"query":null,"receiveheaders":null,"regex":null,"runlocations":["eur"],"secure":null,"sendheaders":null,"sens":2,"servername":null,"snmpcom":null,"snmpv":null,"sshkey":null,"statuscode":null,"tags":null,"target":"https://test.gitlab-pages.nxs360.com/","threshold":5,"transport":null,"type":"SSL","username":null,"verify":null,"warningdays":3},"after_unknown":{"created":true,"customer_id":true,"id":true,"modified":true,"notifications":[{},{"contact_id":true}],"runlocations":[false],"state":true},"before_sensitive":false,"after_sensitive":{"notifications":[{},{}],"password":true,"runlocations":[false]}}},{"address":"nodeping_check.gitlab_ssh","mode":"managed","type":"nodeping_check","name":"gitlab_ssh","provider_name":"registry.terraform.io/phizzl/nodeping","change":{"actions":["create"],"before":null,"after":{"autodiag":false,"clientcert":null,"contentstring":null,"database":null,"dep":null,"description":null,"dnsrd":null,"dnssection":null,"dnstoresolve":null,"dnstype":null,"email":null,"enabled":true,"follow":null,"homeloc":null,"interval":1,"invert":false,"ipv6":false,"label":"Service - Gitlab SSH (gitlab.nxs360.com)","method":null,"mute":false,"namespace":null,"notifications":[{"contact_id":"202309210846EC0LA-G-NZCTF","delay":0,"schedule":"All"},{"delay":0,"schedule":"All"},{"delay":0,"schedule":"All"}],"password":null,"port":2222,"postdata":null,"public":false,"query":null,"receiveheaders":null,"regex":null,"runlocations":["eur"],"secure":null,"sendheaders":null,"sens":5,"servername":null,"snmpcom":null,"snmpv":null,"sshkey":null,"statuscode":null,"tags":null,"target":"gitlab.nxs360.com","threshold":5,"transport":null,"type":"PORT","username":null,"verify":null,"warningdays":null},"after_unknown":{"created":true,"customer_id":true,"id":true,"modified":true,"notifications":[{},{"contact_id":true},{"contact_id":true}],"runlocations":[false],"state":true},"before_sensitive":false,"after_sensitive":{"notifications":[{},{},{}],"password":true,"runlocations":[false]}}},{"address":"nodeping_check.gitlab_ssl","mode":"managed","type":"nodeping_check","name":"gitlab_ssl","provider_name":"registry.terraform.io/phizzl/nodeping","change":{"actions":["create"],"before":null,"after":{"autodiag":false,"clientcert":null,"contentstring":null,"database":null,"dep":null,"description":null,"dnsrd":null,"dnssection":null,"dnstoresolve":null,"dnstype":null,"email":null,"enabled":true,"follow":null,"homeloc":null,"interval":720,"invert":null,"ipv6":null,"label":"Service - Gitlab SSL (gitlab.nxs360.com)","method":null,"mute":false,"namespace":null,"notifications":[{"contact_id":"202309210846EC0LA-G-NZCTF","delay":0,"schedule":"All"},{"delay":0,"schedule":"All"}],"password":null,"port":null,"postdata":null,"public":false,"query":null,"receiveheaders":null,"regex":null,"runlocations":["eur"],"secure":null,"sendheaders":null,"sens":2,"servername":null,"snmpcom":null,"snmpv":null,"sshkey":null,"statuscode":null,"tags":null,"target":"https://gitlab.nxs360.com/","threshold":5,"transport":null,"type":"SSL","username":null,"verify":null,"warningdays":14},"after_unknown":{"created":true,"customer_id":true,"id":true,"modified":true,"notifications":[{},{"contact_id":true}],"runlocations":[false],"state":true},"before_sensitive":false,"after_sensitive":{"notifications":[{},{}],"password":true,"runlocations":[false]}}},{"address":"nodeping_check.jenkins_qa","mode":"managed","type":"nodeping_check","name":"jenkins_qa","provider_name":"registry.terraform.io/phizzl/nodeping","change":{"actions":["create"],"before":null,"after":{"autodiag":false,"clientcert":null,"contentstring":null,"database":null,"dep":null,"description":null,"dnsrd":null,"dnssection":null,"dnstoresolve":null,"dnstype":null,"email":null,"enabled":true,"follow":true,"homeloc":null,"interval":1,"invert":null,"ipv6":false,"label":"Service - Jenkins QA","method":null,"mute":false,"namespace":null,"notifications":[{"contact_id":"202309210846EC0LA-G-NZCTF","delay":0,"schedule":"All"},{"delay":0,"schedule":"All"}],"password":null,"port":null,"postdata":null,"public":false,"query":null,"receiveheaders":null,"regex":null,"runlocations":["eur"],"secure":null,"sendheaders":null,"sens":2,"servername":null,"snmpcom":null,"snmpv":null,"sshkey":null,"statuscode":null,"tags":null,"target":"https://jenkins-qa.nxs360.com/login?from=%2F","threshold":5,"transport":null,"type":"HTTP","username":null,"verify":null,"warningdays":null},"after_unknown":{"created":true,"customer_id":true,"id":true,"modified":true,"notifications":[{},{"contact_id":true}],"runlocations":[false],"state":true},"before_sensitive":false,"after_sensitive":{"notifications":[{},{}],"password":true,"runlocations":[false]}}},{"address":"nodeping_check.la_client_vpn","mode":"managed","type":"nodeping_check","name":"la_client_vpn","provider_name":"registry.terraform.io/phizzl/nodeping","change":{"actions":["create"],"before":null,"after":{"autodiag":false,"clientcert":null,"contentstring":null,"database":null,"dep":null,"description":null,"dnsrd":null,"dnssection":null,"dnstoresolve":null,"dnstype":null,"email":null,"enabled":true,"follow":null,"homeloc":null,"interval":3,"invert":false,"ipv6":null,"label":"LA - Client VPN","method":null,"mute":false,"namespace":null,"notifications":[{"contact_id":"202309210846EC0LA-G-NZCTF","delay":0,"schedule":"All"},{"delay":0,"schedule":"All"}],"password":null,"port":443,"postdata":null,"public":false,"query":null,"receiveheaders":null,"regex":null,"runlocations":["eur"],"secure":null,"sendheaders":null,"sens":2,"servername":null,"snmpcom":null,"snmpv":null,"sshkey":null,"statuscode":null,"tags":null,"target":"gateway.lfeld.nxs.rocks","threshold":5,"transport":null,"type":"PORT","username":null,"verify":null,"warningdays":null},"after_unknown":{"created":true,"customer_id":true,"id":true,"modified":true,"notifications":[{},{"contact_id":true}],"runlocations":[false],"state":true},"before_sensitive":false,"after_sensitive":{"notifications":[{},{}],"password":true,"runlocations":[false]}}},{"address":"nodeping_check.la_internet_swl","mode":"managed","type":"nodeping_check","name":"la_internet_swl","provider_name":"registry.terraform.io/phizzl/nodeping","change":{"actions":["create"],"before":null,"after":{"autodiag":false,"clientcert":null,"contentstring":null,"database":null,"dep":null,"description":null,"dnsrd":null,"dnssection":null,"dnstoresolve":null,"dnstype":null,"email":null,"enabled":true,"follow":null,"homeloc":null,"interval":1,"invert":null,"ipv6":false,"label":"LA - Internet SWL","method":null,"mute":false,"namespace":null,"notifications":[{"contact_id":"202309210846EC0LA-G-NZCTF","delay":0,"schedule":"All"},{"delay":0,"schedule":"All"}],"password":null,"port":null,"postdata":null,"public":false,"query":null,"receiveheaders":null,"regex":null,"runlocations":["eur"],"secure":null,"sendheaders":null,"sens":2,"servername":null,"snmpcom":null,"snmpv":null,"sshkey":null,"statuscode":null,"tags":null,"target":"80.246.113.44","threshold":5,"transport":null,"type":"PING","username":null,"verify":null,"warningdays":null},"after_unknown":{"created":true,"customer_id":true,"id":true,"modified":true,"notifications":[{},{"contact_id":true}],"runlocations":[false],"state":true},"before_sensitive":false,"after_sensitive":{"notifications":[{},{}],"password":true,"runlocations":[false]}}},{"address":"nodeping_check.la_internet_vf","mode":"managed","type":"nodeping_check","name":"la_internet_vf","provider_name":"registry.terraform.io/phizzl/nodeping","change":{"actions":["create"],"before":null,"after":{"autodiag":false,"clientcert":null,"contentstring":null,"database":null,"dep":null,"description":null,"dnsrd":null,"dnssection":null,"dnstoresolve":null,"dnstype":null,"email":null,"enabled":true,"follow":null,"homeloc":null,"interval":1,"invert":null,"ipv6":false,"label":"LA - Internet VF","method":null,"mute":false,"namespace":null,"notifications":[{"contact_id":"202309210846EC0LA-G-NZCTF","delay":0,"schedule":"All"},{"delay":0,"schedule":"All"}],"password":null,"port":null,"postdata":null,"public":false,"query":null,"receiveheaders":null,"regex":null,"runlocations":["eur"],"secure":null,"sendheaders":null,"sens":2,"servername":null,"snmpcom":null,"snmpv":null,"sshkey":null,"statuscode":null,"tags":null,"target":"2.207.226.170","threshold":5,"transport":null,"type":"PING","username":null,"verify":null,"warningdays":null},"after_unknown":{"created":true,"customer_id":true,"id":true,"modified":true,"notifications":[{},{"contact_id":true}],"runlocations":[false],"state":true},"before_sensitive":false,"after_sensitive":{"notifications":[{},{}],"password":true,"runlocations":[false]}}},{"address":"nodeping_check.ma_client_vpn","mode":"managed","type":"nodeping_check","name":"ma_client_vpn","provider_name":"registry.terraform.io/phizzl/nodeping","change":{"actions":["create"],"before":null,"after":{"autodiag":false,"clientcert":null,"contentstring":null,"database":null,"dep":null,"description":null,"dnsrd":null,"dnssection":null,"dnstoresolve":null,"dnstype":null,"email":null,"enabled":true,"follow":null,"homeloc":null,"interval":3,"invert":false,"ipv6":null,"label":"MA - Client VPN","method":null,"mute":false,"namespace":null,"notifications":[{"contact_id":"202309210846EC0LA-G-NZCTF","delay":0,"schedule":"All"},{"delay":0,"schedule":"All"}],"password":null,"port":443,"postdata":null,"public":false,"query":null,"receiveheaders":null,"regex":null,"runlocations":["eur"],"secure":null,"sendheaders":null,"sens":2,"servername":null,"snmpcom":null,"snmpv":null,"sshkey":null,"statuscode":null,"tags":null,"target":"vpn.cec.valantic.com","threshold":5,"transport":null,"type":"PORT","username":null,"verify":null,"warningdays":null},"after_unknown":{"created":true,"customer_id":true,"id":true,"modified":true,"notifications":[{},{"contact_id":true}],"runlocations":[false],"state":true},"before_sensitive":false,"after_sensitive":{"notifications":[{},{}],"password":true,"runlocations":[false]}}},{"address":"nodeping_check.ma_uplink_guest","mode":"managed","type":"nodeping_check","name":"ma_uplink_guest","provider_name":"registry.terraform.io/phizzl/nodeping","change":{"actions":["create"],"before":null,"after":{"autodiag":false,"clientcert":null,"contentstring":null,"database":null,"dep":null,"description":null,"dnsrd":null,"dnssection":null,"dnstoresolve":null,"dnstype":null,"email":null,"enabled":true,"follow":null,"homeloc":null,"interval":1,"invert":null,"ipv6":false,"label":"MA - Uplink Guest","method":null,"mute":false,"namespace":null,"notifications":[{"contact_id":"202309210846EC0LA-G-NZCTF","delay":0,"schedule":"All"},{"delay":0,"schedule":"All"}],"password":null,"port":null,"postdata":null,"public":false,"query":null,"receiveheaders":null,"regex":null,"runlocations":["eur"],"secure":null,"sendheaders":null,"sens":2,"servername":null,"snmpcom":null,"snmpv":null,"sshkey":null,"statuscode":null,"tags":null,"target":"93.240.210.27","threshold":5,"transport":null,"type":"PING","username":null,"verify":null,"warningdays":null},"after_unknown":{"created":true,"customer_id":true,"id":true,"modified":true,"notifications":[{},{"contact_id":true}],"runlocations":[false],"state":true},"before_sensitive":false,"after_sensitive":{"notifications":[{},{}],"password":true,"runlocations":[false]}}},{"address":"nodeping_check.ma_uplink_public","mode":"managed","type":"nodeping_check","name":"ma_uplink_public","provider_name":"registry.terraform.io/phizzl/nodeping","change":{"actions":["create"],"before":null,"after":{"autodiag":false,"clientcert":null,"contentstring":null,"database":null,"dep":null,"description":null,"dnsrd":null,"dnssection":null,"dnstoresolve":null,"dnstype":null,"email":null,"enabled":true,"follow":null,"homeloc":null,"interval":1,"invert":null,"ipv6":false,"label":"MA - Uplink Public","method":null,"mute":false,"namespace":null,"notifications":[{"contact_id":"202309210846EC0LA-G-NZCTF","delay":0,"schedule":"All"},{"delay":0,"schedule":"All"}],"password":null,"port":null,"postdata":null,"public":false,"query":null,"receiveheaders":null,"regex":null,"runlocations":["eur"],"secure":null,"sendheaders":null,"sens":2,"servername":null,"snmpcom":null,"snmpv":null,"sshkey":null,"statuscode":null,"tags":null,"target":"93.240.210.26","threshold":5,"transport":null,"type":"PING","username":null,"verify":null,"warningdays":null},"after_unknown":{"created":true,"customer_id":true,"id":true,"modified":true,"notifications":[{},{"contact_id":true}],"runlocations":[false],"state":true},"before_sensitive":false,"after_sensitive":{"notifications":[{},{}],"password":true,"runlocations":[false]}}},{"address":"nodeping_check.nextcloud","mode":"managed","type":"nodeping_check","name":"nextcloud","provider_name":"registry.terraform.io/phizzl/nodeping","change":{"actions":["create"],"before":null,"after":{"autodiag":false,"clientcert":null,"contentstring":null,"database":null,"dep":null,"description":null,"dnsrd":null,"dnssection":null,"dnstoresolve":null,"dnstype":null,"email":null,"enabled":true,"follow":false,"homeloc":null,"interval":1,"invert":null,"ipv6":false,"label":"Service - Nextcloud","method":null,"mute":false,"namespace":null,"notifications":[{"contact_id":"202309210846EC0LA-G-NZCTF","delay":0,"schedule":"All"},{"delay":0,"schedule":"All"}],"password":null,"port":null,"postdata":null,"public":false,"query":null,"receiveheaders":null,"regex":null,"runlocations":["eur"],"secure":null,"sendheaders":null,"sens":2,"servername":null,"snmpcom":null,"snmpv":null,"sshkey":null,"statuscode":null,"tags":null,"target":"https://files.nxs360.com/","threshold":5,"transport":null,"type":"HTTP","username":null,"verify":null,"warningdays":null},"after_unknown":{"created":true,"customer_id":true,"id":true,"modified":true,"notifications":[{},{"contact_id":true}],"runlocations":[false],"state":true},"before_sensitive":false,"after_sensitive":{"notifications":[{},{}],"password":true,"runlocations":[false]}}},{"address":"nodeping_check.opnsense_master_thor","mode":"managed","type":"nodeping_check","name":"opnsense_master_thor","provider_name":"registry.terraform.io/phizzl/nodeping","change":{"actions":["create"],"before":null,"after":{"autodiag":false,"clientcert":null,"contentstring":null,"database":null,"dep":null,"description":null,"dnsrd":null,"dnssection":null,"dnstoresolve":null,"dnstype":null,"email":null,"enabled":true,"follow":null,"homeloc":null,"interval":1,"invert":null,"ipv6":false,"label":"Server - OpnSense MASTER - thor","method":null,"mute":false,"namespace":null,"notifications":[{"delay":0,"schedule":"All"},{"delay":0,"schedule":"All"}],"password":null,"port":null,"postdata":null,"public":false,"query":null,"receiveheaders":null,"regex":null,"runlocations":null,"secure":null,"sendheaders":null,"sens":2,"servername":null,"snmpcom":null,"snmpv":null,"sshkey":null,"statuscode":null,"tags":null,"target":"46.38.247.4","threshold":5,"transport":null,"type":"PING","username":null,"verify":null,"warningdays":null},"after_unknown":{"created":true,"customer_id":true,"id":true,"modified":true,"notifications":[{"contact_id":true},{"contact_id":true}],"state":true},"before_sensitive":false,"after_sensitive":{"notifications":[{},{}],"password":true}}},{"address":"nodeping_check.opnsense_secondary_valkyrie","mode":"managed","type":"nodeping_check","name":"opnsense_secondary_valkyrie","provider_name":"registry.terraform.io/phizzl/nodeping","change":{"actions":["create"],"before":null,"after":{"autodiag":false,"clientcert":null,"contentstring":null,"database":null,"dep":null,"description":null,"dnsrd":null,"dnssection":null,"dnstoresolve":null,"dnstype":null,"email":null,"enabled":true,"follow":null,"homeloc":null,"interval":1,"invert":null,"ipv6":null,"label":"Server - OpnSense SECONDARY - valkyrie","method":null,"mute":false,"namespace":null,"notifications":[{"delay":0,"schedule":"All"},{"delay":0,"schedule":"All"}],"password":null,"port":null,"postdata":null,"public":false,"query":null,"receiveheaders":null,"regex":null,"runlocations":null,"secure":null,"sendheaders":null,"sens":2,"servername":null,"snmpcom":null,"snmpv":null,"sshkey":null,"statuscode":null,"tags":null,"target":"46.38.247.5","threshold":5,"transport":null,"type":"PING","username":null,"verify":null,"warningdays":null},"after_unknown":{"created":true,"customer_id":true,"id":true,"modified":true,"notifications":[{"contact_id":true},{"contact_id":true}],"state":true},"before_sensitive":false,"after_sensitive":{"notifications":[{},{}],"password":true}}},{"address":"nodeping_check.rz_client_vpn","mode":"managed","type":"nodeping_check","name":"rz_client_vpn","provider_name":"registry.terraform.io/phizzl/nodeping","change":{"actions":["create"],"before":null,"after":{"autodiag":false,"clientcert":null,"contentstring":null,"database":null,"dep":null,"description":null,"dnsrd":null,"dnssection":null,"dnstoresolve":null,"dnstype":null,"email":null,"enabled":true,"follow":null,"homeloc":null,"interval":1,"invert":null,"ipv6":null,"label":"RZ - Client VPN","method":null,"mute":false,"namespace":null,"notifications":[{"delay":0,"schedule":"All"},{"delay":0,"schedule":"All"},{"delay":0,"schedule":"All"}],"password":null,"port":443,"postdata":null,"public":false,"query":null,"receiveheaders":null,"regex":null,"runlocations":null,"secure":null,"sendheaders":null,"sens":5,"servername":null,"snmpcom":null,"snmpv":null,"sshkey":null,"statuscode":null,"tags":null,"target":"vpn-rz.valantic.com","threshold":5,"transport":null,"type":"PORT","username":null,"verify":null,"warningdays":null},"after_unknown":{"created":true,"customer_id":true,"id":true,"modified":true,"notifications":[{"contact_id":true},{"contact_id":true},{"contact_id":true}],"state":true},"before_sensitive":false,"after_sensitive":{"notifications":[{},{},{}],"password":true}}},{"address":"nodeping_check.sentry","mode":"managed","type":"nodeping_check","name":"sentry","provider_name":"registry.terraform.io/phizzl/nodeping","change":{"actions":["create"],"before":null,"after":{"autodiag":false,"clientcert":null,"contentstring":null,"database":null,"dep":null,"description":null,"dnsrd":null,"dnssection":null,"dnstoresolve":null,"dnstype":null,"email":null,"enabled":true,"follow":false,"homeloc":null,"interval":5,"invert":null,"ipv6":false,"label":"Service - Sentry","method":null,"mute":false,"namespace":null,"notifications":[{"contact_id":"202309210846EC0LA-G-NZCTF","delay":0,"schedule":"All"},{"delay":0,"schedule":"All"}],"password":null,"port":null,"postdata":null,"public":false,"query":null,"receiveheaders":null,"regex":null,"runlocations":["eur"],"secure":null,"sendheaders":null,"sens":5,"servername":null,"snmpcom":null,"snmpv":null,"sshkey":null,"statuscode":null,"tags":null,"target":"https://sentry.nxs360.com/","threshold":5,"transport":null,"type":"HTTP","username":null,"verify":null,"warningdays":null},"after_unknown":{"created":true,"customer_id":true,"id":true,"modified":true,"notifications":[{},{"contact_id":true}],"runlocations":[false],"state":true},"before_sensitive":false,"after_sensitive":{"notifications":[{},{}],"password":true,"runlocations":[false]}}},{"address":"nodeping_check.si_internet","mode":"managed","type":"nodeping_check","name":"si_internet","provider_name":"registry.terraform.io/phizzl/nodeping","change":{"actions":["create"],"before":null,"after":{"autodiag":false,"clientcert":null,"contentstring":null,"database":null,"dep":null,"description":null,"dnsrd":null,"dnssection":null,"dnstoresolve":null,"dnstype":null,"email":null,"enabled":true,"follow":null,"homeloc":null,"interval":1,"invert":null,"ipv6":false,"label":"SI - Internet","method":null,"mute":false,"namespace":null,"notifications":[{"contact_id":"202309210846EC0LA-G-NZCTF","delay":0,"schedule":"All"},{"delay":0,"schedule":"All"}],"password":null,"port":null,"postdata":null,"public":false,"query":null,"receiveheaders":null,"regex":null,"runlocations":["eur"],"secure":null,"sendheaders":null,"sens":2,"servername":null,"snmpcom":null,"snmpv":null,"sshkey":null,"statuscode":null,"tags":null,"target":"92.50.124.158","threshold":5,"transport":null,"type":"PING","username":null,"verify":null,"warningdays":null},"after_unknown":{"created":true,"customer_id":true,"id":true,"modified":true,"notifications":[{},{"contact_id":true}],"runlocations":[false],"state":true},"before_sensitive":false,"after_sensitive":{"notifications":[{},{}],"password":true,"runlocations":[false]}}},{"address":"nodeping_check.thanos_firewall_ssh","mode":"managed","type":"nodeping_check","name":"thanos_firewall_ssh","provider_name":"registry.terraform.io/phizzl/nodeping","change":{"actions":["create"],"before":null,"after":{"autodiag":false,"clientcert":null,"contentstring":null,"database":null,"dep":null,"description":null,"dnsrd":null,"dnssection":null,"dnstoresolve":null,"dnstype":null,"email":null,"enabled":true,"follow":null,"homeloc":null,"interval":10,"invert":true,"ipv6":null,"label":"Server - thanos - Firewall/SSH","method":null,"mute":false,"namespace":null,"notifications":[{"contact_id":"202309210846EC0LA-G-NZCTF","delay":0,"schedule":"All"}],"password":null,"port":22,"postdata":null,"public":false,"query":null,"receiveheaders":null,"regex":null,"runlocations":["eur"],"secure":null,"sendheaders":null,"sens":2,"servername":null,"snmpcom":null,"snmpv":null,"sshkey":null,"statuscode":null,"tags":null,"target":"thanos.srv.vcec.cloud","threshold":5,"transport":null,"type":"PORT","username":null,"verify":null,"warningdays":null},"after_unknown":{"created":true,"customer_id":true,"id":true,"modified":true,"notifications":[{}],"runlocations":[false],"state":true},"before_sensitive":false,"after_sensitive":{"notifications":[{}],"password":true,"runlocations":[false]}}},{"address":"nodeping_check.workflow_bot","mode":"managed","type":"nodeping_check","name":"workflow_bot","provider_name":"registry.terraform.io/phizzl/nodeping","change":{"actions":["create"],"before":null,"after":{"autodiag":false,"clientcert":null,"contentstring":"\"status\":\"healthy\"","database":null,"dep":null,"description":null,"dnsrd":null,"dnssection":null,"dnstoresolve":null,"dnstype":null,"email":null,"enabled":true,"follow":null,"homeloc":null,"interval":1,"invert":false,"ipv6":null,"label":"Service - Workoflow bot.vcec.cloud","method":"GET","mute":false,"namespace":null,"notifications":[{"delay":0,"schedule":"All"},{"delay":0,"schedule":"All"}],"password":null,"port":null,"postdata":null,"public":false,"query":null,"receiveheaders":null,"regex":false,"runlocations":null,"secure":null,"sendheaders":null,"sens":7,"servername":null,"snmpcom":null,"snmpv":null,"sshkey":null,"statuscode":200,"tags":null,"target":"https://bot.vcec.cloud/api/health","threshold":5,"transport":null,"type":"HTTPADV","username":null,"verify":null,"warningdays":null},"after_unknown":{"created":true,"customer_id":true,"id":true,"modified":true,"notifications":[{"contact_id":true},{"contact_id":true}],"state":true},"before_sensitive":false,"after_sensitive":{"notifications":[{},{}],"password":true}}},{"address":"nodeping_check.workflow_bot_stage","mode":"managed","type":"nodeping_check","name":"workflow_bot_stage","provider_name":"registry.terraform.io/phizzl/nodeping","change":{"actions":["create"],"before":null,"after":{"autodiag":false,"clientcert":null,"contentstring":"\"status\":\"healthy\"","database":null,"dep":null,"description":null,"dnsrd":null,"dnssection":null,"dnstoresolve":null,"dnstype":null,"email":null,"enabled":true,"follow":null,"homeloc":null,"interval":1,"invert":false,"ipv6":null,"label":"Service - Workoflow bot-stage.vcec.cloud","method":"GET","mute":false,"namespace":null,"notifications":[{"delay":0,"schedule":"All"}],"password":null,"port":null,"postdata":null,"public":false,"query":null,"receiveheaders":null,"regex":false,"runlocations":null,"secure":null,"sendheaders":null,"sens":10,"servername":null,"snmpcom":null,"snmpv":null,"sshkey":null,"statuscode":200,"tags":null,"target":"https://bot-stage.vcec.cloud/api/health","threshold":5,"transport":null,"type":"HTTPADV","username":null,"verify":null,"warningdays":null},"after_unknown":{"created":true,"customer_id":true,"id":true,"modified":true,"notifications":[{"contact_id":true}],"state":true},"before_sensitive":false,"after_sensitive":{"notifications":[{}],"password":true}}},{"address":"nodeping_check.workflow_subscribe","mode":"managed","type":"nodeping_check","name":"workflow_subscribe","provider_name":"registry.terraform.io/phizzl/nodeping","change":{"actions":["create"],"before":null,"after":{"autodiag":false,"clientcert":null,"contentstring":"Legal Notice","database":null,"dep":null,"description":null,"dnsrd":null,"dnssection":null,"dnstoresolve":null,"dnstype":null,"email":null,"enabled":true,"follow":null,"homeloc":null,"interval":1,"invert":false,"ipv6":null,"label":"Service - Workoflow subscribe-workflows.vcec.cloud","method":"GET","mute":false,"namespace":null,"notifications":[{"delay":0,"schedule":"All"},{"delay":0,"schedule":"All"}],"password":null,"port":null,"postdata":null,"public":false,"query":null,"receiveheaders":null,"regex":null,"runlocations":null,"secure":null,"sendheaders":null,"sens":7,"servername":null,"snmpcom":null,"snmpv":null,"sshkey":null,"statuscode":200,"tags":null,"target":"https://subscribe-workflows.vcec.cloud/","threshold":5,"transport":null,"type":"HTTPADV","username":null,"verify":null,"warningdays":null},"after_unknown":{"created":true,"customer_id":true,"id":true,"modified":true,"notifications":[{"contact_id":true},{"contact_id":true}],"state":true},"before_sensitive":false,"after_sensitive":{"notifications":[{},{}],"password":true}}},{"address":"nodeping_check.workflow_subscribe_stage","mode":"managed","type":"nodeping_check","name":"workflow_subscribe_stage","provider_name":"registry.terraform.io/phizzl/nodeping","change":{"actions":["create"],"before":null,"after":{"autodiag":false,"clientcert":null,"contentstring":"Legal Notice","database":null,"dep":null,"description":null,"dnsrd":null,"dnssection":null,"dnstoresolve":null,"dnstype":null,"email":null,"enabled":true,"follow":null,"homeloc":null,"interval":1,"invert":false,"ipv6":null,"label":"Service - Workoflow subscribe-workflows-stage.vcec.cloud","method":"GET","mute":false,"namespace":null,"notifications":[{"delay":0,"schedule":"All"}],"password":null,"port":null,"postdata":null,"public":false,"query":null,"receiveheaders":null,"regex":null,"runlocations":null,"secure":null,"sendheaders":null,"sens":10,"servername":null,"snmpcom":null,"snmpv":null,"sshkey":null,"statuscode":200,"tags":null,"target":"https://subscribe-workflows-stage.vcec.cloud/","threshold":5,"transport":null,"type":"HTTPADV","username":null,"verify":null,"warningdays":null},"after_unknown":{"created":true,"customer_id":true,"id":true,"modified":true,"notifications":[{"contact_id":true}],"state":true},"before_sensitive":false,"after_sensitive":{"notifications":[{}],"password":true}}},{"address":"nodeping_check.workflow_workflows","mode":"managed","type":"nodeping_check","name":"workflow_workflows","provider_name":"registry.terraform.io/phizzl/nodeping","change":{"actions":["create"],"before":null,"after":{"autodiag":false,"clientcert":null,"contentstring":"\"status\":\"ok\"","database":null,"dep":null,"description":null,"dnsrd":null,"dnssection":null,"dnstoresolve":null,"dnstype":null,"email":null,"enabled":true,"follow":null,"homeloc":null,"interval":1,"invert":false,"ipv6":null,"label":"Service - Workoflow workflows.vcec.cloud","method":"GET","mute":false,"namespace":null,"notifications":[{"delay":0,"schedule":"All"},{"delay":0,"schedule":"All"}],"password":null,"port":null,"postdata":null,"public":false,"query":null,"receiveheaders":null,"regex":null,"runlocations":null,"secure":null,"sendheaders":null,"sens":7,"servername":null,"snmpcom":null,"snmpv":null,"sshkey":null,"statuscode":200,"tags":null,"target":"https://workflows.vcec.cloud/healthz","threshold":5,"transport":null,"type":"HTTPADV","username":null,"verify":null,"warningdays":null},"after_unknown":{"created":true,"customer_id":true,"id":true,"modified":true,"notifications":[{"contact_id":true},{"contact_id":true}],"state":true},"before_sensitive":false,"after_sensitive":{"notifications":[{},{}],"password":true}}},{"address":"nodeping_check.workflow_workflows_stage","mode":"managed","type":"nodeping_check","name":"workflow_workflows_stage","provider_name":"registry.terraform.io/phizzl/nodeping","change":{"actions":["create"],"before":null,"after":{"autodiag":false,"clientcert":null,"contentstring":"\"status\":\"ok\"","database":null,"dep":null,"description":null,"dnsrd":null,"dnssection":null,"dnstoresolve":null,"dnstype":null,"email":null,"enabled":true,"follow":null,"homeloc":null,"interval":1,"invert":false,"ipv6":null,"label":"Service - Workoflow workflows-stage.vcec.cloud","method":"GET","mute":false,"namespace":null,"notifications":[{"delay":0,"schedule":"All"}],"password":null,"port":null,"postdata":null,"public":false,"query":null,"receiveheaders":null,"regex":null,"runlocations":null,"secure":null,"sendheaders":null,"sens":10,"servername":null,"snmpcom":null,"snmpv":null,"sshkey":null,"statuscode":200,"tags":null,"target":"https://workflows-stage.vcec.cloud/healthz","threshold":5,"transport":null,"type":"HTTPADV","username":null,"verify":null,"warningdays":null},"after_unknown":{"created":true,"customer_id":true,"id":true,"modified":true,"notifications":[{"contact_id":true}],"state":true},"before_sensitive":false,"after_sensitive":{"notifications":[{}],"password":true}}},{"address":"nodeping_contact.email_vcec_de_it","mode":"managed","type":"nodeping_contact","name":"email_vcec_de_it","provider_name":"registry.terraform.io/phizzl/nodeping","change":{"actions":["create"],"before":null,"after":{"address":[{"action":null,"address":"it-de@cec.valantic.com","data":null,"headers":null,"mute":false,"priority":null,"querystrings":null,"suppress_all":false,"suppress_diag":false,"suppress_down":false,"suppress_first":false,"suppress_up":false,"type":"email"}],"custrole":"notify","name":"E-Mail - vCEC DE IT"},"after_unknown":{"address":[{"id":true}],"customer_id":true,"id":true},"before_sensitive":false,"after_sensitive":{"address":[{"address":true}]}}},{"address":"nodeping_contact.msteams_genesis_horizon","mode":"managed","type":"nodeping_contact","name":"msteams_genesis_horizon","provider_name":"registry.terraform.io/phizzl/nodeping","change":{"actions":["create"],"before":null,"after":{"address":[{"action":"post","address":"https://defaultae6f26a36f274ed6a3a8800c3226fb.79.environment.api.powerplatform.com:443/powerautomate/automations/direct/workflows/39a1bba8677a45e6a39813988f5efacc/triggers/manual/paths/invoke?api-version=1\u0026sp=%2Ftriggers%2Fmanual%2Frun\u0026sv=1.0\u0026sig=qudP874CTcnB-U3iO5bBuZn5bL-AuSedld5NMYyUfsA","data":"{\"attachments\":[{\"contentType\":\"application/vnd.microsoft.card.adaptive\",\"content\":{\"type\":\"AdaptiveCard\",\"$schema\":\"http://adaptivecards.io/schemas/adaptive-card.json\",\"version\":\"1.0\",\"body\":[{\"type\":\"TextBlock\",\"size\":\"Large\",\"weight\":\"Bolder\",\"text\":\"{label}: {event}\"},{\"type\":\"TextBlock\",\"text\":\"{type} is {event} {if downtime}after {downtime} {if downminutes}minutes{else}minute{/if} of downtime {/if}as of {checktime}: {message}\"}]}}]}","headers":{"content-type":"application/json"},"mute":false,"priority":null,"querystrings":{"key":"1"},"suppress_all":false,"suppress_diag":false,"suppress_down":false,"suppress_first":false,"suppress_up":false,"type":"webhook"}],"custrole":"notify","name":"MS Teams - vCEC Genesis Horizon - Channel \"Bot Messages\""},"after_unknown":{"address":[{"headers":{},"id":true,"querystrings":{}}],"customer_id":true,"id":true},"before_sensitive":false,"after_sensitive":{"address":[{"address":true,"headers":{},"querystrings":{}}]}}},{"address":"nodeping_contact.msteams_it_bot_messages","mode":"managed","type":"nodeping_contact","name":"msteams_it_bot_messages","provider_name":"registry.terraform.io/phizzl/nodeping","change":{"actions":["create"],"before":null,"after":{"address":[{"action":"post","address":"https://prod-08.westeurope.logic.azure.com:443/workflows/ab58949575a043b080e6c4dca10fc8af/triggers/manual/paths/invoke?api-version=2016-06-01\u0026sp=%2Ftriggers%2Fmanual%2Frun\u0026sv=1.0\u0026sig=FcU8Ka2uj0XfJ9HRAGzX6gifKIPtpObvinuj5cyyEyY","data":"{\"@context\": \"https://schema.org/extensions\",\"@type\": \"MessageCard\",\"title\": \"Host {label} : {type} is {event}\",\"text\": \"Host {label} : {type} is {event} {if downtime}after {downtime} {if downminutes}minutes{else}minute{/if} of downtime {/if}as of {checktime}: \n {message}\"}","headers":{"content-type":"application/json"},"mute":false,"priority":null,"querystrings":{"key":"1"},"suppress_all":false,"suppress_diag":false,"suppress_down":false,"suppress_first":false,"suppress_up":false,"type":"webhook"}],"custrole":"notify","name":"Teamd IT Teamd Channel \"Bot Messages\" NEU"},"after_unknown":{"address":[{"headers":{},"id":true,"querystrings":{}}],"customer_id":true,"id":true},"before_sensitive":false,"after_sensitive":{"address":[{"address":true,"headers":{},"querystrings":{}}]}}},{"address":"nodeping_contact.msteams_vcec_de_it","mode":"managed","type":"nodeping_contact","name":"msteams_vcec_de_it","provider_name":"registry.terraform.io/phizzl/nodeping","change":{"actions":["create"],"before":null,"after":{"address":[{"action":"post","address":"https://valanticmore.webhook.office.com/webhookb2/5a038f0c-c506-4817-ad92-efa39a27181a@ae6f26a3-6f27-4ed6-a3a8-800c3226fb79/IncomingWebhook/f7c29869b8d741019601c2ff121dfe2c/9a36739f-808b-47f3-9d62-0f0a9bf15ecb/V2JddaAld6wiXZq6WqxdtxEXrvYOloHjMazaZyGAu5ox81","data":"{\"@context\": \"https://schema.org/extensions\",\"@type\": \"MessageCard\",\"title\": \"Host {label} : {type} is {event}\",\"text\": \"Host {label} : {type} is {event} {if downtime}after {downtime} {if downminutes}minutes{else}minute{/if} of downtime {/if}as of {checktime}: \n {message}\"}","headers":{"content-type":"application/json"},"mute":false,"priority":null,"querystrings":{"key":"1"},"suppress_all":false,"suppress_diag":false,"suppress_down":false,"suppress_first":false,"suppress_up":false,"type":"webhook"}],"custrole":"notify","name":"MS Teams - vCEC DE IT - Channel \"Bot Messages\""},"after_unknown":{"address":[{"headers":{},"id":true,"querystrings":{}}],"customer_id":true,"id":true},"before_sensitive":false,"after_sensitive":{"address":[{"address":true,"headers":{},"querystrings":{}}]}}},{"address":"nodeping_contact.sp_deskbird_partial","mode":"managed","type":"nodeping_contact","name":"sp_deskbird_partial","provider_name":"registry.terraform.io/phizzl/nodeping","change":{"actions":["create"],"before":null,"after":{"address":[{"action":null,"address":"component+951bca6f44a849669aa4edc2d20d0764+partial_outage@notifications.statuspage.io","data":null,"headers":null,"mute":false,"priority":null,"querystrings":null,"suppress_all":false,"suppress_diag":false,"suppress_down":false,"suppress_first":false,"suppress_up":false,"type":"email"}],"custrole":"notify","name":"SP Component | Deskbird PARTIAL"},"after_unknown":{"address":[{"id":true}],"customer_id":true,"id":true},"before_sensitive":false,"after_sensitive":{"address":[{"address":true}]}}},{"address":"nodeping_contact.sp_gitlab_cec_valantic","mode":"managed","type":"nodeping_contact","name":"sp_gitlab_cec_valantic","provider_name":"registry.terraform.io/phizzl/nodeping","change":{"actions":["create"],"before":null,"after":{"address":[{"action":null,"address":"component+39f4c78334f6419ebbf32005768c4c97@notifications.statuspage.io","data":null,"headers":null,"mute":false,"priority":null,"querystrings":null,"suppress_all":false,"suppress_diag":false,"suppress_down":false,"suppress_first":false,"suppress_up":false,"type":"email"}],"custrole":"notify","name":"SP Component | Gitlab (git.cec.valantic.com)"},"after_unknown":{"address":[{"id":true}],"customer_id":true,"id":true},"before_sensitive":false,"after_sensitive":{"address":[{"address":true}]}}},{"address":"nodeping_contact.sp_gitlab_nxs360","mode":"managed","type":"nodeping_contact","name":"sp_gitlab_nxs360","provider_name":"registry.terraform.io/phizzl/nodeping","change":{"actions":["create"],"before":null,"after":{"address":[{"action":null,"address":"component+cbf732ac422e4f3194719d0c9f6cfeb2@notifications.statuspage.io","data":null,"headers":null,"mute":false,"priority":null,"querystrings":null,"suppress_all":false,"suppress_diag":false,"suppress_down":false,"suppress_first":false,"suppress_up":false,"type":"email"}],"custrole":"notify","name":"SP Component | Gitlab (gitlab.nxs360.com)"},"after_unknown":{"address":[{"id":true}],"customer_id":true,"id":true},"before_sensitive":false,"after_sensitive":{"address":[{"address":true}]}}},{"address":"nodeping_contact.sp_gitlab_nxs360_partial","mode":"managed","type":"nodeping_contact","name":"sp_gitlab_nxs360_partial","provider_name":"registry.terraform.io/phizzl/nodeping","change":{"actions":["create"],"before":null,"after":{"address":[{"action":null,"address":"component+cbf732ac422e4f3194719d0c9f6cfeb2+partial_outage@notifications.statuspage.io","data":null,"headers":null,"mute":false,"priority":null,"querystrings":null,"suppress_all":false,"suppress_diag":false,"suppress_down":false,"suppress_first":false,"suppress_up":false,"type":"email"}],"custrole":"notify","name":"SP Component | Gitlab (gitlab.nxs360.com) PARTIAL"},"after_unknown":{"address":[{"id":true}],"customer_id":true,"id":true},"before_sensitive":false,"after_sensitive":{"address":[{"address":true}]}}},{"address":"nodeping_contact.sp_gitlab_pages","mode":"managed","type":"nodeping_contact","name":"sp_gitlab_pages","provider_name":"registry.terraform.io/phizzl/nodeping","change":{"actions":["create"],"before":null,"after":{"address":[{"action":null,"address":"component+c854bc4071eb4ad5805c0c12332b6d0c@notifications.statuspage.io","data":null,"headers":null,"mute":false,"priority":null,"querystrings":null,"suppress_all":false,"suppress_diag":false,"suppress_down":false,"suppress_first":false,"suppress_up":false,"type":"email"}],"custrole":"notify","name":"SP Component | Gitlab Pages (gitlab-pages.nxs360.com)"},"after_unknown":{"address":[{"id":true}],"customer_id":true,"id":true},"before_sensitive":false,"after_sensitive":{"address":[{"address":true}]}}},{"address":"nodeping_contact.sp_gitlab_pages_partial","mode":"managed","type":"nodeping_contact","name":"sp_gitlab_pages_partial","provider_name":"registry.terraform.io/phizzl/nodeping","change":{"actions":["create"],"before":null,"after":{"address":[{"action":null,"address":"component+c854bc4071eb4ad5805c0c12332b6d0c+partial_outage@notifications.statuspage.io","data":null,"headers":null,"mute":false,"priority":null,"querystrings":null,"suppress_all":false,"suppress_diag":false,"suppress_down":false,"suppress_first":false,"suppress_up":false,"type":"email"}],"custrole":"notify","name":"SP Component | Gitlab Pages (gitlab-pages.nxs360.com) PARTIAL"},"after_unknown":{"address":[{"id":true}],"customer_id":true,"id":true},"before_sensitive":false,"after_sensitive":{"address":[{"address":true}]}}},{"address":"nodeping_contact.sp_jenkins_qa","mode":"managed","type":"nodeping_contact","name":"sp_jenkins_qa","provider_name":"registry.terraform.io/phizzl/nodeping","change":{"actions":["create"],"before":null,"after":{"address":[{"action":null,"address":"component+f7ed1b7f5298428a83930415c64d9ff2@notifications.statuspage.io","data":null,"headers":null,"mute":false,"priority":null,"querystrings":null,"suppress_all":false,"suppress_diag":false,"suppress_down":false,"suppress_first":false,"suppress_up":false,"type":"email"}],"custrole":"notify","name":"SP Component | Jenkins QA"},"after_unknown":{"address":[{"id":true}],"customer_id":true,"id":true},"before_sensitive":false,"after_sensitive":{"address":[{"address":true}]}}},{"address":"nodeping_contact.sp_la_client_vpn","mode":"managed","type":"nodeping_contact","name":"sp_la_client_vpn","provider_name":"registry.terraform.io/phizzl/nodeping","change":{"actions":["create"],"before":null,"after":{"address":[{"action":null,"address":"component+e374d8ed420c4177989cd21833da7aec@notifications.statuspage.io","data":null,"headers":null,"mute":false,"priority":null,"querystrings":null,"suppress_all":false,"suppress_diag":false,"suppress_down":false,"suppress_first":false,"suppress_up":false,"type":"email"}],"custrole":"notify","name":"SP Component | LA - Client VPN"},"after_unknown":{"address":[{"id":true}],"customer_id":true,"id":true},"before_sensitive":false,"after_sensitive":{"address":[{"address":true}]}}},{"address":"nodeping_contact.sp_la_uplink","mode":"managed","type":"nodeping_contact","name":"sp_la_uplink","provider_name":"registry.terraform.io/phizzl/nodeping","change":{"actions":["create"],"before":null,"after":{"address":[{"action":null,"address":"component+83d302ff8cf045b887e5605b4cf8de64@notifications.statuspage.io","data":null,"headers":null,"mute":false,"priority":null,"querystrings":null,"suppress_all":false,"suppress_diag":false,"suppress_down":false,"suppress_first":false,"suppress_up":false,"type":"email"}],"custrole":"notify","name":"SP Component | LA - Uplink"},"after_unknown":{"address":[{"id":true}],"customer_id":true,"id":true},"before_sensitive":false,"after_sensitive":{"address":[{"address":true}]}}},{"address":"nodeping_contact.sp_la_uplink_partial","mode":"managed","type":"nodeping_contact","name":"sp_la_uplink_partial","provider_name":"registry.terraform.io/phizzl/nodeping","change":{"actions":["create"],"before":null,"after":{"address":[{"action":null,"address":"component+83d302ff8cf045b887e5605b4cf8de64+partial_outage@notifications.statuspage.io","data":null,"headers":null,"mute":false,"priority":null,"querystrings":null,"suppress_all":false,"suppress_diag":false,"suppress_down":false,"suppress_first":false,"suppress_up":false,"type":"email"}],"custrole":"notify","name":"SP Component | LA - Uplink PARTIAL"},"after_unknown":{"address":[{"id":true}],"customer_id":true,"id":true},"before_sensitive":false,"after_sensitive":{"address":[{"address":true}]}}},{"address":"nodeping_contact.sp_ma_client_vpn","mode":"managed","type":"nodeping_contact","name":"sp_ma_client_vpn","provider_name":"registry.terraform.io/phizzl/nodeping","change":{"actions":["create"],"before":null,"after":{"address":[{"action":null,"address":"component+6f296249dfcc4237b7ccc288d98552ce@notifications.statuspage.io","data":null,"headers":null,"mute":false,"priority":null,"querystrings":null,"suppress_all":false,"suppress_diag":false,"suppress_down":false,"suppress_first":false,"suppress_up":false,"type":"email"}],"custrole":"notify","name":"SP Component | MA - Client VPN"},"after_unknown":{"address":[{"id":true}],"customer_id":true,"id":true},"before_sensitive":false,"after_sensitive":{"address":[{"address":true}]}}},{"address":"nodeping_contact.sp_ma_uplink","mode":"managed","type":"nodeping_contact","name":"sp_ma_uplink","provider_name":"registry.terraform.io/phizzl/nodeping","change":{"actions":["create"],"before":null,"after":{"address":[{"action":null,"address":"component+f005eadcf4c841edb608dcc6487be6ed@notifications.statuspage.io","data":null,"headers":null,"mute":false,"priority":null,"querystrings":null,"suppress_all":false,"suppress_diag":false,"suppress_down":false,"suppress_first":false,"suppress_up":false,"type":"email"}],"custrole":"notify","name":"SP Component | MA - Uplink"},"after_unknown":{"address":[{"id":true}],"customer_id":true,"id":true},"before_sensitive":false,"after_sensitive":{"address":[{"address":true}]}}},{"address":"nodeping_contact.sp_mattermost","mode":"managed","type":"nodeping_contact","name":"sp_mattermost","provider_name":"registry.terraform.io/phizzl/nodeping","change":{"actions":["create"],"before":null,"after":{"address":[{"action":null,"address":"component+741bfddf9e4f4c2e9ab0a2d35a6645d1@notifications.statuspage.io","data":null,"headers":null,"mute":false,"priority":null,"querystrings":null,"suppress_all":false,"suppress_diag":false,"suppress_down":false,"suppress_first":false,"suppress_up":false,"type":"email"}],"custrole":"notify","name":"SP Component | Mattermost"},"after_unknown":{"address":[{"id":true}],"customer_id":true,"id":true},"before_sensitive":false,"after_sensitive":{"address":[{"address":true}]}}},{"address":"nodeping_contact.sp_nextcloud","mode":"managed","type":"nodeping_contact","name":"sp_nextcloud","provider_name":"registry.terraform.io/phizzl/nodeping","change":{"actions":["create"],"before":null,"after":{"address":[{"action":null,"address":"component+7c9d758bdebd4228ba6b81185373ae5e@notifications.statuspage.io","data":null,"headers":null,"mute":false,"priority":null,"querystrings":null,"suppress_all":false,"suppress_diag":false,"suppress_down":false,"suppress_first":false,"suppress_up":false,"type":"email"}],"custrole":"notify","name":"SP Component | Nextcloud"},"after_unknown":{"address":[{"id":true}],"customer_id":true,"id":true},"before_sensitive":false,"after_sensitive":{"address":[{"address":true}]}}},{"address":"nodeping_contact.sp_rz_client_vpn","mode":"managed","type":"nodeping_contact","name":"sp_rz_client_vpn","provider_name":"registry.terraform.io/phizzl/nodeping","change":{"actions":["create"],"before":null,"after":{"address":[{"action":null,"address":"component+a532087787a2444f93a44ccc98d9119f@notifications.statuspage.io","data":null,"headers":null,"mute":false,"priority":null,"querystrings":null,"suppress_all":false,"suppress_diag":false,"suppress_down":false,"suppress_first":false,"suppress_up":false,"type":"email"}],"custrole":"notify","name":"SP Component  RZ - Client VPN"},"after_unknown":{"address":[{"id":true}],"customer_id":true,"id":true},"before_sensitive":false,"after_sensitive":{"address":[{"address":true}]}}},{"address":"nodeping_contact.sp_sentry","mode":"managed","type":"nodeping_contact","name":"sp_sentry","provider_name":"registry.terraform.io/phizzl/nodeping","change":{"actions":["create"],"before":null,"after":{"address":[{"action":null,"address":"component+58c86eacf8334bbc9aaf1f38c3285afa@notifications.statuspage.io","data":null,"headers":null,"mute":false,"priority":null,"querystrings":null,"suppress_all":false,"suppress_diag":false,"suppress_down":false,"suppress_first":false,"suppress_up":false,"type":"email"}],"custrole":"notify","name":"SP Component | Sentry"},"after_unknown":{"address":[{"id":true}],"customer_id":true,"id":true},"before_sensitive":false,"after_sensitive":{"address":[{"address":true}]}}},{"address":"nodeping_contact.sp_si_uplink","mode":"managed","type":"nodeping_contact","name":"sp_si_uplink","provider_name":"registry.terraform.io/phizzl/nodeping","change":{"actions":["create"],"before":null,"after":{"address":[{"action":null,"address":"component+de36276622394445b91ad4a8142259c3@notifications.statuspage.io","data":null,"headers":null,"mute":false,"priority":null,"querystrings":null,"suppress_all":false,"suppress_diag":false,"suppress_down":false,"suppress_first":false,"suppress_up":false,"type":"email"}],"custrole":"notify","name":"SP Component | SI - Uplink"},"after_unknown":{"address":[{"id":true}],"customer_id":true,"id":true},"before_sensitive":false,"after_sensitive":{"address":[{"address":true}]}}},{"address":"nodeping_contact.sp_workflow","mode":"managed","type":"nodeping_contact","name":"sp_workflow","provider_name":"registry.terraform.io/phizzl/nodeping","change":{"actions":["create"],"before":null,"after":{"address":[{"action":null,"address":"component+20f33e04e25f4e4e84f06b3919112734@notifications.statuspage.io","data":null,"headers":null,"mute":false,"priority":null,"querystrings":null,"suppress_all":false,"suppress_diag":false,"suppress_down":false,"suppress_first":false,"suppress_up":false,"type":"email"}],"custrole":"notify","name":"SP Component  Workoflow"},"after_unknown":{"address":[{"id":true}],"customer_id":true,"id":true},"before_sensitive":false,"after_sensitive":{"address":[{"address":true}]}}}],"prior_state":{"format_version":"1.0","terraform_version":"1.11.4","values":{"root_module":{"resources":[{"address":"data.cloudflare_zone.nexus_bc_com","mode":"data","type":"cloudflare_zone","name":"nexus_bc_com","provider_name":"registry.terraform.io/cloudflare/cloudflare","schema_version":0,"values":{"account_id":"9b45f75ac806a9141698feddf3a7c8a0","id":"c25cdf17c701258014b8ba7b7d726a09","name":"nexus-bc.com","name_servers":["henry.ns.cloudflare.com","lisa.ns.cloudflare.com"],"paused":false,"plan":"Free Website","status":"active","vanity_name_servers":[],"zone_id":"c25cdf17c701258014b8ba7b7d726a09"},"sensitive_values":{"name_servers":[false,false],"vanity_name_servers":[]}},{"address":"data.cloudflare_zone.nxs360_com","mode":"data","type":"cloudflare_zone","name":"nxs360_com","provider_name":"registry.terraform.io/cloudflare/cloudflare","schema_version":0,"values":{"account_id":"9b45f75ac806a9141698feddf3a7c8a0","id":"4eab5390df3dc34f653bf659c5f8b5c0","name":"nxs360.com","name_servers":["henry.ns.cloudflare.com","lisa.ns.cloudflare.com"],"paused":false,"plan":"Pro Website","status":"active","vanity_name_servers":[],"zone_id":"4eab5390df3dc34f653bf659c5f8b5c0"},"sensitive_values":{"name_servers":[false,false],"vanity_name_servers":[]}},{"address":"data.cloudflare_zone.vcec_cloud","mode":"data","type":"cloudflare_zone","name":"vcec_cloud","provider_name":"registry.terraform.io/cloudflare/cloudflare","schema_version":0,"values":{"account_id":"9b45f75ac806a9141698feddf3a7c8a0","id":"09e62c791da990d8ebbf1a531d1d3efa","name":"vcec.cloud","name_servers":["henry.ns.cloudflare.com","lisa.ns.cloudflare.com"],"paused":false,"plan":"Pro Website","status":"active","vanity_name_servers":[],"zone_id":"09e62c791da990d8ebbf1a531d1d3efa"},"sensitive_values":{"name_servers":[false,false],"vanity_name_servers":[]}},{"address":"cloudflare_r2_bucket.buckets[\"composer-vcec-cloud\"]","mode":"managed","type":"cloudflare_r2_bucket","name":"buckets","index":"composer-vcec-cloud","provider_name":"registry.terraform.io/cloudflare/cloudflare","schema_version":0,"values":{"account_id":"9b45f75ac806a9141698feddf3a7c8a0","id":"composer-vcec-cloud","location":"WEUR","name":"composer-vcec-cloud"},"sensitive_values":{},"depends_on":["data.cloudflare_zone.vcec_cloud"]},{"address":"cloudflare_record.records_nexus_bc_com[\"CNAME_autodiscover_e6f8792439657dbeb6254256a79f4bb2\"]","mode":"managed","type":"cloudflare_record","name":"records_nexus_bc_com","index":"CNAME_autodiscover_e6f8792439657dbeb6254256a79f4bb2","provider_name":"registry.terraform.io/cloudflare/cloudflare","schema_version":3,"values":{"allow_overwrite":false,"comment":"AP Phillip Schleicher","content":"autodiscover.outlook.com","created_on":"2025-11-25T07:54:24.599367Z","data":[],"hostname":"autodiscover.nexus-bc.com","id":"9241ba5adb68b4ef251e552ce876a945","metadata":{},"modified_on":"2026-01-28T11:56:41.776479Z","name":"autodiscover","priority":null,"proxiable":true,"proxied":false,"tags":[],"timeouts":null,"ttl":600,"type":"CNAME","value":null,"zone_id":"c25cdf17c701258014b8ba7b7d726a09"},"sensitive_values":{"data":[],"metadata":{},"tags":[]},"depends_on":["data.cloudflare_zone.nexus_bc_com"]},{"address":"cloudflare_record.records_nexus_bc_com[\"CNAME_selector1._domainkey_af209c15fb5d34c5d8b9248128e4861c\"]","mode":"managed","type":"cloudflare_record","name":"records_nexus_bc_com","index":"CNAME_selector1._domainkey_af209c15fb5d34c5d8b9248128e4861c","provider_name":"registry.terraform.io/cloudflare/cloudflare","schema_version":3,"values":{"allow_overwrite":false,"comment":"AP Phillip Schleicher","content":"selector1-nexusbc-com01c._domainkey.valanticmore.onmicrosoft.com","created_on":"2025-11-25T07:54:23.647167Z","data":[],"hostname":"selector1._domainkey.nexus-bc.com","id":"fcc47db579fe68c80a07edaf2fa65757","metadata":{},"modified_on":"2026-01-28T11:56:42.483584Z","name":"selector1._domainkey","priority":null,"proxiable":false,"proxied":false,"tags":[],"timeouts":null,"ttl":600,"type":"CNAME","value":null,"zone_id":"c25cdf17c701258014b8ba7b7d726a09"},"sensitive_values":{"data":[],"metadata":{},"tags":[]},"depends_on":["data.cloudflare_zone.nexus_bc_com"]},{"address":"cloudflare_record.records_nexus_bc_com[\"CNAME_selector2._domainkey_72f7e48f7b02918f7191ac63dfbedd11\"]","mode":"managed","type":"cloudflare_record","name":"records_nexus_bc_com","index":"CNAME_selector2._domainkey_72f7e48f7b02918f7191ac63dfbedd11","provider_name":"registry.terraform.io/cloudflare/cloudflare","schema_version":3,"values":{"allow_overwrite":false,"comment":"AP Phillip Schleicher","content":"selector2-nexusbc-com01c._domainkey.valanticmore.onmicrosoft.com","created_on":"2025-11-25T07:54:24.353808Z","data":[],"hostname":"selector2._domainkey.nexus-bc.com","id":"b16f35bb21dfe3ea78a7dc78915bc58d","metadata":{},"modified_on":"2026-01-28T11:56:41.288752Z","name":"selector2._domainkey","priority":null,"proxiable":false,"proxied":false,"tags":[],"timeouts":null,"ttl":600,"type":"CNAME","value":null,"zone_id":"c25cdf17c701258014b8ba7b7d726a09"},"sensitive_values":{"data":[],"metadata":{},"tags":[]},"depends_on":["data.cloudflare_zone.nexus_bc_com"]},{"address":"cloudflare_record.records_nexus_bc_com[\"MX_@_e2b640fff804c1f2347a02f051c4deb1\"]","mode":"managed","type":"cloudflare_record","name":"records_nexus_bc_com","index":"MX_@_e2b640fff804c1f2347a02f051c4deb1","provider_name":"registry.terraform.io/cloudflare/cloudflare","schema_version":3,"values":{"allow_overwrite":false,"comment":"AP Phillip Schleicher","content":"nexusbc-com01c.mail.protection.outlook.com","created_on":"2025-11-25T07:54:23.816016Z","data":[],"hostname":"nexus-bc.com","id":"f51360f111a357d87b28af1920f4e090","metadata":{},"modified_on":"2025-11-25T08:13:36.182419Z","name":"@","priority":0,"proxiable":false,"proxied":false,"tags":[],"timeouts":null,"ttl":600,"type":"MX","value":null,"zone_id":"c25cdf17c701258014b8ba7b7d726a09"},"sensitive_values":{"data":[],"metadata":{},"tags":[]},"depends_on":["data.cloudflare_zone.nexus_bc_com"]},{"address":"cloudflare_record.records_nexus_bc_com[\"TXT_@_a48bab33800e9bcd81751c56e10b107d\"]","mode":"managed","type":"cloudflare_record","name":"records_nexus_bc_com","index":"TXT_@_a48bab33800e9bcd81751c56e10b107d","provider_name":"registry.terraform.io/cloudflare/cloudflare","schema_version":3,"values":{"allow_overwrite":false,"comment":"AP Phillip Schleicher","content":"v=spf1 include:spf.protection.outlook.com a ip4:83.246.107.19 ip4:83.246.107.20 ip4:83.246.107.150 +mx -all","created_on":"2025-11-25T07:54:23.479132Z","data":[],"hostname":"nexus-bc.com","id":"0a3e089034c361dd4650f430b669787f","metadata":{},"modified_on":"2025-11-25T07:54:23.479132Z","name":"@","priority":null,"proxiable":false,"proxied":false,"tags":[],"timeouts":null,"ttl":600,"type":"TXT","value":null,"zone_id":"c25cdf17c701258014b8ba7b7d726a09"},"sensitive_values":{"data":[],"metadata":{},"tags":[]},"depends_on":["data.cloudflare_zone.nexus_bc_com"]},{"address":"cloudflare_record.records_nexus_bc_com[\"TXT_@_fc77bb2f44e5ab1332d3969006a94d04\"]","mode":"managed","type":"cloudflare_record","name":"records_nexus_bc_com","index":"TXT_@_fc77bb2f44e5ab1332d3969006a94d04","provider_name":"registry.terraform.io/cloudflare/cloudflare","schema_version":3,"values":{"allow_overwrite":false,"comment":"AP Phillip Schleicher","content":"MS=ms97968100","created_on":"2025-11-25T08:13:36.153097Z","data":[],"hostname":"nexus-bc.com","id":"9fa9cca1b90db60e760c407c333ff706","metadata":{},"modified_on":"2025-11-25T08:13:36.153097Z","name":"@","priority":null,"proxiable":false,"proxied":false,"tags":[],"timeouts":null,"ttl":600,"type":"TXT","value":null,"zone_id":"c25cdf17c701258014b8ba7b7d726a09"},"sensitive_values":{"data":[],"metadata":{},"tags":[]},"depends_on":["data.cloudflare_zone.nexus_bc_com"]},{"address":"cloudflare_record.records_nexus_bc_com[\"TXT__DMARC_db523acc4f22b1634ae20d47f3a4f946\"]","mode":"managed","type":"cloudflare_record","name":"records_nexus_bc_com","index":"TXT__DMARC_db523acc4f22b1634ae20d47f3a4f946","provider_name":"registry.terraform.io/cloudflare/cloudflare","schema_version":3,"values":{"allow_overwrite":false,"comment":"AP Phillip Schleicher","content":"v=DMARC1; p=none; rua=mailto:; ruf=mailto:it-admin@cec.valantic.com; fo=1","created_on":"2025-11-25T07:54:24.082942Z","data":[],"hostname":"_dmarc.nexus-bc.com","id":"9188c058b19fb0eda430c36216584035","metadata":{},"modified_on":"2025-11-25T07:54:24.082942Z","name":"_dmarc","priority":null,"proxiable":false,"proxied":false,"tags":[],"timeouts":null,"ttl":600,"type":"TXT","value":null,"zone_id":"c25cdf17c701258014b8ba7b7d726a09"},"sensitive_values":{"data":[],"metadata":{},"tags":[]},"depends_on":["data.cloudflare_zone.nexus_bc_com"]},{"address":"cloudflare_record.records_nxs360_com[\"CNAME_*.gitlab-pages_940886a906e9ed866abc08359041d9d8\"]","mode":"managed","type":"cloudflare_record","name":"records_nxs360_com","index":"CNAME_*.gitlab-pages_940886a906e9ed866abc08359041d9d8","provider_name":"registry.terraform.io/cloudflare/cloudflare","schema_version":3,"values":{"allow_overwrite":false,"comment":"AP Phillip Schleicher / Gitlab pages","content":"public.hosting.vcec.cloud","created_on":"2025-02-16T06:26:53.287697Z","data":[],"hostname":"*.gitlab-pages.nxs360.com","id":"fd02c898322902ef0ad411c1e824f9e5","metadata":{},"modified_on":"2026-01-28T11:56:36.863579Z","name":"*.gitlab-pages","priority":null,"proxiable":true,"proxied":false,"tags":["tf-managed"],"timeouts":null,"ttl":600,"type":"CNAME","value":null,"zone_id":"4eab5390df3dc34f653bf659c5f8b5c0"},"sensitive_values":{"data":[],"metadata":{},"tags":[false]},"depends_on":["data.cloudflare_zone.nxs360_com"]},{"address":"cloudflare_record.records_nxs360_com[\"CNAME_*.r.gitlab_940886a906e9ed866abc08359041d9d8\"]","mode":"managed","type":"cloudflare_record","name":"records_nxs360_com","index":"CNAME_*.r.gitlab_940886a906e9ed866abc08359041d9d8","provider_name":"registry.terraform.io/cloudflare/cloudflare","schema_version":3,"values":{"allow_overwrite":false,"comment":"AP Phillip Schleicher","content":"public.hosting.vcec.cloud","created_on":"2026-01-17T11:43:52.522986Z","data":[],"hostname":"*.r.gitlab.nxs360.com","id":"5d4b6f669d9d505c536d0c6e8d72541f","metadata":{},"modified_on":"2026-01-28T11:56:38.223948Z","name":"*.r.gitlab","priority":null,"proxiable":true,"proxied":false,"tags":["tf-managed"],"timeouts":null,"ttl":600,"type":"CNAME","value":null,"zone_id":"4eab5390df3dc34f653bf659c5f8b5c0"},"sensitive_values":{"data":[],"metadata":{},"tags":[false]},"depends_on":["data.cloudflare_zone.nxs360_com"]},{"address":"cloudflare_record.records_nxs360_com[\"CNAME_files_94add1be5e483b391d269402cc52a8ee\"]","mode":"managed","type":"cloudflare_record","name":"records_nxs360_com","index":"CNAME_files_94add1be5e483b391d269402cc52a8ee","provider_name":"registry.terraform.io/cloudflare/cloudflare","schema_version":3,"values":{"allow_overwrite":false,"comment":"AP Phillip Schleicher","content":"hosting.vcec.cloud","created_on":"2024-07-29T11:39:27.52872Z","data":[],"hostname":"files.nxs360.com","id":"86ea397cccfcd59a3b25592cbb1d13eb","metadata":{},"modified_on":"2026-01-28T11:56:38.019887Z","name":"files","priority":null,"proxiable":true,"proxied":true,"tags":["tf-managed"],"timeouts":null,"ttl":1,"type":"CNAME","value":null,"zone_id":"4eab5390df3dc34f653bf659c5f8b5c0"},"sensitive_values":{"data":[],"metadata":{},"tags":[false]},"depends_on":["data.cloudflare_zone.nxs360_com"]},{"address":"cloudflare_record.records_nxs360_com[\"CNAME_git.gitlab_940886a906e9ed866abc08359041d9d8\"]","mode":"managed","type":"cloudflare_record","name":"records_nxs360_com","index":"CNAME_git.gitlab_940886a906e9ed866abc08359041d9d8","provider_name":"registry.terraform.io/cloudflare/cloudflare","schema_version":3,"values":{"allow_overwrite":false,"comment":"AP Phillip Schleicher / Git clone via HTTPS","content":"public.hosting.vcec.cloud","created_on":"2025-02-16T06:26:53.040387Z","data":[],"hostname":"git.gitlab.nxs360.com","id":"654e5b4fdfd6d9a486aff0d28deeb3a8","metadata":{},"modified_on":"2026-01-28T11:56:37.557615Z","name":"git.gitlab","priority":null,"proxiable":true,"proxied":false,"tags":["tf-managed"],"timeouts":null,"ttl":600,"type":"CNAME","value":null,"zone_id":"4eab5390df3dc34f653bf659c5f8b5c0"},"sensitive_values":{"data":[],"metadata":{},"tags":[false]},"depends_on":["data.cloudflare_zone.nxs360_com"]},{"address":"cloudflare_record.records_nxs360_com[\"CNAME_gitlab_940886a906e9ed866abc08359041d9d8\"]","mode":"managed","type":"cloudflare_record","name":"records_nxs360_com","index":"CNAME_gitlab_940886a906e9ed866abc08359041d9d8","provider_name":"registry.terraform.io/cloudflare/cloudflare","schema_version":3,"values":{"allow_overwrite":false,"comment":"AP Phillip Schleicher","content":"public.hosting.vcec.cloud","created_on":"2025-02-16T06:26:52.990876Z","data":[],"hostname":"gitlab.nxs360.com","id":"6d2468e661125584b2225ae52c11ac68","metadata":{},"modified_on":"2026-01-28T11:56:37.300105Z","name":"gitlab","priority":null,"proxiable":true,"proxied":false,"tags":["tf-managed"],"timeouts":null,"ttl":600,"type":"CNAME","value":null,"zone_id":"4eab5390df3dc34f653bf659c5f8b5c0"},"sensitive_values":{"data":[],"metadata":{},"tags":[false]},"depends_on":["data.cloudflare_zone.nxs360_com"]},{"address":"cloudflare_record.records_nxs360_com[\"CNAME_jenkins-qa_94add1be5e483b391d269402cc52a8ee\"]","mode":"managed","type":"cloudflare_record","name":"records_nxs360_com","index":"CNAME_jenkins-qa_94add1be5e483b391d269402cc52a8ee","provider_name":"registry.terraform.io/cloudflare/cloudflare","schema_version":3,"values":{"allow_overwrite":false,"comment":"AP Michael Blum / Martin Sehlleier | QA Jenkins","content":"hosting.vcec.cloud","created_on":"2025-06-04T18:11:57.379028Z","data":[],"hostname":"jenkins-qa.nxs360.com","id":"e4e8cff4c2336151827e37bf94648146","metadata":{},"modified_on":"2026-01-28T11:56:41.566476Z","name":"jenkins-qa","priority":null,"proxiable":true,"proxied":true,"tags":["tf-managed"],"timeouts":null,"ttl":1,"type":"CNAME","value":null,"zone_id":"4eab5390df3dc34f653bf659c5f8b5c0"},"sensitive_values":{"data":[],"metadata":{},"tags":[false]},"depends_on":["data.cloudflare_zone.nxs360_com"]},{"address":"cloudflare_record.records_nxs360_com[\"CNAME_mattermost_94add1be5e483b391d269402cc52a8ee\"]","mode":"managed","type":"cloudflare_record","name":"records_nxs360_com","index":"CNAME_mattermost_94add1be5e483b391d269402cc52a8ee","provider_name":"registry.terraform.io/cloudflare/cloudflare","schema_version":3,"values":{"allow_overwrite":false,"comment":"AP Phillip Schleicher","content":"hosting.vcec.cloud","created_on":"2022-11-18T12:17:00.365896Z","data":[],"hostname":"mattermost.nxs360.com","id":"aed6fe1da40c45e7676471e101bf3e46","metadata":{},"modified_on":"2026-01-28T11:56:37.936598Z","name":"mattermost","priority":null,"proxiable":true,"proxied":false,"tags":["tf-managed"],"timeouts":null,"ttl":600,"type":"CNAME","value":null,"zone_id":"4eab5390df3dc34f653bf659c5f8b5c0"},"sensitive_values":{"data":[],"metadata":{},"tags":[false]},"depends_on":["data.cloudflare_zone.nxs360_com"]},{"address":"cloudflare_record.records_nxs360_com[\"CNAME_registry.gitlab_940886a906e9ed866abc08359041d9d8\"]","mode":"managed","type":"cloudflare_record","name":"records_nxs360_com","index":"CNAME_registry.gitlab_940886a906e9ed866abc08359041d9d8","provider_name":"registry.terraform.io/cloudflare/cloudflare","schema_version":3,"values":{"allow_overwrite":false,"comment":"AP Phillip Schleicher / Gitlab Docker registry","content":"public.hosting.vcec.cloud","created_on":"2025-02-16T06:26:53.513831Z","data":[],"hostname":"registry.gitlab.nxs360.com","id":"24c456ed5513534f97e9dcb5dd0e7fad","metadata":{},"modified_on":"2026-01-28T11:56:36.678439Z","name":"registry.gitlab","priority":null,"proxiable":true,"proxied":false,"tags":["tf-managed"],"timeouts":null,"ttl":600,"type":"CNAME","value":null,"zone_id":"4eab5390df3dc34f653bf659c5f8b5c0"},"sensitive_values":{"data":[],"metadata":{},"tags":[false]},"depends_on":["data.cloudflare_zone.nxs360_com"]},{"address":"cloudflare_record.records_nxs360_com[\"CNAME_sentry-cdn_94add1be5e483b391d269402cc52a8ee\"]","mode":"managed","type":"cloudflare_record","name":"records_nxs360_com","index":"CNAME_sentry-cdn_94add1be5e483b391d269402cc52a8ee","provider_name":"registry.terraform.io/cloudflare/cloudflare","schema_version":3,"values":{"allow_overwrite":false,"comment":"AP Phillip Schleicher","content":"hosting.vcec.cloud","created_on":"2024-06-27T09:08:48.147588Z","data":[],"hostname":"sentry-cdn.nxs360.com","id":"01c5c87ba4bd56bec28ce0beec7ff8b5","metadata":{},"modified_on":"2026-01-28T11:56:37.023239Z","name":"sentry-cdn","priority":null,"proxiable":true,"proxied":true,"tags":["tf-managed"],"timeouts":null,"ttl":1,"type":"CNAME","value":null,"zone_id":"4eab5390df3dc34f653bf659c5f8b5c0"},"sensitive_values":{"data":[],"metadata":{},"tags":[false]},"depends_on":["data.cloudflare_zone.nxs360_com"]},{"address":"cloudflare_record.records_nxs360_com[\"CNAME_sentry_94add1be5e483b391d269402cc52a8ee\"]","mode":"managed","type":"cloudflare_record","name":"records_nxs360_com","index":"CNAME_sentry_94add1be5e483b391d269402cc52a8ee","provider_name":"registry.terraform.io/cloudflare/cloudflare","schema_version":3,"values":{"allow_overwrite":false,"comment":"AP Phillip Schleicher","content":"hosting.vcec.cloud","created_on":"2022-11-18T12:16:59.825995Z","data":[],"hostname":"sentry.nxs360.com","id":"12ede043d957ddbbfd27e34ca975e6f2","metadata":{},"modified_on":"2026-01-28T11:56:36.788181Z","name":"sentry","priority":null,"proxiable":true,"proxied":true,"tags":["tf-managed"],"timeouts":null,"ttl":1,"type":"CNAME","value":null,"zone_id":"4eab5390df3dc34f653bf659c5f8b5c0"},"sensitive_values":{"data":[],"metadata":{},"tags":[false]},"depends_on":["data.cloudflare_zone.nxs360_com"]},{"address":"cloudflare_record.records_vcec_cloud[\"A_api.poc.gcp_55ea51c6575deec48d623272aa65a40a\"]","mode":"managed","type":"cloudflare_record","name":"records_vcec_cloud","index":"A_api.poc.gcp_55ea51c6575deec48d623272aa65a40a","provider_name":"registry.terraform.io/cloudflare/cloudflare","schema_version":3,"values":{"allow_overwrite":false,"comment":"AP Phillip Schleicher","content":"34.149.114.83","created_on":"2025-12-05T08:29:00.943689Z","data":[],"hostname":"api.poc.gcp.vcec.cloud","id":"842b6d9fa55b08fb50bedd6974164bd1","metadata":{},"modified_on":"2025-12-05T08:29:00.943689Z","name":"api.poc.gcp","priority":null,"proxiable":true,"proxied":false,"tags":["tf-managed"],"timeouts":null,"ttl":600,"type":"A","value":null,"zone_id":"09e62c791da990d8ebbf1a531d1d3efa"},"sensitive_values":{"data":[],"metadata":{},"tags":[false]},"depends_on":["data.cloudflare_zone.vcec_cloud"]},{"address":"cloudflare_record.records_vcec_cloud[\"A_backend.cx-service-map_d62c7c4b1c46b35e3a14e770fca506c3\"]","mode":"managed","type":"cloudflare_record","name":"records_vcec_cloud","index":"A_backend.cx-service-map_d62c7c4b1c46b35e3a14e770fca506c3","provider_name":"registry.terraform.io/cloudflare/cloudflare","schema_version":3,"values":{"allow_overwrite":false,"comment":"stefan.maier@dxa.valantic.com / #56854418","content":"188.245.146.171","created_on":"2025-01-31T12:16:48.751225Z","data":[],"hostname":"backend.cx-service-map.vcec.cloud","id":"e094d5e2be3a599da77cf9cc58e9b317","metadata":{},"modified_on":"2025-01-31T12:16:48.751225Z","name":"backend.cx-service-map","priority":null,"proxiable":true,"proxied":false,"tags":["tf-managed"],"timeouts":null,"ttl":60,"type":"A","value":null,"zone_id":"09e62c791da990d8ebbf1a531d1d3efa"},"sensitive_values":{"data":[],"metadata":{},"tags":[false]},"depends_on":["data.cloudflare_zone.vcec_cloud"]},{"address":"cloudflare_record.records_vcec_cloud[\"A_cx-service-map_d62c7c4b1c46b35e3a14e770fca506c3\"]","mode":"managed","type":"cloudflare_record","name":"records_vcec_cloud","index":"A_cx-service-map_d62c7c4b1c46b35e3a14e770fca506c3","provider_name":"registry.terraform.io/cloudflare/cloudflare","schema_version":3,"values":{"allow_overwrite":false,"comment":"stefan.maier@dxa.valantic.com / #56854418","content":"188.245.146.171","created_on":"2025-01-31T12:16:49.220253Z","data":[],"hostname":"cx-service-map.vcec.cloud","id":"0521bbdd6bc6c47f8ee09e5afaca3dbd","metadata":{},"modified_on":"2025-01-31T12:16:49.220253Z","name":"cx-service-map","priority":null,"proxiable":true,"proxied":false,"tags":["tf-managed"],"timeouts":null,"ttl":60,"type":"A","value":null,"zone_id":"09e62c791da990d8ebbf1a531d1d3efa"},"sensitive_values":{"data":[],"metadata":{},"tags":[false]},"depends_on":["data.cloudflare_zone.vcec_cloud"]},{"address":"cloudflare_record.records_vcec_cloud[\"A_hosting_f6ea607082fb5f82e4bc92e82aa2b85a\"]","mode":"managed","type":"cloudflare_record","name":"records_vcec_cloud","index":"A_hosting_f6ea607082fb5f82e4bc92e82aa2b85a","provider_name":"registry.terraform.io/cloudflare/cloudflare","schema_version":3,"values":{"allow_overwrite":false,"comment":"AP Phillip Schleicher / Main firewall / IP whitelisted access","content":"46.38.247.4","created_on":"2024-07-22T19:40:27.058169Z","data":[],"hostname":"hosting.vcec.cloud","id":"f4ae2b62e738c9b0527b87d854e8528b","metadata":{},"modified_on":"2025-02-16T06:25:05.248401Z","name":"hosting","priority":null,"proxiable":true,"proxied":false,"tags":["tf-managed"],"timeouts":null,"ttl":600,"type":"A","value":null,"zone_id":"09e62c791da990d8ebbf1a531d1d3efa"},"sensitive_values":{"data":[],"metadata":{},"tags":[false]},"depends_on":["data.cloudflare_zone.vcec_cloud"]},{"address":"cloudflare_record.records_vcec_cloud[\"A_input.monit.hosting_682f426d4893012fc3c215138c7c631a\"]","mode":"managed","type":"cloudflare_record","name":"records_vcec_cloud","index":"A_input.monit.hosting_682f426d4893012fc3c215138c7c631a","provider_name":"registry.terraform.io/cloudflare/cloudflare","schema_version":3,"values":{"allow_overwrite":false,"comment":"AP Martin Sehlleier | OpenSearch Log Monitoring Input","content":"10.68.1.10","created_on":"2025-07-17T11:31:33.167517Z","data":[],"hostname":"input.monit.hosting.vcec.cloud","id":"ff0bf4f88276c285115b81e9d5cbfacb","metadata":{},"modified_on":"2025-07-17T11:31:33.167517Z","name":"input.monit.hosting","priority":null,"proxiable":false,"proxied":false,"tags":["tf-managed"],"timeouts":null,"ttl":600,"type":"A","value":null,"zone_id":"09e62c791da990d8ebbf1a531d1d3efa"},"sensitive_values":{"data":[],"metadata":{},"tags":[false]},"depends_on":["data.cloudflare_zone.vcec_cloud"]},{"address":"cloudflare_record.records_vcec_cloud[\"A_lobster-cluster_30a153c7994572497c64ba9d248d6bf5\"]","mode":"managed","type":"cloudflare_record","name":"records_vcec_cloud","index":"A_lobster-cluster_30a153c7994572497c64ba9d248d6bf5","provider_name":"registry.terraform.io/cloudflare/cloudflare","schema_version":3,"values":{"allow_overwrite":false,"comment":"AP Joerg Leigers / #68234526","content":"45.90.6.71","created_on":"2025-11-07T19:03:51.868567Z","data":[],"hostname":"lobster-cluster.vcec.cloud","id":"727492ce80f2bdc2831f96b268b71742","metadata":{},"modified_on":"2025-11-07T19:03:51.868567Z","name":"lobster-cluster","priority":null,"proxiable":true,"proxied":false,"tags":["tf-managed"],"timeouts":null,"ttl":600,"type":"A","value":null,"zone_id":"09e62c791da990d8ebbf1a531d1d3efa"},"sensitive_values":{"data":[],"metadata":{},"tags":[false]},"depends_on":["data.cloudflare_zone.vcec_cloud"]},{"address":"cloudflare_record.records_vcec_cloud[\"A_lobster-cluster_64ac4a994acab032756cc4fc2e919a36\"]","mode":"managed","type":"cloudflare_record","name":"records_vcec_cloud","index":"A_lobster-cluster_64ac4a994acab032756cc4fc2e919a36","provider_name":"registry.terraform.io/cloudflare/cloudflare","schema_version":3,"values":{"allow_overwrite":false,"comment":"AP Joerg Leigers / #68234526","content":"45.90.6.70","created_on":"2025-11-07T19:03:51.729303Z","data":[],"hostname":"lobster-cluster.vcec.cloud","id":"fb5e1552477c91ae6f662d534d1955d2","metadata":{},"modified_on":"2025-11-07T19:03:51.729303Z","name":"lobster-cluster","priority":null,"proxiable":true,"proxied":false,"tags":["tf-managed"],"timeouts":null,"ttl":600,"type":"A","value":null,"zone_id":"09e62c791da990d8ebbf1a531d1d3efa"},"sensitive_values":{"data":[],"metadata":{},"tags":[false]},"depends_on":["data.cloudflare_zone.vcec_cloud"]},{"address":"cloudflare_record.records_vcec_cloud[\"A_odin.hosting_dcf0bc07a45335be440a0607daf567bb\"]","mode":"managed","type":"cloudflare_record","name":"records_vcec_cloud","index":"A_odin.hosting_dcf0bc07a45335be440a0607daf567bb","provider_name":"registry.terraform.io/cloudflare/cloudflare","schema_version":3,"values":{"allow_overwrite":false,"comment":"AP Valentin Vlasov / ClientVPN","content":"45.90.6.78","created_on":"2025-02-15T10:45:49.063291Z","data":[],"hostname":"odin.hosting.vcec.cloud","id":"704b69c9112e031c950d6b93839857ec","metadata":{},"modified_on":"2025-02-15T10:45:49.063291Z","name":"odin.hosting","priority":null,"proxiable":true,"proxied":false,"tags":["tf-managed"],"timeouts":null,"ttl":600,"type":"A","value":null,"zone_id":"09e62c791da990d8ebbf1a531d1d3efa"},"sensitive_values":{"data":[],"metadata":{},"tags":[false]},"depends_on":["data.cloudflare_zone.vcec_cloud"]},{"address":"cloudflare_record.records_vcec_cloud[\"A_prod.cust-benz_5fab88c28d698e075998cd004ab55313\"]","mode":"managed","type":"cloudflare_record","name":"records_vcec_cloud","index":"A_prod.cust-benz_5fab88c28d698e075998cd004ab55313","provider_name":"registry.terraform.io/cloudflare/cloudflare","schema_version":3,"values":{"allow_overwrite":false,"comment":"AP Zoia Funtasova / Phillip Schleicher","content":"213.133.107.23","created_on":"2025-06-05T11:55:47.430867Z","data":[],"hostname":"prod.cust-benz.vcec.cloud","id":"47298bab73e48c58e14fe4a5c9a9997e","metadata":{},"modified_on":"2025-06-05T11:55:47.430867Z","name":"prod.cust-benz","priority":null,"proxiable":true,"proxied":false,"tags":["tf-managed"],"timeouts":null,"ttl":600,"type":"A","value":null,"zone_id":"09e62c791da990d8ebbf1a531d1d3efa"},"sensitive_values":{"data":[],"metadata":{},"tags":[false]},"depends_on":["data.cloudflare_zone.vcec_cloud"]},{"address":"cloudflare_record.records_vcec_cloud[\"A_prod.cust-fitzner_403e8b6cdcd2677d3050a822ed69643f\"]","mode":"managed","type":"cloudflare_record","name":"records_vcec_cloud","index":"A_prod.cust-fitzner_403e8b6cdcd2677d3050a822ed69643f","provider_name":"registry.terraform.io/cloudflare/cloudflare","schema_version":3,"values":{"allow_overwrite":false,"comment":"AP Martin Sehlleier","content":"37.228.155.191","created_on":"2025-09-17T16:15:31.189109Z","data":[],"hostname":"prod.cust-fitzner.vcec.cloud","id":"b5cc3c896dc0b3f957879eb46f69ab84","metadata":{},"modified_on":"2025-09-17T16:15:31.189109Z","name":"prod.cust-fitzner","priority":null,"proxiable":true,"proxied":false,"tags":["tf-managed"],"timeouts":null,"ttl":600,"type":"A","value":null,"zone_id":"09e62c791da990d8ebbf1a531d1d3efa"},"sensitive_values":{"data":[],"metadata":{},"tags":[false]},"depends_on":["data.cloudflare_zone.vcec_cloud"]},{"address":"cloudflare_record.records_vcec_cloud[\"A_prod.cust-kleinsorge_7aa1435394b6eac28ddff4c4b2d5590c\"]","mode":"managed","type":"cloudflare_record","name":"records_vcec_cloud","index":"A_prod.cust-kleinsorge_7aa1435394b6eac28ddff4c4b2d5590c","provider_name":"registry.terraform.io/cloudflare/cloudflare","schema_version":3,"values":{"allow_overwrite":false,"comment":"AP Martin Sehlleier","content":"91.151.21.141","created_on":"2025-10-14T15:29:43.248666Z","data":[],"hostname":"prod.cust-kleinsorge.vcec.cloud","id":"cabb5ea1eec957d5262c1b8118ba3a9f","metadata":{},"modified_on":"2025-10-14T15:29:43.248666Z","name":"prod.cust-kleinsorge","priority":null,"proxiable":true,"proxied":false,"tags":["tf-managed"],"timeouts":null,"ttl":600,"type":"A","value":null,"zone_id":"09e62c791da990d8ebbf1a531d1d3efa"},"sensitive_values":{"data":[],"metadata":{},"tags":[false]},"depends_on":["data.cloudflare_zone.vcec_cloud"]},{"address":"cloudflare_record.records_vcec_cloud[\"A_public.hosting_3724db382d0708948f2abe3c77949536\"]","mode":"managed","type":"cloudflare_record","name":"records_vcec_cloud","index":"A_public.hosting_3724db382d0708948f2abe3c77949536","provider_name":"registry.terraform.io/cloudflare/cloudflare","schema_version":3,"values":{"allow_overwrite":false,"comment":"AP Phillip Schleicher / Main firewall / Public IP access","content":"46.38.247.6","created_on":"2025-02-16T06:25:05.241134Z","data":[],"hostname":"public.hosting.vcec.cloud","id":"6aa452c3b5aa5167122f341430c80441","metadata":{},"modified_on":"2025-02-16T06:25:05.241134Z","name":"public.hosting","priority":null,"proxiable":true,"proxied":false,"tags":["tf-managed"],"timeouts":null,"ttl":600,"type":"A","value":null,"zone_id":"09e62c791da990d8ebbf1a531d1d3efa"},"sensitive_values":{"data":[],"metadata":{},"tags":[false]},"depends_on":["data.cloudflare_zone.vcec_cloud"]},{"address":"cloudflare_record.records_vcec_cloud[\"A_stage.cust-benz_a3d2907f4bea926ccf2c4da621a00381\"]","mode":"managed","type":"cloudflare_record","name":"records_vcec_cloud","index":"A_stage.cust-benz_a3d2907f4bea926ccf2c4da621a00381","provider_name":"registry.terraform.io/cloudflare/cloudflare","schema_version":3,"values":{"allow_overwrite":false,"comment":"AP Zoia Funtasova / Phillip Schleicher","content":"91.99.64.77","created_on":"2025-07-23T12:13:10.677274Z","data":[],"hostname":"stage.cust-benz.vcec.cloud","id":"7294c4b5ed2bb4216c3ce9614ebd4043","metadata":{},"modified_on":"2025-07-23T12:13:10.677274Z","name":"stage.cust-benz","priority":null,"proxiable":true,"proxied":false,"tags":["tf-managed"],"timeouts":null,"ttl":600,"type":"A","value":null,"zone_id":"09e62c791da990d8ebbf1a531d1d3efa"},"sensitive_values":{"data":[],"metadata":{},"tags":[false]},"depends_on":["data.cloudflare_zone.vcec_cloud"]},{"address":"cloudflare_record.records_vcec_cloud[\"A_stage.cust-fitzner_68d5dec022a6ae2179da32dd72ef5a64\"]","mode":"managed","type":"cloudflare_record","name":"records_vcec_cloud","index":"A_stage.cust-fitzner_68d5dec022a6ae2179da32dd72ef5a64","provider_name":"registry.terraform.io/cloudflare/cloudflare","schema_version":3,"values":{"allow_overwrite":false,"comment":"AP Martin Sehlleier","content":"91.151.21.181","created_on":"2025-09-17T16:15:31.030504Z","data":[],"hostname":"stage.cust-fitzner.vcec.cloud","id":"7b32d6aa79b6f02539a953f36b6ce075","metadata":{},"modified_on":"2025-09-17T16:15:31.030504Z","name":"stage.cust-fitzner","priority":null,"proxiable":true,"proxied":false,"tags":["tf-managed"],"timeouts":null,"ttl":600,"type":"A","value":null,"zone_id":"09e62c791da990d8ebbf1a531d1d3efa"},"sensitive_values":{"data":[],"metadata":{},"tags":[false]},"depends_on":["data.cloudflare_zone.vcec_cloud"]},{"address":"cloudflare_record.records_vcec_cloud[\"A_stage.cust-kleinsorge_bc19ce72d92f58d91e001c50be059983\"]","mode":"managed","type":"cloudflare_record","name":"records_vcec_cloud","index":"A_stage.cust-kleinsorge_bc19ce72d92f58d91e001c50be059983","provider_name":"registry.terraform.io/cloudflare/cloudflare","schema_version":3,"values":{"allow_overwrite":false,"comment":"AP Martin Sehlleier","content":"91.151.21.205","created_on":"2025-10-14T15:29:43.160089Z","data":[],"hostname":"stage.cust-kleinsorge.vcec.cloud","id":"040ccc738aa9e075f5556a48b3b9665e","metadata":{},"modified_on":"2025-10-14T15:29:43.160089Z","name":"stage.cust-kleinsorge","priority":null,"proxiable":true,"proxied":false,"tags":["tf-managed"],"timeouts":null,"ttl":600,"type":"A","value":null,"zone_id":"09e62c791da990d8ebbf1a531d1d3efa"},"sensitive_values":{"data":[],"metadata":{},"tags":[false]},"depends_on":["data.cloudflare_zone.vcec_cloud"]},{"address":"cloudflare_record.records_vcec_cloud[\"A_thor.hosting_f6ea607082fb5f82e4bc92e82aa2b85a\"]","mode":"managed","type":"cloudflare_record","name":"records_vcec_cloud","index":"A_thor.hosting_f6ea607082fb5f82e4bc92e82aa2b85a","provider_name":"registry.terraform.io/cloudflare/cloudflare","schema_version":3,"values":{"allow_overwrite":false,"comment":"AP Phillip Schleicher / Main firewall / Node 1","content":"46.38.247.4","created_on":"2024-10-23T12:33:54.439082Z","data":[],"hostname":"thor.hosting.vcec.cloud","id":"559d137e7b6d9cd27aaea35e0a6cd960","metadata":{},"modified_on":"2025-02-16T06:25:05.06157Z","name":"thor.hosting","priority":null,"proxiable":true,"proxied":false,"tags":["tf-managed"],"timeouts":null,"ttl":600,"type":"A","value":null,"zone_id":"09e62c791da990d8ebbf1a531d1d3efa"},"sensitive_values":{"data":[],"metadata":{},"tags":[false]},"depends_on":["data.cloudflare_zone.vcec_cloud"]},{"address":"cloudflare_record.records_vcec_cloud[\"A_valkyrie.hosting_b5692e67028bef356ce971112b56c61c\"]","mode":"managed","type":"cloudflare_record","name":"records_vcec_cloud","index":"A_valkyrie.hosting_b5692e67028bef356ce971112b56c61c","provider_name":"registry.terraform.io/cloudflare/cloudflare","schema_version":3,"values":{"allow_overwrite":false,"comment":"AP Phillip Schleicher / Secondary firewall / Node 2","content":"46.38.247.5","created_on":"2024-10-23T12:33:54.470979Z","data":[],"hostname":"valkyrie.hosting.vcec.cloud","id":"125c8b3d538d5c4fcbfb918d1b99dc12","metadata":{},"modified_on":"2025-02-16T06:25:05.513798Z","name":"valkyrie.hosting","priority":null,"proxiable":true,"proxied":false,"tags":["tf-managed"],"timeouts":null,"ttl":600,"type":"A","value":null,"zone_id":"09e62c791da990d8ebbf1a531d1d3efa"},"sensitive_values":{"data":[],"metadata":{},"tags":[false]},"depends_on":["data.cloudflare_zone.vcec_cloud"]},{"address":"cloudflare_record.records_vcec_cloud[\"A_www.cx-service-map_d62c7c4b1c46b35e3a14e770fca506c3\"]","mode":"managed","type":"cloudflare_record","name":"records_vcec_cloud","index":"A_www.cx-service-map_d62c7c4b1c46b35e3a14e770fca506c3","provider_name":"registry.terraform.io/cloudflare/cloudflare","schema_version":3,"values":{"allow_overwrite":false,"comment":"stefan.maier@dxa.valantic.com / #56854418","content":"188.245.146.171","created_on":"2025-01-31T12:16:49.0043Z","data":[],"hostname":"www.cx-service-map.vcec.cloud","id":"812afa0e240d980a47ed161f47814552","metadata":{},"modified_on":"2025-01-31T12:16:49.0043Z","name":"www.cx-service-map","priority":null,"proxiable":true,"proxied":false,"tags":["tf-managed"],"timeouts":null,"ttl":60,"type":"A","value":null,"zone_id":"09e62c791da990d8ebbf1a531d1d3efa"},"sensitive_values":{"data":[],"metadata":{},"tags":[false]},"depends_on":["data.cloudflare_zone.vcec_cloud"]},{"address":"cloudflare_record.records_vcec_cloud[\"CNAME_analytics_94add1be5e483b391d269402cc52a8ee\"]","mode":"managed","type":"cloudflare_record","name":"records_vcec_cloud","index":"CNAME_analytics_94add1be5e483b391d269402cc52a8ee","provider_name":"registry.terraform.io/cloudflare/cloudflare","schema_version":3,"values":{"allow_overwrite":false,"comment":"AP Rafal Wesolowski/Uwe Tueben | Analytics","content":"hosting.vcec.cloud","created_on":"2024-06-23T14:28:19.421781Z","data":[],"hostname":"analytics.vcec.cloud","id":"fdaa1ed0b818530780247719ed0993c1","metadata":{},"modified_on":"2026-01-28T11:57:02.482006Z","name":"analytics","priority":null,"proxiable":true,"proxied":true,"tags":["tf-managed"],"timeouts":null,"ttl":1,"type":"CNAME","value":null,"zone_id":"09e62c791da990d8ebbf1a531d1d3efa"},"sensitive_values":{"data":[],"metadata":{},"tags":[false]},"depends_on":["data.cloudflare_zone.vcec_cloud"]},{"address":"cloudflare_record.records_vcec_cloud[\"CNAME_backoffice-de-b2b-spryker_94add1be5e483b391d269402cc52a8ee\"]","mode":"managed","type":"cloudflare_record","name":"records_vcec_cloud","index":"CNAME_backoffice-de-b2b-spryker_94add1be5e483b391d269402cc52a8ee","provider_name":"registry.terraform.io/cloudflare/cloudflare","schema_version":3,"values":{"allow_overwrite":false,"comment":"4me #47968953","content":"hosting.vcec.cloud","created_on":"2024-06-29T00:54:44.432685Z","data":[],"hostname":"backoffice-de-b2b-spryker.vcec.cloud","id":"93d7119eb35a747c59629fd92d071402","metadata":{},"modified_on":"2026-01-28T11:56:47.280119Z","name":"backoffice-de-b2b-spryker","priority":null,"proxiable":true,"proxied":true,"tags":["tf-managed"],"timeouts":null,"ttl":1,"type":"CNAME","value":null,"zone_id":"09e62c791da990d8ebbf1a531d1d3efa"},"sensitive_values":{"data":[],"metadata":{},"tags":[false]},"depends_on":["data.cloudflare_zone.vcec_cloud"]},{"address":"cloudflare_record.records_vcec_cloud[\"CNAME_backoffice-de-b2b-tracking_94add1be5e483b391d269402cc52a8ee\"]","mode":"managed","type":"cloudflare_record","name":"records_vcec_cloud","index":"CNAME_backoffice-de-b2b-tracking_94add1be5e483b391d269402cc52a8ee","provider_name":"registry.terraform.io/cloudflare/cloudflare","schema_version":3,"values":{"allow_overwrite":false,"comment":"AP Dusting Recko / #51728146","content":"hosting.vcec.cloud","created_on":"2024-09-20T09:44:11.457214Z","data":[],"hostname":"backoffice-de-b2b-tracking.vcec.cloud","id":"b2baef240ef7bc4c00d189555e7a9095","metadata":{},"modified_on":"2026-01-28T11:57:22.802072Z","name":"backoffice-de-b2b-tracking","priority":null,"proxiable":true,"proxied":true,"tags":["tf-managed"],"timeouts":null,"ttl":1,"type":"CNAME","value":null,"zone_id":"09e62c791da990d8ebbf1a531d1d3efa"},"sensitive_values":{"data":[],"metadata":{},"tags":[false]},"depends_on":["data.cloudflare_zone.vcec_cloud"]},{"address":"cloudflare_record.records_vcec_cloud[\"CNAME_backoffice-de-b2c-spryker_94add1be5e483b391d269402cc52a8ee\"]","mode":"managed","type":"cloudflare_record","name":"records_vcec_cloud","index":"CNAME_backoffice-de-b2c-spryker_94add1be5e483b391d269402cc52a8ee","provider_name":"registry.terraform.io/cloudflare/cloudflare","schema_version":3,"values":{"allow_overwrite":false,"comment":"AP Jurij Pfeiffer / Dennis Bluemer","content":"hosting.vcec.cloud","created_on":"2024-07-24T13:34:47.426665Z","data":[],"hostname":"backoffice-de-b2c-spryker.vcec.cloud","id":"480c475e70bf6ea3aacd5354e84f0e94","metadata":{},"modified_on":"2026-01-28T11:56:51.513094Z","name":"backoffice-de-b2c-spryker","priority":null,"proxiable":true,"proxied":true,"tags":["tf-managed"],"timeouts":null,"ttl":1,"type":"CNAME","value":null,"zone_id":"09e62c791da990d8ebbf1a531d1d3efa"},"sensitive_values":{"data":[],"metadata":{},"tags":[false]},"depends_on":["data.cloudflare_zone.vcec_cloud"]},{"address":"cloudflare_record.records_vcec_cloud[\"CNAME_backup.hosting_94add1be5e483b391d269402cc52a8ee\"]","mode":"managed","type":"cloudflare_record","name":"records_vcec_cloud","index":"CNAME_backup.hosting_94add1be5e483b391d269402cc52a8ee","provider_name":"registry.terraform.io/cloudflare/cloudflare","schema_version":3,"values":{"allow_overwrite":true,"comment":"AP Phillip Schleicher / Proxmox","content":"hosting.vcec.cloud","created_on":"2024-06-10T14:49:19.93946Z","data":[],"hostname":"backup.hosting.vcec.cloud","id":"77cf30c92c09d74bef55f38a3540a8d9","metadata":{},"modified_on":"2026-01-28T11:57:21.339848Z","name":"backup.hosting","priority":null,"proxiable":true,"proxied":false,"tags":["tf-managed"],"timeouts":null,"ttl":600,"type":"CNAME","value":null,"zone_id":"09e62c791da990d8ebbf1a531d1d3efa"},"sensitive_values":{"data":[],"metadata":{},"tags":[false]},"depends_on":["data.cloudflare_zone.vcec_cloud"]},{"address":"cloudflare_record.records_vcec_cloud[\"CNAME_bot-stage_94add1be5e483b391d269402cc52a8ee\"]","mode":"managed","type":"cloudflare_record","name":"records_vcec_cloud","index":"CNAME_bot-stage_94add1be5e483b391d269402cc52a8ee","provider_name":"registry.terraform.io/cloudflare/cloudflare","schema_version":3,"values":{"allow_overwrite":false,"comment":"AP Patrick Schönfeld | N8N AI Genesis Horizon","content":"hosting.vcec.cloud","created_on":"2025-07-17T10:51:39.724781Z","data":[],"hostname":"bot-stage.vcec.cloud","id":"3c41447d5aa4baef873b3db17979290e","metadata":{},"modified_on":"2026-01-28T11:57:12.484549Z","name":"bot-stage","priority":null,"proxiable":true,"proxied":true,"tags":["tf-managed"],"timeouts":null,"ttl":1,"type":"CNAME","value":null,"zone_id":"09e62c791da990d8ebbf1a531d1d3efa"},"sensitive_values":{"data":[],"metadata":{},"tags":[false]},"depends_on":["data.cloudflare_zone.vcec_cloud"]},{"address":"cloudflare_record.records_vcec_cloud[\"CNAME_bot_94add1be5e483b391d269402cc52a8ee\"]","mode":"managed","type":"cloudflare_record","name":"records_vcec_cloud","index":"CNAME_bot_94add1be5e483b391d269402cc52a8ee","provider_name":"registry.terraform.io/cloudflare/cloudflare","schema_version":3,"values":{"allow_overwrite":false,"comment":"AP Patrick Schönfeld | N8N AI Genesis Horizon","content":"hosting.vcec.cloud","created_on":"2025-05-23T08:18:54.675238Z","data":[],"hostname":"bot.vcec.cloud","id":"dae64fe8273ab3e29e9bf1cb54aa3c6c","metadata":{},"modified_on":"2026-01-28T11:57:22.54537Z","name":"bot","priority":null,"proxiable":true,"proxied":true,"tags":["tf-managed"],"timeouts":null,"ttl":1,"type":"CNAME","value":null,"zone_id":"09e62c791da990d8ebbf1a531d1d3efa"},"sensitive_values":{"data":[],"metadata":{},"tags":[false]},"depends_on":["data.cloudflare_zone.vcec_cloud"]},{"address":"cloudflare_record.records_vcec_cloud[\"CNAME_cmk.hosting_94add1be5e483b391d269402cc52a8ee\"]","mode":"managed","type":"cloudflare_record","name":"records_vcec_cloud","index":"CNAME_cmk.hosting_94add1be5e483b391d269402cc52a8ee","provider_name":"registry.terraform.io/cloudflare/cloudflare","schema_version":3,"values":{"allow_overwrite":false,"comment":"AP Phillip Schleicher | CheckMK","content":"hosting.vcec.cloud","created_on":"2025-01-07T16:26:15.6019Z","data":[],"hostname":"cmk.hosting.vcec.cloud","id":"48394e310602cc4661cbbcf474d4a55d","metadata":{},"modified_on":"2026-01-28T11:57:01.249389Z","name":"cmk.hosting","priority":null,"proxiable":true,"proxied":false,"tags":["tf-managed"],"timeouts":null,"ttl":600,"type":"CNAME","value":null,"zone_id":"09e62c791da990d8ebbf1a531d1d3efa"},"sensitive_values":{"data":[],"metadata":{},"tags":[false]},"depends_on":["data.cloudflare_zone.vcec_cloud"]},{"address":"cloudflare_record.records_vcec_cloud[\"CNAME_ctrl.hosting_94add1be5e483b391d269402cc52a8ee\"]","mode":"managed","type":"cloudflare_record","name":"records_vcec_cloud","index":"CNAME_ctrl.hosting_94add1be5e483b391d269402cc52a8ee","provider_name":"registry.terraform.io/cloudflare/cloudflare","schema_version":3,"values":{"allow_overwrite":false,"comment":"AP Phillip Schleicher | HomeAssistant","content":"hosting.vcec.cloud","created_on":"2026-01-14T11:23:54.115291Z","data":[],"hostname":"ctrl.hosting.vcec.cloud","id":"8bf8bc2d9609701e547694dcf940f4ae","metadata":{},"modified_on":"2026-01-28T11:56:46.550365Z","name":"ctrl.hosting","priority":null,"proxiable":true,"proxied":false,"tags":["tf-managed"],"timeouts":null,"ttl":600,"type":"CNAME","value":null,"zone_id":"09e62c791da990d8ebbf1a531d1d3efa"},"sensitive_values":{"data":[],"metadata":{},"tags":[false]},"depends_on":["data.cloudflare_zone.vcec_cloud"]},{"address":"cloudflare_record.records_vcec_cloud[\"CNAME_docs_94add1be5e483b391d269402cc52a8ee\"]","mode":"managed","type":"cloudflare_record","name":"records_vcec_cloud","index":"CNAME_docs_94add1be5e483b391d269402cc52a8ee","provider_name":"registry.terraform.io/cloudflare/cloudflare","schema_version":3,"values":{"allow_overwrite":false,"comment":"AP Moritz Jung | Gitbook Proxy","content":"hosting.vcec.cloud","created_on":"2024-06-20T05:15:31.263588Z","data":[],"hostname":"docs.vcec.cloud","id":"6b86c7d92c5df71aca9a5a33d93c504f","metadata":{},"modified_on":"2026-01-28T11:56:57.261591Z","name":"docs","priority":null,"proxiable":true,"proxied":true,"tags":["tf-managed"],"timeouts":null,"ttl":1,"type":"CNAME","value":null,"zone_id":"09e62c791da990d8ebbf1a531d1d3efa"},"sensitive_values":{"data":[],"metadata":{},"tags":[false]},"depends_on":["data.cloudflare_zone.vcec_cloud"]},{"address":"cloudflare_record.records_vcec_cloud[\"CNAME_employee-service-map_e3d3dd441850a0de530e598a0c323dbd\"]","mode":"managed","type":"cloudflare_record","name":"records_vcec_cloud","index":"CNAME_employee-service-map_e3d3dd441850a0de530e598a0c323dbd","provider_name":"registry.terraform.io/cloudflare/cloudflare","schema_version":3,"values":{"allow_overwrite":false,"comment":"AP Moritz Jung","content":"main-bvxea6i-3vdtazl5vfuta.de-2.platformsh.site","created_on":"2023-12-08T08:05:52.141283Z","data":[],"hostname":"employee-service-map.vcec.cloud","id":"f1b99cef9d08b129a505e1964a8975bd","metadata":{},"modified_on":"2026-01-28T11:57:03.32304Z","name":"employee-service-map","priority":null,"proxiable":true,"proxied":false,"tags":["tf-managed"],"timeouts":null,"ttl":600,"type":"CNAME","value":null,"zone_id":"09e62c791da990d8ebbf1a531d1d3efa"},"sensitive_values":{"data":[],"metadata":{},"tags":[false]},"depends_on":["data.cloudflare_zone.vcec_cloud"]},{"address":"cloudflare_record.records_vcec_cloud[\"CNAME_esa-uf-nc_94add1be5e483b391d269402cc52a8ee\"]","mode":"managed","type":"cloudflare_record","name":"records_vcec_cloud","index":"CNAME_esa-uf-nc_94add1be5e483b391d269402cc52a8ee","provider_name":"registry.terraform.io/cloudflare/cloudflare","schema_version":3,"values":{"allow_overwrite":false,"comment":"AP Moritz Jung / requested via Teams by Justinas Garipovas (LT)","content":"hosting.vcec.cloud","created_on":"2025-08-01T06:14:03.027708Z","data":[],"hostname":"esa-uf-nc.vcec.cloud","id":"9526e96e4d54501ab64c1c8c0f0a10eb","metadata":{},"modified_on":"2026-01-28T11:57:11.472676Z","name":"esa-uf-nc","priority":null,"proxiable":true,"proxied":true,"tags":["tf-managed"],"timeouts":null,"ttl":1,"type":"CNAME","value":null,"zone_id":"09e62c791da990d8ebbf1a531d1d3efa"},"sensitive_values":{"data":[],"metadata":{},"tags":[false]},"depends_on":["data.cloudflare_zone.vcec_cloud"]},{"address":"cloudflare_record.records_vcec_cloud[\"CNAME_esa-uf-stage_94add1be5e483b391d269402cc52a8ee\"]","mode":"managed","type":"cloudflare_record","name":"records_vcec_cloud","index":"CNAME_esa-uf-stage_94add1be5e483b391d269402cc52a8ee","provider_name":"registry.terraform.io/cloudflare/cloudflare","schema_version":3,"values":{"allow_overwrite":false,"comment":"AP Moritz Jung / requested via Teams by Justinas Garipovas (LT)","content":"hosting.vcec.cloud","created_on":"2025-08-18T15:52:38.50508Z","data":[],"hostname":"esa-uf-stage.vcec.cloud","id":"9b32e92d6a23b1b1d9bc8b0e2d3b1dab","metadata":{},"modified_on":"2026-01-28T11:57:16.541396Z","name":"esa-uf-stage","priority":null,"proxiable":true,"proxied":true,"tags":["tf-managed"],"timeouts":null,"ttl":1,"type":"CNAME","value":null,"zone_id":"09e62c791da990d8ebbf1a531d1d3efa"},"sensitive_values":{"data":[],"metadata":{},"tags":[false]},"depends_on":["data.cloudflare_zone.vcec_cloud"]},{"address":"cloudflare_record.records_vcec_cloud[\"CNAME_glue-backend-de-b2b-spryker_94add1be5e483b391d269402cc52a8ee\"]","mode":"managed","type":"cloudflare_record","name":"records_vcec_cloud","index":"CNAME_glue-backend-de-b2b-spryker_94add1be5e483b391d269402cc52a8ee","provider_name":"registry.terraform.io/cloudflare/cloudflare","schema_version":3,"values":{"allow_overwrite":false,"comment":"AP Jurij Pfeiffer / Dennis Bluemer","content":"hosting.vcec.cloud","created_on":"2024-07-25T13:05:53.691063Z","data":[],"hostname":"glue-backend-de-b2b-spryker.vcec.cloud","id":"c8dc4ef202374ecc54e9269a95334e2f","metadata":{},"modified_on":"2026-01-28T11:57:22.042613Z","name":"glue-backend-de-b2b-spryker","priority":null,"proxiable":true,"proxied":true,"tags":["tf-managed"],"timeouts":null,"ttl":1,"type":"CNAME","value":null,"zone_id":"09e62c791da990d8ebbf1a531d1d3efa"},"sensitive_values":{"data":[],"metadata":{},"tags":[false]},"depends_on":["data.cloudflare_zone.vcec_cloud"]},{"address":"cloudflare_record.records_vcec_cloud[\"CNAME_glue-backend-de-b2b-tracking_94add1be5e483b391d269402cc52a8ee\"]","mode":"managed","type":"cloudflare_record","name":"records_vcec_cloud","index":"CNAME_glue-backend-de-b2b-tracking_94add1be5e483b391d269402cc52a8ee","provider_name":"registry.terraform.io/cloudflare/cloudflare","schema_version":3,"values":{"allow_overwrite":false,"comment":"AP Dusting Recko / #51728146","content":"hosting.vcec.cloud","created_on":"2024-09-20T09:44:11.166433Z","data":[],"hostname":"glue-backend-de-b2b-tracking.vcec.cloud","id":"43c2268f82d1be922ca3ca8d3a80e3f3","metadata":{},"modified_on":"2026-01-28T11:57:08.262113Z","name":"glue-backend-de-b2b-tracking","priority":null,"proxiable":true,"proxied":true,"tags":["tf-managed"],"timeouts":null,"ttl":1,"type":"CNAME","value":null,"zone_id":"09e62c791da990d8ebbf1a531d1d3efa"},"sensitive_values":{"data":[],"metadata":{},"tags":[false]},"depends_on":["data.cloudflare_zone.vcec_cloud"]},{"address":"cloudflare_record.records_vcec_cloud[\"CNAME_glue-backend-de-b2c-spryker_94add1be5e483b391d269402cc52a8ee\"]","mode":"managed","type":"cloudflare_record","name":"records_vcec_cloud","index":"CNAME_glue-backend-de-b2c-spryker_94add1be5e483b391d269402cc52a8ee","provider_name":"registry.terraform.io/cloudflare/cloudflare","schema_version":3,"values":{"allow_overwrite":false,"comment":"AP Jurij Pfeiffer / Dennis Bluemer","content":"hosting.vcec.cloud","created_on":"2024-07-25T06:10:08.140353Z","data":[],"hostname":"glue-backend-de-b2c-spryker.vcec.cloud","id":"1b570790f87db6c3a31308688e339e95","metadata":{},"modified_on":"2026-01-28T11:57:17.348446Z","name":"glue-backend-de-b2c-spryker","priority":null,"proxiable":true,"proxied":true,"tags":["tf-managed"],"timeouts":null,"ttl":1,"type":"CNAME","value":null,"zone_id":"09e62c791da990d8ebbf1a531d1d3efa"},"sensitive_values":{"data":[],"metadata":{},"tags":[false]},"depends_on":["data.cloudflare_zone.vcec_cloud"]},{"address":"cloudflare_record.records_vcec_cloud[\"CNAME_glue-de-b2b-spryker_94add1be5e483b391d269402cc52a8ee\"]","mode":"managed","type":"cloudflare_record","name":"records_vcec_cloud","index":"CNAME_glue-de-b2b-spryker_94add1be5e483b391d269402cc52a8ee","provider_name":"registry.terraform.io/cloudflare/cloudflare","schema_version":3,"values":{"allow_overwrite":false,"comment":"4me #47968953","content":"hosting.vcec.cloud","created_on":"2024-06-29T00:54:43.446336Z","data":[],"hostname":"glue-de-b2b-spryker.vcec.cloud","id":"db25725104fcce90261b60b051fbfcf6","metadata":{},"modified_on":"2026-01-28T11:56:48.259945Z","name":"glue-de-b2b-spryker","priority":null,"proxiable":true,"proxied":true,"tags":["tf-managed"],"timeouts":null,"ttl":1,"type":"CNAME","value":null,"zone_id":"09e62c791da990d8ebbf1a531d1d3efa"},"sensitive_values":{"data":[],"metadata":{},"tags":[false]},"depends_on":["data.cloudflare_zone.vcec_cloud"]},{"address":"cloudflare_record.records_vcec_cloud[\"CNAME_glue-de-b2b-tracking_94add1be5e483b391d269402cc52a8ee\"]","mode":"managed","type":"cloudflare_record","name":"records_vcec_cloud","index":"CNAME_glue-de-b2b-tracking_94add1be5e483b391d269402cc52a8ee","provider_name":"registry.terraform.io/cloudflare/cloudflare","schema_version":3,"values":{"allow_overwrite":false,"comment":"AP Dusting Recko / #51728146","content":"hosting.vcec.cloud","created_on":"2024-09-20T09:44:12.171018Z","data":[],"hostname":"glue-de-b2b-tracking.vcec.cloud","id":"0cc61eb1f91b0c657a13ebc0eb450ccc","metadata":{},"modified_on":"2026-01-28T11:56:53.391555Z","name":"glue-de-b2b-tracking","priority":null,"proxiable":true,"proxied":true,"tags":["tf-managed"],"timeouts":null,"ttl":1,"type":"CNAME","value":null,"zone_id":"09e62c791da990d8ebbf1a531d1d3efa"},"sensitive_values":{"data":[],"metadata":{},"tags":[false]},"depends_on":["data.cloudflare_zone.vcec_cloud"]},{"address":"cloudflare_record.records_vcec_cloud[\"CNAME_glue-de-b2c-spryker_94add1be5e483b391d269402cc52a8ee\"]","mode":"managed","type":"cloudflare_record","name":"records_vcec_cloud","index":"CNAME_glue-de-b2c-spryker_94add1be5e483b391d269402cc52a8ee","provider_name":"registry.terraform.io/cloudflare/cloudflare","schema_version":3,"values":{"allow_overwrite":false,"comment":"AP Jurij Pfeiffer / Dennis Bluemer","content":"hosting.vcec.cloud","created_on":"2024-07-24T13:34:46.916348Z","data":[],"hostname":"glue-de-b2c-spryker.vcec.cloud","id":"15b76779da75ed54140bf3bf215d161b","metadata":{},"modified_on":"2026-01-28T11:57:31.700699Z","name":"glue-de-b2c-spryker","priority":null,"proxiable":true,"proxied":true,"tags":["tf-managed"],"timeouts":null,"ttl":1,"type":"CNAME","value":null,"zone_id":"09e62c791da990d8ebbf1a531d1d3efa"},"sensitive_values":{"data":[],"metadata":{},"tags":[false]},"depends_on":["data.cloudflare_zone.vcec_cloud"]},{"address":"cloudflare_record.records_vcec_cloud[\"CNAME_glue-storefront-de-b2b-spryker_94add1be5e483b391d269402cc52a8ee\"]","mode":"managed","type":"cloudflare_record","name":"records_vcec_cloud","index":"CNAME_glue-storefront-de-b2b-spryker_94add1be5e483b391d269402cc52a8ee","provider_name":"registry.terraform.io/cloudflare/cloudflare","schema_version":3,"values":{"allow_overwrite":false,"comment":"AP Jurij Pfeiffer / Dennis Bluemer","content":"hosting.vcec.cloud","created_on":"2024-07-25T13:05:53.740461Z","data":[],"hostname":"glue-storefront-de-b2b-spryker.vcec.cloud","id":"5793e8fc700ae5432c76421dcb8605c5","metadata":{},"modified_on":"2026-01-28T11:57:16.718103Z","name":"glue-storefront-de-b2b-spryker","priority":null,"proxiable":true,"proxied":true,"tags":["tf-managed"],"timeouts":null,"ttl":1,"type":"CNAME","value":null,"zone_id":"09e62c791da990d8ebbf1a531d1d3efa"},"sensitive_values":{"data":[],"metadata":{},"tags":[false]},"depends_on":["data.cloudflare_zone.vcec_cloud"]},{"address":"cloudflare_record.records_vcec_cloud[\"CNAME_glue-storefront-de-b2b-tracking_94add1be5e483b391d269402cc52a8ee\"]","mode":"managed","type":"cloudflare_record","name":"records_vcec_cloud","index":"CNAME_glue-storefront-de-b2b-tracking_94add1be5e483b391d269402cc52a8ee","provider_name":"registry.terraform.io/cloudflare/cloudflare","schema_version":3,"values":{"allow_overwrite":false,"comment":"AP Dusting Recko / #51728146","content":"hosting.vcec.cloud","created_on":"2024-09-20T09:44:11.92653Z","data":[],"hostname":"glue-storefront-de-b2b-tracking.vcec.cloud","id":"88d93afa4eb16d1d7d9ea78a8b8e0e9e","metadata":{},"modified_on":"2026-01-28T11:57:13.225947Z","name":"glue-storefront-de-b2b-tracking","priority":null,"proxiable":true,"proxied":true,"tags":["tf-managed"],"timeouts":null,"ttl":1,"type":"CNAME","value":null,"zone_id":"09e62c791da990d8ebbf1a531d1d3efa"},"sensitive_values":{"data":[],"metadata":{},"tags":[false]},"depends_on":["data.cloudflare_zone.vcec_cloud"]},{"address":"cloudflare_record.records_vcec_cloud[\"CNAME_glue-storefront-de-b2c-spryker_94add1be5e483b391d269402cc52a8ee\"]","mode":"managed","type":"cloudflare_record","name":"records_vcec_cloud","index":"CNAME_glue-storefront-de-b2c-spryker_94add1be5e483b391d269402cc52a8ee","provider_name":"registry.terraform.io/cloudflare/cloudflare","schema_version":3,"values":{"allow_overwrite":false,"comment":"AP Jurij Pfeiffer / Dennis Bluemer","content":"hosting.vcec.cloud","created_on":"2024-07-25T06:10:08.025385Z","data":[],"hostname":"glue-storefront-de-b2c-spryker.vcec.cloud","id":"97ab5b76ad8efbf5f2a2713b1662e73e","metadata":{},"modified_on":"2026-01-28T11:57:23.021985Z","name":"glue-storefront-de-b2c-spryker","priority":null,"proxiable":true,"proxied":true,"tags":["tf-managed"],"timeouts":null,"ttl":1,"type":"CNAME","value":null,"zone_id":"09e62c791da990d8ebbf1a531d1d3efa"},"sensitive_values":{"data":[],"metadata":{},"tags":[false]},"depends_on":["data.cloudflare_zone.vcec_cloud"]},{"address":"cloudflare_record.records_vcec_cloud[\"CNAME_it-tools_94add1be5e483b391d269402cc52a8ee\"]","mode":"managed","type":"cloudflare_record","name":"records_vcec_cloud","index":"CNAME_it-tools_94add1be5e483b391d269402cc52a8ee","provider_name":"registry.terraform.io/cloudflare/cloudflare","schema_version":3,"values":{"allow_overwrite":false,"comment":"AP Nikias Herzhauser","content":"hosting.vcec.cloud","created_on":"2024-08-05T13:29:36.130816Z","data":[],"hostname":"it-tools.vcec.cloud","id":"9113d69c3559ef73267e4ec9bc440b84","metadata":{},"modified_on":"2026-01-28T11:57:11.273203Z","name":"it-tools","priority":null,"proxiable":true,"proxied":true,"tags":["tf-managed"],"timeouts":null,"ttl":1,"type":"CNAME","value":null,"zone_id":"09e62c791da990d8ebbf1a531d1d3efa"},"sensitive_values":{"data":[],"metadata":{},"tags":[false]},"depends_on":["data.cloudflare_zone.vcec_cloud"]},{"address":"cloudflare_record.records_vcec_cloud[\"CNAME_kpi-cockpit-api_94add1be5e483b391d269402cc52a8ee\"]","mode":"managed","type":"cloudflare_record","name":"records_vcec_cloud","index":"CNAME_kpi-cockpit-api_94add1be5e483b391d269402cc52a8ee","provider_name":"registry.terraform.io/cloudflare/cloudflare","schema_version":3,"values":{"allow_overwrite":false,"comment":"AP Michael Blum / Martin Sehlleier | QA KPI Cockpit","content":"hosting.vcec.cloud","created_on":"2022-08-21T08:00:54.442784Z","data":[],"hostname":"kpi-cockpit-api.vcec.cloud","id":"0abf496fda642860bc92ae6a748e0b2f","metadata":{},"modified_on":"2026-01-28T11:57:01.572497Z","name":"kpi-cockpit-api","priority":null,"proxiable":true,"proxied":true,"tags":["tf-managed"],"timeouts":null,"ttl":1,"type":"CNAME","value":null,"zone_id":"09e62c791da990d8ebbf1a531d1d3efa"},"sensitive_values":{"data":[],"metadata":{},"tags":[false]},"depends_on":["data.cloudflare_zone.vcec_cloud"]},{"address":"cloudflare_record.records_vcec_cloud[\"CNAME_kpi-cockpit-v2_94add1be5e483b391d269402cc52a8ee\"]","mode":"managed","type":"cloudflare_record","name":"records_vcec_cloud","index":"CNAME_kpi-cockpit-v2_94add1be5e483b391d269402cc52a8ee","provider_name":"registry.terraform.io/cloudflare/cloudflare","schema_version":3,"values":{"allow_overwrite":false,"comment":"AP Michael Blum / Martin Sehlleier | QA KPI Cockpit","content":"hosting.vcec.cloud","created_on":"2023-11-09T09:49:13.311991Z","data":[],"hostname":"kpi-cockpit-v2.vcec.cloud","id":"8ec1aa799990653ca5c67220e58e189f","metadata":{},"modified_on":"2026-01-28T11:56:51.243759Z","name":"kpi-cockpit-v2","priority":null,"proxiable":true,"proxied":true,"tags":["tf-managed"],"timeouts":null,"ttl":1,"type":"CNAME","value":null,"zone_id":"09e62c791da990d8ebbf1a531d1d3efa"},"sensitive_values":{"data":[],"metadata":{},"tags":[false]},"depends_on":["data.cloudflare_zone.vcec_cloud"]},{"address":"cloudflare_record.records_vcec_cloud[\"CNAME_kpi-cockpit_94add1be5e483b391d269402cc52a8ee\"]","mode":"managed","type":"cloudflare_record","name":"records_vcec_cloud","index":"CNAME_kpi-cockpit_94add1be5e483b391d269402cc52a8ee","provider_name":"registry.terraform.io/cloudflare/cloudflare","schema_version":3,"values":{"allow_overwrite":false,"comment":"AP Michael Blum / Martin Sehlleier | QA KPI Cockpit","content":"hosting.vcec.cloud","created_on":"2022-08-21T08:00:54.23783Z","data":[],"hostname":"kpi-cockpit.vcec.cloud","id":"433577b3b55435308d30080f4e34fb8b","metadata":{},"modified_on":"2026-01-28T11:57:06.821288Z","name":"kpi-cockpit","priority":null,"proxiable":true,"proxied":true,"tags":["tf-managed"],"timeouts":null,"ttl":1,"type":"CNAME","value":null,"zone_id":"09e62c791da990d8ebbf1a531d1d3efa"},"sensitive_values":{"data":[],"metadata":{},"tags":[false]},"depends_on":["data.cloudflare_zone.vcec_cloud"]},{"address":"cloudflare_record.records_vcec_cloud[\"CNAME_l_94add1be5e483b391d269402cc52a8ee\"]","mode":"managed","type":"cloudflare_record","name":"records_vcec_cloud","index":"CNAME_l_94add1be5e483b391d269402cc52a8ee","provider_name":"registry.terraform.io/cloudflare/cloudflare","schema_version":3,"values":{"allow_overwrite":false,"comment":"AP Phillip Schleicher | Link Shortener","content":"hosting.vcec.cloud","created_on":"2023-07-10T08:26:59.029225Z","data":[],"hostname":"l.vcec.cloud","id":"c6725960cbc40b7a07673f85b4f9411c","metadata":{},"modified_on":"2026-01-28T11:57:31.53012Z","name":"l","priority":null,"proxiable":true,"proxied":true,"tags":["tf-managed"],"timeouts":null,"ttl":1,"type":"CNAME","value":null,"zone_id":"09e62c791da990d8ebbf1a531d1d3efa"},"sensitive_values":{"data":[],"metadata":{},"tags":[false]},"depends_on":["data.cloudflare_zone.vcec_cloud"]},{"address":"cloudflare_record.records_vcec_cloud[\"CNAME_link_94add1be5e483b391d269402cc52a8ee\"]","mode":"managed","type":"cloudflare_record","name":"records_vcec_cloud","index":"CNAME_link_94add1be5e483b391d269402cc52a8ee","provider_name":"registry.terraform.io/cloudflare/cloudflare","schema_version":3,"values":{"allow_overwrite":false,"comment":"AP Phillip Schleicher | Link Shortener","content":"hosting.vcec.cloud","created_on":"2024-06-20T19:01:21.349579Z","data":[],"hostname":"link.vcec.cloud","id":"e5d843b0ed6fd99b44a5c0a5f70f708f","metadata":{},"modified_on":"2026-01-28T11:56:57.089292Z","name":"link","priority":null,"proxiable":true,"proxied":true,"tags":["tf-managed"],"timeouts":null,"ttl":1,"type":"CNAME","value":null,"zone_id":"09e62c791da990d8ebbf1a531d1d3efa"},"sensitive_values":{"data":[],"metadata":{},"tags":[false]},"depends_on":["data.cloudflare_zone.vcec_cloud"]},{"address":"cloudflare_record.records_vcec_cloud[\"CNAME_lobster-admin_94add1be5e483b391d269402cc52a8ee\"]","mode":"managed","type":"cloudflare_record","name":"records_vcec_cloud","index":"CNAME_lobster-admin_94add1be5e483b391d269402cc52a8ee","provider_name":"registry.terraform.io/cloudflare/cloudflare","schema_version":3,"values":{"allow_overwrite":false,"comment":"AP Dennis Bluemer / Joerg Leigers | Lobster","content":"hosting.vcec.cloud","created_on":"2024-08-07T07:30:09.339057Z","data":[],"hostname":"lobster-admin.vcec.cloud","id":"1884f9774a79946b0c18217fc4d55f29","metadata":{},"modified_on":"2026-01-28T11:56:47.777374Z","name":"lobster-admin","priority":null,"proxiable":true,"proxied":false,"tags":["tf-managed"],"timeouts":null,"ttl":600,"type":"CNAME","value":null,"zone_id":"09e62c791da990d8ebbf1a531d1d3efa"},"sensitive_values":{"data":[],"metadata":{},"tags":[false]},"depends_on":["data.cloudflare_zone.vcec_cloud"]},{"address":"cloudflare_record.records_vcec_cloud[\"CNAME_lobster-dmz_94add1be5e483b391d269402cc52a8ee\"]","mode":"managed","type":"cloudflare_record","name":"records_vcec_cloud","index":"CNAME_lobster-dmz_94add1be5e483b391d269402cc52a8ee","provider_name":"registry.terraform.io/cloudflare/cloudflare","schema_version":3,"values":{"allow_overwrite":false,"comment":"AP Joerg Leigers / #68234526","content":"hosting.vcec.cloud","created_on":"2025-11-07T19:03:52.087132Z","data":[],"hostname":"lobster-dmz.vcec.cloud","id":"14407f932e69b9b7a14e51115f6ba95e","metadata":{},"modified_on":"2026-01-28T11:56:52.959723Z","name":"lobster-dmz","priority":null,"proxiable":true,"proxied":false,"tags":["tf-managed"],"timeouts":null,"ttl":600,"type":"CNAME","value":null,"zone_id":"09e62c791da990d8ebbf1a531d1d3efa"},"sensitive_values":{"data":[],"metadata":{},"tags":[false]},"depends_on":["data.cloudflare_zone.vcec_cloud"]},{"address":"cloudflare_record.records_vcec_cloud[\"CNAME_lobster-prod_94add1be5e483b391d269402cc52a8ee\"]","mode":"managed","type":"cloudflare_record","name":"records_vcec_cloud","index":"CNAME_lobster-prod_94add1be5e483b391d269402cc52a8ee","provider_name":"registry.terraform.io/cloudflare/cloudflare","schema_version":3,"values":{"allow_overwrite":false,"comment":"AP Joerg Leigers / #68234526","content":"hosting.vcec.cloud","created_on":"2025-11-07T19:03:52.585782Z","data":[],"hostname":"lobster-prod.vcec.cloud","id":"f091305114a30414ceb040b1edf939b8","metadata":{},"modified_on":"2026-01-28T11:57:03.533549Z","name":"lobster-prod","priority":null,"proxiable":true,"proxied":false,"tags":["tf-managed"],"timeouts":null,"ttl":600,"type":"CNAME","value":null,"zone_id":"09e62c791da990d8ebbf1a531d1d3efa"},"sensitive_values":{"data":[],"metadata":{},"tags":[false]},"depends_on":["data.cloudflare_zone.vcec_cloud"]},{"address":"cloudflare_record.records_vcec_cloud[\"CNAME_lobster-test_94add1be5e483b391d269402cc52a8ee\"]","mode":"managed","type":"cloudflare_record","name":"records_vcec_cloud","index":"CNAME_lobster-test_94add1be5e483b391d269402cc52a8ee","provider_name":"registry.terraform.io/cloudflare/cloudflare","schema_version":3,"values":{"allow_overwrite":false,"comment":"AP Joerg Leigers / #68234526","content":"hosting.vcec.cloud","created_on":"2025-11-07T19:03:52.343534Z","data":[],"hostname":"lobster-test.vcec.cloud","id":"07112f7f21c0da5ac40278bc83636ee1","metadata":{},"modified_on":"2026-01-28T11:57:11.747447Z","name":"lobster-test","priority":null,"proxiable":true,"proxied":false,"tags":["tf-managed"],"timeouts":null,"ttl":600,"type":"CNAME","value":null,"zone_id":"09e62c791da990d8ebbf1a531d1d3efa"},"sensitive_values":{"data":[],"metadata":{},"tags":[false]},"depends_on":["data.cloudflare_zone.vcec_cloud"]},{"address":"cloudflare_record.records_vcec_cloud[\"CNAME_mail-b2b-spryker_94add1be5e483b391d269402cc52a8ee\"]","mode":"managed","type":"cloudflare_record","name":"records_vcec_cloud","index":"CNAME_mail-b2b-spryker_94add1be5e483b391d269402cc52a8ee","provider_name":"registry.terraform.io/cloudflare/cloudflare","schema_version":3,"values":{"allow_overwrite":false,"comment":"AP Rafal Wesolowski / Dennis Bluemer / #54711303","content":"hosting.vcec.cloud","created_on":"2024-12-05T14:49:04.294409Z","data":[],"hostname":"mail-b2b-spryker.vcec.cloud","id":"d19e06ca0986c7f08efcbfc55a1af658","metadata":{},"modified_on":"2026-01-28T11:57:06.781575Z","name":"mail-b2b-spryker","priority":null,"proxiable":true,"proxied":true,"tags":["tf-managed"],"timeouts":null,"ttl":1,"type":"CNAME","value":null,"zone_id":"09e62c791da990d8ebbf1a531d1d3efa"},"sensitive_values":{"data":[],"metadata":{},"tags":[false]},"depends_on":["data.cloudflare_zone.vcec_cloud"]},{"address":"cloudflare_record.records_vcec_cloud[\"CNAME_mail-b2c-spryker_94add1be5e483b391d269402cc52a8ee\"]","mode":"managed","type":"cloudflare_record","name":"records_vcec_cloud","index":"CNAME_mail-b2c-spryker_94add1be5e483b391d269402cc52a8ee","provider_name":"registry.terraform.io/cloudflare/cloudflare","schema_version":3,"values":{"allow_overwrite":false,"comment":"AP Rafal Wesolowski / Dennis Bluemer / #54711303","content":"hosting.vcec.cloud","created_on":"2024-12-05T13:47:02.824015Z","data":[],"hostname":"mail-b2c-spryker.vcec.cloud","id":"b0a8a47624f4ac4ea3f05170d9502afe","metadata":{},"modified_on":"2026-01-28T11:57:28.304439Z","name":"mail-b2c-spryker","priority":null,"proxiable":true,"proxied":true,"tags":["tf-managed"],"timeouts":null,"ttl":1,"type":"CNAME","value":null,"zone_id":"09e62c791da990d8ebbf1a531d1d3efa"},"sensitive_values":{"data":[],"metadata":{},"tags":[false]},"depends_on":["data.cloudflare_zone.vcec_cloud"]},{"address":"cloudflare_record.records_vcec_cloud[\"CNAME_mailpit.hosting_94add1be5e483b391d269402cc52a8ee\"]","mode":"managed","type":"cloudflare_record","name":"records_vcec_cloud","index":"CNAME_mailpit.hosting_94add1be5e483b391d269402cc52a8ee","provider_name":"registry.terraform.io/cloudflare/cloudflare","schema_version":3,"values":{"allow_overwrite":false,"comment":"AP Phillip Schleicher | Mailcatcher for NC Cloud","content":"hosting.vcec.cloud","created_on":"2024-06-20T05:15:30.788375Z","data":[],"hostname":"mailpit.hosting.vcec.cloud","id":"8423fe2b4b50ae0432e4cd612f4ddb48","metadata":{},"modified_on":"2026-01-28T11:57:07.261271Z","name":"mailpit.hosting","priority":null,"proxiable":true,"proxied":false,"tags":["tf-managed"],"timeouts":null,"ttl":600,"type":"CNAME","value":null,"zone_id":"09e62c791da990d8ebbf1a531d1d3efa"},"sensitive_values":{"data":[],"metadata":{},"tags":[false]},"depends_on":["data.cloudflare_zone.vcec_cloud"]},{"address":"cloudflare_record.records_vcec_cloud[\"CNAME_manage.hosting_94add1be5e483b391d269402cc52a8ee\"]","mode":"managed","type":"cloudflare_record","name":"records_vcec_cloud","index":"CNAME_manage.hosting_94add1be5e483b391d269402cc52a8ee","provider_name":"registry.terraform.io/cloudflare/cloudflare","schema_version":3,"values":{"allow_overwrite":false,"comment":"AP Phillip Schleicher | Jenkins","content":"hosting.vcec.cloud","created_on":"2024-08-24T10:36:35.164662Z","data":[],"hostname":"manage.hosting.vcec.cloud","id":"c232524007b9df4596a3cf3cbecaf466","metadata":{},"modified_on":"2026-01-28T11:57:21.786571Z","name":"manage.hosting","priority":null,"proxiable":true,"proxied":false,"tags":["tf-managed"],"timeouts":null,"ttl":600,"type":"CNAME","value":null,"zone_id":"09e62c791da990d8ebbf1a531d1d3efa"},"sensitive_values":{"data":[],"metadata":{},"tags":[false]},"depends_on":["data.cloudflare_zone.vcec_cloud"]},{"address":"cloudflare_record.records_vcec_cloud[\"CNAME_monit.hosting_94add1be5e483b391d269402cc52a8ee\"]","mode":"managed","type":"cloudflare_record","name":"records_vcec_cloud","index":"CNAME_monit.hosting_94add1be5e483b391d269402cc52a8ee","provider_name":"registry.terraform.io/cloudflare/cloudflare","schema_version":3,"values":{"allow_overwrite":false,"comment":"AP Martin Sehlleier | OpenSearch Log Monitoring","content":"hosting.vcec.cloud","created_on":"2025-07-11T11:57:21.641444Z","data":[],"hostname":"monit.hosting.vcec.cloud","id":"fdeefa07c817cfd2b4260111471361bb","metadata":{},"modified_on":"2026-01-28T11:57:28.000881Z","name":"monit.hosting","priority":null,"proxiable":true,"proxied":false,"tags":["tf-managed"],"timeouts":null,"ttl":600,"type":"CNAME","value":null,"zone_id":"09e62c791da990d8ebbf1a531d1d3efa"},"sensitive_values":{"data":[],"metadata":{},"tags":[false]},"depends_on":["data.cloudflare_zone.vcec_cloud"]},{"address":"cloudflare_record.records_vcec_cloud[\"CNAME_node1.pve.hosting_94add1be5e483b391d269402cc52a8ee\"]","mode":"managed","type":"cloudflare_record","name":"records_vcec_cloud","index":"CNAME_node1.pve.hosting_94add1be5e483b391d269402cc52a8ee","provider_name":"registry.terraform.io/cloudflare/cloudflare","schema_version":3,"values":{"allow_overwrite":false,"comment":"AP Phillip Schleicher / Proxmox","content":"hosting.vcec.cloud","created_on":"2025-02-22T18:40:58.866877Z","data":[],"hostname":"node1.pve.hosting.vcec.cloud","id":"3e738a0196ee63de9708a20bc939b92c","metadata":{},"modified_on":"2026-01-28T11:57:27.268543Z","name":"node1.pve.hosting","priority":null,"proxiable":true,"proxied":false,"tags":["tf-managed"],"timeouts":null,"ttl":600,"type":"CNAME","value":null,"zone_id":"09e62c791da990d8ebbf1a531d1d3efa"},"sensitive_values":{"data":[],"metadata":{},"tags":[false]},"depends_on":["data.cloudflare_zone.vcec_cloud"]},{"address":"cloudflare_record.records_vcec_cloud[\"CNAME_pdf_94add1be5e483b391d269402cc52a8ee\"]","mode":"managed","type":"cloudflare_record","name":"records_vcec_cloud","index":"CNAME_pdf_94add1be5e483b391d269402cc52a8ee","provider_name":"registry.terraform.io/cloudflare/cloudflare","schema_version":3,"values":{"allow_overwrite":false,"comment":"AP Nikias Herzhauser | Stirling PDF","content":"hosting.vcec.cloud","created_on":"2024-07-15T07:16:17.690875Z","data":[],"hostname":"pdf.vcec.cloud","id":"abf1abeefc3454a0a6a9b7fb342019c5","metadata":{},"modified_on":"2026-01-28T11:57:32.454792Z","name":"pdf","priority":null,"proxiable":true,"proxied":true,"tags":["tf-managed"],"timeouts":null,"ttl":1,"type":"CNAME","value":null,"zone_id":"09e62c791da990d8ebbf1a531d1d3efa"},"sensitive_values":{"data":[],"metadata":{},"tags":[false]},"depends_on":["data.cloudflare_zone.vcec_cloud"]},{"address":"cloudflare_record.records_vcec_cloud[\"CNAME_prod-benz-sport.cust-benz_61083eb11629eb050eeaaa0bf2c32962\"]","mode":"managed","type":"cloudflare_record","name":"records_vcec_cloud","index":"CNAME_prod-benz-sport.cust-benz_61083eb11629eb050eeaaa0bf2c32962","provider_name":"registry.terraform.io/cloudflare/cloudflare","schema_version":3,"values":{"allow_overwrite":false,"comment":"AP Zoia Funtasova / Phillip Schleicher","content":"prod.cust-benz.vcec.cloud","created_on":"2025-09-30T12:50:18.620959Z","data":[],"hostname":"prod-benz-sport.cust-benz.vcec.cloud","id":"e3b593cedfeecf5268b57ac0de49d675","metadata":{},"modified_on":"2026-01-28T11:56:58.778599Z","name":"prod-benz-sport.cust-benz","priority":null,"proxiable":true,"proxied":false,"tags":["tf-managed"],"timeouts":null,"ttl":600,"type":"CNAME","value":null,"zone_id":"09e62c791da990d8ebbf1a531d1d3efa"},"sensitive_values":{"data":[],"metadata":{},"tags":[false]},"depends_on":["data.cloudflare_zone.vcec_cloud"]},{"address":"cloudflare_record.records_vcec_cloud[\"CNAME_pwx_94add1be5e483b391d269402cc52a8ee\"]","mode":"managed","type":"cloudflare_record","name":"records_vcec_cloud","index":"CNAME_pwx_94add1be5e483b391d269402cc52a8ee","provider_name":"registry.terraform.io/cloudflare/cloudflare","schema_version":3,"values":{"allow_overwrite":false,"comment":"AP Phillip Schleicher | Yopass","content":"hosting.vcec.cloud","created_on":"2023-03-14T19:26:29.386199Z","data":[],"hostname":"pwx.vcec.cloud","id":"c77c80c314cf74a36faac2cb9fddf2d9","metadata":{},"modified_on":"2026-01-28T11:57:07.804266Z","name":"pwx","priority":null,"proxiable":true,"proxied":true,"tags":["tf-managed"],"timeouts":null,"ttl":1,"type":"CNAME","value":null,"zone_id":"09e62c791da990d8ebbf1a531d1d3efa"},"sensitive_values":{"data":[],"metadata":{},"tags":[false]},"depends_on":["data.cloudflare_zone.vcec_cloud"]},{"address":"cloudflare_record.records_vcec_cloud[\"CNAME_ridetogether-api_94add1be5e483b391d269402cc52a8ee\"]","mode":"managed","type":"cloudflare_record","name":"records_vcec_cloud","index":"CNAME_ridetogether-api_94add1be5e483b391d269402cc52a8ee","provider_name":"registry.terraform.io/cloudflare/cloudflare","schema_version":3,"values":{"allow_overwrite":false,"comment":"AP Rafal Wesolowski / #59058346","content":"hosting.vcec.cloud","created_on":"2025-03-26T12:29:52.827439Z","data":[],"hostname":"ridetogether-api.vcec.cloud","id":"723f961fae0c3f862391200d9114394f","metadata":{},"modified_on":"2026-01-28T11:56:51.808224Z","name":"ridetogether-api","priority":null,"proxiable":true,"proxied":false,"tags":["tf-managed"],"timeouts":null,"ttl":600,"type":"CNAME","value":null,"zone_id":"09e62c791da990d8ebbf1a531d1d3efa"},"sensitive_values":{"data":[],"metadata":{},"tags":[false]},"depends_on":["data.cloudflare_zone.vcec_cloud"]},{"address":"cloudflare_record.records_vcec_cloud[\"CNAME_ridetogether_94add1be5e483b391d269402cc52a8ee\"]","mode":"managed","type":"cloudflare_record","name":"records_vcec_cloud","index":"CNAME_ridetogether_94add1be5e483b391d269402cc52a8ee","provider_name":"registry.terraform.io/cloudflare/cloudflare","schema_version":3,"values":{"allow_overwrite":false,"comment":"AP Rafal Wesolowski / #59058346","content":"hosting.vcec.cloud","created_on":"2025-03-26T12:29:52.83327Z","data":[],"hostname":"ridetogether.vcec.cloud","id":"6a408679fbc0e59d29ae5ced4d10038c","metadata":{},"modified_on":"2026-01-28T11:57:23.504908Z","name":"ridetogether","priority":null,"proxiable":true,"proxied":false,"tags":["tf-managed"],"timeouts":null,"ttl":600,"type":"CNAME","value":null,"zone_id":"09e62c791da990d8ebbf1a531d1d3efa"},"sensitive_values":{"data":[],"metadata":{},"tags":[false]},"depends_on":["data.cloudflare_zone.vcec_cloud"]},{"address":"cloudflare_record.records_vcec_cloud[\"CNAME_sgtm_94add1be5e483b391d269402cc52a8ee\"]","mode":"managed","type":"cloudflare_record","name":"records_vcec_cloud","index":"CNAME_sgtm_94add1be5e483b391d269402cc52a8ee","provider_name":"registry.terraform.io/cloudflare/cloudflare","schema_version":3,"values":{"allow_overwrite":false,"comment":"AP Dustin Recko | 4me #51728146","content":"hosting.vcec.cloud","created_on":"2024-10-01T06:00:45.589671Z","data":[],"hostname":"sgtm.vcec.cloud","id":"d42e86435ebd77c72569b426cc6cff53","metadata":{},"modified_on":"2026-01-28T11:57:27.534323Z","name":"sgtm","priority":null,"proxiable":true,"proxied":true,"tags":["tf-managed"],"timeouts":null,"ttl":1,"type":"CNAME","value":null,"zone_id":"09e62c791da990d8ebbf1a531d1d3efa"},"sensitive_values":{"data":[],"metadata":{},"tags":[false]},"depends_on":["data.cloudflare_zone.vcec_cloud"]},{"address":"cloudflare_record.records_vcec_cloud[\"CNAME_shopware-demo_94add1be5e483b391d269402cc52a8ee\"]","mode":"managed","type":"cloudflare_record","name":"records_vcec_cloud","index":"CNAME_shopware-demo_94add1be5e483b391d269402cc52a8ee","provider_name":"registry.terraform.io/cloudflare/cloudflare","schema_version":3,"values":{"allow_overwrite":false,"comment":"AP Phillip Schleicher","content":"hosting.vcec.cloud","created_on":"2024-10-09T07:07:12.636166Z","data":[],"hostname":"shopware-demo.vcec.cloud","id":"75919158942cac39d1d2a4dcde306b3b","metadata":{},"modified_on":"2026-01-28T11:56:58.301285Z","name":"shopware-demo","priority":null,"proxiable":true,"proxied":true,"tags":["tf-managed"],"timeouts":null,"ttl":1,"type":"CNAME","value":null,"zone_id":"09e62c791da990d8ebbf1a531d1d3efa"},"sensitive_values":{"data":[],"metadata":{},"tags":[false]},"depends_on":["data.cloudflare_zone.vcec_cloud"]},{"address":"cloudflare_record.records_vcec_cloud[\"CNAME_siem.hosting_94add1be5e483b391d269402cc52a8ee\"]","mode":"managed","type":"cloudflare_record","name":"records_vcec_cloud","index":"CNAME_siem.hosting_94add1be5e483b391d269402cc52a8ee","provider_name":"registry.terraform.io/cloudflare/cloudflare","schema_version":3,"values":{"allow_overwrite":false,"comment":"AP Phillip Schleicher | Wazuh","content":"hosting.vcec.cloud","created_on":"2025-03-26T16:37:41.941786Z","data":[],"hostname":"siem.hosting.vcec.cloud","id":"9b876dafc896acba8044e9556212d783","metadata":{},"modified_on":"2026-01-28T11:56:53.257173Z","name":"siem.hosting","priority":null,"proxiable":true,"proxied":false,"tags":["tf-managed"],"timeouts":null,"ttl":600,"type":"CNAME","value":null,"zone_id":"09e62c791da990d8ebbf1a531d1d3efa"},"sensitive_values":{"data":[],"metadata":{},"tags":[false]},"depends_on":["data.cloudflare_zone.vcec_cloud"]},{"address":"cloudflare_record.records_vcec_cloud[\"CNAME_slack-archive_94add1be5e483b391d269402cc52a8ee\"]","mode":"managed","type":"cloudflare_record","name":"records_vcec_cloud","index":"CNAME_slack-archive_94add1be5e483b391d269402cc52a8ee","provider_name":"registry.terraform.io/cloudflare/cloudflare","schema_version":3,"values":{"allow_overwrite":false,"comment":"AP Nikias Herzhauser | Slack Export","content":"hosting.vcec.cloud","created_on":"2025-07-03T11:55:44.566676Z","data":[],"hostname":"slack-archive.vcec.cloud","id":"9f8bc3f42e07d0c8dd7cbb21a6374222","metadata":{},"modified_on":"2026-01-28T11:56:43.083834Z","name":"slack-archive","priority":null,"proxiable":true,"proxied":false,"tags":["tf-managed"],"timeouts":null,"ttl":600,"type":"CNAME","value":null,"zone_id":"09e62c791da990d8ebbf1a531d1d3efa"},"sensitive_values":{"data":[],"metadata":{},"tags":[false]},"depends_on":["data.cloudflare_zone.vcec_cloud"]},{"address":"cloudflare_record.records_vcec_cloud[\"CNAME_stage-benz-sport.cust-benz_24bbb2750fad6ed68c67f34989c7a9fe\"]","mode":"managed","type":"cloudflare_record","name":"records_vcec_cloud","index":"CNAME_stage-benz-sport.cust-benz_24bbb2750fad6ed68c67f34989c7a9fe","provider_name":"registry.terraform.io/cloudflare/cloudflare","schema_version":3,"values":{"allow_overwrite":false,"comment":"AP Zoia Funtasova / Phillip Schleicher","content":"stage.cust-benz.vcec.cloud","created_on":"2025-09-30T12:50:18.710609Z","data":[],"hostname":"stage-benz-sport.cust-benz.vcec.cloud","id":"b8cf08f93525d1ffe3400c95b715ff1a","metadata":{},"modified_on":"2026-01-28T11:56:43.50185Z","name":"stage-benz-sport.cust-benz","priority":null,"proxiable":true,"proxied":false,"tags":["tf-managed"],"timeouts":null,"ttl":600,"type":"CNAME","value":null,"zone_id":"09e62c791da990d8ebbf1a531d1d3efa"},"sensitive_values":{"data":[],"metadata":{},"tags":[false]},"depends_on":["data.cloudflare_zone.vcec_cloud"]},{"address":"cloudflare_record.records_vcec_cloud[\"CNAME_subscribe-workflows-stage_94add1be5e483b391d269402cc52a8ee\"]","mode":"managed","type":"cloudflare_record","name":"records_vcec_cloud","index":"CNAME_subscribe-workflows-stage_94add1be5e483b391d269402cc52a8ee","provider_name":"registry.terraform.io/cloudflare/cloudflare","schema_version":3,"values":{"allow_overwrite":false,"comment":"AP Patrick Schönfeld | N8N AI Genesis Horizon","content":"hosting.vcec.cloud","created_on":"2025-07-17T10:51:39.611785Z","data":[],"hostname":"subscribe-workflows-stage.vcec.cloud","id":"0ac5c51ce5cd323291d94d56aa6120a9","metadata":{},"modified_on":"2026-01-28T11:57:16.366028Z","name":"subscribe-workflows-stage","priority":null,"proxiable":true,"proxied":true,"tags":["tf-managed"],"timeouts":null,"ttl":1,"type":"CNAME","value":null,"zone_id":"09e62c791da990d8ebbf1a531d1d3efa"},"sensitive_values":{"data":[],"metadata":{},"tags":[false]},"depends_on":["data.cloudflare_zone.vcec_cloud"]},{"address":"cloudflare_record.records_vcec_cloud[\"CNAME_subscribe-workflows_94add1be5e483b391d269402cc52a8ee\"]","mode":"managed","type":"cloudflare_record","name":"records_vcec_cloud","index":"CNAME_subscribe-workflows_94add1be5e483b391d269402cc52a8ee","provider_name":"registry.terraform.io/cloudflare/cloudflare","schema_version":3,"values":{"allow_overwrite":false,"comment":"AP Patrick Schönfeld | N8N AI Genesis Horizon","content":"hosting.vcec.cloud","created_on":"2025-05-30T16:03:12.521147Z","data":[],"hostname":"subscribe-workflows.vcec.cloud","id":"c371e6c931fde34723c82064e96ae241","metadata":{},"modified_on":"2026-01-28T11:56:46.276369Z","name":"subscribe-workflows","priority":null,"proxiable":true,"proxied":true,"tags":["tf-managed"],"timeouts":null,"ttl":1,"type":"CNAME","value":null,"zone_id":"09e62c791da990d8ebbf1a531d1d3efa"},"sensitive_values":{"data":[],"metadata":{},"tags":[false]},"depends_on":["data.cloudflare_zone.vcec_cloud"]},{"address":"cloudflare_record.records_vcec_cloud[\"CNAME_swagger-b2b-spryker_94add1be5e483b391d269402cc52a8ee\"]","mode":"managed","type":"cloudflare_record","name":"records_vcec_cloud","index":"CNAME_swagger-b2b-spryker_94add1be5e483b391d269402cc52a8ee","provider_name":"registry.terraform.io/cloudflare/cloudflare","schema_version":3,"values":{"allow_overwrite":false,"comment":"AP Jurij Pfeiffer / Dennis Bluemer","content":"hosting.vcec.cloud","created_on":"2024-07-25T13:05:54.01842Z","data":[],"hostname":"swagger-b2b-spryker.vcec.cloud","id":"22cd959ad03557a9e3b4510e7856546f","metadata":{},"modified_on":"2026-01-28T11:57:23.306176Z","name":"swagger-b2b-spryker","priority":null,"proxiable":true,"proxied":true,"tags":["tf-managed"],"timeouts":null,"ttl":1,"type":"CNAME","value":null,"zone_id":"09e62c791da990d8ebbf1a531d1d3efa"},"sensitive_values":{"data":[],"metadata":{},"tags":[false]},"depends_on":["data.cloudflare_zone.vcec_cloud"]},{"address":"cloudflare_record.records_vcec_cloud[\"CNAME_swagger-b2b-tracking_94add1be5e483b391d269402cc52a8ee\"]","mode":"managed","type":"cloudflare_record","name":"records_vcec_cloud","index":"CNAME_swagger-b2b-tracking_94add1be5e483b391d269402cc52a8ee","provider_name":"registry.terraform.io/cloudflare/cloudflare","schema_version":3,"values":{"allow_overwrite":false,"comment":"AP Dusting Recko / #51728146","content":"hosting.vcec.cloud","created_on":"2024-09-20T09:44:11.682892Z","data":[],"hostname":"swagger-b2b-tracking.vcec.cloud","id":"06504e32bf2cac9f38efd39ca49af5e3","metadata":{},"modified_on":"2026-01-28T11:57:21.528967Z","name":"swagger-b2b-tracking","priority":null,"proxiable":true,"proxied":true,"tags":["tf-managed"],"timeouts":null,"ttl":1,"type":"CNAME","value":null,"zone_id":"09e62c791da990d8ebbf1a531d1d3efa"},"sensitive_values":{"data":[],"metadata":{},"tags":[false]},"depends_on":["data.cloudflare_zone.vcec_cloud"]},{"address":"cloudflare_record.records_vcec_cloud[\"CNAME_swagger-b2c-spryker_94add1be5e483b391d269402cc52a8ee\"]","mode":"managed","type":"cloudflare_record","name":"records_vcec_cloud","index":"CNAME_swagger-b2c-spryker_94add1be5e483b391d269402cc52a8ee","provider_name":"registry.terraform.io/cloudflare/cloudflare","schema_version":3,"values":{"allow_overwrite":false,"comment":"AP Jurij Pfeiffer / Dennis Bluemer","content":"hosting.vcec.cloud","created_on":"2024-07-24T13:36:29.08336Z","data":[],"hostname":"swagger-b2c-spryker.vcec.cloud","id":"8b8ceb8cbe00098daf1ea63fb9e0ef10","metadata":{},"modified_on":"2026-01-28T11:56:56.766553Z","name":"swagger-b2c-spryker","priority":null,"proxiable":true,"proxied":true,"tags":["tf-managed"],"timeouts":null,"ttl":1,"type":"CNAME","value":null,"zone_id":"09e62c791da990d8ebbf1a531d1d3efa"},"sensitive_values":{"data":[],"metadata":{},"tags":[false]},"depends_on":["data.cloudflare_zone.vcec_cloud"]},{"address":"cloudflare_record.records_vcec_cloud[\"CNAME_vpn-fw.hosting_94add1be5e483b391d269402cc52a8ee\"]","mode":"managed","type":"cloudflare_record","name":"records_vcec_cloud","index":"CNAME_vpn-fw.hosting_94add1be5e483b391d269402cc52a8ee","provider_name":"registry.terraform.io/cloudflare/cloudflare","schema_version":3,"values":{"allow_overwrite":false,"comment":"AP Valentin Vlasov / ClientVPN","content":"hosting.vcec.cloud","created_on":"2025-02-15T10:45:49.038495Z","data":[],"hostname":"vpn-fw.hosting.vcec.cloud","id":"d1abb96955f2fdeb368ad968bd6052c5","metadata":{},"modified_on":"2026-01-28T11:56:56.538777Z","name":"vpn-fw.hosting","priority":null,"proxiable":true,"proxied":false,"tags":["tf-managed"],"timeouts":null,"ttl":600,"type":"CNAME","value":null,"zone_id":"09e62c791da990d8ebbf1a531d1d3efa"},"sensitive_values":{"data":[],"metadata":{},"tags":[false]},"depends_on":["data.cloudflare_zone.vcec_cloud"]},{"address":"cloudflare_record.records_vcec_cloud[\"CNAME_vpn.hosting_4aa828d64c3692f7af366a061b1e04dc\"]","mode":"managed","type":"cloudflare_record","name":"records_vcec_cloud","index":"CNAME_vpn.hosting_4aa828d64c3692f7af366a061b1e04dc","provider_name":"registry.terraform.io/cloudflare/cloudflare","schema_version":3,"values":{"allow_overwrite":false,"comment":"AP Valentin Vlasov / ClientVPN","content":"odin.hosting.vcec.cloud","created_on":"2025-02-15T10:45:49.221262Z","data":[],"hostname":"vpn.hosting.vcec.cloud","id":"5548fa9d6c08412db1acc951e6692b09","metadata":{},"modified_on":"2026-01-28T11:57:27.036121Z","name":"vpn.hosting","priority":null,"proxiable":true,"proxied":false,"tags":["tf-managed"],"timeouts":null,"ttl":600,"type":"CNAME","value":null,"zone_id":"09e62c791da990d8ebbf1a531d1d3efa"},"sensitive_values":{"data":[],"metadata":{},"tags":[false]},"depends_on":["data.cloudflare_zone.vcec_cloud"]},{"address":"cloudflare_record.records_vcec_cloud[\"CNAME_workflows-stage_940886a906e9ed866abc08359041d9d8\"]","mode":"managed","type":"cloudflare_record","name":"records_vcec_cloud","index":"CNAME_workflows-stage_940886a906e9ed866abc08359041d9d8","provider_name":"registry.terraform.io/cloudflare/cloudflare","schema_version":3,"values":{"allow_overwrite":false,"comment":"AP Patrick Schönfeld | N8N AI Genesis Horizon","content":"public.hosting.vcec.cloud","created_on":"2025-09-18T12:50:23.502893Z","data":[],"hostname":"workflows-stage.vcec.cloud","id":"6f0dccb99b290c7fc6a9c48ef63338af","metadata":{},"modified_on":"2026-01-28T11:57:18.211591Z","name":"workflows-stage","priority":null,"proxiable":true,"proxied":false,"tags":["tf-managed"],"timeouts":null,"ttl":600,"type":"CNAME","value":null,"zone_id":"09e62c791da990d8ebbf1a531d1d3efa"},"sensitive_values":{"data":[],"metadata":{},"tags":[false]},"depends_on":["data.cloudflare_zone.vcec_cloud"]},{"address":"cloudflare_record.records_vcec_cloud[\"CNAME_workflows_940886a906e9ed866abc08359041d9d8\"]","mode":"managed","type":"cloudflare_record","name":"records_vcec_cloud","index":"CNAME_workflows_940886a906e9ed866abc08359041d9d8","provider_name":"registry.terraform.io/cloudflare/cloudflare","schema_version":3,"values":{"allow_overwrite":false,"comment":"AP Patrick Schönfeld | N8N AI Genesis Horizon","content":"public.hosting.vcec.cloud","created_on":"2025-10-22T07:01:58.108404Z","data":[],"hostname":"workflows.vcec.cloud","id":"bb97736a03a38dbc909cb9a1d717f435","metadata":{},"modified_on":"2026-01-28T11:56:47.019115Z","name":"workflows","priority":null,"proxiable":true,"proxied":false,"tags":["tf-managed"],"timeouts":null,"ttl":600,"type":"CNAME","value":null,"zone_id":"09e62c791da990d8ebbf1a531d1d3efa"},"sensitive_values":{"data":[],"metadata":{},"tags":[false]},"depends_on":["data.cloudflare_zone.vcec_cloud"]},{"address":"cloudflare_record.records_vcec_cloud[\"CNAME_workoflow-mcp-stage_94add1be5e483b391d269402cc52a8ee\"]","mode":"managed","type":"cloudflare_record","name":"records_vcec_cloud","index":"CNAME_workoflow-mcp-stage_94add1be5e483b391d269402cc52a8ee","provider_name":"registry.terraform.io/cloudflare/cloudflare","schema_version":3,"values":{"allow_overwrite":false,"comment":"AP Patrick Schönfeld | N8N AI Genesis Horizon","content":"hosting.vcec.cloud","created_on":"2026-01-15T11:14:28.831111Z","data":[],"hostname":"workoflow-mcp-stage.vcec.cloud","id":"2be44422963911209b6d6e01a75f650f","metadata":{},"modified_on":"2026-01-28T11:56:51.976446Z","name":"workoflow-mcp-stage","priority":null,"proxiable":true,"proxied":true,"tags":["tf-managed"],"timeouts":null,"ttl":1,"type":"CNAME","value":null,"zone_id":"09e62c791da990d8ebbf1a531d1d3efa"},"sensitive_values":{"data":[],"metadata":{},"tags":[false]},"depends_on":["data.cloudflare_zone.vcec_cloud"]},{"address":"cloudflare_record.records_vcec_cloud[\"CNAME_workoflow-mcp_94add1be5e483b391d269402cc52a8ee\"]","mode":"managed","type":"cloudflare_record","name":"records_vcec_cloud","index":"CNAME_workoflow-mcp_94add1be5e483b391d269402cc52a8ee","provider_name":"registry.terraform.io/cloudflare/cloudflare","schema_version":3,"values":{"allow_overwrite":false,"comment":"AP Patrick Schönfeld | N8N AI Genesis Horizon","content":"hosting.vcec.cloud","created_on":"2026-01-15T11:14:28.703641Z","data":[],"hostname":"workoflow-mcp.vcec.cloud","id":"b64529045d4d356131dc2b4dfd9840e7","metadata":{},"modified_on":"2026-01-28T11:57:18.277921Z","name":"workoflow-mcp","priority":null,"proxiable":true,"proxied":true,"tags":["tf-managed"],"timeouts":null,"ttl":1,"type":"CNAME","value":null,"zone_id":"09e62c791da990d8ebbf1a531d1d3efa"},"sensitive_values":{"data":[],"metadata":{},"tags":[false]},"depends_on":["data.cloudflare_zone.vcec_cloud"]},{"address":"cloudflare_record.records_vcec_cloud[\"CNAME_www.employee-service-map_e3d3dd441850a0de530e598a0c323dbd\"]","mode":"managed","type":"cloudflare_record","name":"records_vcec_cloud","index":"CNAME_www.employee-service-map_e3d3dd441850a0de530e598a0c323dbd","provider_name":"registry.terraform.io/cloudflare/cloudflare","schema_version":3,"values":{"allow_overwrite":false,"comment":"AP Moritz Jung","content":"main-bvxea6i-3vdtazl5vfuta.de-2.platformsh.site","created_on":"2023-12-08T08:05:54.056065Z","data":[],"hostname":"www.employee-service-map.vcec.cloud","id":"ffcbc6e8da11424a54ef13ce71f4de3b","metadata":{},"modified_on":"2026-01-28T11:57:22.274086Z","name":"www.employee-service-map","priority":null,"proxiable":true,"proxied":false,"tags":["tf-managed"],"timeouts":null,"ttl":600,"type":"CNAME","value":null,"zone_id":"09e62c791da990d8ebbf1a531d1d3efa"},"sensitive_values":{"data":[],"metadata":{},"tags":[false]},"depends_on":["data.cloudflare_zone.vcec_cloud"]},{"address":"cloudflare_record.records_vcec_cloud[\"CNAME_www.prod.cust-fitzner_e65bce4b73d9e8bec24bb8156eca2b7b\"]","mode":"managed","type":"cloudflare_record","name":"records_vcec_cloud","index":"CNAME_www.prod.cust-fitzner_e65bce4b73d9e8bec24bb8156eca2b7b","provider_name":"registry.terraform.io/cloudflare/cloudflare","schema_version":3,"values":{"allow_overwrite":false,"comment":"AP Martin Sehlleier","content":"prod.cust-fitzner.vcec.cloud","created_on":"2025-09-17T16:15:31.677573Z","data":[],"hostname":"www.prod.cust-fitzner.vcec.cloud","id":"29e2d7d0032dc58668705a835ebeec55","metadata":{},"modified_on":"2026-01-28T11:57:02.924089Z","name":"www.prod.cust-fitzner","priority":null,"proxiable":true,"proxied":false,"tags":["tf-managed"],"timeouts":null,"ttl":600,"type":"CNAME","value":null,"zone_id":"09e62c791da990d8ebbf1a531d1d3efa"},"sensitive_values":{"data":[],"metadata":{},"tags":[false]},"depends_on":["data.cloudflare_zone.vcec_cloud"]},{"address":"cloudflare_record.records_vcec_cloud[\"CNAME_www.prod.cust-kleinsorge_b052947b5e9d5fd63ce0dd0b48a241f9\"]","mode":"managed","type":"cloudflare_record","name":"records_vcec_cloud","index":"CNAME_www.prod.cust-kleinsorge_b052947b5e9d5fd63ce0dd0b48a241f9","provider_name":"registry.terraform.io/cloudflare/cloudflare","schema_version":3,"values":{"allow_overwrite":false,"comment":"AP Martin Sehlleier","content":"prod.cust-kleinsorge.vcec.cloud","created_on":"2025-10-14T15:29:43.220239Z","data":[],"hostname":"www.prod.cust-kleinsorge.vcec.cloud","id":"513d1f74cc8424489f68022157152da2","metadata":{},"modified_on":"2026-01-28T11:57:06.989896Z","name":"www.prod.cust-kleinsorge","priority":null,"proxiable":true,"proxied":false,"tags":["tf-managed"],"timeouts":null,"ttl":600,"type":"CNAME","value":null,"zone_id":"09e62c791da990d8ebbf1a531d1d3efa"},"sensitive_values":{"data":[],"metadata":{},"tags":[false]},"depends_on":["data.cloudflare_zone.vcec_cloud"]},{"address":"cloudflare_record.records_vcec_cloud[\"CNAME_www.stage.cust-fitzner_2b399ec1dd1ce4008d851da92bd436cf\"]","mode":"managed","type":"cloudflare_record","name":"records_vcec_cloud","index":"CNAME_www.stage.cust-fitzner_2b399ec1dd1ce4008d851da92bd436cf","provider_name":"registry.terraform.io/cloudflare/cloudflare","schema_version":3,"values":{"allow_overwrite":false,"comment":"AP Martin Sehlleier","content":"stage.cust-fitzner.vcec.cloud","created_on":"2025-09-17T16:15:31.519776Z","data":[],"hostname":"www.stage.cust-fitzner.vcec.cloud","id":"4792cac15a2dd9393f35595a8cff0abe","metadata":{},"modified_on":"2026-01-28T11:56:46.805686Z","name":"www.stage.cust-fitzner","priority":null,"proxiable":true,"proxied":false,"tags":["tf-managed"],"timeouts":null,"ttl":600,"type":"CNAME","value":null,"zone_id":"09e62c791da990d8ebbf1a531d1d3efa"},"sensitive_values":{"data":[],"metadata":{},"tags":[false]},"depends_on":["data.cloudflare_zone.vcec_cloud"]},{"address":"cloudflare_record.records_vcec_cloud[\"CNAME_www.stage.cust-kleinsorge_7328b84e052b3d7285b484a2b7613e99\"]","mode":"managed","type":"cloudflare_record","name":"records_vcec_cloud","index":"CNAME_www.stage.cust-kleinsorge_7328b84e052b3d7285b484a2b7613e99","provider_name":"registry.terraform.io/cloudflare/cloudflare","schema_version":3,"values":{"allow_overwrite":false,"comment":"AP Martin Sehlleier","content":"stage.cust-kleinsorge.vcec.cloud","created_on":"2025-10-14T15:29:43.695157Z","data":[],"hostname":"www.stage.cust-kleinsorge.vcec.cloud","id":"b2d4da3bc1eb6c7721d87b37f3538cb0","metadata":{},"modified_on":"2026-01-28T11:56:47.998154Z","name":"www.stage.cust-kleinsorge","priority":null,"proxiable":true,"proxied":false,"tags":["tf-managed"],"timeouts":null,"ttl":600,"type":"CNAME","value":null,"zone_id":"09e62c791da990d8ebbf1a531d1d3efa"},"sensitive_values":{"data":[],"metadata":{},"tags":[false]},"depends_on":["data.cloudflare_zone.vcec_cloud"]},{"address":"cloudflare_record.records_vcec_cloud[\"CNAME_yves-de-b2b-spryker_94add1be5e483b391d269402cc52a8ee\"]","mode":"managed","type":"cloudflare_record","name":"records_vcec_cloud","index":"CNAME_yves-de-b2b-spryker_94add1be5e483b391d269402cc52a8ee","provider_name":"registry.terraform.io/cloudflare/cloudflare","schema_version":3,"values":{"allow_overwrite":false,"comment":"4me #47968953","content":"hosting.vcec.cloud","created_on":"2024-06-29T00:54:48.185135Z","data":[],"hostname":"yves-de-b2b-spryker.vcec.cloud","id":"7628b758cf0d0ddf1f187f3cd5378093","metadata":{},"modified_on":"2026-01-28T11:56:47.521382Z","name":"yves-de-b2b-spryker","priority":null,"proxiable":true,"proxied":true,"tags":["tf-managed"],"timeouts":null,"ttl":1,"type":"CNAME","value":null,"zone_id":"09e62c791da990d8ebbf1a531d1d3efa"},"sensitive_values":{"data":[],"metadata":{},"tags":[false]},"depends_on":["data.cloudflare_zone.vcec_cloud"]},{"address":"cloudflare_record.records_vcec_cloud[\"CNAME_yves-de-b2b-tracking_94add1be5e483b391d269402cc52a8ee\"]","mode":"managed","type":"cloudflare_record","name":"records_vcec_cloud","index":"CNAME_yves-de-b2b-tracking_94add1be5e483b391d269402cc52a8ee","provider_name":"registry.terraform.io/cloudflare/cloudflare","schema_version":3,"values":{"allow_overwrite":false,"comment":"AP Dusting Recko / #51728146","content":"hosting.vcec.cloud","created_on":"2024-09-20T09:44:12.450057Z","data":[],"hostname":"yves-de-b2b-tracking.vcec.cloud","id":"5f95e5f29771d3297934d049d8c3637b","metadata":{},"modified_on":"2026-01-28T11:57:12.314168Z","name":"yves-de-b2b-tracking","priority":null,"proxiable":true,"proxied":true,"tags":["tf-managed"],"timeouts":null,"ttl":1,"type":"CNAME","value":null,"zone_id":"09e62c791da990d8ebbf1a531d1d3efa"},"sensitive_values":{"data":[],"metadata":{},"tags":[false]},"depends_on":["data.cloudflare_zone.vcec_cloud"]},{"address":"cloudflare_record.records_vcec_cloud[\"CNAME_yves-de-b2c-spryker_94add1be5e483b391d269402cc52a8ee\"]","mode":"managed","type":"cloudflare_record","name":"records_vcec_cloud","index":"CNAME_yves-de-b2c-spryker_94add1be5e483b391d269402cc52a8ee","provider_name":"registry.terraform.io/cloudflare/cloudflare","schema_version":3,"values":{"allow_overwrite":false,"comment":"AP Jurij Pfeiffer / Dennis Bluemer","content":"hosting.vcec.cloud","created_on":"2024-07-24T13:34:47.646895Z","data":[],"hostname":"yves-de-b2c-spryker.vcec.cloud","id":"8829a5ea7459335d7cb6873ff0a6e493","metadata":{},"modified_on":"2026-01-28T11:56:57.519221Z","name":"yves-de-b2c-spryker","priority":null,"proxiable":true,"proxied":true,"tags":["tf-managed"],"timeouts":null,"ttl":1,"type":"CNAME","value":null,"zone_id":"09e62c791da990d8ebbf1a531d1d3efa"},"sensitive_values":{"data":[],"metadata":{},"tags":[false]},"depends_on":["data.cloudflare_zone.vcec_cloud"]},{"address":"cloudflare_record.records_vcec_cloud[\"NS_esa-uf-corp_4ffdde2e38df4296e89eccbd1d64864b\"]","mode":"managed","type":"cloudflare_record","name":"records_vcec_cloud","index":"NS_esa-uf-corp_4ffdde2e38df4296e89eccbd1d64864b","provider_name":"registry.terraform.io/cloudflare/cloudflare","schema_version":3,"values":{"allow_overwrite":false,"comment":"AP Moritz Jung / requested via Teams by Justinas Garipovas (LT)","content":"ns-641.awsdns-16.net","created_on":"2025-06-18T14:25:42.632521Z","data":[],"hostname":"esa-uf-corp.vcec.cloud","id":"be36e5ab8cde08d408dfd3ceee7e4217","metadata":{},"modified_on":"2025-06-18T14:25:42.632521Z","name":"esa-uf-corp","priority":null,"proxiable":false,"proxied":false,"tags":["tf-managed"],"timeouts":null,"ttl":600,"type":"NS","value":null,"zone_id":"09e62c791da990d8ebbf1a531d1d3efa"},"sensitive_values":{"data":[],"metadata":{},"tags":[false]},"depends_on":["data.cloudflare_zone.vcec_cloud"]},{"address":"cloudflare_record.records_vcec_cloud[\"NS_esa-uf-corp_57b08d969ba0c1e6b4033756f903701a\"]","mode":"managed","type":"cloudflare_record","name":"records_vcec_cloud","index":"NS_esa-uf-corp_57b08d969ba0c1e6b4033756f903701a","provider_name":"registry.terraform.io/cloudflare/cloudflare","schema_version":3,"values":{"allow_overwrite":false,"comment":"AP Moritz Jung / requested via Teams by Justinas Garipovas (LT)","content":"ns-1262.awsdns-29.org","created_on":"2025-06-18T14:25:42.881576Z","data":[],"hostname":"esa-uf-corp.vcec.cloud","id":"156440414847962deae29443120013a5","metadata":{},"modified_on":"2025-06-18T14:25:42.881576Z","name":"esa-uf-corp","priority":null,"proxiable":false,"proxied":false,"tags":["tf-managed"],"timeouts":null,"ttl":600,"type":"NS","value":null,"zone_id":"09e62c791da990d8ebbf1a531d1d3efa"},"sensitive_values":{"data":[],"metadata":{},"tags":[false]},"depends_on":["data.cloudflare_zone.vcec_cloud"]},{"address":"cloudflare_record.records_vcec_cloud[\"NS_esa-uf-corp_8b6c7ef2dcf1f995ab09087e12674eba\"]","mode":"managed","type":"cloudflare_record","name":"records_vcec_cloud","index":"NS_esa-uf-corp_8b6c7ef2dcf1f995ab09087e12674eba","provider_name":"registry.terraform.io/cloudflare/cloudflare","schema_version":3,"values":{"allow_overwrite":false,"comment":"AP Moritz Jung / requested via Teams by Justinas Garipovas (LT)","content":"ns-64.awsdns-08.com","created_on":"2025-06-18T14:25:43.026376Z","data":[],"hostname":"esa-uf-corp.vcec.cloud","id":"8355961ed142e720aa0d4065fe508b84","metadata":{},"modified_on":"2025-06-18T14:25:43.026376Z","name":"esa-uf-corp","priority":null,"proxiable":false,"proxied":false,"tags":["tf-managed"],"timeouts":null,"ttl":600,"type":"NS","value":null,"zone_id":"09e62c791da990d8ebbf1a531d1d3efa"},"sensitive_values":{"data":[],"metadata":{},"tags":[false]},"depends_on":["data.cloudflare_zone.vcec_cloud"]},{"address":"cloudflare_record.records_vcec_cloud[\"NS_esa-uf-corp_dd8221ad04b52643b1ffed4c9360becd\"]","mode":"managed","type":"cloudflare_record","name":"records_vcec_cloud","index":"NS_esa-uf-corp_dd8221ad04b52643b1ffed4c9360becd","provider_name":"registry.terraform.io/cloudflare/cloudflare","schema_version":3,"values":{"allow_overwrite":false,"comment":"AP Moritz Jung / requested via Teams by Justinas Garipovas (LT)","content":"ns-1922.awsdns-48.co.uk","created_on":"2025-06-18T14:25:43.230385Z","data":[],"hostname":"esa-uf-corp.vcec.cloud","id":"83e1dee390d77611026c3de08d5b4c88","metadata":{},"modified_on":"2025-06-18T14:25:43.230385Z","name":"esa-uf-corp","priority":null,"proxiable":false,"proxied":false,"tags":["tf-managed"],"timeouts":null,"ttl":600,"type":"NS","value":null,"zone_id":"09e62c791da990d8ebbf1a531d1d3efa"},"sensitive_values":{"data":[],"metadata":{},"tags":[false]},"depends_on":["data.cloudflare_zone.vcec_cloud"]},{"address":"cloudflare_record.records_vcec_cloud[\"NS_uf-stage_4bb7f2160fbd7f6e98932df215b880da\"]","mode":"managed","type":"cloudflare_record","name":"records_vcec_cloud","index":"NS_uf-stage_4bb7f2160fbd7f6e98932df215b880da","provider_name":"registry.terraform.io/cloudflare/cloudflare","schema_version":3,"values":{"allow_overwrite":false,"comment":"AP Moritz Jung / #54734446","content":"ns-743.awsdns-28.net","created_on":"2024-12-06T11:30:14.857457Z","data":[],"hostname":"uf-stage.vcec.cloud","id":"c78f92b23f2925fdbf56907cad74aad0","metadata":{},"modified_on":"2024-12-06T11:30:14.857457Z","name":"uf-stage","priority":null,"proxiable":false,"proxied":false,"tags":["tf-managed"],"timeouts":null,"ttl":600,"type":"NS","value":null,"zone_id":"09e62c791da990d8ebbf1a531d1d3efa"},"sensitive_values":{"data":[],"metadata":{},"tags":[false]},"depends_on":["data.cloudflare_zone.vcec_cloud"]},{"address":"cloudflare_record.records_vcec_cloud[\"NS_uf-stage_80a87cd9d2bec266b4c976a48b6e7d56\"]","mode":"managed","type":"cloudflare_record","name":"records_vcec_cloud","index":"NS_uf-stage_80a87cd9d2bec266b4c976a48b6e7d56","provider_name":"registry.terraform.io/cloudflare/cloudflare","schema_version":3,"values":{"allow_overwrite":false,"comment":"AP Moritz Jung / #54734446","content":"ns-1726.awsdns-23.co.uk","created_on":"2024-12-06T11:33:51.561762Z","data":[],"hostname":"uf-stage.vcec.cloud","id":"d13901553383053ce3aa9ae8ffdb567d","metadata":{},"modified_on":"2024-12-06T11:33:51.561762Z","name":"uf-stage","priority":null,"proxiable":false,"proxied":false,"tags":["tf-managed"],"timeouts":null,"ttl":600,"type":"NS","value":null,"zone_id":"09e62c791da990d8ebbf1a531d1d3efa"},"sensitive_values":{"data":[],"metadata":{},"tags":[false]},"depends_on":["data.cloudflare_zone.vcec_cloud"]},{"address":"cloudflare_record.records_vcec_cloud[\"NS_uf-stage_b04e2f8098998850acec95e7aa21db4e\"]","mode":"managed","type":"cloudflare_record","name":"records_vcec_cloud","index":"NS_uf-stage_b04e2f8098998850acec95e7aa21db4e","provider_name":"registry.terraform.io/cloudflare/cloudflare","schema_version":3,"values":{"allow_overwrite":false,"comment":"AP Moritz Jung / #54734446","content":"ns-1248.awsdns-28.org","created_on":"2024-12-06T11:33:52.112957Z","data":[],"hostname":"uf-stage.vcec.cloud","id":"36b35ec781c3125d89841a4447d4003a","metadata":{},"modified_on":"2024-12-06T11:33:52.112957Z","name":"uf-stage","priority":null,"proxiable":false,"proxied":false,"tags":["tf-managed"],"timeouts":null,"ttl":600,"type":"NS","value":null,"zone_id":"09e62c791da990d8ebbf1a531d1d3efa"},"sensitive_values":{"data":[],"metadata":{},"tags":[false]},"depends_on":["data.cloudflare_zone.vcec_cloud"]},{"address":"cloudflare_record.records_vcec_cloud[\"NS_uf-stage_c5560d1dfaea159e9e5e90c2ba1091bc\"]","mode":"managed","type":"cloudflare_record","name":"records_vcec_cloud","index":"NS_uf-stage_c5560d1dfaea159e9e5e90c2ba1091bc","provider_name":"registry.terraform.io/cloudflare/cloudflare","schema_version":3,"values":{"allow_overwrite":false,"comment":"AP Moritz Jung / #54734446","content":"ns-290.awsdns-36.com","created_on":"2024-12-06T11:31:45.930259Z","data":[],"hostname":"uf-stage.vcec.cloud","id":"89b20a9ab6abdef85b1e4ccadd234a61","metadata":{},"modified_on":"2024-12-06T11:31:45.930259Z","name":"uf-stage","priority":null,"proxiable":false,"proxied":false,"tags":["tf-managed"],"timeouts":null,"ttl":600,"type":"NS","value":null,"zone_id":"09e62c791da990d8ebbf1a531d1d3efa"},"sensitive_values":{"data":[],"metadata":{},"tags":[false]},"depends_on":["data.cloudflare_zone.vcec_cloud"]},{"address":"cloudflare_record.records_vcec_cloud[\"NS_uf_1c67a421244a1ddffe83eaa5bc3cf382\"]","mode":"managed","type":"cloudflare_record","name":"records_vcec_cloud","index":"NS_uf_1c67a421244a1ddffe83eaa5bc3cf382","provider_name":"registry.terraform.io/cloudflare/cloudflare","schema_version":3,"values":{"allow_overwrite":false,"comment":"AP Moritz Jung / #54734446","content":"ns-808.awsdns-37.net","created_on":"2024-12-06T11:33:51.572461Z","data":[],"hostname":"uf.vcec.cloud","id":"bf2512d04b1c5e70cdb04effc295e4f2","metadata":{},"modified_on":"2024-12-06T11:33:51.572461Z","name":"uf","priority":null,"proxiable":false,"proxied":false,"tags":["tf-managed"],"timeouts":null,"ttl":600,"type":"NS","value":null,"zone_id":"09e62c791da990d8ebbf1a531d1d3efa"},"sensitive_values":{"data":[],"metadata":{},"tags":[false]},"depends_on":["data.cloudflare_zone.vcec_cloud"]},{"address":"cloudflare_record.records_vcec_cloud[\"NS_uf_b9ea44b011b5e43c9a77f0e7ffc3fc45\"]","mode":"managed","type":"cloudflare_record","name":"records_vcec_cloud","index":"NS_uf_b9ea44b011b5e43c9a77f0e7ffc3fc45","provider_name":"registry.terraform.io/cloudflare/cloudflare","schema_version":3,"values":{"allow_overwrite":false,"comment":"AP Moritz Jung / #54734446","content":"ns-1213.awsdns-23.org","created_on":"2024-12-06T11:33:52.326813Z","data":[],"hostname":"uf.vcec.cloud","id":"ad27f64eb3cc60e3c1da7ef4ed400115","metadata":{},"modified_on":"2024-12-06T11:33:52.326813Z","name":"uf","priority":null,"proxiable":false,"proxied":false,"tags":["tf-managed"],"timeouts":null,"ttl":600,"type":"NS","value":null,"zone_id":"09e62c791da990d8ebbf1a531d1d3efa"},"sensitive_values":{"data":[],"metadata":{},"tags":[false]},"depends_on":["data.cloudflare_zone.vcec_cloud"]},{"address":"cloudflare_record.records_vcec_cloud[\"NS_uf_d1b35cf8f2dec8e737d0c4e03acab94b\"]","mode":"managed","type":"cloudflare_record","name":"records_vcec_cloud","index":"NS_uf_d1b35cf8f2dec8e737d0c4e03acab94b","provider_name":"registry.terraform.io/cloudflare/cloudflare","schema_version":3,"values":{"allow_overwrite":false,"comment":"AP Moritz Jung / #54734446","content":"ns-241.awsdns-30.com","created_on":"2024-12-06T11:33:51.814483Z","data":[],"hostname":"uf.vcec.cloud","id":"09f1269d23718dc0a1c6dba847186dad","metadata":{},"modified_on":"2024-12-06T11:33:51.814483Z","name":"uf","priority":null,"proxiable":false,"proxied":false,"tags":["tf-managed"],"timeouts":null,"ttl":600,"type":"NS","value":null,"zone_id":"09e62c791da990d8ebbf1a531d1d3efa"},"sensitive_values":{"data":[],"metadata":{},"tags":[false]},"depends_on":["data.cloudflare_zone.vcec_cloud"]},{"address":"cloudflare_record.records_vcec_cloud[\"NS_uf_ec6d03b7a6d54d6b6f431dac11bc3499\"]","mode":"managed","type":"cloudflare_record","name":"records_vcec_cloud","index":"NS_uf_ec6d03b7a6d54d6b6f431dac11bc3499","provider_name":"registry.terraform.io/cloudflare/cloudflare","schema_version":3,"values":{"allow_overwrite":false,"comment":"AP Moritz Jung / #54734446","content":"ns-1707.awsdns-21.co.uk","created_on":"2024-12-06T11:33:52.568017Z","data":[],"hostname":"uf.vcec.cloud","id":"6173dd837974bc913a8b7de1ea3188de","metadata":{},"modified_on":"2024-12-06T11:33:52.568017Z","name":"uf","priority":null,"proxiable":false,"proxied":false,"tags":["tf-managed"],"timeouts":null,"ttl":600,"type":"NS","value":null,"zone_id":"09e62c791da990d8ebbf1a531d1d3efa"},"sensitive_values":{"data":[],"metadata":{},"tags":[false]},"depends_on":["data.cloudflare_zone.vcec_cloud"]},{"address":"cloudflare_record.records_vcec_cloud[\"TXT_@_3f4efb81b4276414d1da9608a34c87d0\"]","mode":"managed","type":"cloudflare_record","name":"records_vcec_cloud","index":"TXT_@_3f4efb81b4276414d1da9608a34c87d0","provider_name":"registry.terraform.io/cloudflare/cloudflare","schema_version":3,"values":{"allow_overwrite":false,"comment":"AP Phillip Schleicher","content":"google-site-verification=wlfuYL6qUszUY4oLOpu6bdTLscAwl8Lot2UFdH1Cd0U","created_on":"2025-12-05T08:18:45.824941Z","data":[],"hostname":"vcec.cloud","id":"39678f232c66a0f9f89cb67a35c51e8c","metadata":{},"modified_on":"2025-12-05T08:18:45.824941Z","name":"@","priority":null,"proxiable":false,"proxied":false,"tags":["tf-managed"],"timeouts":null,"ttl":600,"type":"TXT","value":null,"zone_id":"09e62c791da990d8ebbf1a531d1d3efa"},"sensitive_values":{"data":[],"metadata":{},"tags":[false]},"depends_on":["data.cloudflare_zone.vcec_cloud"]},{"address":"cloudflare_ruleset.dont_cache_pages_domains","mode":"managed","type":"cloudflare_ruleset","name":"dont_cache_pages_domains","provider_name":"registry.terraform.io/cloudflare/cloudflare","schema_version":1,"values":{"account_id":null,"description":"","id":"a7124d7e378c46ebbd61cf61e1e01869","kind":"zone","name":"default","phase":"http_request_cache_settings","rules":[{"action":"set_cache_settings","action_parameters":[{"additional_cacheable_ports":null,"algorithms":[],"automatic_https_rewrites":null,"autominify":[],"bic":null,"browser_ttl":[],"cache":false,"cache_key":[],"cache_reserve":[],"content":null,"content_type":null,"cookie_fields":null,"disable_apps":null,"disable_railgun":null,"disable_rum":null,"disable_zaraz":null,"edge_ttl":[],"email_obfuscation":null,"fonts":null,"from_list":[],"from_value":[],"headers":[],"host_header":null,"hotlink_protection":null,"id":null,"increment":null,"matched_data":[],"mirage":null,"opportunistic_encryption":null,"origin":[],"origin_cache_control":null,"origin_error_page_passthru":null,"overrides":[],"phases":null,"polish":null,"products":null,"read_timeout":null,"request_fields":null,"respect_strong_etags":null,"response":[],"response_fields":null,"rocket_loader":null,"rules":null,"ruleset":null,"rulesets":null,"security_level":null,"serve_stale":[],"server_side_excludes":null,"sni":[],"ssl":null,"status_code":null,"sxg":null,"uri":[]}],"description":"Don't cache pages","enabled":true,"exposed_credential_check":[],"expression":"true","id":"9abbe26247e94472b05a9f4dc80c6956","logging":[],"ratelimit":[],"ref":"9abbe26247e94472b05a9f4dc80c6956"}],"zone_id":"09e62c791da990d8ebbf1a531d1d3efa"},"sensitive_values":{"rules":[{"action_parameters":[{"algorithms":[],"autominify":[],"browser_ttl":[],"cache_key":[],"cache_reserve":[],"edge_ttl":[],"from_list":[],"from_value":[],"headers":[],"matched_data":[],"origin":[],"overrides":[],"response":[],"serve_stale":[],"sni":[],"uri":[]}],"exposed_credential_check":[],"logging":[],"ratelimit":[]}]},"depends_on":["data.cloudflare_zone.vcec_cloud"]},{"address":"cloudflare_ruleset.esa_csp","mode":"managed","type":"cloudflare_ruleset","name":"esa_csp","provider_name":"registry.terraform.io/cloudflare/cloudflare","schema_version":1,"values":{"account_id":null,"description":"Allow Storyblok to use page in preview browser","id":"6012022050e947eea60d5e74f72888ac","kind":"zone","name":"CSP for esa-uf-stage.vcec.cloud","phase":"http_response_headers_transform","rules":[{"action":"rewrite","action_parameters":[{"additional_cacheable_ports":null,"algorithms":[],"automatic_https_rewrites":null,"autominify":[],"bic":null,"browser_ttl":[],"cache":null,"cache_key":[],"cache_reserve":[],"content":null,"content_type":null,"cookie_fields":null,"disable_apps":null,"disable_railgun":null,"disable_rum":null,"disable_zaraz":null,"edge_ttl":[],"email_obfuscation":null,"fonts":null,"from_list":[],"from_value":[],"headers":[{"expression":null,"name":"Content-Security-Policy","operation":"set","value":"frame-ancestors 'self' https://app.storyblok.com"},{"expression":null,"name":"X-Frame-Options","operation":"remove","value":null}],"host_header":null,"hotlink_protection":null,"id":null,"increment":null,"matched_data":[],"mirage":null,"opportunistic_encryption":null,"origin":[],"origin_cache_control":null,"origin_error_page_passthru":null,"overrides":[],"phases":null,"polish":null,"products":null,"read_timeout":null,"request_fields":null,"respect_strong_etags":null,"response":[],"response_fields":null,"rocket_loader":null,"rules":null,"ruleset":null,"rulesets":null,"security_level":null,"serve_stale":[],"server_side_excludes":null,"sni":[],"ssl":null,"status_code":null,"sxg":null,"uri":[]}],"description":"","enabled":true,"exposed_credential_check":[],"expression":"(http.host eq \"esa-uf-stage.vcec.cloud\")","id":"dcc0676912944180bad428a04f5b461a","logging":[],"ratelimit":[],"ref":"modify_response_headers"}],"zone_id":"09e62c791da990d8ebbf1a531d1d3efa"},"sensitive_values":{"rules":[{"action_parameters":[{"algorithms":[],"autominify":[],"browser_ttl":[],"cache_key":[],"cache_reserve":[],"edge_ttl":[],"from_list":[],"from_value":[],"headers":[{},{}],"matched_data":[],"origin":[],"overrides":[],"response":[],"serve_stale":[],"sni":[],"uri":[]}],"exposed_credential_check":[],"logging":[],"ratelimit":[]}]},"depends_on":["data.cloudflare_zone.vcec_cloud"]}]}}},"configuration":{"provider_config":{"cloudflare":{"name":"cloudflare","full_name":"registry.terraform.io/cloudflare/cloudflare","version_constraint":"~\u003e 4.0"},"nodeping":{"name":"nodeping","full_name":"registry.terraform.io/phizzl/nodeping","version_constraint":"~\u003e 0.2"},"nodeping.devops_internal":{"name":"nodeping","full_name":"registry.terraform.io/phizzl/nodeping","alias":"devops_internal","version_constraint":"~\u003e 0.2","expressions":{"customer_id":{"constant_value":"202309210846EC0LA"}}}},"root_module":{"resources":[{"address":"cloudflare_r2_bucket.buckets","mode":"managed","type":"cloudflare_r2_bucket","name":"buckets","provider_config_key":"cloudflare","expressions":{"account_id":{"references":["data.cloudflare_zone.vcec_cloud.account_id","data.cloudflare_zone.vcec_cloud"]},"location":{"references":["each.value.location","each.value"]},"name":{"references":["each.key"]}},"schema_version":0,"for_each_expression":{"references":["var.r2_buckets"]}},{"address":"cloudflare_record.records_nexus_bc_com","mode":"managed","type":"cloudflare_record","name":"records_nexus_bc_com","provider_config_key":"cloudflare","expressions":{"allow_overwrite":{"references":["each.value.allow_overwrite","each.value"]},"comment":{"references":["each.value.comment","each.value"]},"content":{"references":["each.value.value","each.value"]},"name":{"references":["each.value.name","each.value"]},"priority":{"references":["each.value.type","each.value","each.value.priority","each.value"]},"proxied":{"references":["each.value.proxied","each.value"]},"ttl":{"references":["each.value.proxied","each.value","each.value.ttl","each.value","var.dns_record_default_ttl"]},"type":{"references":["each.value.type","each.value"]},"zone_id":{"references":["data.cloudflare_zone.nexus_bc_com.id","data.cloudflare_zone.nexus_bc_com"]}},"schema_version":3,"for_each_expression":{"references":["var.dns_records_nexus_bc_com"]}},{"address":"cloudflare_record.records_nxs360_com","mode":"managed","type":"cloudflare_record","name":"records_nxs360_com","provider_config_key":"cloudflare","expressions":{"allow_overwrite":{"references":["each.value.allow_overwrite","each.value"]},"comment":{"references":["each.value.comment","each.value"]},"content":{"references":["each.value.value","each.value"]},"name":{"references":["each.value.name","each.value"]},"priority":{"references":["each.value.type","each.value","each.value.priority","each.value"]},"proxied":{"references":["each.value.proxied","each.value"]},"tags":{"constant_value":["tf-managed"]},"ttl":{"references":["each.value.proxied","each.value","each.value.ttl","each.value","var.dns_record_default_ttl"]},"type":{"references":["each.value.type","each.value"]},"zone_id":{"references":["data.cloudflare_zone.nxs360_com.id","data.cloudflare_zone.nxs360_com"]}},"schema_version":3,"for_each_expression":{"references":["var.dns_records_nxs_360_com"]}},{"address":"cloudflare_record.records_vcec_cloud","mode":"managed","type":"cloudflare_record","name":"records_vcec_cloud","provider_config_key":"cloudflare","expressions":{"allow_overwrite":{"references":["each.value.allow_overwrite","each.value"]},"comment":{"references":["each.value.comment","each.value"]},"content":{"references":["each.value.value","each.value"]},"name":{"references":["each.value.name","each.value"]},"priority":{"references":["each.value.type","each.value","each.value.priority","each.value"]},"proxied":{"references":["each.value.proxied","each.value"]},"tags":{"constant_value":["tf-managed"]},"ttl":{"references":["each.value.proxied","each.value","each.value.ttl","each.value","var.dns_record_default_ttl"]},"type":{"references":["each.value.type","each.value"]},"zone_id":{"references":["data.cloudflare_zone.vcec_cloud.id","data.cloudflare_zone.vcec_cloud"]}},"schema_version":3,"for_each_expression":{"references":["var.dns_records_vcec_cloud"]}},{"address":"cloudflare_ruleset.dont_cache_pages_domains","mode":"managed","type":"cloudflare_ruleset","name":"dont_cache_pages_domains","provider_config_key":"cloudflare","expressions":{"kind":{"constant_value":"zone"},"name":{"constant_value":"default"},"phase":{"constant_value":"http_request_cache_settings"},"rules":[{"action":{"constant_value":"set_cache_settings"},"action_parameters":[{"cache":{"constant_value":false}}],"description":{"constant_value":"Don't cache pages"},"enabled":{"constant_value":true},"expression":{"constant_value":"true"}}],"zone_id":{"references":["data.cloudflare_zone.vcec_cloud.id","data.cloudflare_zone.vcec_cloud"]}},"schema_version":1},{"address":"cloudflare_ruleset.esa_csp","mode":"managed","type":"cloudflare_ruleset","name":"esa_csp","provider_config_key":"cloudflare","expressions":{"description":{"constant_value":"Allow Storyblok to use page in preview browser"},"kind":{"constant_value":"zone"},"name":{"constant_value":"CSP for esa-uf-stage.vcec.cloud"},"phase":{"constant_value":"http_response_headers_transform"},"rules":[{"action":{"constant_value":"rewrite"},"action_parameters":[{"headers":[{"name":{"constant_value":"Content-Security-Policy"},"operation":{"constant_value":"set"},"value":{"constant_value":"frame-ancestors 'self' https://app.storyblok.com"}},{"name":{"constant_value":"X-Frame-Options"},"operation":{"constant_value":"remove"}}]}],"description":{"constant_value":""},"expression":{"constant_value":"(http.host eq \"esa-uf-stage.vcec.cloud\")"},"ref":{"constant_value":"modify_response_headers"}}],"zone_id":{"references":["data.cloudflare_zone.vcec_cloud.id","data.cloudflare_zone.vcec_cloud"]}},"schema_version":1},{"address":"nodeping_check.deskbird","mode":"managed","type":"nodeping_check","name":"deskbird","provider_config_key":"nodeping.devops_internal","expressions":{"contentstring":{"constant_value":"All services are online"},"enabled":{"constant_value":true},"follow":{"constant_value":false},"interval":{"constant_value":15},"invert":{"constant_value":false},"ipv6":{"constant_value":false},"label":{"constant_value":"Service - Deskbird"},"notifications":[{"contact_id":{"constant_value":"202309210846EC0LA-G-NZCTF"},"delay":{"constant_value":0},"schedule":{"constant_value":"All"}},{"contact_id":{"references":["nodeping_contact.sp_deskbird_partial.address[0].id","nodeping_contact.sp_deskbird_partial.address[0]","nodeping_contact.sp_deskbird_partial.address","nodeping_contact.sp_deskbird_partial"]},"delay":{"constant_value":0},"schedule":{"constant_value":"All"}}],"regex":{"constant_value":false},"sens":{"constant_value":5},"target":{"constant_value":"https://status.deskbird.com/"},"threshold":{"constant_value":5},"type":{"constant_value":"HTTPCONTENT"}},"schema_version":0},{"address":"nodeping_check.domain_nexus_united_com","mode":"managed","type":"nodeping_check","name":"domain_nexus_united_com","provider_config_key":"nodeping.devops_internal","expressions":{"enabled":{"constant_value":true},"interval":{"constant_value":240},"label":{"constant_value":"Domain nexus-united.com"},"notifications":[{"contact_id":{"references":["nodeping_contact.msteams_vcec_de_it.address[0].id","nodeping_contact.msteams_vcec_de_it.address[0]","nodeping_contact.msteams_vcec_de_it.address","nodeping_contact.msteams_vcec_de_it"]},"delay":{"constant_value":0},"schedule":{"constant_value":"All"}},{"contact_id":{"references":["nodeping_contact.email_vcec_de_it.address[0].id","nodeping_contact.email_vcec_de_it.address[0]","nodeping_contact.email_vcec_de_it.address","nodeping_contact.email_vcec_de_it"]},"delay":{"constant_value":0},"schedule":{"constant_value":"All"}}],"sens":{"constant_value":2},"target":{"constant_value":"nexus-united.com"},"threshold":{"constant_value":5},"type":{"constant_value":"WHOIS"},"warningdays":{"constant_value":14}},"schema_version":0},{"address":"nodeping_check.domain_nxs360_com","mode":"managed","type":"nodeping_check","name":"domain_nxs360_com","provider_config_key":"nodeping.devops_internal","expressions":{"enabled":{"constant_value":true},"interval":{"constant_value":240},"label":{"constant_value":"Domain nxs360.com"},"notifications":[{"contact_id":{"references":["nodeping_contact.msteams_vcec_de_it.address[0].id","nodeping_contact.msteams_vcec_de_it.address[0]","nodeping_contact.msteams_vcec_de_it.address","nodeping_contact.msteams_vcec_de_it"]},"delay":{"constant_value":0},"schedule":{"constant_value":"All"}},{"contact_id":{"references":["nodeping_contact.email_vcec_de_it.address[0].id","nodeping_contact.email_vcec_de_it.address[0]","nodeping_contact.email_vcec_de_it.address","nodeping_contact.email_vcec_de_it"]},"delay":{"constant_value":0},"schedule":{"constant_value":"All"}}],"sens":{"constant_value":2},"target":{"constant_value":"nxs360.com"},"threshold":{"constant_value":5},"type":{"constant_value":"WHOIS"},"warningdays":{"constant_value":14}},"schema_version":0},{"address":"nodeping_check.domain_vcec_cloud","mode":"managed","type":"nodeping_check","name":"domain_vcec_cloud","provider_config_key":"nodeping.devops_internal","expressions":{"enabled":{"constant_value":true},"interval":{"constant_value":240},"label":{"constant_value":"Domain vcec.cloud"},"notifications":[{"contact_id":{"references":["nodeping_contact.msteams_vcec_de_it.address[0].id","nodeping_contact.msteams_vcec_de_it.address[0]","nodeping_contact.msteams_vcec_de_it.address","nodeping_contact.msteams_vcec_de_it"]},"delay":{"constant_value":0},"schedule":{"constant_value":"All"}},{"contact_id":{"references":["nodeping_contact.email_vcec_de_it.address[0].id","nodeping_contact.email_vcec_de_it.address[0]","nodeping_contact.email_vcec_de_it.address","nodeping_contact.email_vcec_de_it"]},"delay":{"constant_value":0},"schedule":{"constant_value":"All"}}],"sens":{"constant_value":2},"target":{"constant_value":"vcec.cloud"},"threshold":{"constant_value":5},"type":{"constant_value":"WHOIS"},"warningdays":{"constant_value":14}},"schema_version":0},{"address":"nodeping_check.gitlab_cec_valantic","mode":"managed","type":"nodeping_check","name":"gitlab_cec_valantic","provider_config_key":"nodeping.devops_internal","expressions":{"contentstring":{"constant_value":"valantic Gitlab"},"enabled":{"constant_value":true},"follow":{"constant_value":true},"interval":{"constant_value":1},"invert":{"constant_value":false},"ipv6":{"constant_value":false},"label":{"constant_value":"Service - Gitlab (git.cec.valantic.com)"},"notifications":[{"contact_id":{"constant_value":"202309210846EC0LA-G-NZCTF"},"delay":{"constant_value":0},"schedule":{"constant_value":"All"}},{"contact_id":{"references":["nodeping_contact.sp_gitlab_cec_valantic.address[0].id","nodeping_contact.sp_gitlab_cec_valantic.address[0]","nodeping_contact.sp_gitlab_cec_valantic.address","nodeping_contact.sp_gitlab_cec_valantic"]},"delay":{"constant_value":0},"schedule":{"constant_value":"All"}}],"regex":{"constant_value":false},"runlocations":{"constant_value":["eur"]},"sens":{"constant_value":5},"target":{"constant_value":"https://git.cec.valantic.com/"},"threshold":{"constant_value":5},"type":{"constant_value":"HTTPCONTENT"}},"schema_version":0},{"address":"nodeping_check.gitlab_nxs360","mode":"managed","type":"nodeping_check","name":"gitlab_nxs360","provider_config_key":"nodeping.devops_internal","expressions":{"contentstring":{"constant_value":"GitLab Community Edition"},"enabled":{"constant_value":true},"follow":{"constant_value":true},"interval":{"constant_value":2},"invert":{"constant_value":false},"ipv6":{"constant_value":false},"label":{"constant_value":"Service - Gitlab (gitlab.nxs360.com)"},"notifications":[{"contact_id":{"constant_value":"202309210846EC0LA-G-NZCTF"},"delay":{"constant_value":0},"schedule":{"constant_value":"All"}},{"contact_id":{"references":["nodeping_contact.sp_gitlab_nxs360.address[0].id","nodeping_contact.sp_gitlab_nxs360.address[0]","nodeping_contact.sp_gitlab_nxs360.address","nodeping_contact.sp_gitlab_nxs360"]},"delay":{"constant_value":0},"schedule":{"constant_value":"All"}},{"contact_id":{"references":["nodeping_contact.sp_gitlab_pages.address[0].id","nodeping_contact.sp_gitlab_pages.address[0]","nodeping_contact.sp_gitlab_pages.address","nodeping_contact.sp_gitlab_pages"]},"delay":{"constant_value":0},"schedule":{"constant_value":"All"}}],"regex":{"constant_value":false},"runlocations":{"constant_value":["eur"]},"sens":{"constant_value":5},"target":{"constant_value":"https://gitlab.nxs360.com/"},"threshold":{"constant_value":5},"type":{"constant_value":"HTTPCONTENT"}},"schema_version":0},{"address":"nodeping_check.gitlab_pages","mode":"managed","type":"nodeping_check","name":"gitlab_pages","provider_config_key":"nodeping.devops_internal","expressions":{"enabled":{"constant_value":true},"follow":{"constant_value":false},"interval":{"constant_value":15},"invert":{"constant_value":false},"ipv6":{"constant_value":false},"label":{"constant_value":"Service - Gitlab Pages (gitlab-pages.nxs360.com)"},"method":{"constant_value":"GET"},"notifications":[{"contact_id":{"constant_value":"202309210846EC0LA-G-NZCTF"},"delay":{"constant_value":0},"schedule":{"constant_value":"All"}},{"contact_id":{"references":["nodeping_contact.sp_gitlab_pages.address[0].id","nodeping_contact.sp_gitlab_pages.address[0]","nodeping_contact.sp_gitlab_pages.address","nodeping_contact.sp_gitlab_pages"]},"delay":{"constant_value":0},"schedule":{"constant_value":"All"}},{"contact_id":{"references":["nodeping_contact.sp_gitlab_nxs360_partial.address[0].id","nodeping_contact.sp_gitlab_nxs360_partial.address[0]","nodeping_contact.sp_gitlab_nxs360_partial.address","nodeping_contact.sp_gitlab_nxs360_partial"]},"delay":{"constant_value":0},"schedule":{"constant_value":"All"}}],"regex":{"constant_value":false},"runlocations":{"constant_value":["eur"]},"sens":{"constant_value":2},"statuscode":{"constant_value":302},"target":{"constant_value":"https://gitlab-instance-002424b5.gitlab-pages.nxs360.com/Monitoring/"},"threshold":{"constant_value":5},"type":{"constant_value":"HTTPADV"}},"schema_version":0},{"address":"nodeping_check.gitlab_pages_ssl","mode":"managed","type":"nodeping_check","name":"gitlab_pages_ssl","provider_config_key":"nodeping.devops_internal","expressions":{"enabled":{"constant_value":true},"interval":{"constant_value":720},"label":{"constant_value":"Service - Gitlab Pages SSL (gitlab.nxs360.com)"},"notifications":[{"contact_id":{"constant_value":"202309210846EC0LA-G-NZCTF"},"delay":{"constant_value":0},"schedule":{"constant_value":"All"}},{"contact_id":{"references":["nodeping_contact.sp_gitlab_pages_partial.address[0].id","nodeping_contact.sp_gitlab_pages_partial.address[0]","nodeping_contact.sp_gitlab_pages_partial.address","nodeping_contact.sp_gitlab_pages_partial"]},"delay":{"constant_value":0},"schedule":{"constant_value":"All"}}],"runlocations":{"constant_value":["eur"]},"sens":{"constant_value":2},"target":{"constant_value":"https://test.gitlab-pages.nxs360.com/"},"threshold":{"constant_value":5},"type":{"constant_value":"SSL"},"warningdays":{"constant_value":3}},"schema_version":0},{"address":"nodeping_check.gitlab_ssh","mode":"managed","type":"nodeping_check","name":"gitlab_ssh","provider_config_key":"nodeping.devops_internal","expressions":{"enabled":{"constant_value":true},"interval":{"constant_value":1},"invert":{"constant_value":false},"ipv6":{"constant_value":false},"label":{"constant_value":"Service - Gitlab SSH (gitlab.nxs360.com)"},"notifications":[{"contact_id":{"constant_value":"202309210846EC0LA-G-NZCTF"},"delay":{"constant_value":0},"schedule":{"constant_value":"All"}},{"contact_id":{"references":["nodeping_contact.sp_gitlab_nxs360.address[0].id","nodeping_contact.sp_gitlab_nxs360.address[0]","nodeping_contact.sp_gitlab_nxs360.address","nodeping_contact.sp_gitlab_nxs360"]},"delay":{"constant_value":0},"schedule":{"constant_value":"All"}},{"contact_id":{"references":["nodeping_contact.sp_gitlab_pages.address[0].id","nodeping_contact.sp_gitlab_pages.address[0]","nodeping_contact.sp_gitlab_pages.address","nodeping_contact.sp_gitlab_pages"]},"delay":{"constant_value":0},"schedule":{"constant_value":"All"}}],"port":{"constant_value":2222},"runlocations":{"constant_value":["eur"]},"sens":{"constant_value":5},"target":{"constant_value":"gitlab.nxs360.com"},"threshold":{"constant_value":5},"type":{"constant_value":"PORT"}},"schema_version":0},{"address":"nodeping_check.gitlab_ssl","mode":"managed","type":"nodeping_check","name":"gitlab_ssl","provider_config_key":"nodeping.devops_internal","expressions":{"enabled":{"constant_value":true},"interval":{"constant_value":720},"label":{"constant_value":"Service - Gitlab SSL (gitlab.nxs360.com)"},"notifications":[{"contact_id":{"constant_value":"202309210846EC0LA-G-NZCTF"},"delay":{"constant_value":0},"schedule":{"constant_value":"All"}},{"contact_id":{"references":["nodeping_contact.sp_gitlab_nxs360_partial.address[0].id","nodeping_contact.sp_gitlab_nxs360_partial.address[0]","nodeping_contact.sp_gitlab_nxs360_partial.address","nodeping_contact.sp_gitlab_nxs360_partial"]},"delay":{"constant_value":0},"schedule":{"constant_value":"All"}}],"runlocations":{"constant_value":["eur"]},"sens":{"constant_value":2},"target":{"constant_value":"https://gitlab.nxs360.com/"},"threshold":{"constant_value":5},"type":{"constant_value":"SSL"},"warningdays":{"constant_value":14}},"schema_version":0},{"address":"nodeping_check.jenkins_qa","mode":"managed","type":"nodeping_check","name":"jenkins_qa","provider_config_key":"nodeping.devops_internal","expressions":{"enabled":{"constant_value":true},"follow":{"constant_value":true},"interval":{"constant_value":1},"ipv6":{"constant_value":false},"label":{"constant_value":"Service - Jenkins QA"},"notifications":[{"contact_id":{"constant_value":"202309210846EC0LA-G-NZCTF"},"delay":{"constant_value":0},"schedule":{"constant_value":"All"}},{"contact_id":{"references":["nodeping_contact.sp_jenkins_qa.address[0].id","nodeping_contact.sp_jenkins_qa.address[0]","nodeping_contact.sp_jenkins_qa.address","nodeping_contact.sp_jenkins_qa"]},"delay":{"constant_value":0},"schedule":{"constant_value":"All"}}],"runlocations":{"constant_value":["eur"]},"sens":{"constant_value":2},"target":{"constant_value":"https://jenkins-qa.nxs360.com/login?from=%2F"},"threshold":{"constant_value":5},"type":{"constant_value":"HTTP"}},"schema_version":0},{"address":"nodeping_check.la_client_vpn","mode":"managed","type":"nodeping_check","name":"la_client_vpn","provider_config_key":"nodeping.devops_internal","expressions":{"enabled":{"constant_value":true},"interval":{"constant_value":3},"invert":{"constant_value":false},"label":{"constant_value":"LA - Client VPN"},"notifications":[{"contact_id":{"constant_value":"202309210846EC0LA-G-NZCTF"},"delay":{"constant_value":0},"schedule":{"constant_value":"All"}},{"contact_id":{"references":["nodeping_contact.sp_la_client_vpn.address[0].id","nodeping_contact.sp_la_client_vpn.address[0]","nodeping_contact.sp_la_client_vpn.address","nodeping_contact.sp_la_client_vpn"]},"delay":{"constant_value":0},"schedule":{"constant_value":"All"}}],"port":{"constant_value":443},"runlocations":{"constant_value":["eur"]},"sens":{"constant_value":2},"target":{"constant_value":"gateway.lfeld.nxs.rocks"},"threshold":{"constant_value":5},"type":{"constant_value":"PORT"}},"schema_version":0},{"address":"nodeping_check.la_internet_swl","mode":"managed","type":"nodeping_check","name":"la_internet_swl","provider_config_key":"nodeping.devops_internal","expressions":{"enabled":{"constant_value":true},"interval":{"constant_value":1},"ipv6":{"constant_value":false},"label":{"constant_value":"LA - Internet SWL"},"notifications":[{"contact_id":{"constant_value":"202309210846EC0LA-G-NZCTF"},"delay":{"constant_value":0},"schedule":{"constant_value":"All"}},{"contact_id":{"references":["nodeping_contact.sp_la_uplink_partial.address[0].id","nodeping_contact.sp_la_uplink_partial.address[0]","nodeping_contact.sp_la_uplink_partial.address","nodeping_contact.sp_la_uplink_partial"]},"delay":{"constant_value":0},"schedule":{"constant_value":"All"}}],"runlocations":{"constant_value":["eur"]},"sens":{"constant_value":2},"target":{"constant_value":"80.246.113.44"},"threshold":{"constant_value":5},"type":{"constant_value":"PING"}},"schema_version":0},{"address":"nodeping_check.la_internet_vf","mode":"managed","type":"nodeping_check","name":"la_internet_vf","provider_config_key":"nodeping.devops_internal","expressions":{"enabled":{"constant_value":true},"interval":{"constant_value":1},"ipv6":{"constant_value":false},"label":{"constant_value":"LA - Internet VF"},"notifications":[{"contact_id":{"constant_value":"202309210846EC0LA-G-NZCTF"},"delay":{"constant_value":0},"schedule":{"constant_value":"All"}},{"contact_id":{"references":["nodeping_contact.sp_la_uplink_partial.address[0].id","nodeping_contact.sp_la_uplink_partial.address[0]","nodeping_contact.sp_la_uplink_partial.address","nodeping_contact.sp_la_uplink_partial"]},"delay":{"constant_value":0},"schedule":{"constant_value":"All"}}],"runlocations":{"constant_value":["eur"]},"sens":{"constant_value":2},"target":{"constant_value":"2.207.226.170"},"threshold":{"constant_value":5},"type":{"constant_value":"PING"}},"schema_version":0},{"address":"nodeping_check.ma_client_vpn","mode":"managed","type":"nodeping_check","name":"ma_client_vpn","provider_config_key":"nodeping.devops_internal","expressions":{"enabled":{"constant_value":true},"interval":{"constant_value":3},"invert":{"constant_value":false},"label":{"constant_value":"MA - Client VPN"},"notifications":[{"contact_id":{"constant_value":"202309210846EC0LA-G-NZCTF"},"delay":{"constant_value":0},"schedule":{"constant_value":"All"}},{"contact_id":{"references":["nodeping_contact.sp_ma_client_vpn.address[0].id","nodeping_contact.sp_ma_client_vpn.address[0]","nodeping_contact.sp_ma_client_vpn.address","nodeping_contact.sp_ma_client_vpn"]},"delay":{"constant_value":0},"schedule":{"constant_value":"All"}}],"port":{"constant_value":443},"runlocations":{"constant_value":["eur"]},"sens":{"constant_value":2},"target":{"constant_value":"vpn.cec.valantic.com"},"threshold":{"constant_value":5},"type":{"constant_value":"PORT"}},"schema_version":0},{"address":"nodeping_check.ma_uplink_guest","mode":"managed","type":"nodeping_check","name":"ma_uplink_guest","provider_config_key":"nodeping.devops_internal","expressions":{"enabled":{"constant_value":true},"interval":{"constant_value":1},"ipv6":{"constant_value":false},"label":{"constant_value":"MA - Uplink Guest"},"notifications":[{"contact_id":{"constant_value":"202309210846EC0LA-G-NZCTF"},"delay":{"constant_value":0},"schedule":{"constant_value":"All"}},{"contact_id":{"references":["nodeping_contact.sp_ma_uplink.address[0].id","nodeping_contact.sp_ma_uplink.address[0]","nodeping_contact.sp_ma_uplink.address","nodeping_contact.sp_ma_uplink"]},"delay":{"constant_value":0},"schedule":{"constant_value":"All"}}],"runlocations":{"constant_value":["eur"]},"sens":{"constant_value":2},"target":{"constant_value":"93.240.210.27"},"threshold":{"constant_value":5},"type":{"constant_value":"PING"}},"schema_version":0},{"address":"nodeping_check.ma_uplink_public","mode":"managed","type":"nodeping_check","name":"ma_uplink_public","provider_config_key":"nodeping.devops_internal","expressions":{"enabled":{"constant_value":true},"interval":{"constant_value":1},"ipv6":{"constant_value":false},"label":{"constant_value":"MA - Uplink Public"},"notifications":[{"contact_id":{"constant_value":"202309210846EC0LA-G-NZCTF"},"delay":{"constant_value":0},"schedule":{"constant_value":"All"}},{"contact_id":{"references":["nodeping_contact.sp_ma_uplink.address[0].id","nodeping_contact.sp_ma_uplink.address[0]","nodeping_contact.sp_ma_uplink.address","nodeping_contact.sp_ma_uplink"]},"delay":{"constant_value":0},"schedule":{"constant_value":"All"}}],"runlocations":{"constant_value":["eur"]},"sens":{"constant_value":2},"target":{"constant_value":"93.240.210.26"},"threshold":{"constant_value":5},"type":{"constant_value":"PING"}},"schema_version":0},{"address":"nodeping_check.nextcloud","mode":"managed","type":"nodeping_check","name":"nextcloud","provider_config_key":"nodeping.devops_internal","expressions":{"enabled":{"constant_value":true},"follow":{"constant_value":false},"interval":{"constant_value":1},"ipv6":{"constant_value":false},"label":{"constant_value":"Service - Nextcloud"},"notifications":[{"contact_id":{"constant_value":"202309210846EC0LA-G-NZCTF"},"delay":{"constant_value":0},"schedule":{"constant_value":"All"}},{"contact_id":{"references":["nodeping_contact.sp_nextcloud.address[0].id","nodeping_contact.sp_nextcloud.address[0]","nodeping_contact.sp_nextcloud.address","nodeping_contact.sp_nextcloud"]},"delay":{"constant_value":0},"schedule":{"constant_value":"All"}}],"runlocations":{"constant_value":["eur"]},"sens":{"constant_value":2},"target":{"constant_value":"https://files.nxs360.com/"},"threshold":{"constant_value":5},"type":{"constant_value":"HTTP"}},"schema_version":0},{"address":"nodeping_check.opnsense_master_thor","mode":"managed","type":"nodeping_check","name":"opnsense_master_thor","provider_config_key":"nodeping.devops_internal","expressions":{"enabled":{"constant_value":true},"interval":{"constant_value":1},"ipv6":{"constant_value":false},"label":{"constant_value":"Server - OpnSense MASTER - thor"},"notifications":[{"contact_id":{"references":["nodeping_contact.email_vcec_de_it.address[0].id","nodeping_contact.email_vcec_de_it.address[0]","nodeping_contact.email_vcec_de_it.address","nodeping_contact.email_vcec_de_it"]},"delay":{"constant_value":0},"schedule":{"constant_value":"All"}},{"contact_id":{"references":["nodeping_contact.msteams_vcec_de_it.address[0].id","nodeping_contact.msteams_vcec_de_it.address[0]","nodeping_contact.msteams_vcec_de_it.address","nodeping_contact.msteams_vcec_de_it"]},"delay":{"constant_value":0},"schedule":{"constant_value":"All"}}],"sens":{"constant_value":2},"target":{"constant_value":"46.38.247.4"},"threshold":{"constant_value":5},"type":{"constant_value":"PING"}},"schema_version":0},{"address":"nodeping_check.opnsense_secondary_valkyrie","mode":"managed","type":"nodeping_check","name":"opnsense_secondary_valkyrie","provider_config_key":"nodeping.devops_internal","expressions":{"enabled":{"constant_value":true},"interval":{"constant_value":1},"label":{"constant_value":"Server - OpnSense SECONDARY - valkyrie"},"notifications":[{"contact_id":{"references":["nodeping_contact.email_vcec_de_it.address[0].id","nodeping_contact.email_vcec_de_it.address[0]","nodeping_contact.email_vcec_de_it.address","nodeping_contact.email_vcec_de_it"]},"delay":{"constant_value":0},"schedule":{"constant_value":"All"}},{"contact_id":{"references":["nodeping_contact.msteams_vcec_de_it.address[0].id","nodeping_contact.msteams_vcec_de_it.address[0]","nodeping_contact.msteams_vcec_de_it.address","nodeping_contact.msteams_vcec_de_it"]},"delay":{"constant_value":0},"schedule":{"constant_value":"All"}}],"sens":{"constant_value":2},"target":{"constant_value":"46.38.247.5"},"threshold":{"constant_value":5},"type":{"constant_value":"PING"}},"schema_version":0},{"address":"nodeping_check.rz_client_vpn","mode":"managed","type":"nodeping_check","name":"rz_client_vpn","provider_config_key":"nodeping.devops_internal","expressions":{"enabled":{"constant_value":true},"interval":{"constant_value":1},"label":{"constant_value":"RZ - Client VPN"},"notifications":[{"contact_id":{"references":["nodeping_contact.email_vcec_de_it.address[0].id","nodeping_contact.email_vcec_de_it.address[0]","nodeping_contact.email_vcec_de_it.address","nodeping_contact.email_vcec_de_it"]},"delay":{"constant_value":0},"schedule":{"constant_value":"All"}},{"contact_id":{"references":["nodeping_contact.msteams_vcec_de_it.address[0].id","nodeping_contact.msteams_vcec_de_it.address[0]","nodeping_contact.msteams_vcec_de_it.address","nodeping_contact.msteams_vcec_de_it"]},"delay":{"constant_value":0},"schedule":{"constant_value":"All"}},{"contact_id":{"references":["nodeping_contact.sp_rz_client_vpn.address[0].id","nodeping_contact.sp_rz_client_vpn.address[0]","nodeping_contact.sp_rz_client_vpn.address","nodeping_contact.sp_rz_client_vpn"]},"delay":{"constant_value":0},"schedule":{"constant_value":"All"}}],"port":{"constant_value":443},"sens":{"constant_value":5},"target":{"constant_value":"vpn-rz.valantic.com"},"threshold":{"constant_value":5},"type":{"constant_value":"PORT"}},"schema_version":0},{"address":"nodeping_check.sentry","mode":"managed","type":"nodeping_check","name":"sentry","provider_config_key":"nodeping.devops_internal","expressions":{"enabled":{"constant_value":true},"follow":{"constant_value":false},"interval":{"constant_value":5},"ipv6":{"constant_value":false},"label":{"constant_value":"Service - Sentry"},"notifications":[{"contact_id":{"constant_value":"202309210846EC0LA-G-NZCTF"},"delay":{"constant_value":0},"schedule":{"constant_value":"All"}},{"contact_id":{"references":["nodeping_contact.sp_sentry.address[0].id","nodeping_contact.sp_sentry.address[0]","nodeping_contact.sp_sentry.address","nodeping_contact.sp_sentry"]},"delay":{"constant_value":0},"schedule":{"constant_value":"All"}}],"runlocations":{"constant_value":["eur"]},"sens":{"constant_value":5},"target":{"constant_value":"https://sentry.nxs360.com/"},"threshold":{"constant_value":5},"type":{"constant_value":"HTTP"}},"schema_version":0},{"address":"nodeping_check.si_internet","mode":"managed","type":"nodeping_check","name":"si_internet","provider_config_key":"nodeping.devops_internal","expressions":{"enabled":{"constant_value":true},"interval":{"constant_value":1},"ipv6":{"constant_value":false},"label":{"constant_value":"SI - Internet"},"notifications":[{"contact_id":{"constant_value":"202309210846EC0LA-G-NZCTF"},"delay":{"constant_value":0},"schedule":{"constant_value":"All"}},{"contact_id":{"references":["nodeping_contact.sp_si_uplink.address[0].id","nodeping_contact.sp_si_uplink.address[0]","nodeping_contact.sp_si_uplink.address","nodeping_contact.sp_si_uplink"]},"delay":{"constant_value":0},"schedule":{"constant_value":"All"}}],"runlocations":{"constant_value":["eur"]},"sens":{"constant_value":2},"target":{"constant_value":"92.50.124.158"},"threshold":{"constant_value":5},"type":{"constant_value":"PING"}},"schema_version":0},{"address":"nodeping_check.thanos_firewall_ssh","mode":"managed","type":"nodeping_check","name":"thanos_firewall_ssh","provider_config_key":"nodeping.devops_internal","expressions":{"enabled":{"constant_value":true},"interval":{"constant_value":10},"invert":{"constant_value":true},"label":{"constant_value":"Server - thanos - Firewall/SSH"},"notifications":[{"contact_id":{"constant_value":"202309210846EC0LA-G-NZCTF"},"delay":{"constant_value":0},"schedule":{"constant_value":"All"}}],"port":{"constant_value":22},"runlocations":{"constant_value":["eur"]},"sens":{"constant_value":2},"target":{"constant_value":"thanos.srv.vcec.cloud"},"threshold":{"constant_value":5},"type":{"constant_value":"PORT"}},"schema_version":0},{"address":"nodeping_check.workflow_bot","mode":"managed","type":"nodeping_check","name":"workflow_bot","provider_config_key":"nodeping.devops_internal","expressions":{"contentstring":{"constant_value":"\"status\":\"healthy\""},"enabled":{"constant_value":true},"interval":{"constant_value":1},"invert":{"constant_value":false},"label":{"constant_value":"Service - Workoflow bot.vcec.cloud"},"method":{"constant_value":"GET"},"notifications":[{"contact_id":{"references":["nodeping_contact.sp_workflow.address[0].id","nodeping_contact.sp_workflow.address[0]","nodeping_contact.sp_workflow.address","nodeping_contact.sp_workflow"]},"delay":{"constant_value":0},"schedule":{"constant_value":"All"}},{"contact_id":{"references":["nodeping_contact.msteams_genesis_horizon.address[0].id","nodeping_contact.msteams_genesis_horizon.address[0]","nodeping_contact.msteams_genesis_horizon.address","nodeping_contact.msteams_genesis_horizon"]},"delay":{"constant_value":0},"schedule":{"constant_value":"All"}}],"regex":{"constant_value":false},"sens":{"constant_value":7},"statuscode":{"constant_value":200},"target":{"constant_value":"https://bot.vcec.cloud/api/health"},"threshold":{"constant_value":5},"type":{"constant_value":"HTTPADV"}},"schema_version":0},{"address":"nodeping_check.workflow_bot_stage","mode":"managed","type":"nodeping_check","name":"workflow_bot_stage","provider_config_key":"nodeping.devops_internal","expressions":{"contentstring":{"constant_value":"\"status\":\"healthy\""},"enabled":{"constant_value":true},"interval":{"constant_value":1},"invert":{"constant_value":false},"label":{"constant_value":"Service - Workoflow bot-stage.vcec.cloud"},"method":{"constant_value":"GET"},"notifications":[{"contact_id":{"references":["nodeping_contact.msteams_genesis_horizon.address[0].id","nodeping_contact.msteams_genesis_horizon.address[0]","nodeping_contact.msteams_genesis_horizon.address","nodeping_contact.msteams_genesis_horizon"]},"delay":{"constant_value":0},"schedule":{"constant_value":"All"}}],"regex":{"constant_value":false},"sens":{"constant_value":10},"statuscode":{"constant_value":200},"target":{"constant_value":"https://bot-stage.vcec.cloud/api/health"},"threshold":{"constant_value":5},"type":{"constant_value":"HTTPADV"}},"schema_version":0},{"address":"nodeping_check.workflow_subscribe","mode":"managed","type":"nodeping_check","name":"workflow_subscribe","provider_config_key":"nodeping.devops_internal","expressions":{"contentstring":{"constant_value":"Legal Notice"},"enabled":{"constant_value":true},"interval":{"constant_value":1},"invert":{"constant_value":false},"label":{"constant_value":"Service - Workoflow subscribe-workflows.vcec.cloud"},"method":{"constant_value":"GET"},"notifications":[{"contact_id":{"references":["nodeping_contact.sp_workflow.address[0].id","nodeping_contact.sp_workflow.address[0]","nodeping_contact.sp_workflow.address","nodeping_contact.sp_workflow"]},"delay":{"constant_value":0},"schedule":{"constant_value":"All"}},{"contact_id":{"references":["nodeping_contact.msteams_genesis_horizon.address[0].id","nodeping_contact.msteams_genesis_horizon.address[0]","nodeping_contact.msteams_genesis_horizon.address","nodeping_contact.msteams_genesis_horizon"]},"delay":{"constant_value":0},"schedule":{"constant_value":"All"}}],"sens":{"constant_value":7},"statuscode":{"constant_value":200},"target":{"constant_value":"https://subscribe-workflows.vcec.cloud/"},"threshold":{"constant_value":5},"type":{"constant_value":"HTTPADV"}},"schema_version":0},{"address":"nodeping_check.workflow_subscribe_stage","mode":"managed","type":"nodeping_check","name":"workflow_subscribe_stage","provider_config_key":"nodeping.devops_internal","expressions":{"contentstring":{"constant_value":"Legal Notice"},"enabled":{"constant_value":true},"interval":{"constant_value":1},"invert":{"constant_value":false},"label":{"constant_value":"Service - Workoflow subscribe-workflows-stage.vcec.cloud"},"method":{"constant_value":"GET"},"notifications":[{"contact_id":{"references":["nodeping_contact.msteams_genesis_horizon.address[0].id","nodeping_contact.msteams_genesis_horizon.address[0]","nodeping_contact.msteams_genesis_horizon.address","nodeping_contact.msteams_genesis_horizon"]},"delay":{"constant_value":0},"schedule":{"constant_value":"All"}}],"sens":{"constant_value":10},"statuscode":{"constant_value":200},"target":{"constant_value":"https://subscribe-workflows-stage.vcec.cloud/"},"threshold":{"constant_value":5},"type":{"constant_value":"HTTPADV"}},"schema_version":0},{"address":"nodeping_check.workflow_workflows","mode":"managed","type":"nodeping_check","name":"workflow_workflows","provider_config_key":"nodeping.devops_internal","expressions":{"contentstring":{"constant_value":"\"status\":\"ok\""},"enabled":{"constant_value":true},"interval":{"constant_value":1},"invert":{"constant_value":false},"label":{"constant_value":"Service - Workoflow workflows.vcec.cloud"},"method":{"constant_value":"GET"},"notifications":[{"contact_id":{"references":["nodeping_contact.sp_workflow.address[0].id","nodeping_contact.sp_workflow.address[0]","nodeping_contact.sp_workflow.address","nodeping_contact.sp_workflow"]},"delay":{"constant_value":0},"schedule":{"constant_value":"All"}},{"contact_id":{"references":["nodeping_contact.msteams_genesis_horizon.address[0].id","nodeping_contact.msteams_genesis_horizon.address[0]","nodeping_contact.msteams_genesis_horizon.address","nodeping_contact.msteams_genesis_horizon"]},"delay":{"constant_value":0},"schedule":{"constant_value":"All"}}],"sens":{"constant_value":7},"statuscode":{"constant_value":200},"target":{"constant_value":"https://workflows.vcec.cloud/healthz"},"threshold":{"constant_value":5},"type":{"constant_value":"HTTPADV"}},"schema_version":0},{"address":"nodeping_check.workflow_workflows_stage","mode":"managed","type":"nodeping_check","name":"workflow_workflows_stage","provider_config_key":"nodeping.devops_internal","expressions":{"contentstring":{"constant_value":"\"status\":\"ok\""},"enabled":{"constant_value":true},"interval":{"constant_value":1},"invert":{"constant_value":false},"label":{"constant_value":"Service - Workoflow workflows-stage.vcec.cloud"},"method":{"constant_value":"GET"},"notifications":[{"contact_id":{"references":["nodeping_contact.msteams_genesis_horizon.address[0].id","nodeping_contact.msteams_genesis_horizon.address[0]","nodeping_contact.msteams_genesis_horizon.address","nodeping_contact.msteams_genesis_horizon"]},"delay":{"constant_value":0},"schedule":{"constant_value":"All"}}],"sens":{"constant_value":10},"statuscode":{"constant_value":200},"target":{"constant_value":"https://workflows-stage.vcec.cloud/healthz"},"threshold":{"constant_value":5},"type":{"constant_value":"HTTPADV"}},"schema_version":0},{"address":"nodeping_contact.email_vcec_de_it","mode":"managed","type":"nodeping_contact","name":"email_vcec_de_it","provider_config_key":"nodeping.devops_internal","expressions":{"address":[{"address":{"constant_value":"it-de@cec.valantic.com"},"type":{"constant_value":"email"}}],"name":{"constant_value":"E-Mail - vCEC DE IT"}},"schema_version":0},{"address":"nodeping_contact.msteams_genesis_horizon","mode":"managed","type":"nodeping_contact","name":"msteams_genesis_horizon","provider_config_key":"nodeping.devops_internal","expressions":{"address":[{"action":{"constant_value":"post"},"address":{"constant_value":"https://defaultae6f26a36f274ed6a3a8800c3226fb.79.environment.api.powerplatform.com:443/powerautomate/automations/direct/workflows/39a1bba8677a45e6a39813988f5efacc/triggers/manual/paths/invoke?api-version=1\u0026sp=%2Ftriggers%2Fmanual%2Frun\u0026sv=1.0\u0026sig=qudP874CTcnB-U3iO5bBuZn5bL-AuSedld5NMYyUfsA"},"data":{"constant_value":"{\"attachments\":[{\"contentType\":\"application/vnd.microsoft.card.adaptive\",\"content\":{\"type\":\"AdaptiveCard\",\"$schema\":\"http://adaptivecards.io/schemas/adaptive-card.json\",\"version\":\"1.0\",\"body\":[{\"type\":\"TextBlock\",\"size\":\"Large\",\"weight\":\"Bolder\",\"text\":\"{label}: {event}\"},{\"type\":\"TextBlock\",\"text\":\"{type} is {event} {if downtime}after {downtime} {if downminutes}minutes{else}minute{/if} of downtime {/if}as of {checktime}: {message}\"}]}}]}"},"headers":{"constant_value":{"content-type":"application/json"}},"querystrings":{"constant_value":{"key":"1"}},"type":{"constant_value":"webhook"}}],"name":{"constant_value":"MS Teams - vCEC Genesis Horizon - Channel \"Bot Messages\""}},"schema_version":0},{"address":"nodeping_contact.msteams_it_bot_messages","mode":"managed","type":"nodeping_contact","name":"msteams_it_bot_messages","provider_config_key":"nodeping.devops_internal","expressions":{"address":[{"action":{"constant_value":"post"},"address":{"constant_value":"https://prod-08.westeurope.logic.azure.com:443/workflows/ab58949575a043b080e6c4dca10fc8af/triggers/manual/paths/invoke?api-version=2016-06-01\u0026sp=%2Ftriggers%2Fmanual%2Frun\u0026sv=1.0\u0026sig=FcU8Ka2uj0XfJ9HRAGzX6gifKIPtpObvinuj5cyyEyY"},"data":{},"headers":{"constant_value":{"content-type":"application/json"}},"querystrings":{"constant_value":{"key":"1"}},"type":{"constant_value":"webhook"}}],"name":{"constant_value":"Teamd IT Teamd Channel \"Bot Messages\" NEU"}},"schema_version":0},{"address":"nodeping_contact.msteams_vcec_de_it","mode":"managed","type":"nodeping_contact","name":"msteams_vcec_de_it","provider_config_key":"nodeping.devops_internal","expressions":{"address":[{"action":{"constant_value":"post"},"address":{"constant_value":"https://valanticmore.webhook.office.com/webhookb2/5a038f0c-c506-4817-ad92-efa39a27181a@ae6f26a3-6f27-4ed6-a3a8-800c3226fb79/IncomingWebhook/f7c29869b8d741019601c2ff121dfe2c/9a36739f-808b-47f3-9d62-0f0a9bf15ecb/V2JddaAld6wiXZq6WqxdtxEXrvYOloHjMazaZyGAu5ox81"},"data":{},"headers":{"constant_value":{"content-type":"application/json"}},"querystrings":{"constant_value":{"key":"1"}},"type":{"constant_value":"webhook"}}],"name":{"constant_value":"MS Teams - vCEC DE IT - Channel \"Bot Messages\""}},"schema_version":0},{"address":"nodeping_contact.sp_deskbird_partial","mode":"managed","type":"nodeping_contact","name":"sp_deskbird_partial","provider_config_key":"nodeping.devops_internal","expressions":{"address":[{"address":{"constant_value":"component+951bca6f44a849669aa4edc2d20d0764+partial_outage@notifications.statuspage.io"},"type":{"constant_value":"email"}}],"name":{"constant_value":"SP Component | Deskbird PARTIAL"}},"schema_version":0},{"address":"nodeping_contact.sp_gitlab_cec_valantic","mode":"managed","type":"nodeping_contact","name":"sp_gitlab_cec_valantic","provider_config_key":"nodeping.devops_internal","expressions":{"address":[{"address":{"constant_value":"component+39f4c78334f6419ebbf32005768c4c97@notifications.statuspage.io"},"type":{"constant_value":"email"}}],"name":{"constant_value":"SP Component | Gitlab (git.cec.valantic.com)"}},"schema_version":0},{"address":"nodeping_contact.sp_gitlab_nxs360","mode":"managed","type":"nodeping_contact","name":"sp_gitlab_nxs360","provider_config_key":"nodeping.devops_internal","expressions":{"address":[{"address":{"constant_value":"component+cbf732ac422e4f3194719d0c9f6cfeb2@notifications.statuspage.io"},"type":{"constant_value":"email"}}],"name":{"constant_value":"SP Component | Gitlab (gitlab.nxs360.com)"}},"schema_version":0},{"address":"nodeping_contact.sp_gitlab_nxs360_partial","mode":"managed","type":"nodeping_contact","name":"sp_gitlab_nxs360_partial","provider_config_key":"nodeping.devops_internal","expressions":{"address":[{"address":{"constant_value":"component+cbf732ac422e4f3194719d0c9f6cfeb2+partial_outage@notifications.statuspage.io"},"type":{"constant_value":"email"}}],"name":{"constant_value":"SP Component | Gitlab (gitlab.nxs360.com) PARTIAL"}},"schema_version":0},{"address":"nodeping_contact.sp_gitlab_pages","mode":"managed","type":"nodeping_contact","name":"sp_gitlab_pages","provider_config_key":"nodeping.devops_internal","expressions":{"address":[{"address":{"constant_value":"component+c854bc4071eb4ad5805c0c12332b6d0c@notifications.statuspage.io"},"type":{"constant_value":"email"}}],"name":{"constant_value":"SP Component | Gitlab Pages (gitlab-pages.nxs360.com)"}},"schema_version":0},{"address":"nodeping_contact.sp_gitlab_pages_partial","mode":"managed","type":"nodeping_contact","name":"sp_gitlab_pages_partial","provider_config_key":"nodeping.devops_internal","expressions":{"address":[{"address":{"constant_value":"component+c854bc4071eb4ad5805c0c12332b6d0c+partial_outage@notifications.statuspage.io"},"type":{"constant_value":"email"}}],"name":{"constant_value":"SP Component | Gitlab Pages (gitlab-pages.nxs360.com) PARTIAL"}},"schema_version":0},{"address":"nodeping_contact.sp_jenkins_qa","mode":"managed","type":"nodeping_contact","name":"sp_jenkins_qa","provider_config_key":"nodeping.devops_internal","expressions":{"address":[{"address":{"constant_value":"component+f7ed1b7f5298428a83930415c64d9ff2@notifications.statuspage.io"},"type":{"constant_value":"email"}}],"name":{"constant_value":"SP Component | Jenkins QA"}},"schema_version":0},{"address":"nodeping_contact.sp_la_client_vpn","mode":"managed","type":"nodeping_contact","name":"sp_la_client_vpn","provider_config_key":"nodeping.devops_internal","expressions":{"address":[{"address":{"constant_value":"component+e374d8ed420c4177989cd21833da7aec@notifications.statuspage.io"},"type":{"constant_value":"email"}}],"name":{"constant_value":"SP Component | LA - Client VPN"}},"schema_version":0},{"address":"nodeping_contact.sp_la_uplink","mode":"managed","type":"nodeping_contact","name":"sp_la_uplink","provider_config_key":"nodeping.devops_internal","expressions":{"address":[{"address":{"constant_value":"component+83d302ff8cf045b887e5605b4cf8de64@notifications.statuspage.io"},"type":{"constant_value":"email"}}],"name":{"constant_value":"SP Component | LA - Uplink"}},"schema_version":0},{"address":"nodeping_contact.sp_la_uplink_partial","mode":"managed","type":"nodeping_contact","name":"sp_la_uplink_partial","provider_config_key":"nodeping.devops_internal","expressions":{"address":[{"address":{"constant_value":"component+83d302ff8cf045b887e5605b4cf8de64+partial_outage@notifications.statuspage.io"},"type":{"constant_value":"email"}}],"name":{"constant_value":"SP Component | LA - Uplink PARTIAL"}},"schema_version":0},{"address":"nodeping_contact.sp_ma_client_vpn","mode":"managed","type":"nodeping_contact","name":"sp_ma_client_vpn","provider_config_key":"nodeping.devops_internal","expressions":{"address":[{"address":{"constant_value":"component+6f296249dfcc4237b7ccc288d98552ce@notifications.statuspage.io"},"type":{"constant_value":"email"}}],"name":{"constant_value":"SP Component | MA - Client VPN"}},"schema_version":0},{"address":"nodeping_contact.sp_ma_uplink","mode":"managed","type":"nodeping_contact","name":"sp_ma_uplink","provider_config_key":"nodeping.devops_internal","expressions":{"address":[{"address":{"constant_value":"component+f005eadcf4c841edb608dcc6487be6ed@notifications.statuspage.io"},"type":{"constant_value":"email"}}],"name":{"constant_value":"SP Component | MA - Uplink"}},"schema_version":0},{"address":"nodeping_contact.sp_mattermost","mode":"managed","type":"nodeping_contact","name":"sp_mattermost","provider_config_key":"nodeping.devops_internal","expressions":{"address":[{"address":{"constant_value":"component+741bfddf9e4f4c2e9ab0a2d35a6645d1@notifications.statuspage.io"},"type":{"constant_value":"email"}}],"name":{"constant_value":"SP Component | Mattermost"}},"schema_version":0},{"address":"nodeping_contact.sp_nextcloud","mode":"managed","type":"nodeping_contact","name":"sp_nextcloud","provider_config_key":"nodeping.devops_internal","expressions":{"address":[{"address":{"constant_value":"component+7c9d758bdebd4228ba6b81185373ae5e@notifications.statuspage.io"},"type":{"constant_value":"email"}}],"name":{"constant_value":"SP Component | Nextcloud"}},"schema_version":0},{"address":"nodeping_contact.sp_rz_client_vpn","mode":"managed","type":"nodeping_contact","name":"sp_rz_client_vpn","provider_config_key":"nodeping.devops_internal","expressions":{"address":[{"address":{"constant_value":"component+a532087787a2444f93a44ccc98d9119f@notifications.statuspage.io"},"type":{"constant_value":"email"}}],"name":{"constant_value":"SP Component  RZ - Client VPN"}},"schema_version":0},{"address":"nodeping_contact.sp_sentry","mode":"managed","type":"nodeping_contact","name":"sp_sentry","provider_config_key":"nodeping.devops_internal","expressions":{"address":[{"address":{"constant_value":"component+58c86eacf8334bbc9aaf1f38c3285afa@notifications.statuspage.io"},"type":{"constant_value":"email"}}],"name":{"constant_value":"SP Component | Sentry"}},"schema_version":0},{"address":"nodeping_contact.sp_si_uplink","mode":"managed","type":"nodeping_contact","name":"sp_si_uplink","provider_config_key":"nodeping.devops_internal","expressions":{"address":[{"address":{"constant_value":"component+de36276622394445b91ad4a8142259c3@notifications.statuspage.io"},"type":{"constant_value":"email"}}],"name":{"constant_value":"SP Component | SI - Uplink"}},"schema_version":0},{"address":"nodeping_contact.sp_workflow","mode":"managed","type":"nodeping_contact","name":"sp_workflow","provider_config_key":"nodeping.devops_internal","expressions":{"address":[{"address":{"constant_value":"component+20f33e04e25f4e4e84f06b3919112734@notifications.statuspage.io"},"type":{"constant_value":"email"}}],"name":{"constant_value":"SP Component  Workoflow"}},"schema_version":0},{"address":"data.cloudflare_zone.nexus_bc_com","mode":"data","type":"cloudflare_zone","name":"nexus_bc_com","provider_config_key":"cloudflare","expressions":{"name":{"constant_value":"nexus-bc.com"}},"schema_version":0},{"address":"data.cloudflare_zone.nxs360_com","mode":"data","type":"cloudflare_zone","name":"nxs360_com","provider_config_key":"cloudflare","expressions":{"name":{"constant_value":"nxs360.com"}},"schema_version":0},{"address":"data.cloudflare_zone.vcec_cloud","mode":"data","type":"cloudflare_zone","name":"vcec_cloud","provider_config_key":"cloudflare","expressions":{"name":{"constant_value":"vcec.cloud"}},"schema_version":0}],"variables":{"dns_record_default_ttl":{"default":3600,"description":"Default TTL for a DNS record"},"dns_records_nexus_bc_com":{"description":"List of DNS records to set"},"dns_records_nxs_360_com":{"description":"List of DNS records to set"},"dns_records_vcec_cloud":{"description":"List of DNS records to set"},"notification_email":{"default":"it-de@cec.valantic.com","description":"Used by Cloudflare LB to notify if pool is unhealthy"},"r2_buckets":{"description":"List of R2 buckets to add"}}}},"relevant_attributes":[{"resource":"nodeping_contact.sp_deskbird_partial","attribute":["address",0,"id"]},{"resource":"nodeping_contact.sp_gitlab_pages","attribute":["address",0,"id"]},{"resource":"nodeping_contact.msteams_genesis_horizon","attribute":["address",0,"id"]},{"resource":"nodeping_contact.sp_ma_uplink","attribute":["address",0,"id"]},{"resource":"nodeping_contact.sp_workflow","attribute":["address",0,"id"]},{"resource":"nodeping_contact.msteams_vcec_de_it","attribute":["address",0,"id"]},{"resource":"nodeping_contact.sp_gitlab_nxs360_partial","attribute":["address",0,"id"]},{"resource":"nodeping_contact.sp_gitlab_pages_partial","attribute":["address",0,"id"]},{"resource":"nodeping_contact.sp_rz_client_vpn","attribute":["address",0,"id"]},{"resource":"nodeping_contact.sp_gitlab_nxs360","attribute":["address",0,"id"]},{"resource":"nodeping_contact.sp_nextcloud","attribute":["address",0,"id"]},{"resource":"nodeping_contact.email_vcec_de_it","attribute":["address",0,"id"]},{"resource":"nodeping_contact.sp_jenkins_qa","attribute":["address",0,"id"]},{"resource":"nodeping_contact.sp_gitlab_cec_valantic","attribute":["address",0,"id"]},{"resource":"nodeping_contact.sp_la_client_vpn","attribute":["address",0,"id"]},{"resource":"nodeping_contact.sp_ma_client_vpn","attribute":["address",0,"id"]},{"resource":"nodeping_contact.sp_sentry","attribute":["address",0,"id"]},{"resource":"nodeping_contact.sp_la_uplink_partial","attribute":["address",0,"id"]},{"resource":"nodeping_contact.sp_si_uplink","attribute":["address",0,"id"]}],"timestamp":"2026-01-28T13:15:44Z","applyable":true,"complete":true,"errored":false}
